{
  "version": 4,
  "terraform_version": "1.4.6",
  "serial": 1305,
  "lineage": "c9346d1b-7780-58ad-774b-d93ad88a6537",
  "outputs": {
    "load_balancer_dns_name": {
      "value": "application-lb-944750416.us-east-1.elb.amazonaws.com",
      "type": "string"
    }
  },
  "resources": [
    {
      "mode": "managed",
      "type": "aws_autoscaling_attachment",
      "name": "autoscaling-attach",
      "provider": "provider[\"registry.terraform.io/hashicorp/aws\"]",
      "instances": [
        {
          "schema_version": 0,
          "attributes": {
            "alb_target_group_arn": null,
            "autoscaling_group_name": "web-20230529121711567700000002-asg",
            "elb": null,
            "id": "web-20230529121711567700000002-asg-20230529121800788000000003",
            "lb_target_group_arn": "arn:aws:elasticloadbalancing:us-east-1:932919696617:targetgroup/application-tg/1f92b66a7a6bd110"
          },
          "sensitive_attributes": [],
          "private": "bnVsbA==",
          "dependencies": [
            "aws_autoscaling_group.web",
            "aws_key_pair.generated_key",
            "aws_launch_configuration.web",
            "aws_lb_target_group.target-group",
            "aws_security_group.demosg-ec2",
            "aws_subnet.demosubnet",
            "aws_subnet.demosubnet1",
            "aws_vpc.demovpc",
            "tls_private_key.ssh-key"
          ]
        }
      ]
    },
    {
      "mode": "managed",
      "type": "aws_autoscaling_group",
      "name": "web",
      "provider": "provider[\"registry.terraform.io/hashicorp/aws\"]",
      "instances": [
        {
          "schema_version": 0,
          "attributes": {
            "arn": "arn:aws:autoscaling:us-east-1:932919696617:autoScalingGroup:218dd3ca-872d-423a-941e-04aae0e0c641:autoScalingGroupName/web-20230529121711567700000002-asg",
            "availability_zones": [
              "us-east-1a",
              "us-east-1b"
            ],
            "capacity_rebalance": false,
            "context": "",
            "default_cooldown": 300,
            "default_instance_warmup": 0,
            "desired_capacity": 1,
            "desired_capacity_type": "",
            "enabled_metrics": [
              "GroupDesiredCapacity",
              "GroupInServiceInstances",
              "GroupMaxSize",
              "GroupMinSize",
              "GroupTotalInstances"
            ],
            "force_delete": false,
            "force_delete_warm_pool": false,
            "health_check_grace_period": 300,
            "health_check_type": "EC2",
            "id": "web-20230529121711567700000002-asg",
            "initial_lifecycle_hook": [],
            "instance_refresh": [],
            "launch_configuration": "web-20230529121711567700000002",
            "launch_template": [],
            "load_balancers": null,
            "max_instance_lifetime": 0,
            "max_size": 2,
            "metrics_granularity": "1Minute",
            "min_elb_capacity": null,
            "min_size": 1,
            "mixed_instances_policy": [],
            "name": "web-20230529121711567700000002-asg",
            "name_prefix": "",
            "placement_group": "",
            "predicted_capacity": 0,
            "protect_from_scale_in": false,
            "service_linked_role_arn": "arn:aws:iam::932919696617:role/aws-service-role/autoscaling.amazonaws.com/AWSServiceRoleForAutoScaling",
            "suspended_processes": null,
            "tag": [
              {
                "key": "Name",
                "propagate_at_launch": true,
                "value": "web"
              }
            ],
            "tags": null,
            "target_group_arns": null,
            "termination_policies": null,
            "timeouts": null,
            "vpc_zone_identifier": [
              "subnet-03ca0ad7147a6cf6c",
              "subnet-04e5fb6608bcf9cf9"
            ],
            "wait_for_capacity_timeout": "10m",
            "wait_for_elb_capacity": null,
            "warm_pool": [],
            "warm_pool_size": 0
          },
          "sensitive_attributes": [],
          "private": "eyJlMmJmYjczMC1lY2FhLTExZTYtOGY4OC0zNDM2M2JjN2M0YzAiOnsiZGVsZXRlIjo2MDAwMDAwMDAwMDAsInVwZGF0ZSI6NjAwMDAwMDAwMDAwfX0=",
          "dependencies": [
            "aws_key_pair.generated_key",
            "aws_launch_configuration.web",
            "aws_security_group.demosg-ec2",
            "aws_subnet.demosubnet",
            "aws_subnet.demosubnet1",
            "aws_vpc.demovpc",
            "tls_private_key.ssh-key"
          ],
          "create_before_destroy": true
        }
      ]
    },
    {
      "mode": "managed",
      "type": "aws_autoscaling_policy",
      "name": "web_policy_down",
      "provider": "provider[\"registry.terraform.io/hashicorp/aws\"]",
      "instances": [
        {
          "schema_version": 0,
          "attributes": {
            "adjustment_type": "ChangeInCapacity",
            "arn": "arn:aws:autoscaling:us-east-1:932919696617:scalingPolicy:50fdff3a-c261-4335-9cff-93ae9f76452a:autoScalingGroupName/web-20230529121711567700000002-asg:policyName/web_policy_down",
            "autoscaling_group_name": "web-20230529121711567700000002-asg",
            "cooldown": 300,
            "enabled": true,
            "estimated_instance_warmup": 0,
            "id": "web_policy_down",
            "metric_aggregation_type": "",
            "min_adjustment_magnitude": 0,
            "name": "web_policy_down",
            "policy_type": "SimpleScaling",
            "predictive_scaling_configuration": [],
            "scaling_adjustment": -1,
            "step_adjustment": [],
            "target_tracking_configuration": []
          },
          "sensitive_attributes": [],
          "private": "bnVsbA==",
          "dependencies": [
            "aws_autoscaling_group.web",
            "aws_key_pair.generated_key",
            "aws_launch_configuration.web",
            "aws_security_group.demosg-ec2",
            "aws_subnet.demosubnet",
            "aws_subnet.demosubnet1",
            "aws_vpc.demovpc",
            "tls_private_key.ssh-key"
          ]
        }
      ]
    },
    {
      "mode": "managed",
      "type": "aws_autoscaling_policy",
      "name": "web_policy_up",
      "provider": "provider[\"registry.terraform.io/hashicorp/aws\"]",
      "instances": [
        {
          "schema_version": 0,
          "attributes": {
            "adjustment_type": "ChangeInCapacity",
            "arn": "arn:aws:autoscaling:us-east-1:932919696617:scalingPolicy:3d779b15-5043-4ca0-b426-c399b08b4a3f:autoScalingGroupName/web-20230529121711567700000002-asg:policyName/web_policy_up",
            "autoscaling_group_name": "web-20230529121711567700000002-asg",
            "cooldown": 300,
            "enabled": true,
            "estimated_instance_warmup": 0,
            "id": "web_policy_up",
            "metric_aggregation_type": "",
            "min_adjustment_magnitude": 0,
            "name": "web_policy_up",
            "policy_type": "SimpleScaling",
            "predictive_scaling_configuration": [],
            "scaling_adjustment": 1,
            "step_adjustment": [],
            "target_tracking_configuration": []
          },
          "sensitive_attributes": [],
          "private": "bnVsbA==",
          "dependencies": [
            "aws_autoscaling_group.web",
            "aws_key_pair.generated_key",
            "aws_launch_configuration.web",
            "aws_security_group.demosg-ec2",
            "aws_subnet.demosubnet",
            "aws_subnet.demosubnet1",
            "aws_vpc.demovpc",
            "tls_private_key.ssh-key"
          ]
        }
      ]
    },
    {
      "mode": "managed",
      "type": "aws_cloudwatch_metric_alarm",
      "name": "web_cpu_alarm_down",
      "provider": "provider[\"registry.terraform.io/hashicorp/aws\"]",
      "instances": [
        {
          "schema_version": 1,
          "attributes": {
            "actions_enabled": true,
            "alarm_actions": [
              "arn:aws:autoscaling:us-east-1:932919696617:scalingPolicy:50fdff3a-c261-4335-9cff-93ae9f76452a:autoScalingGroupName/web-20230529121711567700000002-asg:policyName/web_policy_down"
            ],
            "alarm_description": "This metric monitor EC2 instance CPU utilization",
            "alarm_name": "web_cpu_alarm_down",
            "arn": "arn:aws:cloudwatch:us-east-1:932919696617:alarm:web_cpu_alarm_down",
            "comparison_operator": "LessThanOrEqualToThreshold",
            "datapoints_to_alarm": 0,
            "dimensions": {
              "AutoScalingGroupName": "web-20230529121711567700000002-asg"
            },
            "evaluate_low_sample_count_percentiles": "",
            "evaluation_periods": 2,
            "extended_statistic": "",
            "id": "web_cpu_alarm_down",
            "insufficient_data_actions": null,
            "metric_name": "CPUUtilization",
            "metric_query": [],
            "namespace": "AWS/EC2",
            "ok_actions": null,
            "period": 120,
            "statistic": "Average",
            "tags": null,
            "tags_all": {},
            "threshold": 30,
            "threshold_metric_id": "",
            "treat_missing_data": "missing",
            "unit": ""
          },
          "sensitive_attributes": [],
          "private": "eyJzY2hlbWFfdmVyc2lvbiI6IjEifQ==",
          "dependencies": [
            "aws_autoscaling_group.web",
            "aws_autoscaling_policy.web_policy_down",
            "aws_key_pair.generated_key",
            "aws_launch_configuration.web",
            "aws_security_group.demosg-ec2",
            "aws_subnet.demosubnet",
            "aws_subnet.demosubnet1",
            "aws_vpc.demovpc",
            "tls_private_key.ssh-key"
          ]
        }
      ]
    },
    {
      "mode": "managed",
      "type": "aws_cloudwatch_metric_alarm",
      "name": "web_cpu_alarm_up",
      "provider": "provider[\"registry.terraform.io/hashicorp/aws\"]",
      "instances": [
        {
          "schema_version": 1,
          "attributes": {
            "actions_enabled": true,
            "alarm_actions": [
              "arn:aws:autoscaling:us-east-1:932919696617:scalingPolicy:3d779b15-5043-4ca0-b426-c399b08b4a3f:autoScalingGroupName/web-20230529121711567700000002-asg:policyName/web_policy_up"
            ],
            "alarm_description": "This metric monitor EC2 instance CPU utilization",
            "alarm_name": "web_cpu_alarm_up",
            "arn": "arn:aws:cloudwatch:us-east-1:932919696617:alarm:web_cpu_alarm_up",
            "comparison_operator": "GreaterThanOrEqualToThreshold",
            "datapoints_to_alarm": 0,
            "dimensions": {
              "AutoScalingGroupName": "web-20230529121711567700000002-asg"
            },
            "evaluate_low_sample_count_percentiles": "",
            "evaluation_periods": 2,
            "extended_statistic": "",
            "id": "web_cpu_alarm_up",
            "insufficient_data_actions": null,
            "metric_name": "CPUUtilization",
            "metric_query": [],
            "namespace": "AWS/EC2",
            "ok_actions": null,
            "period": 120,
            "statistic": "Average",
            "tags": null,
            "tags_all": {},
            "threshold": 70,
            "threshold_metric_id": "",
            "treat_missing_data": "missing",
            "unit": ""
          },
          "sensitive_attributes": [],
          "private": "eyJzY2hlbWFfdmVyc2lvbiI6IjEifQ==",
          "dependencies": [
            "aws_autoscaling_group.web",
            "aws_autoscaling_policy.web_policy_up",
            "aws_key_pair.generated_key",
            "aws_launch_configuration.web",
            "aws_security_group.demosg-ec2",
            "aws_subnet.demosubnet",
            "aws_subnet.demosubnet1",
            "aws_vpc.demovpc",
            "tls_private_key.ssh-key"
          ]
        }
      ]
    },
    {
      "mode": "managed",
      "type": "aws_internet_gateway",
      "name": "demogateway",
      "provider": "provider[\"registry.terraform.io/hashicorp/aws\"]",
      "instances": [
        {
          "schema_version": 0,
          "attributes": {
            "arn": "arn:aws:ec2:us-east-1:932919696617:internet-gateway/igw-0f6780c4eadfd484c",
            "id": "igw-0f6780c4eadfd484c",
            "owner_id": "932919696617",
            "tags": null,
            "tags_all": {},
            "timeouts": null,
            "vpc_id": "vpc-0e17dc44f3427a189"
          },
          "sensitive_attributes": [],
          "private": "eyJlMmJmYjczMC1lY2FhLTExZTYtOGY4OC0zNDM2M2JjN2M0YzAiOnsiY3JlYXRlIjoxMjAwMDAwMDAwMDAwLCJkZWxldGUiOjEyMDAwMDAwMDAwMDAsInVwZGF0ZSI6MTIwMDAwMDAwMDAwMH19",
          "dependencies": [
            "aws_vpc.demovpc"
          ]
        }
      ]
    },
    {
      "mode": "managed",
      "type": "aws_key_pair",
      "name": "generated_key",
      "provider": "provider[\"registry.terraform.io/hashicorp/aws\"]",
      "instances": [
        {
          "schema_version": 1,
          "attributes": {
            "arn": "arn:aws:ec2:us-east-1:932919696617:key-pair/demo-ssh-key",
            "fingerprint": "5a:c4:c9:ec:45:04:a1:e5:9a:32:69:19:ab:2c:09:4b",
            "id": "demo-ssh-key",
            "key_name": "demo-ssh-key",
            "key_name_prefix": "",
            "key_pair_id": "key-00f6f7296f0673e02",
            "key_type": "rsa",
            "public_key": "ssh-rsa AAAAB3NzaC1yc2EAAAADAQABAAABAQDtlZUm2qMKCYFnqJLpi/UUH71tbuI/H91OEMFnu/mIeivpmThKLHmLzZevY29+lRekQ5/UNG5zuv+T9EUwg8WFvjkwy+W5dd2UPxIOuqQhdlT/Nj7lC9yGadR7h3k9HzjfOK7u87FoOJCRc0Zo1bSCil/eE/fo2KVHKjA7+yNgcpaX/pPlsQhwgqEoDutmXikS1O496UZpKbsPHdHgGZU6G9RQNKjZYU01itnUjsWhxm28QWwNcRFXN7J59+kPTQRyRJmPibGjsk3eTbVDdQw2umR/j7YORracgc4e8/HIVK0DykVBt3Y7ZSrwbF6C38FfV5t0c8uPrncwdT8OTv3B",
            "tags": null,
            "tags_all": {}
          },
          "sensitive_attributes": [],
          "private": "eyJzY2hlbWFfdmVyc2lvbiI6IjEifQ==",
          "dependencies": [
            "tls_private_key.ssh-key"
          ],
          "create_before_destroy": true
        }
      ]
    },
    {
      "mode": "managed",
      "type": "aws_launch_configuration",
      "name": "web",
      "provider": "provider[\"registry.terraform.io/hashicorp/aws\"]",
      "instances": [
        {
          "schema_version": 0,
          "attributes": {
            "arn": "arn:aws:autoscaling:us-east-1:932919696617:launchConfiguration:fc65e292-182b-49c9-9e61-b097fd168c48:launchConfigurationName/web-20230529121711567700000002",
            "associate_public_ip_address": true,
            "ebs_block_device": [],
            "ebs_optimized": false,
            "enable_monitoring": true,
            "ephemeral_block_device": [],
            "iam_instance_profile": "",
            "id": "web-20230529121711567700000002",
            "image_id": "ami-053b0d53c279acc90",
            "instance_type": "t2.micro",
            "key_name": "demo-ssh-key",
            "metadata_options": [],
            "name": "web-20230529121711567700000002",
            "name_prefix": "web-",
            "placement_tenancy": "",
            "root_block_device": [],
            "security_groups": [
              "sg-04e7c85add180698d"
            ],
            "spot_price": "",
            "user_data": "ecd0a3dc3597811bd413f3602bd5ad3cb31ca229",
            "user_data_base64": null,
            "vpc_classic_link_id": "",
            "vpc_classic_link_security_groups": null
          },
          "sensitive_attributes": [],
          "private": "bnVsbA==",
          "dependencies": [
            "aws_key_pair.generated_key",
            "aws_security_group.demosg-ec2",
            "aws_vpc.demovpc",
            "tls_private_key.ssh-key"
          ],
          "create_before_destroy": true
        }
      ]
    },
    {
      "mode": "managed",
      "type": "aws_lb",
      "name": "application_load_balancer",
      "provider": "provider[\"registry.terraform.io/hashicorp/aws\"]",
      "instances": [
        {
          "schema_version": 0,
          "attributes": {
            "access_logs": [
              {
                "bucket": "",
                "enabled": false,
                "prefix": ""
              }
            ],
            "arn": "arn:aws:elasticloadbalancing:us-east-1:932919696617:loadbalancer/app/application-lb/683ad2e494189621",
            "arn_suffix": "app/application-lb/683ad2e494189621",
            "customer_owned_ipv4_pool": "",
            "desync_mitigation_mode": "defensive",
            "dns_name": "application-lb-944750416.us-east-1.elb.amazonaws.com",
            "drop_invalid_header_fields": false,
            "enable_cross_zone_load_balancing": true,
            "enable_deletion_protection": false,
            "enable_http2": true,
            "enable_tls_version_and_cipher_suite_headers": false,
            "enable_waf_fail_open": false,
            "enable_xff_client_port": false,
            "id": "arn:aws:elasticloadbalancing:us-east-1:932919696617:loadbalancer/app/application-lb/683ad2e494189621",
            "idle_timeout": 60,
            "internal": false,
            "ip_address_type": "ipv4",
            "load_balancer_type": "application",
            "name": "application-lb",
            "name_prefix": null,
            "preserve_host_header": false,
            "security_groups": [
              "sg-04b778961db272874"
            ],
            "subnet_mapping": [
              {
                "allocation_id": "",
                "ipv6_address": "",
                "outpost_id": "",
                "private_ipv4_address": "",
                "subnet_id": "subnet-03ca0ad7147a6cf6c"
              },
              {
                "allocation_id": "",
                "ipv6_address": "",
                "outpost_id": "",
                "private_ipv4_address": "",
                "subnet_id": "subnet-04e5fb6608bcf9cf9"
              }
            ],
            "subnets": [
              "subnet-03ca0ad7147a6cf6c",
              "subnet-04e5fb6608bcf9cf9"
            ],
            "tags": {
              "Environment": "dev"
            },
            "tags_all": {
              "Environment": "dev"
            },
            "timeouts": null,
            "vpc_id": "vpc-0e17dc44f3427a189",
            "xff_header_processing_mode": "append",
            "zone_id": "Z35SXDOTRQ7X7K"
          },
          "sensitive_attributes": [],
          "private": "eyJlMmJmYjczMC1lY2FhLTExZTYtOGY4OC0zNDM2M2JjN2M0YzAiOnsiY3JlYXRlIjo2MDAwMDAwMDAwMDAsImRlbGV0ZSI6NjAwMDAwMDAwMDAwLCJ1cGRhdGUiOjYwMDAwMDAwMDAwMH19",
          "dependencies": [
            "aws_security_group.demosg-alb",
            "aws_subnet.demosubnet",
            "aws_subnet.demosubnet1",
            "aws_vpc.demovpc"
          ]
        }
      ]
    },
    {
      "mode": "managed",
      "type": "aws_lb_listener",
      "name": "listener",
      "provider": "provider[\"registry.terraform.io/hashicorp/aws\"]",
      "instances": [
        {
          "schema_version": 0,
          "attributes": {
            "alpn_policy": null,
            "arn": "arn:aws:elasticloadbalancing:us-east-1:932919696617:listener/app/application-lb/683ad2e494189621/b96f80e979162419",
            "certificate_arn": null,
            "default_action": [
              {
                "authenticate_cognito": [],
                "authenticate_oidc": [],
                "fixed_response": [],
                "forward": [],
                "order": 1,
                "redirect": [],
                "target_group_arn": "arn:aws:elasticloadbalancing:us-east-1:932919696617:targetgroup/application-tg/1f92b66a7a6bd110",
                "type": "forward"
              }
            ],
            "id": "arn:aws:elasticloadbalancing:us-east-1:932919696617:listener/app/application-lb/683ad2e494189621/b96f80e979162419",
            "load_balancer_arn": "arn:aws:elasticloadbalancing:us-east-1:932919696617:loadbalancer/app/application-lb/683ad2e494189621",
            "port": 80,
            "protocol": "HTTP",
            "ssl_policy": "",
            "tags": null,
            "tags_all": {},
            "timeouts": null
          },
          "sensitive_attributes": [],
          "private": "eyJlMmJmYjczMC1lY2FhLTExZTYtOGY4OC0zNDM2M2JjN2M0YzAiOnsicmVhZCI6NjAwMDAwMDAwMDAwfX0=",
          "dependencies": [
            "aws_lb.application_load_balancer",
            "aws_lb_target_group.target-group",
            "aws_security_group.demosg-alb",
            "aws_subnet.demosubnet",
            "aws_subnet.demosubnet1",
            "aws_vpc.demovpc"
          ]
        }
      ]
    },
    {
      "mode": "managed",
      "type": "aws_lb_target_group",
      "name": "target-group",
      "provider": "provider[\"registry.terraform.io/hashicorp/aws\"]",
      "instances": [
        {
          "schema_version": 0,
          "attributes": {
            "arn": "arn:aws:elasticloadbalancing:us-east-1:932919696617:targetgroup/application-tg/1f92b66a7a6bd110",
            "arn_suffix": "targetgroup/application-tg/1f92b66a7a6bd110",
            "connection_termination": false,
            "deregistration_delay": "300",
            "health_check": [
              {
                "enabled": true,
                "healthy_threshold": 3,
                "interval": 10,
                "matcher": "200",
                "path": "/",
                "port": "traffic-port",
                "protocol": "HTTP",
                "timeout": 3,
                "unhealthy_threshold": 2
              }
            ],
            "id": "arn:aws:elasticloadbalancing:us-east-1:932919696617:targetgroup/application-tg/1f92b66a7a6bd110",
            "ip_address_type": "ipv4",
            "lambda_multi_value_headers_enabled": false,
            "load_balancing_algorithm_type": "round_robin",
            "load_balancing_cross_zone_enabled": "use_load_balancer_configuration",
            "name": "application-tg",
            "name_prefix": null,
            "port": 80,
            "preserve_client_ip": null,
            "protocol": "HTTP",
            "protocol_version": "HTTP1",
            "proxy_protocol_v2": false,
            "slow_start": 0,
            "stickiness": [
              {
                "cookie_duration": 86400,
                "cookie_name": "",
                "enabled": false,
                "type": "lb_cookie"
              }
            ],
            "tags": null,
            "tags_all": {},
            "target_failover": [
              {
                "on_deregistration": null,
                "on_unhealthy": null
              }
            ],
            "target_type": "instance",
            "vpc_id": "vpc-0e17dc44f3427a189"
          },
          "sensitive_attributes": [],
          "private": "bnVsbA==",
          "dependencies": [
            "aws_vpc.demovpc"
          ]
        }
      ]
    },
    {
      "mode": "managed",
      "type": "aws_route_table",
      "name": "route",
      "provider": "provider[\"registry.terraform.io/hashicorp/aws\"]",
      "instances": [
        {
          "schema_version": 0,
          "attributes": {
            "arn": "arn:aws:ec2:us-east-1:932919696617:route-table/rtb-06fafe167a25a2eec",
            "id": "rtb-06fafe167a25a2eec",
            "owner_id": "932919696617",
            "propagating_vgws": [],
            "route": [
              {
                "carrier_gateway_id": "",
                "cidr_block": "0.0.0.0/0",
                "core_network_arn": "",
                "destination_prefix_list_id": "",
                "egress_only_gateway_id": "",
                "gateway_id": "igw-0f6780c4eadfd484c",
                "instance_id": "",
                "ipv6_cidr_block": "",
                "local_gateway_id": "",
                "nat_gateway_id": "",
                "network_interface_id": "",
                "transit_gateway_id": "",
                "vpc_endpoint_id": "",
                "vpc_peering_connection_id": ""
              }
            ],
            "tags": {
              "Name": "Route to internet"
            },
            "tags_all": {
              "Name": "Route to internet"
            },
            "timeouts": null,
            "vpc_id": "vpc-0e17dc44f3427a189"
          },
          "sensitive_attributes": [],
          "private": "eyJlMmJmYjczMC1lY2FhLTExZTYtOGY4OC0zNDM2M2JjN2M0YzAiOnsiY3JlYXRlIjozMDAwMDAwMDAwMDAsImRlbGV0ZSI6MzAwMDAwMDAwMDAwLCJ1cGRhdGUiOjEyMDAwMDAwMDAwMH19",
          "dependencies": [
            "aws_internet_gateway.demogateway",
            "aws_vpc.demovpc"
          ]
        }
      ]
    },
    {
      "mode": "managed",
      "type": "aws_route_table_association",
      "name": "rt1",
      "provider": "provider[\"registry.terraform.io/hashicorp/aws\"]",
      "instances": [
        {
          "schema_version": 0,
          "attributes": {
            "gateway_id": "",
            "id": "rtbassoc-0515364ff3489e8f0",
            "route_table_id": "rtb-06fafe167a25a2eec",
            "subnet_id": "subnet-04e5fb6608bcf9cf9",
            "timeouts": null
          },
          "sensitive_attributes": [],
          "private": "eyJlMmJmYjczMC1lY2FhLTExZTYtOGY4OC0zNDM2M2JjN2M0YzAiOnsiY3JlYXRlIjozMDAwMDAwMDAwMDAsImRlbGV0ZSI6MzAwMDAwMDAwMDAwLCJ1cGRhdGUiOjEyMDAwMDAwMDAwMH19",
          "dependencies": [
            "aws_internet_gateway.demogateway",
            "aws_route_table.route",
            "aws_subnet.demosubnet",
            "aws_vpc.demovpc"
          ]
        }
      ]
    },
    {
      "mode": "managed",
      "type": "aws_route_table_association",
      "name": "rt2",
      "provider": "provider[\"registry.terraform.io/hashicorp/aws\"]",
      "instances": [
        {
          "schema_version": 0,
          "attributes": {
            "gateway_id": "",
            "id": "rtbassoc-0dee70cc157427a24",
            "route_table_id": "rtb-06fafe167a25a2eec",
            "subnet_id": "subnet-03ca0ad7147a6cf6c",
            "timeouts": null
          },
          "sensitive_attributes": [],
          "private": "eyJlMmJmYjczMC1lY2FhLTExZTYtOGY4OC0zNDM2M2JjN2M0YzAiOnsiY3JlYXRlIjozMDAwMDAwMDAwMDAsImRlbGV0ZSI6MzAwMDAwMDAwMDAwLCJ1cGRhdGUiOjEyMDAwMDAwMDAwMH19",
          "dependencies": [
            "aws_internet_gateway.demogateway",
            "aws_route_table.route",
            "aws_subnet.demosubnet1",
            "aws_vpc.demovpc"
          ]
        }
      ]
    },
    {
      "mode": "managed",
      "type": "aws_security_group",
      "name": "demosg-alb",
      "provider": "provider[\"registry.terraform.io/hashicorp/aws\"]",
      "instances": [
        {
          "schema_version": 1,
          "attributes": {
            "arn": "arn:aws:ec2:us-east-1:932919696617:security-group/sg-04b778961db272874",
            "description": "Demo Module",
            "egress": [
              {
                "cidr_blocks": [
                  "0.0.0.0/0"
                ],
                "description": "",
                "from_port": 0,
                "ipv6_cidr_blocks": [],
                "prefix_list_ids": [],
                "protocol": "-1",
                "security_groups": [],
                "self": false,
                "to_port": 0
              }
            ],
            "id": "sg-04b778961db272874",
            "ingress": [
              {
                "cidr_blocks": [
                  "0.0.0.0/0"
                ],
                "description": "",
                "from_port": 22,
                "ipv6_cidr_blocks": [],
                "prefix_list_ids": [],
                "protocol": "tcp",
                "security_groups": [],
                "self": false,
                "to_port": 22
              },
              {
                "cidr_blocks": [
                  "0.0.0.0/0"
                ],
                "description": "",
                "from_port": 443,
                "ipv6_cidr_blocks": [],
                "prefix_list_ids": [],
                "protocol": "tcp",
                "security_groups": [],
                "self": false,
                "to_port": 443
              },
              {
                "cidr_blocks": [
                  "0.0.0.0/0"
                ],
                "description": "",
                "from_port": 80,
                "ipv6_cidr_blocks": [],
                "prefix_list_ids": [],
                "protocol": "tcp",
                "security_groups": [],
                "self": false,
                "to_port": 80
              }
            ],
            "name": "Demo Security Group for alb",
            "name_prefix": "",
            "owner_id": "932919696617",
            "revoke_rules_on_delete": false,
            "tags": null,
            "tags_all": {},
            "timeouts": null,
            "vpc_id": "vpc-0e17dc44f3427a189"
          },
          "sensitive_attributes": [],
          "private": "eyJlMmJmYjczMC1lY2FhLTExZTYtOGY4OC0zNDM2M2JjN2M0YzAiOnsiY3JlYXRlIjo2MDAwMDAwMDAwMDAsImRlbGV0ZSI6OTAwMDAwMDAwMDAwfSwic2NoZW1hX3ZlcnNpb24iOiIxIn0=",
          "dependencies": [
            "aws_vpc.demovpc"
          ]
        }
      ]
    },
    {
      "mode": "managed",
      "type": "aws_security_group",
      "name": "demosg-ec2",
      "provider": "provider[\"registry.terraform.io/hashicorp/aws\"]",
      "instances": [
        {
          "schema_version": 1,
          "attributes": {
            "arn": "arn:aws:ec2:us-east-1:932919696617:security-group/sg-04e7c85add180698d",
            "description": "Managed by Terraform",
            "egress": [
              {
                "cidr_blocks": [
                  "0.0.0.0/0"
                ],
                "description": "",
                "from_port": 0,
                "ipv6_cidr_blocks": [],
                "prefix_list_ids": [],
                "protocol": "-1",
                "security_groups": [],
                "self": false,
                "to_port": 0
              }
            ],
            "id": "sg-04e7c85add180698d",
            "ingress": [
              {
                "cidr_blocks": [
                  "0.0.0.0/0"
                ],
                "description": "",
                "from_port": 22,
                "ipv6_cidr_blocks": [],
                "prefix_list_ids": [],
                "protocol": "tcp",
                "security_groups": [],
                "self": false,
                "to_port": 22
              },
              {
                "cidr_blocks": [
                  "0.0.0.0/0"
                ],
                "description": "",
                "from_port": 443,
                "ipv6_cidr_blocks": [],
                "prefix_list_ids": [],
                "protocol": "tcp",
                "security_groups": [],
                "self": false,
                "to_port": 443
              },
              {
                "cidr_blocks": [
                  "0.0.0.0/0"
                ],
                "description": "",
                "from_port": 80,
                "ipv6_cidr_blocks": [],
                "prefix_list_ids": [],
                "protocol": "tcp",
                "security_groups": [],
                "self": false,
                "to_port": 80
              }
            ],
            "name": "terraform-20230529121706669500000001",
            "name_prefix": "terraform-",
            "owner_id": "932919696617",
            "revoke_rules_on_delete": false,
            "tags": null,
            "tags_all": {},
            "timeouts": null,
            "vpc_id": "vpc-0e17dc44f3427a189"
          },
          "sensitive_attributes": [],
          "private": "eyJlMmJmYjczMC1lY2FhLTExZTYtOGY4OC0zNDM2M2JjN2M0YzAiOnsiY3JlYXRlIjo2MDAwMDAwMDAwMDAsImRlbGV0ZSI6OTAwMDAwMDAwMDAwfSwic2NoZW1hX3ZlcnNpb24iOiIxIn0=",
          "dependencies": [
            "aws_vpc.demovpc"
          ],
          "create_before_destroy": true
        }
      ]
    },
    {
      "mode": "managed",
      "type": "aws_subnet",
      "name": "demosubnet",
      "provider": "provider[\"registry.terraform.io/hashicorp/aws\"]",
      "instances": [
        {
          "schema_version": 1,
          "attributes": {
            "arn": "arn:aws:ec2:us-east-1:932919696617:subnet/subnet-04e5fb6608bcf9cf9",
            "assign_ipv6_address_on_creation": false,
            "availability_zone": "us-east-1a",
            "availability_zone_id": "use1-az6",
            "cidr_block": "10.0.1.0/24",
            "customer_owned_ipv4_pool": "",
            "enable_dns64": false,
            "enable_lni_at_device_index": 0,
            "enable_resource_name_dns_a_record_on_launch": false,
            "enable_resource_name_dns_aaaa_record_on_launch": false,
            "id": "subnet-04e5fb6608bcf9cf9",
            "ipv6_cidr_block": "",
            "ipv6_cidr_block_association_id": "",
            "ipv6_native": false,
            "map_customer_owned_ip_on_launch": false,
            "map_public_ip_on_launch": true,
            "outpost_arn": "",
            "owner_id": "932919696617",
            "private_dns_hostname_type_on_launch": "ip-name",
            "tags": {
              "Name": "Demo subnet"
            },
            "tags_all": {
              "Name": "Demo subnet"
            },
            "timeouts": null,
            "vpc_id": "vpc-0e17dc44f3427a189"
          },
          "sensitive_attributes": [],
          "private": "eyJlMmJmYjczMC1lY2FhLTExZTYtOGY4OC0zNDM2M2JjN2M0YzAiOnsiY3JlYXRlIjo2MDAwMDAwMDAwMDAsImRlbGV0ZSI6MTIwMDAwMDAwMDAwMH0sInNjaGVtYV92ZXJzaW9uIjoiMSJ9",
          "dependencies": [
            "aws_vpc.demovpc"
          ],
          "create_before_destroy": true
        }
      ]
    },
    {
      "mode": "managed",
      "type": "aws_subnet",
      "name": "demosubnet1",
      "provider": "provider[\"registry.terraform.io/hashicorp/aws\"]",
      "instances": [
        {
          "schema_version": 1,
          "attributes": {
            "arn": "arn:aws:ec2:us-east-1:932919696617:subnet/subnet-03ca0ad7147a6cf6c",
            "assign_ipv6_address_on_creation": false,
            "availability_zone": "us-east-1b",
            "availability_zone_id": "use1-az1",
            "cidr_block": "10.0.2.0/24",
            "customer_owned_ipv4_pool": "",
            "enable_dns64": false,
            "enable_lni_at_device_index": 0,
            "enable_resource_name_dns_a_record_on_launch": false,
            "enable_resource_name_dns_aaaa_record_on_launch": false,
            "id": "subnet-03ca0ad7147a6cf6c",
            "ipv6_cidr_block": "",
            "ipv6_cidr_block_association_id": "",
            "ipv6_native": false,
            "map_customer_owned_ip_on_launch": false,
            "map_public_ip_on_launch": true,
            "outpost_arn": "",
            "owner_id": "932919696617",
            "private_dns_hostname_type_on_launch": "ip-name",
            "tags": {
              "Name": "Demo subnet 1"
            },
            "tags_all": {
              "Name": "Demo subnet 1"
            },
            "timeouts": null,
            "vpc_id": "vpc-0e17dc44f3427a189"
          },
          "sensitive_attributes": [],
          "private": "eyJlMmJmYjczMC1lY2FhLTExZTYtOGY4OC0zNDM2M2JjN2M0YzAiOnsiY3JlYXRlIjo2MDAwMDAwMDAwMDAsImRlbGV0ZSI6MTIwMDAwMDAwMDAwMH0sInNjaGVtYV92ZXJzaW9uIjoiMSJ9",
          "dependencies": [
            "aws_vpc.demovpc"
          ],
          "create_before_destroy": true
        }
      ]
    },
    {
      "mode": "managed",
      "type": "aws_vpc",
      "name": "demovpc",
      "provider": "provider[\"registry.terraform.io/hashicorp/aws\"]",
      "instances": [
        {
          "schema_version": 1,
          "attributes": {
            "arn": "arn:aws:ec2:us-east-1:932919696617:vpc/vpc-0e17dc44f3427a189",
            "assign_generated_ipv6_cidr_block": false,
            "cidr_block": "10.0.0.0/16",
            "default_network_acl_id": "acl-00039f103599cacb6",
            "default_route_table_id": "rtb-0496ad2a5174d4460",
            "default_security_group_id": "sg-097e245c067aa0f60",
            "dhcp_options_id": "dopt-004ed46725d2a9cfd",
            "enable_classiclink": false,
            "enable_classiclink_dns_support": false,
            "enable_dns_hostnames": false,
            "enable_dns_support": true,
            "enable_network_address_usage_metrics": false,
            "id": "vpc-0e17dc44f3427a189",
            "instance_tenancy": "default",
            "ipv4_ipam_pool_id": null,
            "ipv4_netmask_length": null,
            "ipv6_association_id": "",
            "ipv6_cidr_block": "",
            "ipv6_cidr_block_network_border_group": "",
            "ipv6_ipam_pool_id": "",
            "ipv6_netmask_length": 0,
            "main_route_table_id": "rtb-0496ad2a5174d4460",
            "owner_id": "932919696617",
            "tags": {
              "Name": "Demo VPC"
            },
            "tags_all": {
              "Name": "Demo VPC"
            }
          },
          "sensitive_attributes": [],
          "private": "eyJzY2hlbWFfdmVyc2lvbiI6IjEifQ==",
          "create_before_destroy": true
        }
      ]
    },
    {
      "mode": "managed",
      "type": "local_file",
      "name": "key",
      "provider": "provider[\"registry.terraform.io/hashicorp/local\"]",
      "instances": [
        {
          "schema_version": 0,
          "attributes": {
            "content": "-----BEGIN RSA PRIVATE KEY-----\nMIIEpgIBAAKCAQEA7ZWVJtqjCgmBZ6iS6Yv1FB+9bW7iPx/dThDBZ7v5iHor6Zk4\nSix5i82Xr2NvfpUXpEOf1DRuc7r/k/RFMIPFhb45MMvluXXdlD8SDrqkIXZU/zY+\n5QvchmnUe4d5PR843ziu7vOxaDiQkXNGaNW0gopf3hP36NilRyowO/sjYHKWl/6T\n5bEIcIKhKA7rZl4pEtTuPelGaSm7Dx3R4BmVOhvUUDSo2WFNNYrZ1I7FocZtvEFs\nDXERVzeyeffpD00EckSZj4mxo7JN3k21Q3UMNrpkf4+2Dka2nIHOHvPxyFStA8pF\nQbd2O2Uq8Gxegt/BX1ebdHPLj653MHU/Dk79wQIDAQABAoIBAQCyJjXfGpaikhoc\nlkUDJtUwr9Qk2L6Bwuz4+otrs4IbGjEPSrrws4S4lgMlmpQiAL3niGWyg1ZHJXM7\niDDRfh2AefD8bAfoFz99SAXMUZt9E/QMIqrqqQhFKdoQfrckY+MLTr+tocHnenK8\n/glP1t8x+3yDU8nTKZBVWocsktYmHJRWfwvtclgG22EEKU8kVa3e7/lR0FFTp8f9\nqrtSrC11IYrVX3xaQHN9TdYQxTrB+B2j33X2vTOAa5QsCnT+UtzG7qKd0QU7sXv3\nm8kcOJ1YhISuCVRapkPav95WNhetP0A50Pn2B4/nzxoAGCEujVsA97chl3fR/k7i\ntyUaHGMhAoGBAP4V2rHwaC7ZPAMyqmSwa8Su7ib6AypIAqywa8gR6UgxrlKWD3Xc\nkw1/kHVtloZYIl8Ym6Bzw8fqEjY9Qc0AkpO1Nuk0hs7rcs0xhIp5eNGyjhUwpzgQ\nUBUNSNt7QZF88ROxcaw47YiskI6jSYSrB56ZOcOeyaQvtHzcegtEklsVAoGBAO9f\n5ZYmAwaoBZ1opML8OkqHENEcseKOMJdWkKa/KC8adRzWVj3oZB0x1xNnRolT5hfu\n0D4HXseu5M1pckR6dZOvJb+LMzaA/lW7wkbOGiSm26GCcyoG85tljHrgBPIT3M2r\nplALpWETBNG7qG8ZYCpzaz5mmOdCsEf7/pQ1FZL9AoGBAPde1Y1ZrkS2MGw4npXr\nAPD7EleWHxDCDQCNvlGJxqIH5Fz5RdIMzopcwIrjB6KCGeyVq6Z6LojqxZJS70Yk\nIZB25CAFiJ3Zsuo9JHogq1UVTqkothSqJR1p0p4EkSCRELCImFABGJlw0EhehwwH\n6yIosYlXhZ845rKNgLCJsSfFAoGBAM16szjVfml7V/6MMkrSezM4h/4JNMW2qw1u\nGJOaqeLtQjSz5KoVz8Kj4uzcDVea9nv62zUz3G9quSt+5cDUohNZGP04f4i86BYu\nK5HeH+Dwfr5AnZ0pBHqTjCh6HqSy2iqOuyAhLyCKU+u5u9dKoBswopGZPo3d2Dai\noSEWBGP9AoGBAKOEMd/vcPKEvOReX05vTCMYcof7f5RAHjxussK98FEieL0m6WwE\nnlXeARvZvzdWi63OGKIzsm4Y1+M/zq76UJzfW9eIysTc3XTPhMtjhFzf0KkH20+g\n+S3RybHDm2B9F8HkZt7uFjF+2t1gVJQ2VYRGjFAvpG42SJXKB8BiQb3L\n-----END RSA PRIVATE KEY-----\n",
            "content_base64": null,
            "content_base64sha256": "r7alv+o3KHZORWwKdgIMqPHfZSLp76M9mkqZsagWDTY=",
            "content_base64sha512": "9aItEz+sGsQ1SwxDmOHa1TjVPEooedld86S22LG22S91vW1Pp8O/TtHmVkuImuX+jW6e51tIBC+/GqyeKoOVkw==",
            "content_md5": "75389c6b9788fff82dc5a0f6e8fcc354",
            "content_sha1": "71e708e5507636a1d7cc05d9e871f1a4692f1e23",
            "content_sha256": "afb6a5bfea3728764e456c0a76020ca8f1df6522e9efa33d9a4a99b1a8160d36",
            "content_sha512": "f5a22d133fac1ac4354b0c4398e1dad538d53c4a2879d95df3a4b6d8b1b6d92f75bd6d4fa7c3bf4ed1e6564b889ae5fe8d6e9ee75b48042fbf1aac9e2a839593",
            "directory_permission": "0777",
            "file_permission": "0400",
            "filename": "demo-ssh-key.pem",
            "id": "71e708e5507636a1d7cc05d9e871f1a4692f1e23",
            "sensitive_content": null,
            "source": null
          },
          "sensitive_attributes": [
            [
              {
                "type": "get_attr",
                "value": "content"
              }
            ]
          ],
          "dependencies": [
            "tls_private_key.ssh-key"
          ]
        }
      ]
    },
    {
      "mode": "managed",
      "type": "tls_private_key",
      "name": "ssh-key",
      "provider": "provider[\"registry.terraform.io/hashicorp/tls\"]",
      "instances": [
        {
          "schema_version": 1,
          "attributes": {
            "algorithm": "RSA",
            "ecdsa_curve": "P224",
            "id": "67de532e39a17cb6cbe8f2ceba9a2463d359af7f",
            "private_key_openssh": "-----BEGIN OPENSSH PRIVATE KEY-----\nb3BlbnNzaC1rZXktdjEAAAAABG5vbmUAAAAEbm9uZQAAAAAAAAABAAABFwAAAAdz\nc2gtcnNhAAAAAwEAAQAAAQEA7ZWVJtqjCgmBZ6iS6Yv1FB+9bW7iPx/dThDBZ7v5\niHor6Zk4Six5i82Xr2NvfpUXpEOf1DRuc7r/k/RFMIPFhb45MMvluXXdlD8SDrqk\nIXZU/zY+5QvchmnUe4d5PR843ziu7vOxaDiQkXNGaNW0gopf3hP36NilRyowO/sj\nYHKWl/6T5bEIcIKhKA7rZl4pEtTuPelGaSm7Dx3R4BmVOhvUUDSo2WFNNYrZ1I7F\nocZtvEFsDXERVzeyeffpD00EckSZj4mxo7JN3k21Q3UMNrpkf4+2Dka2nIHOHvPx\nyFStA8pFQbd2O2Uq8Gxegt/BX1ebdHPLj653MHU/Dk79wQAAA7h6qlqaeqpamgAA\nAAdzc2gtcnNhAAABAQDtlZUm2qMKCYFnqJLpi/UUH71tbuI/H91OEMFnu/mIeivp\nmThKLHmLzZevY29+lRekQ5/UNG5zuv+T9EUwg8WFvjkwy+W5dd2UPxIOuqQhdlT/\nNj7lC9yGadR7h3k9HzjfOK7u87FoOJCRc0Zo1bSCil/eE/fo2KVHKjA7+yNgcpaX\n/pPlsQhwgqEoDutmXikS1O496UZpKbsPHdHgGZU6G9RQNKjZYU01itnUjsWhxm28\nQWwNcRFXN7J59+kPTQRyRJmPibGjsk3eTbVDdQw2umR/j7YORracgc4e8/HIVK0D\nykVBt3Y7ZSrwbF6C38FfV5t0c8uPrncwdT8OTv3BAAAAAwEAAQAAAQEAsiY13xqW\nopIaHJZFAybVMK/UJNi+gcLs+PqLa7OCGxoxD0q68LOEuJYDJZqUIgC954hlsoNW\nRyVzO4gw0X4dgHnw/GwH6Bc/fUgFzFGbfRP0DCKq6qkIRSnaEH63JGPjC06/raHB\n53pyvP4JT9bfMft8g1PJ0ymQVVqHLJLWJhyUVn8L7XJYBtthBClPJFWt3u/5UdBR\nU6fH/aq7UqwtdSGK1V98WkBzfU3WEMU6wfgdo9919r0zgGuULAp0/lLcxu6indEF\nO7F795vJHDidWISErglUWqZD2r/eVjYXrT9AOdD59geP588aABghLo1bAPe3IZd3\n0f5O4rclGhxjIQAAAIEAo4Qx3+9w8oS85F5fTm9MIxhyh/t/lEAePG6ywr3wUSJ4\nvSbpbASeVd4BG9m/N1aLrc4YojOybhjX4z/OrvpQnN9b14jKxNzddM+Ey2OEXN/Q\nqQfbT6D5LdHJscObYH0XweRm3u4WMX7a3WBUlDZVhEaMUC+kbjZIlcoHwGJBvcsA\nAACBAP4V2rHwaC7ZPAMyqmSwa8Su7ib6AypIAqywa8gR6UgxrlKWD3Xckw1/kHVt\nloZYIl8Ym6Bzw8fqEjY9Qc0AkpO1Nuk0hs7rcs0xhIp5eNGyjhUwpzgQUBUNSNt7\nQZF88ROxcaw47YiskI6jSYSrB56ZOcOeyaQvtHzcegtEklsVAAAAgQDvX+WWJgMG\nqAWdaKTC/DpKhxDRHLHijjCXVpCmvygvGnUc1lY96GQdMdcTZ0aJU+YX7tA+B17H\nruTNaXJEenWTryW/izM2gP5Vu8JGzhokptuhgnMqBvObZYx64ATyE9zNq6ZQC6Vh\nEwTRu6hvGWAqc2s+ZpjnQrBH+/6UNRWS/QAAAAAB\n-----END OPENSSH PRIVATE KEY-----\n",
            "private_key_pem": "-----BEGIN RSA PRIVATE KEY-----\nMIIEpgIBAAKCAQEA7ZWVJtqjCgmBZ6iS6Yv1FB+9bW7iPx/dThDBZ7v5iHor6Zk4\nSix5i82Xr2NvfpUXpEOf1DRuc7r/k/RFMIPFhb45MMvluXXdlD8SDrqkIXZU/zY+\n5QvchmnUe4d5PR843ziu7vOxaDiQkXNGaNW0gopf3hP36NilRyowO/sjYHKWl/6T\n5bEIcIKhKA7rZl4pEtTuPelGaSm7Dx3R4BmVOhvUUDSo2WFNNYrZ1I7FocZtvEFs\nDXERVzeyeffpD00EckSZj4mxo7JN3k21Q3UMNrpkf4+2Dka2nIHOHvPxyFStA8pF\nQbd2O2Uq8Gxegt/BX1ebdHPLj653MHU/Dk79wQIDAQABAoIBAQCyJjXfGpaikhoc\nlkUDJtUwr9Qk2L6Bwuz4+otrs4IbGjEPSrrws4S4lgMlmpQiAL3niGWyg1ZHJXM7\niDDRfh2AefD8bAfoFz99SAXMUZt9E/QMIqrqqQhFKdoQfrckY+MLTr+tocHnenK8\n/glP1t8x+3yDU8nTKZBVWocsktYmHJRWfwvtclgG22EEKU8kVa3e7/lR0FFTp8f9\nqrtSrC11IYrVX3xaQHN9TdYQxTrB+B2j33X2vTOAa5QsCnT+UtzG7qKd0QU7sXv3\nm8kcOJ1YhISuCVRapkPav95WNhetP0A50Pn2B4/nzxoAGCEujVsA97chl3fR/k7i\ntyUaHGMhAoGBAP4V2rHwaC7ZPAMyqmSwa8Su7ib6AypIAqywa8gR6UgxrlKWD3Xc\nkw1/kHVtloZYIl8Ym6Bzw8fqEjY9Qc0AkpO1Nuk0hs7rcs0xhIp5eNGyjhUwpzgQ\nUBUNSNt7QZF88ROxcaw47YiskI6jSYSrB56ZOcOeyaQvtHzcegtEklsVAoGBAO9f\n5ZYmAwaoBZ1opML8OkqHENEcseKOMJdWkKa/KC8adRzWVj3oZB0x1xNnRolT5hfu\n0D4HXseu5M1pckR6dZOvJb+LMzaA/lW7wkbOGiSm26GCcyoG85tljHrgBPIT3M2r\nplALpWETBNG7qG8ZYCpzaz5mmOdCsEf7/pQ1FZL9AoGBAPde1Y1ZrkS2MGw4npXr\nAPD7EleWHxDCDQCNvlGJxqIH5Fz5RdIMzopcwIrjB6KCGeyVq6Z6LojqxZJS70Yk\nIZB25CAFiJ3Zsuo9JHogq1UVTqkothSqJR1p0p4EkSCRELCImFABGJlw0EhehwwH\n6yIosYlXhZ845rKNgLCJsSfFAoGBAM16szjVfml7V/6MMkrSezM4h/4JNMW2qw1u\nGJOaqeLtQjSz5KoVz8Kj4uzcDVea9nv62zUz3G9quSt+5cDUohNZGP04f4i86BYu\nK5HeH+Dwfr5AnZ0pBHqTjCh6HqSy2iqOuyAhLyCKU+u5u9dKoBswopGZPo3d2Dai\noSEWBGP9AoGBAKOEMd/vcPKEvOReX05vTCMYcof7f5RAHjxussK98FEieL0m6WwE\nnlXeARvZvzdWi63OGKIzsm4Y1+M/zq76UJzfW9eIysTc3XTPhMtjhFzf0KkH20+g\n+S3RybHDm2B9F8HkZt7uFjF+2t1gVJQ2VYRGjFAvpG42SJXKB8BiQb3L\n-----END RSA PRIVATE KEY-----\n",
            "private_key_pem_pkcs8": "-----BEGIN PRIVATE KEY-----\nMIIEwAIBADANBgkqhkiG9w0BAQEFAASCBKowggSmAgEAAoIBAQDtlZUm2qMKCYFn\nqJLpi/UUH71tbuI/H91OEMFnu/mIeivpmThKLHmLzZevY29+lRekQ5/UNG5zuv+T\n9EUwg8WFvjkwy+W5dd2UPxIOuqQhdlT/Nj7lC9yGadR7h3k9HzjfOK7u87FoOJCR\nc0Zo1bSCil/eE/fo2KVHKjA7+yNgcpaX/pPlsQhwgqEoDutmXikS1O496UZpKbsP\nHdHgGZU6G9RQNKjZYU01itnUjsWhxm28QWwNcRFXN7J59+kPTQRyRJmPibGjsk3e\nTbVDdQw2umR/j7YORracgc4e8/HIVK0DykVBt3Y7ZSrwbF6C38FfV5t0c8uPrncw\ndT8OTv3BAgMBAAECggEBALImNd8alqKSGhyWRQMm1TCv1CTYvoHC7Pj6i2uzghsa\nMQ9KuvCzhLiWAyWalCIAveeIZbKDVkclczuIMNF+HYB58PxsB+gXP31IBcxRm30T\n9AwiquqpCEUp2hB+tyRj4wtOv62hwed6crz+CU/W3zH7fINTydMpkFVahyyS1iYc\nlFZ/C+1yWAbbYQQpTyRVrd7v+VHQUVOnx/2qu1KsLXUhitVffFpAc31N1hDFOsH4\nHaPfdfa9M4BrlCwKdP5S3Mbuop3RBTuxe/ebyRw4nViEhK4JVFqmQ9q/3lY2F60/\nQDnQ+fYHj+fPGgAYIS6NWwD3tyGXd9H+TuK3JRocYyECgYEA/hXasfBoLtk8AzKq\nZLBrxK7uJvoDKkgCrLBryBHpSDGuUpYPddyTDX+QdW2WhlgiXxiboHPDx+oSNj1B\nzQCSk7U26TSGzutyzTGEinl40bKOFTCnOBBQFQ1I23tBkXzxE7FxrDjtiKyQjqNJ\nhKsHnpk5w57JpC+0fNx6C0SSWxUCgYEA71/lliYDBqgFnWikwvw6SocQ0Ryx4o4w\nl1aQpr8oLxp1HNZWPehkHTHXE2dGiVPmF+7QPgdex67kzWlyRHp1k68lv4szNoD+\nVbvCRs4aJKbboYJzKgbzm2WMeuAE8hPczaumUAulYRME0buobxlgKnNrPmaY50Kw\nR/v+lDUVkv0CgYEA917VjVmuRLYwbDielesA8PsSV5YfEMINAI2+UYnGogfkXPlF\n0gzOilzAiuMHooIZ7JWrpnouiOrFklLvRiQhkHbkIAWIndmy6j0keiCrVRVOqSi2\nFKolHWnSngSRIJEQsIiYUAEYmXDQSF6HDAfrIiixiVeFnzjmso2AsImxJ8UCgYEA\nzXqzONV+aXtX/owyStJ7MziH/gk0xbarDW4Yk5qp4u1CNLPkqhXPwqPi7NwNV5r2\ne/rbNTPcb2q5K37lwNSiE1kY/Th/iLzoFi4rkd4f4PB+vkCdnSkEepOMKHoepLLa\nKo67ICEvIIpT67m710qgGzCikZk+jd3YNqKhIRYEY/0CgYEAo4Qx3+9w8oS85F5f\nTm9MIxhyh/t/lEAePG6ywr3wUSJ4vSbpbASeVd4BG9m/N1aLrc4YojOybhjX4z/O\nrvpQnN9b14jKxNzddM+Ey2OEXN/QqQfbT6D5LdHJscObYH0XweRm3u4WMX7a3WBU\nlDZVhEaMUC+kbjZIlcoHwGJBvcs=\n-----END PRIVATE KEY-----\n",
            "public_key_fingerprint_md5": "6f:70:49:f9:5f:be:e3:23:3e:2d:fe:2f:f3:90:10:69",
            "public_key_fingerprint_sha256": "SHA256:YTDekhET/Mvxut//7GvYM/Lqn3zGTtdedXjOFdKU5nE",
            "public_key_openssh": "ssh-rsa AAAAB3NzaC1yc2EAAAADAQABAAABAQDtlZUm2qMKCYFnqJLpi/UUH71tbuI/H91OEMFnu/mIeivpmThKLHmLzZevY29+lRekQ5/UNG5zuv+T9EUwg8WFvjkwy+W5dd2UPxIOuqQhdlT/Nj7lC9yGadR7h3k9HzjfOK7u87FoOJCRc0Zo1bSCil/eE/fo2KVHKjA7+yNgcpaX/pPlsQhwgqEoDutmXikS1O496UZpKbsPHdHgGZU6G9RQNKjZYU01itnUjsWhxm28QWwNcRFXN7J59+kPTQRyRJmPibGjsk3eTbVDdQw2umR/j7YORracgc4e8/HIVK0DykVBt3Y7ZSrwbF6C38FfV5t0c8uPrncwdT8OTv3B\n",
            "public_key_pem": "-----BEGIN PUBLIC KEY-----\nMIIBIjANBgkqhkiG9w0BAQEFAAOCAQ8AMIIBCgKCAQEA7ZWVJtqjCgmBZ6iS6Yv1\nFB+9bW7iPx/dThDBZ7v5iHor6Zk4Six5i82Xr2NvfpUXpEOf1DRuc7r/k/RFMIPF\nhb45MMvluXXdlD8SDrqkIXZU/zY+5QvchmnUe4d5PR843ziu7vOxaDiQkXNGaNW0\ngopf3hP36NilRyowO/sjYHKWl/6T5bEIcIKhKA7rZl4pEtTuPelGaSm7Dx3R4BmV\nOhvUUDSo2WFNNYrZ1I7FocZtvEFsDXERVzeyeffpD00EckSZj4mxo7JN3k21Q3UM\nNrpkf4+2Dka2nIHOHvPxyFStA8pFQbd2O2Uq8Gxegt/BX1ebdHPLj653MHU/Dk79\nwQIDAQAB\n-----END PUBLIC KEY-----\n",
            "rsa_bits": 2048
          },
          "sensitive_attributes": [],
          "create_before_destroy": true
        }
      ]
    }
  ],
  "check_results": null
}
