{
  "version": 4,
  "terraform_version": "1.4.6",
  "serial": 334,
  "lineage": "c9346d1b-7780-58ad-774b-d93ad88a6537",
  "outputs": {
    "alb-dns-name": {
      "value": "application-lb-2108383007.us-east-1.elb.amazonaws.com",
      "type": "string"
    },
    "ec2_global_ips": {
      "value": [
        [
          "52.90.80.90"
        ]
      ],
      "type": [
        "tuple",
        [
          [
            "tuple",
            [
              "string"
            ]
          ]
        ]
      ]
    }
  },
  "resources": [
    {
      "mode": "managed",
      "type": "aws_instance",
      "name": "web",
      "provider": "provider[\"registry.terraform.io/hashicorp/aws\"]",
      "instances": [
        {
          "index_key": 0,
          "schema_version": 1,
          "attributes": {
            "ami": "ami-007855ac798b5175e",
            "arn": "arn:aws:ec2:us-east-1:932919696617:instance/i-070d02ab8e776d9d1",
            "associate_public_ip_address": true,
            "availability_zone": "us-east-1a",
            "capacity_reservation_specification": [
              {
                "capacity_reservation_preference": "open",
                "capacity_reservation_target": []
              }
            ],
            "cpu_core_count": 1,
            "cpu_options": [
              {
                "amd_sev_snp": "",
                "core_count": 1,
                "threads_per_core": 1
              }
            ],
            "cpu_threads_per_core": 1,
            "credit_specification": [
              {
                "cpu_credits": "standard"
              }
            ],
            "disable_api_stop": false,
            "disable_api_termination": false,
            "ebs_block_device": [],
            "ebs_optimized": false,
            "enclave_options": [
              {
                "enabled": false
              }
            ],
            "ephemeral_block_device": [],
            "get_password_data": false,
            "hibernation": false,
            "host_id": "",
            "host_resource_group_arn": null,
            "iam_instance_profile": "",
            "id": "i-070d02ab8e776d9d1",
            "instance_initiated_shutdown_behavior": "stop",
            "instance_state": "running",
            "instance_type": "t2.micro",
            "ipv6_address_count": 0,
            "ipv6_addresses": [],
            "key_name": "demo-ssh-key",
            "launch_template": [],
            "maintenance_options": [
              {
                "auto_recovery": "default"
              }
            ],
            "metadata_options": [
              {
                "http_endpoint": "enabled",
                "http_put_response_hop_limit": 1,
                "http_tokens": "optional",
                "instance_metadata_tags": "disabled"
              }
            ],
            "monitoring": false,
            "network_interface": [],
            "outpost_arn": "",
            "password_data": "",
            "placement_group": "",
            "placement_partition_number": 0,
            "primary_network_interface_id": "eni-0a97bf924719103e5",
            "private_dns": "ip-10-0-1-7.ec2.internal",
            "private_dns_name_options": [
              {
                "enable_resource_name_dns_a_record": false,
                "enable_resource_name_dns_aaaa_record": false,
                "hostname_type": "ip-name"
              }
            ],
            "private_ip": "10.0.1.7",
            "public_dns": "ec2-52-90-80-90.compute-1.amazonaws.com",
            "public_ip": "52.90.80.90",
            "root_block_device": [
              {
                "delete_on_termination": true,
                "device_name": "/dev/sda1",
                "encrypted": false,
                "iops": 100,
                "kms_key_id": "",
                "tags": {},
                "throughput": 0,
                "volume_id": "vol-0651888fb0ed1a31b",
                "volume_size": 8,
                "volume_type": "gp2"
              }
            ],
            "secondary_private_ips": [],
            "security_groups": [],
            "source_dest_check": true,
            "subnet_id": "subnet-068db43d0876e2dbb",
            "tags": {
              "Name": "demo-vm-0"
            },
            "tags_all": {
              "Name": "demo-vm-0"
            },
            "tenancy": "default",
            "timeouts": null,
            "user_data": "8272cda0c1f984adc9cc870c6b14ffbd39989fdb",
            "user_data_base64": null,
            "user_data_replace_on_change": false,
            "volume_tags": null,
            "vpc_security_group_ids": [
              "sg-063c7ea5781434455"
            ]
          },
          "sensitive_attributes": [],
          "private": "eyJlMmJmYjczMC1lY2FhLTExZTYtOGY4OC0zNDM2M2JjN2M0YzAiOnsiY3JlYXRlIjo2MDAwMDAwMDAwMDAsImRlbGV0ZSI6MTIwMDAwMDAwMDAwMCwidXBkYXRlIjo2MDAwMDAwMDAwMDB9LCJzY2hlbWFfdmVyc2lvbiI6IjEifQ==",
          "dependencies": [
            "aws_key_pair.generated_key",
            "aws_security_group.allow_tls",
            "aws_subnet.public",
            "aws_vpc.test-vpc",
            "tls_private_key.ssh-key"
          ]
        }
      ]
    },
    {
      "mode": "managed",
      "type": "aws_internet_gateway",
      "name": "gw",
      "provider": "provider[\"registry.terraform.io/hashicorp/aws\"]",
      "instances": [
        {
          "schema_version": 0,
          "attributes": {
            "arn": "arn:aws:ec2:us-east-1:932919696617:internet-gateway/igw-0a7c44e9e115a286a",
            "id": "igw-0a7c44e9e115a286a",
            "owner_id": "932919696617",
            "tags": {
              "Name": "TEST VPC IG"
            },
            "tags_all": {
              "Name": "TEST VPC IG"
            },
            "timeouts": null,
            "vpc_id": "vpc-0fa5fb17a18fcadea"
          },
          "sensitive_attributes": [],
          "private": "eyJlMmJmYjczMC1lY2FhLTExZTYtOGY4OC0zNDM2M2JjN2M0YzAiOnsiY3JlYXRlIjoxMjAwMDAwMDAwMDAwLCJkZWxldGUiOjEyMDAwMDAwMDAwMDAsInVwZGF0ZSI6MTIwMDAwMDAwMDAwMH19",
          "dependencies": [
            "aws_vpc.test-vpc"
          ]
        }
      ]
    },
    {
      "mode": "managed",
      "type": "aws_key_pair",
      "name": "generated_key",
      "provider": "provider[\"registry.terraform.io/hashicorp/aws\"]",
      "instances": [
        {
          "schema_version": 1,
          "attributes": {
            "arn": "arn:aws:ec2:us-east-1:932919696617:key-pair/demo-ssh-key",
            "fingerprint": "4d:44:fa:8b:8b:77:17:ef:da:bc:48:f4:70:35:3d:2e",
            "id": "demo-ssh-key",
            "key_name": "demo-ssh-key",
            "key_name_prefix": "",
            "key_pair_id": "key-08b01ade359b39489",
            "key_type": "rsa",
            "public_key": "ssh-rsa AAAAB3NzaC1yc2EAAAADAQABAAABAQDtOFAH6+gdLu3o6Zw/3BHNrJNVIZCzxssHgNPB/q0ydcyOtPI6nTlYpZAz2yNTHWThTfc8kNVruVvbYXg2zJ5wyvmjsfNIpKebAFNc6G51YDaSwDKk9DRKzNfMmIJDC39jIG2qYPKIGup+f+AUufgppaTvMECtvhQYhhz37QEaJWGDGK1GbdevVOqrGE6BRtSBzqWVFZZgFDayOw7tgABDMoMEZh1YmQFtJ6VTAbVsqFwQZZXrd05rIe83eb81h0eQUtAfj28obwpAs7tpp/mxzkp/jAUpvsBctBTmDua3lEy/NqFCf+X5ewDk36VxIH7uxexTEZ14MXvILpQ+LOwj",
            "tags": null,
            "tags_all": {}
          },
          "sensitive_attributes": [],
          "private": "eyJzY2hlbWFfdmVyc2lvbiI6IjEifQ==",
          "dependencies": [
            "tls_private_key.ssh-key"
          ]
        }
      ]
    },
    {
      "mode": "managed",
      "type": "aws_lb",
      "name": "application_load_balancer",
      "provider": "provider[\"registry.terraform.io/hashicorp/aws\"]",
      "instances": [
        {
          "schema_version": 0,
          "attributes": {
            "access_logs": [
              {
                "bucket": "",
                "enabled": false,
                "prefix": ""
              }
            ],
            "arn": "arn:aws:elasticloadbalancing:us-east-1:932919696617:loadbalancer/app/application-lb/09fc6b892b92e90f",
            "arn_suffix": "app/application-lb/09fc6b892b92e90f",
            "customer_owned_ipv4_pool": "",
            "desync_mitigation_mode": "defensive",
            "dns_name": "application-lb-2108383007.us-east-1.elb.amazonaws.com",
            "drop_invalid_header_fields": false,
            "enable_cross_zone_load_balancing": true,
            "enable_deletion_protection": false,
            "enable_http2": true,
            "enable_tls_version_and_cipher_suite_headers": false,
            "enable_waf_fail_open": false,
            "enable_xff_client_port": false,
            "id": "arn:aws:elasticloadbalancing:us-east-1:932919696617:loadbalancer/app/application-lb/09fc6b892b92e90f",
            "idle_timeout": 60,
            "internal": false,
            "ip_address_type": "ipv4",
            "load_balancer_type": "application",
            "name": "application-lb",
            "name_prefix": null,
            "preserve_host_header": false,
            "security_groups": [
              "sg-063c7ea5781434455"
            ],
            "subnet_mapping": [
              {
                "allocation_id": "",
                "ipv6_address": "",
                "outpost_id": "",
                "private_ipv4_address": "",
                "subnet_id": "subnet-032df0ba3bdd484b1"
              },
              {
                "allocation_id": "",
                "ipv6_address": "",
                "outpost_id": "",
                "private_ipv4_address": "",
                "subnet_id": "subnet-05fc9b9479e2f0fc0"
              },
              {
                "allocation_id": "",
                "ipv6_address": "",
                "outpost_id": "",
                "private_ipv4_address": "",
                "subnet_id": "subnet-068db43d0876e2dbb"
              }
            ],
            "subnets": [
              "subnet-032df0ba3bdd484b1",
              "subnet-05fc9b9479e2f0fc0",
              "subnet-068db43d0876e2dbb"
            ],
            "tags": {
              "Environment": "dev"
            },
            "tags_all": {
              "Environment": "dev"
            },
            "timeouts": null,
            "vpc_id": "vpc-0fa5fb17a18fcadea",
            "xff_header_processing_mode": "append",
            "zone_id": "Z35SXDOTRQ7X7K"
          },
          "sensitive_attributes": [],
          "private": "eyJlMmJmYjczMC1lY2FhLTExZTYtOGY4OC0zNDM2M2JjN2M0YzAiOnsiY3JlYXRlIjo2MDAwMDAwMDAwMDAsImRlbGV0ZSI6NjAwMDAwMDAwMDAwLCJ1cGRhdGUiOjYwMDAwMDAwMDAwMH19",
          "dependencies": [
            "aws_security_group.allow_tls",
            "aws_subnet.public",
            "aws_vpc.test-vpc"
          ]
        }
      ]
    },
    {
      "mode": "managed",
      "type": "aws_lb_listener",
      "name": "listener",
      "provider": "provider[\"registry.terraform.io/hashicorp/aws\"]",
      "instances": [
        {
          "schema_version": 0,
          "attributes": {
            "alpn_policy": null,
            "arn": "arn:aws:elasticloadbalancing:us-east-1:932919696617:listener/app/application-lb/09fc6b892b92e90f/f8e4a2f956762037",
            "certificate_arn": null,
            "default_action": [
              {
                "authenticate_cognito": [],
                "authenticate_oidc": [],
                "fixed_response": [],
                "forward": [],
                "order": 1,
                "redirect": [],
                "target_group_arn": "arn:aws:elasticloadbalancing:us-east-1:932919696617:targetgroup/application-tg/f2891051887d8074",
                "type": "forward"
              }
            ],
            "id": "arn:aws:elasticloadbalancing:us-east-1:932919696617:listener/app/application-lb/09fc6b892b92e90f/f8e4a2f956762037",
            "load_balancer_arn": "arn:aws:elasticloadbalancing:us-east-1:932919696617:loadbalancer/app/application-lb/09fc6b892b92e90f",
            "port": 80,
            "protocol": "HTTP",
            "ssl_policy": "",
            "tags": null,
            "tags_all": {},
            "timeouts": null
          },
          "sensitive_attributes": [],
          "private": "eyJlMmJmYjczMC1lY2FhLTExZTYtOGY4OC0zNDM2M2JjN2M0YzAiOnsicmVhZCI6NjAwMDAwMDAwMDAwfX0=",
          "dependencies": [
            "aws_lb.application_load_balancer",
            "aws_lb_target_group.target-group",
            "aws_security_group.allow_tls",
            "aws_subnet.public",
            "aws_vpc.test-vpc"
          ]
        }
      ]
    },
    {
      "mode": "managed",
      "type": "aws_lb_target_group",
      "name": "target-group",
      "provider": "provider[\"registry.terraform.io/hashicorp/aws\"]",
      "instances": [
        {
          "schema_version": 0,
          "attributes": {
            "arn": "arn:aws:elasticloadbalancing:us-east-1:932919696617:targetgroup/application-tg/f2891051887d8074",
            "arn_suffix": "targetgroup/application-tg/f2891051887d8074",
            "connection_termination": false,
            "deregistration_delay": "300",
            "health_check": [
              {
                "enabled": true,
                "healthy_threshold": 3,
                "interval": 10,
                "matcher": "200",
                "path": "/",
                "port": "traffic-port",
                "protocol": "HTTP",
                "timeout": 3,
                "unhealthy_threshold": 2
              }
            ],
            "id": "arn:aws:elasticloadbalancing:us-east-1:932919696617:targetgroup/application-tg/f2891051887d8074",
            "ip_address_type": "ipv4",
            "lambda_multi_value_headers_enabled": false,
            "load_balancing_algorithm_type": "round_robin",
            "load_balancing_cross_zone_enabled": "use_load_balancer_configuration",
            "name": "application-tg",
            "name_prefix": null,
            "port": 80,
            "preserve_client_ip": null,
            "protocol": "HTTP",
            "protocol_version": "HTTP1",
            "proxy_protocol_v2": false,
            "slow_start": 0,
            "stickiness": [
              {
                "cookie_duration": 86400,
                "cookie_name": "",
                "enabled": false,
                "type": "lb_cookie"
              }
            ],
            "tags": null,
            "tags_all": {},
            "target_failover": [
              {
                "on_deregistration": null,
                "on_unhealthy": null
              }
            ],
            "target_type": "instance",
            "vpc_id": "vpc-0fa5fb17a18fcadea"
          },
          "sensitive_attributes": [],
          "private": "bnVsbA==",
          "dependencies": [
            "aws_vpc.test-vpc"
          ]
        }
      ]
    },
    {
      "mode": "managed",
      "type": "aws_lb_target_group_attachment",
      "name": "ec2_attach",
      "provider": "provider[\"registry.terraform.io/hashicorp/aws\"]",
      "instances": [
        {
          "index_key": 0,
          "schema_version": 0,
          "attributes": {
            "availability_zone": null,
            "id": "arn:aws:elasticloadbalancing:us-east-1:932919696617:targetgroup/application-tg/f2891051887d8074-20230525114023218500000002",
            "port": 80,
            "target_group_arn": "arn:aws:elasticloadbalancing:us-east-1:932919696617:targetgroup/application-tg/f2891051887d8074",
            "target_id": "i-070d02ab8e776d9d1"
          },
          "sensitive_attributes": [],
          "private": "bnVsbA==",
          "dependencies": [
            "aws_instance.web",
            "aws_key_pair.generated_key",
            "aws_lb_target_group.target-group",
            "aws_security_group.allow_tls",
            "aws_subnet.public",
            "aws_vpc.test-vpc",
            "tls_private_key.ssh-key"
          ]
        }
      ]
    },
    {
      "mode": "managed",
      "type": "aws_route_table",
      "name": "rt",
      "provider": "provider[\"registry.terraform.io/hashicorp/aws\"]",
      "instances": [
        {
          "schema_version": 0,
          "attributes": {
            "arn": "arn:aws:ec2:us-east-1:932919696617:route-table/rtb-0a64b711c058f3838",
            "id": "rtb-0a64b711c058f3838",
            "owner_id": "932919696617",
            "propagating_vgws": [],
            "route": [
              {
                "carrier_gateway_id": "",
                "cidr_block": "0.0.0.0/0",
                "core_network_arn": "",
                "destination_prefix_list_id": "",
                "egress_only_gateway_id": "",
                "gateway_id": "igw-0a7c44e9e115a286a",
                "instance_id": "",
                "ipv6_cidr_block": "",
                "local_gateway_id": "",
                "nat_gateway_id": "",
                "network_interface_id": "",
                "transit_gateway_id": "",
                "vpc_endpoint_id": "",
                "vpc_peering_connection_id": ""
              }
            ],
            "tags": {
              "Name": "Route Table for aws service"
            },
            "tags_all": {
              "Name": "Route Table for aws service"
            },
            "timeouts": null,
            "vpc_id": "vpc-0fa5fb17a18fcadea"
          },
          "sensitive_attributes": [],
          "private": "eyJlMmJmYjczMC1lY2FhLTExZTYtOGY4OC0zNDM2M2JjN2M0YzAiOnsiY3JlYXRlIjozMDAwMDAwMDAwMDAsImRlbGV0ZSI6MzAwMDAwMDAwMDAwLCJ1cGRhdGUiOjEyMDAwMDAwMDAwMH19",
          "dependencies": [
            "aws_internet_gateway.gw",
            "aws_vpc.test-vpc"
          ]
        }
      ]
    },
    {
      "mode": "managed",
      "type": "aws_route_table_association",
      "name": "public",
      "provider": "provider[\"registry.terraform.io/hashicorp/aws\"]",
      "instances": [
        {
          "index_key": 0,
          "schema_version": 0,
          "attributes": {
            "gateway_id": "",
            "id": "rtbassoc-0f7fef714ca688c4c",
            "route_table_id": "rtb-0a64b711c058f3838",
            "subnet_id": "subnet-068db43d0876e2dbb",
            "timeouts": null
          },
          "sensitive_attributes": [],
          "private": "eyJlMmJmYjczMC1lY2FhLTExZTYtOGY4OC0zNDM2M2JjN2M0YzAiOnsiY3JlYXRlIjozMDAwMDAwMDAwMDAsImRlbGV0ZSI6MzAwMDAwMDAwMDAwLCJ1cGRhdGUiOjEyMDAwMDAwMDAwMH19",
          "dependencies": [
            "aws_internet_gateway.gw",
            "aws_route_table.rt",
            "aws_subnet.public",
            "aws_vpc.test-vpc"
          ]
        },
        {
          "index_key": 1,
          "schema_version": 0,
          "attributes": {
            "gateway_id": "",
            "id": "rtbassoc-0b96f94224a7fffb0",
            "route_table_id": "rtb-0a64b711c058f3838",
            "subnet_id": "subnet-05fc9b9479e2f0fc0",
            "timeouts": null
          },
          "sensitive_attributes": [],
          "private": "eyJlMmJmYjczMC1lY2FhLTExZTYtOGY4OC0zNDM2M2JjN2M0YzAiOnsiY3JlYXRlIjozMDAwMDAwMDAwMDAsImRlbGV0ZSI6MzAwMDAwMDAwMDAwLCJ1cGRhdGUiOjEyMDAwMDAwMDAwMH19",
          "dependencies": [
            "aws_internet_gateway.gw",
            "aws_route_table.rt",
            "aws_subnet.public",
            "aws_vpc.test-vpc"
          ]
        },
        {
          "index_key": 2,
          "schema_version": 0,
          "attributes": {
            "gateway_id": "",
            "id": "rtbassoc-099bd55bbe32634d5",
            "route_table_id": "rtb-0a64b711c058f3838",
            "subnet_id": "subnet-032df0ba3bdd484b1",
            "timeouts": null
          },
          "sensitive_attributes": [],
          "private": "eyJlMmJmYjczMC1lY2FhLTExZTYtOGY4OC0zNDM2M2JjN2M0YzAiOnsiY3JlYXRlIjozMDAwMDAwMDAwMDAsImRlbGV0ZSI6MzAwMDAwMDAwMDAwLCJ1cGRhdGUiOjEyMDAwMDAwMDAwMH19",
          "dependencies": [
            "aws_internet_gateway.gw",
            "aws_route_table.rt",
            "aws_subnet.public",
            "aws_vpc.test-vpc"
          ]
        }
      ]
    },
    {
      "mode": "managed",
      "type": "aws_security_group",
      "name": "allow_tls",
      "provider": "provider[\"registry.terraform.io/hashicorp/aws\"]",
      "instances": [
        {
          "schema_version": 1,
          "attributes": {
            "arn": "arn:aws:ec2:us-east-1:932919696617:security-group/sg-063c7ea5781434455",
            "description": "Allow TLS inbound traffic",
            "egress": [
              {
                "cidr_blocks": [
                  "0.0.0.0/0"
                ],
                "description": "",
                "from_port": 0,
                "ipv6_cidr_blocks": [],
                "prefix_list_ids": [],
                "protocol": "-1",
                "security_groups": [],
                "self": false,
                "to_port": 0
              }
            ],
            "id": "sg-063c7ea5781434455",
            "ingress": [
              {
                "cidr_blocks": [
                  "0.0.0.0/0"
                ],
                "description": "TLS from VPC",
                "from_port": 22,
                "ipv6_cidr_blocks": [],
                "prefix_list_ids": [],
                "protocol": "tcp",
                "security_groups": [],
                "self": false,
                "to_port": 22
              },
              {
                "cidr_blocks": [
                  "0.0.0.0/0"
                ],
                "description": "TLS from VPC",
                "from_port": 443,
                "ipv6_cidr_blocks": [],
                "prefix_list_ids": [],
                "protocol": "tcp",
                "security_groups": [],
                "self": false,
                "to_port": 443
              },
              {
                "cidr_blocks": [
                  "0.0.0.0/0"
                ],
                "description": "TLS from VPC",
                "from_port": 8080,
                "ipv6_cidr_blocks": [],
                "prefix_list_ids": [],
                "protocol": "tcp",
                "security_groups": [],
                "self": false,
                "to_port": 8080
              },
              {
                "cidr_blocks": [
                  "0.0.0.0/0"
                ],
                "description": "TLS from VPC",
                "from_port": 80,
                "ipv6_cidr_blocks": [],
                "prefix_list_ids": [],
                "protocol": "tcp",
                "security_groups": [],
                "self": false,
                "to_port": 80
              },
              {
                "cidr_blocks": [
                  "0.0.0.0/0"
                ],
                "description": "TLS from VPC",
                "from_port": 81,
                "ipv6_cidr_blocks": [],
                "prefix_list_ids": [],
                "protocol": "tcp",
                "security_groups": [],
                "self": false,
                "to_port": 81
              }
            ],
            "name": "allow_tls",
            "name_prefix": "",
            "owner_id": "932919696617",
            "revoke_rules_on_delete": false,
            "tags": {
              "Name": "ec2-SG"
            },
            "tags_all": {
              "Name": "ec2-SG"
            },
            "timeouts": null,
            "vpc_id": "vpc-0fa5fb17a18fcadea"
          },
          "sensitive_attributes": [],
          "private": "eyJlMmJmYjczMC1lY2FhLTExZTYtOGY4OC0zNDM2M2JjN2M0YzAiOnsiY3JlYXRlIjo2MDAwMDAwMDAwMDAsImRlbGV0ZSI6OTAwMDAwMDAwMDAwfSwic2NoZW1hX3ZlcnNpb24iOiIxIn0=",
          "dependencies": [
            "aws_vpc.test-vpc"
          ]
        }
      ]
    },
    {
      "mode": "managed",
      "type": "aws_subnet",
      "name": "public",
      "provider": "provider[\"registry.terraform.io/hashicorp/aws\"]",
      "instances": [
        {
          "index_key": 0,
          "schema_version": 1,
          "attributes": {
            "arn": "arn:aws:ec2:us-east-1:932919696617:subnet/subnet-068db43d0876e2dbb",
            "assign_ipv6_address_on_creation": false,
            "availability_zone": "us-east-1a",
            "availability_zone_id": "use1-az6",
            "cidr_block": "10.0.1.0/28",
            "customer_owned_ipv4_pool": "",
            "enable_dns64": false,
            "enable_lni_at_device_index": 0,
            "enable_resource_name_dns_a_record_on_launch": false,
            "enable_resource_name_dns_aaaa_record_on_launch": false,
            "id": "subnet-068db43d0876e2dbb",
            "ipv6_cidr_block": "",
            "ipv6_cidr_block_association_id": "",
            "ipv6_native": false,
            "map_customer_owned_ip_on_launch": false,
            "map_public_ip_on_launch": false,
            "outpost_arn": "",
            "owner_id": "932919696617",
            "private_dns_hostname_type_on_launch": "ip-name",
            "tags": {
              "Name": "Application-1-public"
            },
            "tags_all": {
              "Name": "Application-1-public"
            },
            "timeouts": null,
            "vpc_id": "vpc-0fa5fb17a18fcadea"
          },
          "sensitive_attributes": [],
          "private": "eyJlMmJmYjczMC1lY2FhLTExZTYtOGY4OC0zNDM2M2JjN2M0YzAiOnsiY3JlYXRlIjo2MDAwMDAwMDAwMDAsImRlbGV0ZSI6MTIwMDAwMDAwMDAwMH0sInNjaGVtYV92ZXJzaW9uIjoiMSJ9",
          "dependencies": [
            "aws_vpc.test-vpc"
          ]
        },
        {
          "index_key": 1,
          "schema_version": 1,
          "attributes": {
            "arn": "arn:aws:ec2:us-east-1:932919696617:subnet/subnet-05fc9b9479e2f0fc0",
            "assign_ipv6_address_on_creation": false,
            "availability_zone": "us-east-1b",
            "availability_zone_id": "use1-az1",
            "cidr_block": "10.0.1.16/28",
            "customer_owned_ipv4_pool": "",
            "enable_dns64": false,
            "enable_lni_at_device_index": 0,
            "enable_resource_name_dns_a_record_on_launch": false,
            "enable_resource_name_dns_aaaa_record_on_launch": false,
            "id": "subnet-05fc9b9479e2f0fc0",
            "ipv6_cidr_block": "",
            "ipv6_cidr_block_association_id": "",
            "ipv6_native": false,
            "map_customer_owned_ip_on_launch": false,
            "map_public_ip_on_launch": false,
            "outpost_arn": "",
            "owner_id": "932919696617",
            "private_dns_hostname_type_on_launch": "ip-name",
            "tags": {
              "Name": "Application-1-public"
            },
            "tags_all": {
              "Name": "Application-1-public"
            },
            "timeouts": null,
            "vpc_id": "vpc-0fa5fb17a18fcadea"
          },
          "sensitive_attributes": [],
          "private": "eyJlMmJmYjczMC1lY2FhLTExZTYtOGY4OC0zNDM2M2JjN2M0YzAiOnsiY3JlYXRlIjo2MDAwMDAwMDAwMDAsImRlbGV0ZSI6MTIwMDAwMDAwMDAwMH0sInNjaGVtYV92ZXJzaW9uIjoiMSJ9",
          "dependencies": [
            "aws_vpc.test-vpc"
          ]
        },
        {
          "index_key": 2,
          "schema_version": 1,
          "attributes": {
            "arn": "arn:aws:ec2:us-east-1:932919696617:subnet/subnet-032df0ba3bdd484b1",
            "assign_ipv6_address_on_creation": false,
            "availability_zone": "us-east-1c",
            "availability_zone_id": "use1-az2",
            "cidr_block": "10.0.1.32/28",
            "customer_owned_ipv4_pool": "",
            "enable_dns64": false,
            "enable_lni_at_device_index": 0,
            "enable_resource_name_dns_a_record_on_launch": false,
            "enable_resource_name_dns_aaaa_record_on_launch": false,
            "id": "subnet-032df0ba3bdd484b1",
            "ipv6_cidr_block": "",
            "ipv6_cidr_block_association_id": "",
            "ipv6_native": false,
            "map_customer_owned_ip_on_launch": false,
            "map_public_ip_on_launch": false,
            "outpost_arn": "",
            "owner_id": "932919696617",
            "private_dns_hostname_type_on_launch": "ip-name",
            "tags": {
              "Name": "Application-1-public"
            },
            "tags_all": {
              "Name": "Application-1-public"
            },
            "timeouts": null,
            "vpc_id": "vpc-0fa5fb17a18fcadea"
          },
          "sensitive_attributes": [],
          "private": "eyJlMmJmYjczMC1lY2FhLTExZTYtOGY4OC0zNDM2M2JjN2M0YzAiOnsiY3JlYXRlIjo2MDAwMDAwMDAwMDAsImRlbGV0ZSI6MTIwMDAwMDAwMDAwMH0sInNjaGVtYV92ZXJzaW9uIjoiMSJ9",
          "dependencies": [
            "aws_vpc.test-vpc"
          ]
        }
      ]
    },
    {
      "mode": "managed",
      "type": "aws_vpc",
      "name": "test-vpc",
      "provider": "provider[\"registry.terraform.io/hashicorp/aws\"]",
      "instances": [
        {
          "schema_version": 1,
          "attributes": {
            "arn": "arn:aws:ec2:us-east-1:932919696617:vpc/vpc-0fa5fb17a18fcadea",
            "assign_generated_ipv6_cidr_block": false,
            "cidr_block": "10.0.0.0/16",
            "default_network_acl_id": "acl-0eab833058165aedb",
            "default_route_table_id": "rtb-0af37772b38d76f4f",
            "default_security_group_id": "sg-0903f07a6961dd1fc",
            "dhcp_options_id": "dopt-004ed46725d2a9cfd",
            "enable_classiclink": false,
            "enable_classiclink_dns_support": false,
            "enable_dns_hostnames": true,
            "enable_dns_support": true,
            "enable_network_address_usage_metrics": false,
            "id": "vpc-0fa5fb17a18fcadea",
            "instance_tenancy": "default",
            "ipv4_ipam_pool_id": null,
            "ipv4_netmask_length": null,
            "ipv6_association_id": "",
            "ipv6_cidr_block": "",
            "ipv6_cidr_block_network_border_group": "",
            "ipv6_ipam_pool_id": "",
            "ipv6_netmask_length": 0,
            "main_route_table_id": "rtb-0af37772b38d76f4f",
            "owner_id": "932919696617",
            "tags": {
              "Name": "Test VPC"
            },
            "tags_all": {
              "Name": "Test VPC"
            }
          },
          "sensitive_attributes": [],
          "private": "eyJzY2hlbWFfdmVyc2lvbiI6IjEifQ=="
        }
      ]
    },
    {
      "mode": "managed",
      "type": "local_file",
      "name": "key",
      "provider": "provider[\"registry.terraform.io/hashicorp/local\"]",
      "instances": [
        {
          "schema_version": 0,
          "attributes": {
            "content": "-----BEGIN RSA PRIVATE KEY-----\nMIIEpQIBAAKCAQEA7ThQB+voHS7t6OmcP9wRzayTVSGQs8bLB4DTwf6tMnXMjrTy\nOp05WKWQM9sjUx1k4U33PJDVa7lb22F4NsyecMr5o7HzSKSnmwBTXOhudWA2ksAy\npPQ0SszXzJiCQwt/YyBtqmDyiBrqfn/gFLn4KaWk7zBArb4UGIYc9+0BGiVhgxit\nRm3Xr1TqqxhOgUbUgc6llRWWYBQ2sjsO7YAAQzKDBGYdWJkBbSelUwG1bKhcEGWV\n63dOayHvN3m/NYdHkFLQH49vKG8KQLO7aaf5sc5Kf4wFKb7AXLQU5g7mt5RMvzah\nQn/l+XsA5N+lcSB+7sXsUxGdeDF7yC6UPizsIwIDAQABAoIBAQDQAYLbj1X20QG4\nK6/gpx3NVTfTfB0gJn481A/amXBRQM3fjHaiQt7YBkUN02eEJ9AfZ3gVWYJqdRxA\nn5UDqCR+Dt0bVpxW5Fo7JevzGbRRo832nCVMUv3PYRMQyeHe3CQVTYgbz+qawc9A\noOxiADfEfQTE33C3aGbCokagdudyfghTcT42K6F1qEau+760/zrE0sU58vK0kR/U\nOHPypwF2nFk5+B/j8gkwB5AINbnsE6IJOV8ROx1Wkmfc2nS7tHEZtVkkp7Q6wIT6\n++KFe36I723u/gjFBx1N1bYWDiJF9/c7e2VHNZRqzuW1FcGy3WqWRuCsEoIRSbKt\n09iRqZXBAoGBAPzyPxQyTdNh/Fwf4D5ppZ7lc0OsgVAXn7JmTRhqui3W1hL6nslD\nRXGgRo6QdJZOPBVEEv94TqZ0fUXIz4QuRWE9J8OcYL9xJYNrsTBFyuwoDr0XYDe6\nXMjGXiNrhSxPrhGs9ti6gEvGu2UyDE2lBAiI6ixl+yf2rTAsClwk0HSxAoGBAPAV\ndm97c1mfsJURp38u2TUYAbT6g3NFFEOyJffQzIV/1p2uRVZ4hHq4SSlvfzRDIe8o\nygvpWlw99Pifzxm0prDLlGIrYhvXThbwO97EwNYHfWUEiz5MILq9P5bjAJS6BKkg\nFT7UlzE0oabafBHc6y1LvN+obxLMFRg2ZC30BTMTAoGAAoM5gy7YvQ/NHPEoHhaY\nkZJ/6Z0uD6ican4/p81vmgL3T2rz5tXnO7C24rWmotOWHzP06Fq+lUK099t9zDdV\ncxjTa0sDXwN1tu977BnVYTEorFIuH3+XalsmFj38LauA9CX+sbpwidAojmHH44GP\nH7KUeOpua0A1CjR1yeKHu5ECgYEA6vdWbk0X24MaQwqAL00eb4QLR6BVvh7Bcm+M\nETlcsNsopDHG0pYosiJiGBdzGycIsxPsijPbp6NLeXiOK85NxYG4u0tSPYU+e9yp\n+5/8SnwSESedT18aOSi2b2nDS8uyfANWR6OwRQwJmU8DVkgsMqyJMSubaX4qtwOk\nkATegdkCgYEAxQoKZgEnUOhDalyupoHj1mN0cgXzps+6qiqiGdrK7mDd4MhoEcRS\nryEvSOxWQFF8k+/Xqs+Jhb/beLYwlt24htBAplqIaIEytIcfS8MOV/k4fI0m1XNJ\ndTXlifuIi/RmxdAaExUt2bXijoWbCL7gkI6GTdiuX6F4/Oh1saIuMHA=\n-----END RSA PRIVATE KEY-----\n",
            "content_base64": null,
            "content_base64sha256": "NADoF+G6Q8tqGZWkJIZjcxQSLcBAmlMdLtZadAGkmxs=",
            "content_base64sha512": "Fx3L9UQzEAzzAC1Rx2cqsDgl3Nc2hdBC3etMrH3X3pfx9xofmdDe6/gTApU1jC1sg6IQ7FNZg85mFH9768aBqA==",
            "content_md5": "5aa161de7684f2164a3efc76f39e8cff",
            "content_sha1": "aaea6fbaa9ca759c7a5a2615a8904cfd078d5757",
            "content_sha256": "3400e817e1ba43cb6a1995a42486637314122dc0409a531d2ed65a7401a49b1b",
            "content_sha512": "171dcbf54433100cf3002d51c7672ab03825dcd73685d042ddeb4cac7dd7de97f1f71a1f99d0deebf8130295358c2d6c83a210ec535983ce66147f7bebc681a8",
            "directory_permission": "0777",
            "file_permission": "0400",
            "filename": "demo-ssh-key.pem",
            "id": "aaea6fbaa9ca759c7a5a2615a8904cfd078d5757",
            "sensitive_content": null,
            "source": null
          },
          "sensitive_attributes": [
            [
              {
                "type": "get_attr",
                "value": "content"
              }
            ]
          ],
          "dependencies": [
            "tls_private_key.ssh-key"
          ]
        }
      ]
    },
    {
      "mode": "managed",
      "type": "tls_private_key",
      "name": "ssh-key",
      "provider": "provider[\"registry.terraform.io/hashicorp/tls\"]",
      "instances": [
        {
          "schema_version": 1,
          "attributes": {
            "algorithm": "RSA",
            "ecdsa_curve": "P224",
            "id": "3a350161a52894eec5dbcca5aa3ed4ad3e612970",
            "private_key_openssh": "-----BEGIN OPENSSH PRIVATE KEY-----\nb3BlbnNzaC1rZXktdjEAAAAABG5vbmUAAAAEbm9uZQAAAAAAAAABAAABFwAAAAdz\nc2gtcnNhAAAAAwEAAQAAAQEA7ThQB+voHS7t6OmcP9wRzayTVSGQs8bLB4DTwf6t\nMnXMjrTyOp05WKWQM9sjUx1k4U33PJDVa7lb22F4NsyecMr5o7HzSKSnmwBTXOhu\ndWA2ksAypPQ0SszXzJiCQwt/YyBtqmDyiBrqfn/gFLn4KaWk7zBArb4UGIYc9+0B\nGiVhgxitRm3Xr1TqqxhOgUbUgc6llRWWYBQ2sjsO7YAAQzKDBGYdWJkBbSelUwG1\nbKhcEGWV63dOayHvN3m/NYdHkFLQH49vKG8KQLO7aaf5sc5Kf4wFKb7AXLQU5g7m\nt5RMvzahQn/l+XsA5N+lcSB+7sXsUxGdeDF7yC6UPizsIwAAA7gFKIJLBSiCSwAA\nAAdzc2gtcnNhAAABAQDtOFAH6+gdLu3o6Zw/3BHNrJNVIZCzxssHgNPB/q0ydcyO\ntPI6nTlYpZAz2yNTHWThTfc8kNVruVvbYXg2zJ5wyvmjsfNIpKebAFNc6G51YDaS\nwDKk9DRKzNfMmIJDC39jIG2qYPKIGup+f+AUufgppaTvMECtvhQYhhz37QEaJWGD\nGK1GbdevVOqrGE6BRtSBzqWVFZZgFDayOw7tgABDMoMEZh1YmQFtJ6VTAbVsqFwQ\nZZXrd05rIe83eb81h0eQUtAfj28obwpAs7tpp/mxzkp/jAUpvsBctBTmDua3lEy/\nNqFCf+X5ewDk36VxIH7uxexTEZ14MXvILpQ+LOwjAAAAAwEAAQAAAQEA0AGC249V\n9tEBuCuv4KcdzVU303wdICZ+PNQP2plwUUDN34x2okLe2AZFDdNnhCfQH2d4FVmC\nanUcQJ+VA6gkfg7dG1acVuRaOyXr8xm0UaPN9pwlTFL9z2ETEMnh3twkFU2IG8/q\nmsHPQKDsYgA3xH0ExN9wt2hmwqJGoHbncn4IU3E+NiuhdahGrvu+tP86xNLFOfLy\ntJEf1Dhz8qcBdpxZOfgf4/IJMAeQCDW57BOiCTlfETsdVpJn3Np0u7RxGbVZJKe0\nOsCE+vvihXt+iO9t7v4IxQcdTdW2Fg4iRff3O3tlRzWUas7ltRXBst1qlkbgrBKC\nEUmyrdPYkamVwQAAAIEAxQoKZgEnUOhDalyupoHj1mN0cgXzps+6qiqiGdrK7mDd\n4MhoEcRSryEvSOxWQFF8k+/Xqs+Jhb/beLYwlt24htBAplqIaIEytIcfS8MOV/k4\nfI0m1XNJdTXlifuIi/RmxdAaExUt2bXijoWbCL7gkI6GTdiuX6F4/Oh1saIuMHAA\nAACBAPzyPxQyTdNh/Fwf4D5ppZ7lc0OsgVAXn7JmTRhqui3W1hL6nslDRXGgRo6Q\ndJZOPBVEEv94TqZ0fUXIz4QuRWE9J8OcYL9xJYNrsTBFyuwoDr0XYDe6XMjGXiNr\nhSxPrhGs9ti6gEvGu2UyDE2lBAiI6ixl+yf2rTAsClwk0HSxAAAAgQDwFXZve3NZ\nn7CVEad/Ltk1GAG0+oNzRRRDsiX30MyFf9adrkVWeIR6uEkpb380QyHvKMoL6Vpc\nPfT4n88ZtKawy5RiK2Ib104W8DvexMDWB31lBIs+TCC6vT+W4wCUugSpIBU+1Jcx\nNKGm2nwR3OstS7zfqG8SzBUYNmQt9AUzEwAAAAAB\n-----END OPENSSH PRIVATE KEY-----\n",
            "private_key_pem": "-----BEGIN RSA PRIVATE KEY-----\nMIIEpQIBAAKCAQEA7ThQB+voHS7t6OmcP9wRzayTVSGQs8bLB4DTwf6tMnXMjrTy\nOp05WKWQM9sjUx1k4U33PJDVa7lb22F4NsyecMr5o7HzSKSnmwBTXOhudWA2ksAy\npPQ0SszXzJiCQwt/YyBtqmDyiBrqfn/gFLn4KaWk7zBArb4UGIYc9+0BGiVhgxit\nRm3Xr1TqqxhOgUbUgc6llRWWYBQ2sjsO7YAAQzKDBGYdWJkBbSelUwG1bKhcEGWV\n63dOayHvN3m/NYdHkFLQH49vKG8KQLO7aaf5sc5Kf4wFKb7AXLQU5g7mt5RMvzah\nQn/l+XsA5N+lcSB+7sXsUxGdeDF7yC6UPizsIwIDAQABAoIBAQDQAYLbj1X20QG4\nK6/gpx3NVTfTfB0gJn481A/amXBRQM3fjHaiQt7YBkUN02eEJ9AfZ3gVWYJqdRxA\nn5UDqCR+Dt0bVpxW5Fo7JevzGbRRo832nCVMUv3PYRMQyeHe3CQVTYgbz+qawc9A\noOxiADfEfQTE33C3aGbCokagdudyfghTcT42K6F1qEau+760/zrE0sU58vK0kR/U\nOHPypwF2nFk5+B/j8gkwB5AINbnsE6IJOV8ROx1Wkmfc2nS7tHEZtVkkp7Q6wIT6\n++KFe36I723u/gjFBx1N1bYWDiJF9/c7e2VHNZRqzuW1FcGy3WqWRuCsEoIRSbKt\n09iRqZXBAoGBAPzyPxQyTdNh/Fwf4D5ppZ7lc0OsgVAXn7JmTRhqui3W1hL6nslD\nRXGgRo6QdJZOPBVEEv94TqZ0fUXIz4QuRWE9J8OcYL9xJYNrsTBFyuwoDr0XYDe6\nXMjGXiNrhSxPrhGs9ti6gEvGu2UyDE2lBAiI6ixl+yf2rTAsClwk0HSxAoGBAPAV\ndm97c1mfsJURp38u2TUYAbT6g3NFFEOyJffQzIV/1p2uRVZ4hHq4SSlvfzRDIe8o\nygvpWlw99Pifzxm0prDLlGIrYhvXThbwO97EwNYHfWUEiz5MILq9P5bjAJS6BKkg\nFT7UlzE0oabafBHc6y1LvN+obxLMFRg2ZC30BTMTAoGAAoM5gy7YvQ/NHPEoHhaY\nkZJ/6Z0uD6ican4/p81vmgL3T2rz5tXnO7C24rWmotOWHzP06Fq+lUK099t9zDdV\ncxjTa0sDXwN1tu977BnVYTEorFIuH3+XalsmFj38LauA9CX+sbpwidAojmHH44GP\nH7KUeOpua0A1CjR1yeKHu5ECgYEA6vdWbk0X24MaQwqAL00eb4QLR6BVvh7Bcm+M\nETlcsNsopDHG0pYosiJiGBdzGycIsxPsijPbp6NLeXiOK85NxYG4u0tSPYU+e9yp\n+5/8SnwSESedT18aOSi2b2nDS8uyfANWR6OwRQwJmU8DVkgsMqyJMSubaX4qtwOk\nkATegdkCgYEAxQoKZgEnUOhDalyupoHj1mN0cgXzps+6qiqiGdrK7mDd4MhoEcRS\nryEvSOxWQFF8k+/Xqs+Jhb/beLYwlt24htBAplqIaIEytIcfS8MOV/k4fI0m1XNJ\ndTXlifuIi/RmxdAaExUt2bXijoWbCL7gkI6GTdiuX6F4/Oh1saIuMHA=\n-----END RSA PRIVATE KEY-----\n",
            "private_key_pem_pkcs8": "-----BEGIN PRIVATE KEY-----\nMIIEvwIBADANBgkqhkiG9w0BAQEFAASCBKkwggSlAgEAAoIBAQDtOFAH6+gdLu3o\n6Zw/3BHNrJNVIZCzxssHgNPB/q0ydcyOtPI6nTlYpZAz2yNTHWThTfc8kNVruVvb\nYXg2zJ5wyvmjsfNIpKebAFNc6G51YDaSwDKk9DRKzNfMmIJDC39jIG2qYPKIGup+\nf+AUufgppaTvMECtvhQYhhz37QEaJWGDGK1GbdevVOqrGE6BRtSBzqWVFZZgFDay\nOw7tgABDMoMEZh1YmQFtJ6VTAbVsqFwQZZXrd05rIe83eb81h0eQUtAfj28obwpA\ns7tpp/mxzkp/jAUpvsBctBTmDua3lEy/NqFCf+X5ewDk36VxIH7uxexTEZ14MXvI\nLpQ+LOwjAgMBAAECggEBANABgtuPVfbRAbgrr+CnHc1VN9N8HSAmfjzUD9qZcFFA\nzd+MdqJC3tgGRQ3TZ4Qn0B9neBVZgmp1HECflQOoJH4O3RtWnFbkWjsl6/MZtFGj\nzfacJUxS/c9hExDJ4d7cJBVNiBvP6prBz0Cg7GIAN8R9BMTfcLdoZsKiRqB253J+\nCFNxPjYroXWoRq77vrT/OsTSxTny8rSRH9Q4c/KnAXacWTn4H+PyCTAHkAg1uewT\nogk5XxE7HVaSZ9zadLu0cRm1WSSntDrAhPr74oV7fojvbe7+CMUHHU3VthYOIkX3\n9zt7ZUc1lGrO5bUVwbLdapZG4KwSghFJsq3T2JGplcECgYEA/PI/FDJN02H8XB/g\nPmmlnuVzQ6yBUBefsmZNGGq6LdbWEvqeyUNFcaBGjpB0lk48FUQS/3hOpnR9RcjP\nhC5FYT0nw5xgv3Elg2uxMEXK7CgOvRdgN7pcyMZeI2uFLE+uEaz22LqAS8a7ZTIM\nTaUECIjqLGX7J/atMCwKXCTQdLECgYEA8BV2b3tzWZ+wlRGnfy7ZNRgBtPqDc0UU\nQ7Il99DMhX/Wna5FVniEerhJKW9/NEMh7yjKC+laXD30+J/PGbSmsMuUYitiG9dO\nFvA73sTA1gd9ZQSLPkwgur0/luMAlLoEqSAVPtSXMTShptp8EdzrLUu836hvEswV\nGDZkLfQFMxMCgYACgzmDLti9D80c8SgeFpiRkn/pnS4PqJxqfj+nzW+aAvdPavPm\n1ec7sLbitaai05YfM/ToWr6VQrT3233MN1VzGNNrSwNfA3W273vsGdVhMSisUi4f\nf5dqWyYWPfwtq4D0Jf6xunCJ0CiOYcfjgY8fspR46m5rQDUKNHXJ4oe7kQKBgQDq\n91ZuTRfbgxpDCoAvTR5vhAtHoFW+HsFyb4wROVyw2yikMcbSliiyImIYF3MbJwiz\nE+yKM9uno0t5eI4rzk3Fgbi7S1I9hT573Kn7n/xKfBIRJ51PXxo5KLZvacNLy7J8\nA1ZHo7BFDAmZTwNWSCwyrIkxK5tpfiq3A6SQBN6B2QKBgQDFCgpmASdQ6ENqXK6m\ngePWY3RyBfOmz7qqKqIZ2sruYN3gyGgRxFKvIS9I7FZAUXyT79eqz4mFv9t4tjCW\n3biG0ECmWohogTK0hx9Lww5X+Th8jSbVc0l1NeWJ+4iL9GbF0BoTFS3ZteKOhZsI\nvuCQjoZN2K5foXj86HWxoi4wcA==\n-----END PRIVATE KEY-----\n",
            "public_key_fingerprint_md5": "4d:95:0d:78:d4:e5:0e:e7:93:60:e5:97:d8:e9:f2:71",
            "public_key_fingerprint_sha256": "SHA256:RFrZQtyBpL8B9sDbx+e1Ni8UNo/iS3vb72ycq0I3yZA",
            "public_key_openssh": "ssh-rsa AAAAB3NzaC1yc2EAAAADAQABAAABAQDtOFAH6+gdLu3o6Zw/3BHNrJNVIZCzxssHgNPB/q0ydcyOtPI6nTlYpZAz2yNTHWThTfc8kNVruVvbYXg2zJ5wyvmjsfNIpKebAFNc6G51YDaSwDKk9DRKzNfMmIJDC39jIG2qYPKIGup+f+AUufgppaTvMECtvhQYhhz37QEaJWGDGK1GbdevVOqrGE6BRtSBzqWVFZZgFDayOw7tgABDMoMEZh1YmQFtJ6VTAbVsqFwQZZXrd05rIe83eb81h0eQUtAfj28obwpAs7tpp/mxzkp/jAUpvsBctBTmDua3lEy/NqFCf+X5ewDk36VxIH7uxexTEZ14MXvILpQ+LOwj\n",
            "public_key_pem": "-----BEGIN PUBLIC KEY-----\nMIIBIjANBgkqhkiG9w0BAQEFAAOCAQ8AMIIBCgKCAQEA7ThQB+voHS7t6OmcP9wR\nzayTVSGQs8bLB4DTwf6tMnXMjrTyOp05WKWQM9sjUx1k4U33PJDVa7lb22F4Nsye\ncMr5o7HzSKSnmwBTXOhudWA2ksAypPQ0SszXzJiCQwt/YyBtqmDyiBrqfn/gFLn4\nKaWk7zBArb4UGIYc9+0BGiVhgxitRm3Xr1TqqxhOgUbUgc6llRWWYBQ2sjsO7YAA\nQzKDBGYdWJkBbSelUwG1bKhcEGWV63dOayHvN3m/NYdHkFLQH49vKG8KQLO7aaf5\nsc5Kf4wFKb7AXLQU5g7mt5RMvzahQn/l+XsA5N+lcSB+7sXsUxGdeDF7yC6UPizs\nIwIDAQAB\n-----END PUBLIC KEY-----\n",
            "rsa_bits": 2048
          },
          "sensitive_attributes": []
        }
      ]
    }
  ],
  "check_results": null
}
