{
  "version": 4,
  "terraform_version": "1.4.6",
  "serial": 62,
  "lineage": "f818c88c-34aa-713f-0307-ffc259e4148f",
  "outputs": {
    "certificate_arn": {
      "value": "arn:aws:acm:us-east-1:932919696617:certificate/eca33296-1e47-42ae-b85c-9c00957f5042",
      "type": "string"
    },
    "domain_name": {
      "value": "atariya.online",
      "type": "string"
    }
  },
  "resources": [
    {
      "mode": "data",
      "type": "aws_route53_zone",
      "name": "hosted_zone",
      "provider": "provider[\"registry.terraform.io/hashicorp/aws\"]",
      "instances": [
        {
          "schema_version": 0,
          "attributes": {
            "arn": "arn:aws:route53:::hostedzone/Z07414811SPJLSI3S2D7G",
            "caller_reference": "e6dc5170-b0d0-407c-b7c3-6a8f3df14eba",
            "comment": "",
            "id": "Z07414811SPJLSI3S2D7G",
            "linked_service_description": null,
            "linked_service_principal": null,
            "name": "atariya.online",
            "name_servers": [
              "ns-283.awsdns-35.com",
              "ns-1657.awsdns-15.co.uk",
              "ns-1319.awsdns-36.org",
              "ns-610.awsdns-12.net"
            ],
            "primary_name_server": "ns-283.awsdns-35.com",
            "private_zone": false,
            "resource_record_set_count": 2,
            "tags": {},
            "vpc_id": null,
            "zone_id": "Z07414811SPJLSI3S2D7G"
          },
          "sensitive_attributes": []
        }
      ]
    },
    {
      "mode": "managed",
      "type": "aws_acm_certificate",
      "name": "acm_certificate",
      "provider": "provider[\"registry.terraform.io/hashicorp/aws\"]",
      "instances": [
        {
          "schema_version": 0,
          "attributes": {
            "arn": "arn:aws:acm:us-east-1:932919696617:certificate/eca33296-1e47-42ae-b85c-9c00957f5042",
            "certificate_authority_arn": "",
            "certificate_body": null,
            "certificate_chain": null,
            "domain_name": "atariya.online",
            "domain_validation_options": [
              {
                "domain_name": "*.atariya.online",
                "resource_record_name": "_a3d352b759aa720b9adfd0320a39f036.atariya.online.",
                "resource_record_type": "CNAME",
                "resource_record_value": "_6c67452a6882cce42d0020e3179ea975.nbnhgqgzdr.acm-validations.aws."
              },
              {
                "domain_name": "atariya.online",
                "resource_record_name": "_a3d352b759aa720b9adfd0320a39f036.atariya.online.",
                "resource_record_type": "CNAME",
                "resource_record_value": "_6c67452a6882cce42d0020e3179ea975.nbnhgqgzdr.acm-validations.aws."
              }
            ],
            "early_renewal_duration": "",
            "id": "arn:aws:acm:us-east-1:932919696617:certificate/eca33296-1e47-42ae-b85c-9c00957f5042",
            "key_algorithm": "RSA_2048",
            "not_after": "",
            "not_before": "",
            "options": [
              {
                "certificate_transparency_logging_preference": "ENABLED"
              }
            ],
            "pending_renewal": false,
            "private_key": null,
            "renewal_eligibility": "INELIGIBLE",
            "renewal_summary": [],
            "status": "PENDING_VALIDATION",
            "subject_alternative_names": [
              "*.atariya.online",
              "atariya.online"
            ],
            "tags": null,
            "tags_all": {},
            "type": "AMAZON_ISSUED",
            "validation_emails": [],
            "validation_method": "DNS",
            "validation_option": []
          },
          "sensitive_attributes": [],
          "private": "bnVsbA=="
        }
      ]
    },
    {
      "mode": "managed",
      "type": "aws_acm_certificate_validation",
      "name": "validation_cert",
      "provider": "provider[\"registry.terraform.io/hashicorp/aws\"]",
      "instances": [
        {
          "schema_version": 0,
          "attributes": {
            "certificate_arn": "arn:aws:acm:us-east-1:932919696617:certificate/eca33296-1e47-42ae-b85c-9c00957f5042",
            "id": "2023-06-09 09:52:37.589 +0000 UTC",
            "timeouts": null,
            "validation_record_fqdns": [
              "_a3d352b759aa720b9adfd0320a39f036.atariya.online"
            ]
          },
          "sensitive_attributes": [],
          "private": "eyJlMmJmYjczMC1lY2FhLTExZTYtOGY4OC0zNDM2M2JjN2M0YzAiOnsiY3JlYXRlIjo0NTAwMDAwMDAwMDAwfX0=",
          "dependencies": [
            "aws_acm_certificate.acm_certificate",
            "aws_route53_record.route53_record",
            "data.aws_route53_zone.hosted_zone"
          ]
        }
      ]
    },
    {
      "mode": "managed",
      "type": "aws_route53_record",
      "name": "route53_record",
      "provider": "provider[\"registry.terraform.io/hashicorp/aws\"]",
      "instances": [
        {
          "index_key": "*.atariya.online",
          "schema_version": 2,
          "attributes": {
            "alias": [],
            "allow_overwrite": true,
            "cidr_routing_policy": [],
            "failover_routing_policy": [],
            "fqdn": "_a3d352b759aa720b9adfd0320a39f036.atariya.online",
            "geolocation_routing_policy": [],
            "health_check_id": "",
            "id": "Z07414811SPJLSI3S2D7G__a3d352b759aa720b9adfd0320a39f036.atariya.online._CNAME",
            "latency_routing_policy": [],
            "multivalue_answer_routing_policy": false,
            "name": "_a3d352b759aa720b9adfd0320a39f036.atariya.online",
            "records": [
              "_6c67452a6882cce42d0020e3179ea975.nbnhgqgzdr.acm-validations.aws."
            ],
            "set_identifier": "",
            "ttl": 60,
            "type": "CNAME",
            "weighted_routing_policy": [],
            "zone_id": "Z07414811SPJLSI3S2D7G"
          },
          "sensitive_attributes": [],
          "private": "eyJzY2hlbWFfdmVyc2lvbiI6IjIifQ==",
          "dependencies": [
            "aws_acm_certificate.acm_certificate",
            "data.aws_route53_zone.hosted_zone"
          ]
        },
        {
          "index_key": "atariya.online",
          "schema_version": 2,
          "attributes": {
            "alias": [],
            "allow_overwrite": true,
            "cidr_routing_policy": [],
            "failover_routing_policy": [],
            "fqdn": "_a3d352b759aa720b9adfd0320a39f036.atariya.online",
            "geolocation_routing_policy": [],
            "health_check_id": "",
            "id": "Z07414811SPJLSI3S2D7G__a3d352b759aa720b9adfd0320a39f036.atariya.online._CNAME",
            "latency_routing_policy": [],
            "multivalue_answer_routing_policy": false,
            "name": "_a3d352b759aa720b9adfd0320a39f036.atariya.online",
            "records": [
              "_6c67452a6882cce42d0020e3179ea975.nbnhgqgzdr.acm-validations.aws."
            ],
            "set_identifier": "",
            "ttl": 60,
            "type": "CNAME",
            "weighted_routing_policy": [],
            "zone_id": "Z07414811SPJLSI3S2D7G"
          },
          "sensitive_attributes": [],
          "private": "eyJzY2hlbWFfdmVyc2lvbiI6IjIifQ==",
          "dependencies": [
            "aws_acm_certificate.acm_certificate",
            "data.aws_route53_zone.hosted_zone"
          ]
        }
      ]
    }
  ],
  "check_results": null
}
