{
  "version": 4,
  "terraform_version": "1.5.2",
  "serial": 11,
  "lineage": "24e282dc-71c9-c5fb-3682-4fc3162465a2",
  "outputs": {
    "this_acm_certificate_arn": {
      "value": "arn:aws:acm:us-east-1:932919696617:certificate/5762f72d-c56f-4afc-b0a8-42764f744da3",
      "type": "string"
    }
  },
  "resources": [
    {
      "mode": "managed",
      "type": "aws_acm_certificate",
      "name": "acm_certificate",
      "provider": "provider[\"registry.terraform.io/hashicorp/aws\"]",
      "instances": [
        {
          "schema_version": 0,
          "attributes": {
            "arn": "arn:aws:acm:us-east-1:932919696617:certificate/5762f72d-c56f-4afc-b0a8-42764f744da3",
            "certificate_authority_arn": "",
            "certificate_body": null,
            "certificate_chain": null,
            "domain_name": "atariya.in.net",
            "domain_validation_options": [],
            "early_renewal_duration": "",
            "id": "arn:aws:acm:us-east-1:932919696617:certificate/5762f72d-c56f-4afc-b0a8-42764f744da3",
            "key_algorithm": "RSA_2048",
            "not_after": "",
            "not_before": "",
            "options": [
              {
                "certificate_transparency_logging_preference": "ENABLED"
              }
            ],
            "pending_renewal": false,
            "private_key": null,
            "renewal_eligibility": "INELIGIBLE",
            "renewal_summary": [],
            "status": "PENDING_VALIDATION",
            "subject_alternative_names": [
              "*.atariya.in.net",
              "atariya.in.net"
            ],
            "tags": {
              "Name": "atariya.in.net"
            },
            "tags_all": {
              "Name": "atariya.in.net"
            },
            "type": "AMAZON_ISSUED",
            "validation_emails": [
              "admin@atariya.in.net",
              "administrator@atariya.in.net",
              "domainmanager@radix.email",
              "hostmaster@atariya.in.net",
              "postmaster@atariya.in.net",
              "webmaster@atariya.in.net",
              "admin@atariya.in.net",
              "administrator@atariya.in.net",
              "domainmanager@radix.email",
              "hostmaster@atariya.in.net",
              "postmaster@atariya.in.net",
              "webmaster@atariya.in.net"
            ],
            "validation_method": "EMAIL",
            "validation_option": []
          },
          "sensitive_attributes": [],
          "private": "bnVsbA=="
        }
      ]
    }
  ],
  "check_results": null
}
