{
  "version": 4,
  "terraform_version": "1.5.2",
  "serial": 775,
  "lineage": "24e282dc-71c9-c5fb-3682-4fc3162465a2",
  "outputs": {
    "ec2_global_ips": {
      "value": [
        [
          "54.157.28.219",
          "52.87.188.233",
          "34.229.45.132"
        ],
        [
          {
            "Name": "demo-vm-0"
          },
          {
            "Name": "demo-vm-1"
          },
          {
            "Name": "demo-vm-2"
          }
        ]
      ],
      "type": [
        "tuple",
        [
          [
            "tuple",
            [
              "string",
              "string",
              "string"
            ]
          ],
          [
            "tuple",
            [
              [
                "map",
                "string"
              ],
              [
                "map",
                "string"
              ],
              [
                "map",
                "string"
              ]
            ]
          ]
        ]
      ]
    }
  },
  "resources": [
    {
      "mode": "data",
      "type": "aws_availability_zones",
      "name": "available_zones",
      "provider": "provider[\"registry.terraform.io/hashicorp/aws\"]",
      "instances": [
        {
          "schema_version": 0,
          "attributes": {
            "all_availability_zones": null,
            "exclude_names": null,
            "exclude_zone_ids": null,
            "filter": null,
            "group_names": [
              "us-east-1"
            ],
            "id": "us-east-1",
            "names": [
              "us-east-1a",
              "us-east-1b",
              "us-east-1c",
              "us-east-1d",
              "us-east-1e",
              "us-east-1f"
            ],
            "state": "available",
            "timeouts": null,
            "zone_ids": [
              "use1-az6",
              "use1-az1",
              "use1-az2",
              "use1-az4",
              "use1-az3",
              "use1-az5"
            ]
          },
          "sensitive_attributes": []
        }
      ]
    },
    {
      "mode": "managed",
      "type": "aws_instance",
      "name": "web",
      "provider": "provider[\"registry.terraform.io/hashicorp/aws\"]",
      "instances": [
        {
          "index_key": 0,
          "schema_version": 1,
          "attributes": {
            "ami": "ami-007855ac798b5175e",
            "arn": "arn:aws:ec2:us-east-1:932919696617:instance/i-0484f7f15089e42b2",
            "associate_public_ip_address": true,
            "availability_zone": "us-east-1a",
            "capacity_reservation_specification": [
              {
                "capacity_reservation_preference": "open",
                "capacity_reservation_target": []
              }
            ],
            "cpu_core_count": 1,
            "cpu_options": [
              {
                "amd_sev_snp": "",
                "core_count": 1,
                "threads_per_core": 1
              }
            ],
            "cpu_threads_per_core": 1,
            "credit_specification": [
              {
                "cpu_credits": "standard"
              }
            ],
            "disable_api_stop": false,
            "disable_api_termination": false,
            "ebs_block_device": [],
            "ebs_optimized": false,
            "enclave_options": [
              {
                "enabled": false
              }
            ],
            "ephemeral_block_device": [],
            "get_password_data": false,
            "hibernation": false,
            "host_id": "",
            "host_resource_group_arn": null,
            "iam_instance_profile": "",
            "id": "i-0484f7f15089e42b2",
            "instance_initiated_shutdown_behavior": "stop",
            "instance_lifecycle": "",
            "instance_market_options": [],
            "instance_state": "running",
            "instance_type": "t2.micro",
            "ipv6_address_count": 0,
            "ipv6_addresses": [],
            "key_name": "ec2-key",
            "launch_template": [],
            "maintenance_options": [
              {
                "auto_recovery": "default"
              }
            ],
            "metadata_options": [
              {
                "http_endpoint": "enabled",
                "http_put_response_hop_limit": 1,
                "http_tokens": "optional",
                "instance_metadata_tags": "disabled"
              }
            ],
            "monitoring": false,
            "network_interface": [],
            "outpost_arn": "",
            "password_data": "",
            "placement_group": "",
            "placement_partition_number": 0,
            "primary_network_interface_id": "eni-08cd62e8158e1e357",
            "private_dns": "ip-10-0-1-138.ec2.internal",
            "private_dns_name_options": [
              {
                "enable_resource_name_dns_a_record": false,
                "enable_resource_name_dns_aaaa_record": false,
                "hostname_type": "ip-name"
              }
            ],
            "private_ip": "10.0.1.138",
            "public_dns": "ec2-54-157-28-219.compute-1.amazonaws.com",
            "public_ip": "54.157.28.219",
            "root_block_device": [
              {
                "delete_on_termination": true,
                "device_name": "/dev/sda1",
                "encrypted": false,
                "iops": 100,
                "kms_key_id": "",
                "tags": {},
                "throughput": 0,
                "volume_id": "vol-0739e57c6449ce0e8",
                "volume_size": 8,
                "volume_type": "gp2"
              }
            ],
            "secondary_private_ips": [],
            "security_groups": [],
            "source_dest_check": true,
            "spot_instance_request_id": "",
            "subnet_id": "subnet-03a8859e2e813b586",
            "tags": {
              "Name": "demo-vm-0"
            },
            "tags_all": {
              "Name": "demo-vm-0"
            },
            "tenancy": "default",
            "timeouts": null,
            "user_data": null,
            "user_data_base64": null,
            "user_data_replace_on_change": false,
            "volume_tags": null,
            "vpc_security_group_ids": [
              "sg-021b90c93e5b89a22"
            ]
          },
          "sensitive_attributes": [],
          "private": "eyJlMmJmYjczMC1lY2FhLTExZTYtOGY4OC0zNDM2M2JjN2M0YzAiOnsiY3JlYXRlIjo2MDAwMDAwMDAwMDAsImRlbGV0ZSI6MTIwMDAwMDAwMDAwMCwidXBkYXRlIjo2MDAwMDAwMDAwMDB9LCJzY2hlbWFfdmVyc2lvbiI6IjEifQ==",
          "dependencies": [
            "aws_key_pair.generated_key",
            "aws_security_group.allow_ports",
            "aws_subnet.public_subnets",
            "aws_vpc.default",
            "tls_private_key.generated_private_key"
          ]
        },
        {
          "index_key": 1,
          "schema_version": 1,
          "attributes": {
            "ami": "ami-007855ac798b5175e",
            "arn": "arn:aws:ec2:us-east-1:932919696617:instance/i-037032dbf8a5f7670",
            "associate_public_ip_address": true,
            "availability_zone": "us-east-1a",
            "capacity_reservation_specification": [
              {
                "capacity_reservation_preference": "open",
                "capacity_reservation_target": []
              }
            ],
            "cpu_core_count": 1,
            "cpu_options": [
              {
                "amd_sev_snp": "",
                "core_count": 1,
                "threads_per_core": 1
              }
            ],
            "cpu_threads_per_core": 1,
            "credit_specification": [
              {
                "cpu_credits": "standard"
              }
            ],
            "disable_api_stop": false,
            "disable_api_termination": false,
            "ebs_block_device": [],
            "ebs_optimized": false,
            "enclave_options": [
              {
                "enabled": false
              }
            ],
            "ephemeral_block_device": [],
            "get_password_data": false,
            "hibernation": false,
            "host_id": "",
            "host_resource_group_arn": null,
            "iam_instance_profile": "",
            "id": "i-037032dbf8a5f7670",
            "instance_initiated_shutdown_behavior": "stop",
            "instance_lifecycle": "",
            "instance_market_options": [],
            "instance_state": "running",
            "instance_type": "t2.micro",
            "ipv6_address_count": 0,
            "ipv6_addresses": [],
            "key_name": "ec2-key",
            "launch_template": [],
            "maintenance_options": [
              {
                "auto_recovery": "default"
              }
            ],
            "metadata_options": [
              {
                "http_endpoint": "enabled",
                "http_put_response_hop_limit": 1,
                "http_tokens": "optional",
                "instance_metadata_tags": "disabled"
              }
            ],
            "monitoring": false,
            "network_interface": [],
            "outpost_arn": "",
            "password_data": "",
            "placement_group": "",
            "placement_partition_number": 0,
            "primary_network_interface_id": "eni-0264661c543e65112",
            "private_dns": "ip-10-0-1-111.ec2.internal",
            "private_dns_name_options": [
              {
                "enable_resource_name_dns_a_record": false,
                "enable_resource_name_dns_aaaa_record": false,
                "hostname_type": "ip-name"
              }
            ],
            "private_ip": "10.0.1.111",
            "public_dns": "ec2-52-87-188-233.compute-1.amazonaws.com",
            "public_ip": "52.87.188.233",
            "root_block_device": [
              {
                "delete_on_termination": true,
                "device_name": "/dev/sda1",
                "encrypted": false,
                "iops": 100,
                "kms_key_id": "",
                "tags": {},
                "throughput": 0,
                "volume_id": "vol-041fdf7b536d25f09",
                "volume_size": 8,
                "volume_type": "gp2"
              }
            ],
            "secondary_private_ips": [],
            "security_groups": [],
            "source_dest_check": true,
            "spot_instance_request_id": "",
            "subnet_id": "subnet-03a8859e2e813b586",
            "tags": {
              "Name": "demo-vm-1"
            },
            "tags_all": {
              "Name": "demo-vm-1"
            },
            "tenancy": "default",
            "timeouts": null,
            "user_data": null,
            "user_data_base64": null,
            "user_data_replace_on_change": false,
            "volume_tags": null,
            "vpc_security_group_ids": [
              "sg-021b90c93e5b89a22"
            ]
          },
          "sensitive_attributes": [],
          "private": "eyJlMmJmYjczMC1lY2FhLTExZTYtOGY4OC0zNDM2M2JjN2M0YzAiOnsiY3JlYXRlIjo2MDAwMDAwMDAwMDAsImRlbGV0ZSI6MTIwMDAwMDAwMDAwMCwidXBkYXRlIjo2MDAwMDAwMDAwMDB9LCJzY2hlbWFfdmVyc2lvbiI6IjEifQ==",
          "dependencies": [
            "aws_key_pair.generated_key",
            "aws_security_group.allow_ports",
            "aws_subnet.public_subnets",
            "aws_vpc.default",
            "tls_private_key.generated_private_key"
          ]
        },
        {
          "index_key": 2,
          "schema_version": 1,
          "attributes": {
            "ami": "ami-007855ac798b5175e",
            "arn": "arn:aws:ec2:us-east-1:932919696617:instance/i-0660cf2676ca3a934",
            "associate_public_ip_address": true,
            "availability_zone": "us-east-1a",
            "capacity_reservation_specification": [
              {
                "capacity_reservation_preference": "open",
                "capacity_reservation_target": []
              }
            ],
            "cpu_core_count": 1,
            "cpu_options": [
              {
                "amd_sev_snp": "",
                "core_count": 1,
                "threads_per_core": 1
              }
            ],
            "cpu_threads_per_core": 1,
            "credit_specification": [
              {
                "cpu_credits": "standard"
              }
            ],
            "disable_api_stop": false,
            "disable_api_termination": false,
            "ebs_block_device": [],
            "ebs_optimized": false,
            "enclave_options": [
              {
                "enabled": false
              }
            ],
            "ephemeral_block_device": [],
            "get_password_data": false,
            "hibernation": false,
            "host_id": "",
            "host_resource_group_arn": null,
            "iam_instance_profile": "",
            "id": "i-0660cf2676ca3a934",
            "instance_initiated_shutdown_behavior": "stop",
            "instance_lifecycle": "",
            "instance_market_options": [],
            "instance_state": "running",
            "instance_type": "t2.micro",
            "ipv6_address_count": 0,
            "ipv6_addresses": [],
            "key_name": "ec2-key",
            "launch_template": [],
            "maintenance_options": [
              {
                "auto_recovery": "default"
              }
            ],
            "metadata_options": [
              {
                "http_endpoint": "enabled",
                "http_put_response_hop_limit": 1,
                "http_tokens": "optional",
                "instance_metadata_tags": "disabled"
              }
            ],
            "monitoring": false,
            "network_interface": [],
            "outpost_arn": "",
            "password_data": "",
            "placement_group": "",
            "placement_partition_number": 0,
            "primary_network_interface_id": "eni-08685937cb5a0855c",
            "private_dns": "ip-10-0-1-153.ec2.internal",
            "private_dns_name_options": [
              {
                "enable_resource_name_dns_a_record": false,
                "enable_resource_name_dns_aaaa_record": false,
                "hostname_type": "ip-name"
              }
            ],
            "private_ip": "10.0.1.153",
            "public_dns": "ec2-34-229-45-132.compute-1.amazonaws.com",
            "public_ip": "34.229.45.132",
            "root_block_device": [
              {
                "delete_on_termination": true,
                "device_name": "/dev/sda1",
                "encrypted": false,
                "iops": 100,
                "kms_key_id": "",
                "tags": {},
                "throughput": 0,
                "volume_id": "vol-0331ce6156d3a172c",
                "volume_size": 8,
                "volume_type": "gp2"
              }
            ],
            "secondary_private_ips": [],
            "security_groups": [],
            "source_dest_check": true,
            "spot_instance_request_id": "",
            "subnet_id": "subnet-03a8859e2e813b586",
            "tags": {
              "Name": "demo-vm-2"
            },
            "tags_all": {
              "Name": "demo-vm-2"
            },
            "tenancy": "default",
            "timeouts": null,
            "user_data": null,
            "user_data_base64": null,
            "user_data_replace_on_change": false,
            "volume_tags": null,
            "vpc_security_group_ids": [
              "sg-021b90c93e5b89a22"
            ]
          },
          "sensitive_attributes": [],
          "private": "eyJlMmJmYjczMC1lY2FhLTExZTYtOGY4OC0zNDM2M2JjN2M0YzAiOnsiY3JlYXRlIjo2MDAwMDAwMDAwMDAsImRlbGV0ZSI6MTIwMDAwMDAwMDAwMCwidXBkYXRlIjo2MDAwMDAwMDAwMDB9LCJzY2hlbWFfdmVyc2lvbiI6IjEifQ==",
          "dependencies": [
            "aws_key_pair.generated_key",
            "aws_security_group.allow_ports",
            "aws_subnet.public_subnets",
            "aws_vpc.default",
            "tls_private_key.generated_private_key"
          ]
        }
      ]
    },
    {
      "mode": "managed",
      "type": "aws_internet_gateway",
      "name": "gateway",
      "provider": "provider[\"registry.terraform.io/hashicorp/aws\"]",
      "instances": [
        {
          "schema_version": 0,
          "attributes": {
            "arn": "arn:aws:ec2:us-east-1:932919696617:internet-gateway/igw-073591c396f45b102",
            "id": "igw-073591c396f45b102",
            "owner_id": "932919696617",
            "tags": {
              "Name": "Test VPC IG"
            },
            "tags_all": {
              "Name": "Test VPC IG"
            },
            "timeouts": null,
            "vpc_id": "vpc-0a6f6796c6a3549b0"
          },
          "sensitive_attributes": [],
          "private": "eyJlMmJmYjczMC1lY2FhLTExZTYtOGY4OC0zNDM2M2JjN2M0YzAiOnsiY3JlYXRlIjoxMjAwMDAwMDAwMDAwLCJkZWxldGUiOjEyMDAwMDAwMDAwMDAsInVwZGF0ZSI6MTIwMDAwMDAwMDAwMH19",
          "dependencies": [
            "aws_vpc.default"
          ]
        }
      ]
    },
    {
      "mode": "managed",
      "type": "aws_key_pair",
      "name": "generated_key",
      "provider": "provider[\"registry.terraform.io/hashicorp/aws\"]",
      "instances": [
        {
          "schema_version": 1,
          "attributes": {
            "arn": "arn:aws:ec2:us-east-1:932919696617:key-pair/ec2-key",
            "fingerprint": "08:0f:6c:37:6d:c6:53:98:32:12:4d:24:b3:44:68:36",
            "id": "ec2-key",
            "key_name": "ec2-key",
            "key_name_prefix": "",
            "key_pair_id": "key-05c76033a280547c0",
            "key_type": "rsa",
            "public_key": "ssh-rsa AAAAB3NzaC1yc2EAAAADAQABAAACAQDtc4GxwHH2JANMO5ZhwTqrWkYa79mW5b7v05p0KfI8+3qkcnrOxQQfmrST7vyuqODhAXkpOL07j32ni3R3iOEp5xAtpwTBjU6p4KXO1wxzQp3IlVQrPiAFfeqXydpdnGHINcAK3LUt1bPxWusRywWEEw9EpzPLAbF+0OIFeOUSjlq7x1arqs5aPNexyQ6QL/gTCyU+NgAPglYiaKYwXc6IetAUgQ2Uipudoqd6+F0azLBKrWJrNKBW2mjiYYu+apm5vGY04Q8MHkX3eHGd0P/dmL1YpYPHFm2TCqTALLGz+se8VeDhDaZerx8xsqKG9QQ4EmtCmWu/3xsDeR2gLTDPnM42CFsS+jylLX690TPnOS9M/1+0Z9PiTX1Xtr2X1+MQw63jGqd65+0uUbwYfhDdMmwZslO9QpmBCXAbOd/Q4dTbSatUE/vbGmY6eEFOUU56M92ZNIoUd8JQGVmrIzIFkBNzublQrUWl764rdQ3U2SUluTcDoo0PI60vKTxuDtTtUkt0rwP85/X/e99l/vKbmciTyk+m6itclVEWV1bFI+G0zLvJhVpAhmPtVD7wVJviPVuJ09LAvJZ05HU8pnBnFEoVwL9vQEycShvfG7Gwqn3/JaP4YXU0/hojtvIRshyJUH4tXr0ymaDvJvNBoxTNjbrc5Pg3FA8XdJDQGrvG/w==",
            "tags": null,
            "tags_all": {}
          },
          "sensitive_attributes": [],
          "private": "eyJzY2hlbWFfdmVyc2lvbiI6IjEifQ==",
          "dependencies": [
            "tls_private_key.generated_private_key"
          ]
        }
      ]
    },
    {
      "mode": "managed",
      "type": "aws_route_table",
      "name": "second_rt",
      "provider": "provider[\"registry.terraform.io/hashicorp/aws\"]",
      "instances": [
        {
          "index_key": 0,
          "schema_version": 0,
          "attributes": {
            "arn": "arn:aws:ec2:us-east-1:932919696617:route-table/rtb-0960fb7b153a4a2f9",
            "id": "rtb-0960fb7b153a4a2f9",
            "owner_id": "932919696617",
            "propagating_vgws": [],
            "route": [
              {
                "carrier_gateway_id": "",
                "cidr_block": "0.0.0.0/0",
                "core_network_arn": "",
                "destination_prefix_list_id": "",
                "egress_only_gateway_id": "",
                "gateway_id": "igw-073591c396f45b102",
                "ipv6_cidr_block": "",
                "local_gateway_id": "",
                "nat_gateway_id": "",
                "network_interface_id": "",
                "transit_gateway_id": "",
                "vpc_endpoint_id": "",
                "vpc_peering_connection_id": ""
              }
            ],
            "tags": {
              "Name": "2nd Route Table"
            },
            "tags_all": {
              "Name": "2nd Route Table"
            },
            "timeouts": null,
            "vpc_id": "vpc-0a6f6796c6a3549b0"
          },
          "sensitive_attributes": [],
          "private": "eyJlMmJmYjczMC1lY2FhLTExZTYtOGY4OC0zNDM2M2JjN2M0YzAiOnsiY3JlYXRlIjozMDAwMDAwMDAwMDAsImRlbGV0ZSI6MzAwMDAwMDAwMDAwLCJ1cGRhdGUiOjEyMDAwMDAwMDAwMH19",
          "dependencies": [
            "aws_internet_gateway.gateway",
            "aws_vpc.default"
          ]
        },
        {
          "index_key": 1,
          "schema_version": 0,
          "attributes": {
            "arn": "arn:aws:ec2:us-east-1:932919696617:route-table/rtb-095e58e2acc8b6d71",
            "id": "rtb-095e58e2acc8b6d71",
            "owner_id": "932919696617",
            "propagating_vgws": [],
            "route": [
              {
                "carrier_gateway_id": "",
                "cidr_block": "0.0.0.0/0",
                "core_network_arn": "",
                "destination_prefix_list_id": "",
                "egress_only_gateway_id": "",
                "gateway_id": "igw-073591c396f45b102",
                "ipv6_cidr_block": "",
                "local_gateway_id": "",
                "nat_gateway_id": "",
                "network_interface_id": "",
                "transit_gateway_id": "",
                "vpc_endpoint_id": "",
                "vpc_peering_connection_id": ""
              }
            ],
            "tags": {
              "Name": "2nd Route Table"
            },
            "tags_all": {
              "Name": "2nd Route Table"
            },
            "timeouts": null,
            "vpc_id": "vpc-0a6f6796c6a3549b0"
          },
          "sensitive_attributes": [],
          "private": "eyJlMmJmYjczMC1lY2FhLTExZTYtOGY4OC0zNDM2M2JjN2M0YzAiOnsiY3JlYXRlIjozMDAwMDAwMDAwMDAsImRlbGV0ZSI6MzAwMDAwMDAwMDAwLCJ1cGRhdGUiOjEyMDAwMDAwMDAwMH19",
          "dependencies": [
            "aws_internet_gateway.gateway",
            "aws_vpc.default"
          ]
        }
      ]
    },
    {
      "mode": "managed",
      "type": "aws_route_table_association",
      "name": "private",
      "provider": "provider[\"registry.terraform.io/hashicorp/aws\"]",
      "instances": [
        {
          "index_key": 0,
          "schema_version": 0,
          "attributes": {
            "gateway_id": "",
            "id": "rtbassoc-0e58b9f5de806890d",
            "route_table_id": "rtb-0960fb7b153a4a2f9",
            "subnet_id": "subnet-0fcf361699ad69a68",
            "timeouts": null
          },
          "sensitive_attributes": [],
          "private": "eyJlMmJmYjczMC1lY2FhLTExZTYtOGY4OC0zNDM2M2JjN2M0YzAiOnsiY3JlYXRlIjozMDAwMDAwMDAwMDAsImRlbGV0ZSI6MzAwMDAwMDAwMDAwLCJ1cGRhdGUiOjEyMDAwMDAwMDAwMH19",
          "dependencies": [
            "aws_internet_gateway.gateway",
            "aws_route_table.second_rt",
            "aws_subnet.private_subnets",
            "aws_vpc.default"
          ]
        }
      ]
    },
    {
      "mode": "managed",
      "type": "aws_route_table_association",
      "name": "public",
      "provider": "provider[\"registry.terraform.io/hashicorp/aws\"]",
      "instances": [
        {
          "index_key": 0,
          "schema_version": 0,
          "attributes": {
            "gateway_id": "",
            "id": "rtbassoc-0ca6edf4786f8297b",
            "route_table_id": "rtb-0960fb7b153a4a2f9",
            "subnet_id": "subnet-03a8859e2e813b586",
            "timeouts": null
          },
          "sensitive_attributes": [],
          "private": "eyJlMmJmYjczMC1lY2FhLTExZTYtOGY4OC0zNDM2M2JjN2M0YzAiOnsiY3JlYXRlIjozMDAwMDAwMDAwMDAsImRlbGV0ZSI6MzAwMDAwMDAwMDAwLCJ1cGRhdGUiOjEyMDAwMDAwMDAwMH19",
          "dependencies": [
            "aws_internet_gateway.gateway",
            "aws_route_table.second_rt",
            "aws_subnet.public_subnets",
            "aws_vpc.default"
          ]
        }
      ]
    },
    {
      "mode": "managed",
      "type": "aws_security_group",
      "name": "allow_ports",
      "provider": "provider[\"registry.terraform.io/hashicorp/aws\"]",
      "instances": [
        {
          "schema_version": 1,
          "attributes": {
            "arn": "arn:aws:ec2:us-east-1:932919696617:security-group/sg-021b90c93e5b89a22",
            "description": "Allow TLS inbound traffic",
            "egress": [
              {
                "cidr_blocks": [
                  "0.0.0.0/0"
                ],
                "description": "",
                "from_port": 0,
                "ipv6_cidr_blocks": [],
                "prefix_list_ids": [],
                "protocol": "-1",
                "security_groups": [],
                "self": false,
                "to_port": 0
              }
            ],
            "id": "sg-021b90c93e5b89a22",
            "ingress": [
              {
                "cidr_blocks": [
                  "0.0.0.0/0"
                ],
                "description": "TLS from VPC",
                "from_port": 22,
                "ipv6_cidr_blocks": [],
                "prefix_list_ids": [],
                "protocol": "tcp",
                "security_groups": [],
                "self": false,
                "to_port": 22
              },
              {
                "cidr_blocks": [
                  "0.0.0.0/0"
                ],
                "description": "TLS from VPC",
                "from_port": 443,
                "ipv6_cidr_blocks": [],
                "prefix_list_ids": [],
                "protocol": "tcp",
                "security_groups": [],
                "self": false,
                "to_port": 443
              },
              {
                "cidr_blocks": [
                  "0.0.0.0/0"
                ],
                "description": "TLS from VPC",
                "from_port": 8080,
                "ipv6_cidr_blocks": [],
                "prefix_list_ids": [],
                "protocol": "tcp",
                "security_groups": [],
                "self": false,
                "to_port": 8080
              },
              {
                "cidr_blocks": [
                  "0.0.0.0/0"
                ],
                "description": "TLS from VPC",
                "from_port": 80,
                "ipv6_cidr_blocks": [],
                "prefix_list_ids": [],
                "protocol": "tcp",
                "security_groups": [],
                "self": false,
                "to_port": 80
              },
              {
                "cidr_blocks": [
                  "0.0.0.0/0"
                ],
                "description": "TLS from VPC",
                "from_port": 81,
                "ipv6_cidr_blocks": [],
                "prefix_list_ids": [],
                "protocol": "tcp",
                "security_groups": [],
                "self": false,
                "to_port": 81
              }
            ],
            "name": "allow_tls",
            "name_prefix": "",
            "owner_id": "932919696617",
            "revoke_rules_on_delete": false,
            "tags": {
              "Name": "ec2-SG"
            },
            "tags_all": {
              "Name": "ec2-SG"
            },
            "timeouts": null,
            "vpc_id": "vpc-0a6f6796c6a3549b0"
          },
          "sensitive_attributes": [],
          "private": "eyJlMmJmYjczMC1lY2FhLTExZTYtOGY4OC0zNDM2M2JjN2M0YzAiOnsiY3JlYXRlIjo2MDAwMDAwMDAwMDAsImRlbGV0ZSI6OTAwMDAwMDAwMDAwfSwic2NoZW1hX3ZlcnNpb24iOiIxIn0=",
          "dependencies": [
            "aws_vpc.default"
          ]
        }
      ]
    },
    {
      "mode": "managed",
      "type": "aws_subnet",
      "name": "private_subnets",
      "provider": "provider[\"registry.terraform.io/hashicorp/aws\"]",
      "instances": [
        {
          "index_key": 0,
          "schema_version": 1,
          "attributes": {
            "arn": "arn:aws:ec2:us-east-1:932919696617:subnet/subnet-0fcf361699ad69a68",
            "assign_ipv6_address_on_creation": false,
            "availability_zone": "us-east-1a",
            "availability_zone_id": "use1-az6",
            "cidr_block": "10.0.2.0/24",
            "customer_owned_ipv4_pool": "",
            "enable_dns64": false,
            "enable_lni_at_device_index": 0,
            "enable_resource_name_dns_a_record_on_launch": false,
            "enable_resource_name_dns_aaaa_record_on_launch": false,
            "id": "subnet-0fcf361699ad69a68",
            "ipv6_cidr_block": "",
            "ipv6_cidr_block_association_id": "",
            "ipv6_native": false,
            "map_customer_owned_ip_on_launch": false,
            "map_public_ip_on_launch": false,
            "outpost_arn": "",
            "owner_id": "932919696617",
            "private_dns_hostname_type_on_launch": "ip-name",
            "tags": {
              "Name": "Private Subnet 1"
            },
            "tags_all": {
              "Name": "Private Subnet 1"
            },
            "timeouts": null,
            "vpc_id": "vpc-0a6f6796c6a3549b0"
          },
          "sensitive_attributes": [],
          "private": "eyJlMmJmYjczMC1lY2FhLTExZTYtOGY4OC0zNDM2M2JjN2M0YzAiOnsiY3JlYXRlIjo2MDAwMDAwMDAwMDAsImRlbGV0ZSI6MTIwMDAwMDAwMDAwMH0sInNjaGVtYV92ZXJzaW9uIjoiMSJ9",
          "dependencies": [
            "aws_vpc.default"
          ]
        }
      ]
    },
    {
      "mode": "managed",
      "type": "aws_subnet",
      "name": "public_subnets",
      "provider": "provider[\"registry.terraform.io/hashicorp/aws\"]",
      "instances": [
        {
          "index_key": 0,
          "schema_version": 1,
          "attributes": {
            "arn": "arn:aws:ec2:us-east-1:932919696617:subnet/subnet-03a8859e2e813b586",
            "assign_ipv6_address_on_creation": false,
            "availability_zone": "us-east-1a",
            "availability_zone_id": "use1-az6",
            "cidr_block": "10.0.1.0/24",
            "customer_owned_ipv4_pool": "",
            "enable_dns64": false,
            "enable_lni_at_device_index": 0,
            "enable_resource_name_dns_a_record_on_launch": false,
            "enable_resource_name_dns_aaaa_record_on_launch": false,
            "id": "subnet-03a8859e2e813b586",
            "ipv6_cidr_block": "",
            "ipv6_cidr_block_association_id": "",
            "ipv6_native": false,
            "map_customer_owned_ip_on_launch": false,
            "map_public_ip_on_launch": false,
            "outpost_arn": "",
            "owner_id": "932919696617",
            "private_dns_hostname_type_on_launch": "ip-name",
            "tags": {
              "Name": "Public Subnet 1"
            },
            "tags_all": {
              "Name": "Public Subnet 1"
            },
            "timeouts": null,
            "vpc_id": "vpc-0a6f6796c6a3549b0"
          },
          "sensitive_attributes": [],
          "private": "eyJlMmJmYjczMC1lY2FhLTExZTYtOGY4OC0zNDM2M2JjN2M0YzAiOnsiY3JlYXRlIjo2MDAwMDAwMDAwMDAsImRlbGV0ZSI6MTIwMDAwMDAwMDAwMH0sInNjaGVtYV92ZXJzaW9uIjoiMSJ9",
          "dependencies": [
            "aws_vpc.default"
          ]
        }
      ]
    },
    {
      "mode": "managed",
      "type": "aws_vpc",
      "name": "default",
      "provider": "provider[\"registry.terraform.io/hashicorp/aws\"]",
      "instances": [
        {
          "schema_version": 1,
          "attributes": {
            "arn": "arn:aws:ec2:us-east-1:932919696617:vpc/vpc-0a6f6796c6a3549b0",
            "assign_generated_ipv6_cidr_block": false,
            "cidr_block": "10.0.0.0/16",
            "default_network_acl_id": "acl-02d7cc7489de9b80e",
            "default_route_table_id": "rtb-019dc4c3ac9a53bb7",
            "default_security_group_id": "sg-06b905326e946b996",
            "dhcp_options_id": "dopt-004ed46725d2a9cfd",
            "enable_dns_hostnames": true,
            "enable_dns_support": true,
            "enable_network_address_usage_metrics": false,
            "id": "vpc-0a6f6796c6a3549b0",
            "instance_tenancy": "default",
            "ipv4_ipam_pool_id": null,
            "ipv4_netmask_length": null,
            "ipv6_association_id": "",
            "ipv6_cidr_block": "",
            "ipv6_cidr_block_network_border_group": "",
            "ipv6_ipam_pool_id": "",
            "ipv6_netmask_length": 0,
            "main_route_table_id": "rtb-019dc4c3ac9a53bb7",
            "owner_id": "932919696617",
            "tags": {
              "Name": "Test VPC"
            },
            "tags_all": {
              "Name": "Test VPC"
            }
          },
          "sensitive_attributes": [],
          "private": "eyJzY2hlbWFfdmVyc2lvbiI6IjEifQ=="
        }
      ]
    },
    {
      "mode": "managed",
      "type": "local_file",
      "name": "ansible_inventory",
      "provider": "provider[\"registry.terraform.io/hashicorp/local\"]",
      "instances": [
        {
          "schema_version": 0,
          "attributes": {
            "content": "-----BEGIN RSA PRIVATE KEY-----\nMIIJKQIBAAKCAgEA7XOBscBx9iQDTDuWYcE6q1pGGu/ZluW+79OadCnyPPt6pHJ6\nzsUEH5q0k+78rqjg4QF5KTi9O499p4t0d4jhKecQLacEwY1OqeClztcMc0KdyJVU\nKz4gBX3ql8naXZxhyDXACty1LdWz8VrrEcsFhBMPRKczywGxftDiBXjlEo5au8dW\nq6rOWjzXsckOkC/4EwslPjYAD4JWImimMF3OiHrQFIENlIqbnaKnevhdGsywSq1i\nazSgVtpo4mGLvmqZubxmNOEPDB5F93hxndD/3Zi9WKWDxxZtkwqkwCyxs/rHvFXg\n4Q2mXq8fMbKihvUEOBJrQplrv98bA3kdoC0wz5zONghbEvo8pS1+vdEz5zkvTP9f\ntGfT4k19V7a9l9fjEMOt4xqneuftLlG8GH4Q3TJsGbJTvUKZgQlwGznf0OHU20mr\nVBP72xpmOnhBTlFOejPdmTSKFHfCUBlZqyMyBZATc7m5UK1Fpe+uK3UN1NklJbk3\nA6KNDyOtLyk8bg7U7VJLdK8D/Of1/3vfZf7ym5nIk8pPpuorXJVRFldWxSPhtMy7\nyYVaQIZj7VQ+8FSb4j1bidPSwLyWdOR1PKZwZxRKFcC/b0BMnEob3xuxsKp9/yWj\n+GF1NP4aI7byEbIciVB+LV69Mpmg7ybzQaMUzY263OT4NxQPF3SQ0Bq7xv8CAwEA\nAQKCAgBR+Vtf4yE0qXAeBEBBVTUM7Ohg6kbDCmOlZfbffY+sL+FCHmd5NJjc1Erc\n+1ducMzZwOl0KqthgYMOsV0u2ylojuWN7Sf+LetnSC/VvXYF4IyaL7tUBmmFm9e+\nOShSwuca+DtpRJKj1S/+9bVLejxYQUA3IkYGInqFXlV5MChdBJocU4//ScNdcb3B\nGbkWXAkXgfSEip3wvL1BucEN14SypztoqLjofAWHIR0SneV+mAWQclUUz6E++r3U\n0Xot7Z1OetUKElxggZ8D9Se8JOgAN3e+v71DoOGJLtZ7pbJfgQctZLRy3YR/EZQC\nUzo6vyGKvgkbf92r6rjntQtePduoVqfflWMP/9jMINrt1U7WxwCkQrGCBXy1U7FE\nergp9mQdydj44Ia2R+CwkS+s2UGsh4J/tu39Cg/4vVGpzJ0moNnCu6EIDBChtbYw\nk+LWfYUQuQgUzyrr8D6zW0Ur0uK2cOStbSvcw8+2/SX7gUflU+8sEw2fOFBJDnJl\np2hfBTN9pFRgX+NkMi1kHTI6LmMxMMKhDRzc7tUgqqAS8rxvaX4Z/PDROBdWjRYm\n73mH/V75bYxyydTUAGMrPisv3JnK0O4RsI2W2jW876fT8sfaeSBstSbk4hl4pwzL\nM4Em3YIJ8pku9uYqnm3hN/yVuUtpAIsIl+7Z8z3WbcWomTJwiQKCAQEA+mbN6Uj/\n2eKjGCJ2/U3aLFLqG1i7ktHLPWEDNz812d8+WB7dNueIAd3Fo5H0i8ngbT8KBHs4\nh2aNThr0WWiKMo1W4n7wZ9T7Byij9QmihMFGrLBaXSfWELi7o5j/UNCc627GQmXx\nPMl56qrP8RdUFzEvqCjGFSB/fmwdZSAvXt6/vHc/RUL5f1yZXo4Zmx3X20qWnh/L\nkJtnmNYN52hp4BslAWrIl7lJcQeV6YOoU2rmcf7pxKCtKSFd4qldTcEP7y+x8D1m\nlFeIZEPyEvuOq+lD/zsbGaYECZZ0PHKnXlkM2wlatR7mZaIU40p/kc0/3cYlllgD\nXp5VmggbhEaxJQKCAQEA8sKUYeOiSKKPRmBDVw21c7KKbr1K4GfEni9zSTs7ezau\nM5YkqRv2wv7fbonARikBWcZGJO1lFTWF1od05r8LPHCbO2vY2UG6Z2bt62C9b1gk\nlHZxh4PKkd5T1z9Ogc0IVcQBRwTe4gwlLPSBQlIObwJMDrSfilRSBCWyjaDz46dZ\nS/zSPB+gsNmBgzonthvlHMI+H4bJ8IxDPjY+OwHCiWyoxAglIxL6c1K5Oi9vWQSk\nhx95wVSoIIqJK7O0FKEuRGyQKXOL0z9TFlG5YsfK4ZIYt8bhLylUI30nZuVy9t6G\nDtcB4922QEci4oul5/HRJbuEgOd8vth2UdZmmHt4UwKCAQEArLPVFy47EHspA89Z\nhDF65ZE2WDAmBwhdhfLwNd2J9b/sjviSmHiuLKNZ2gwjv3o4KQEOlrKp9XE8yn76\nwuPAVUd4gnUMuICDtpdIJgxEJA3uAdMMMC32jcfr2tT+Wy3W3OalJUyMSuGnDbxL\n+TueyvQoq3Gb1Rx58qb8yy+cnHFDiugwIkQkMryaJ0YY0QyPQXc7VMoXK6CTni0c\nn9s7Es+GAWk1+rdXuPaDZfBhW09iq4MmlnA/nhueVmN7r9IVfGHH9ytSIcQRlR3r\nyz3nVBhpxpJsiY8gP8CeYMavOvpuTHAyOLOcMsLMZ0uNmvEWOI6ehAgmIs9PuRIY\ncG4VZQKCAQAK4Q93R5VJPge/tqat6w5brf+oMNF/NwdHs4auHHpw7iVmaG8iKP+p\nA3UN5hx4yHOoC0uvcfgauDhUQePKR3uAbOd4BUBFlD1/TsyQxNgYelHBWYGC+jQE\nz3rgZZTmGkMqXMtV3HEEnli4KAj26Oh+rxKrggq4T0kRqILU+AaWCDTnQ+BEE4LH\nCihUsjF/ZsagwE+6Z/b60b5dtl6ZlF2cfQMfLeJELSCONIHaiq+pxJx+9bkmId4a\n/zpgfAAxAHwrUtYvFV+Jywe1M1pkg+GitEJpUf9bdrWvlXdDlDrPt284kQgjpxb4\n0HdOwcVgnKSr1Th98mHTx62dw0b7xGTDAoIBAQDl7HETE4wJ6axYYf48Nhp4q2+f\ndtXRXCcE4CC9g5jafFcOvYSJTC/ocxlBX9u9B84OS9sp9VPB6qxHiw8KiaBAbkwo\nVXw5NZhx9m5kdhL326ok9k/wfoAox9EDHBTcIJs3zEnIf/CRVB+YCnT9wnG+hcty\nqkbrC4leYXzdBgik7BtLO+Eer4TTNhSEvT3n1YmAX4xy4WdgUHTE5V6E/azscKIG\nefpz1iHcc6TeZUmQN0JeuYT9cQiKMXJwOpgK4NxBnvExEUssyrEGXawUTWKtKMsu\nNjzOMw1SBWtwK9uRhgG04fA2OomdKWfOdZk8MvXjB6FQptfveWL0H1zN5RIo\n-----END RSA PRIVATE KEY-----\n\n",
            "content_base64": null,
            "content_base64sha256": "qoU0PzOcBxWN0vCbfhnBWwv03P5aFJ471rFXOiA/bbA=",
            "content_base64sha512": "aBRU9G130HM+TgGU6Y5q075h/1JLKPQRJa+Px3Ep1mY+ITNjf/NX6Fzz7edE1iq9PujqqdzRPpJ53bj7uN/+dw==",
            "content_md5": "ff5fb1a0bfb0fa679eefbf026e211c9f",
            "content_sha1": "7e72dd5342d80adbe8e1151de92897afbd24b9e6",
            "content_sha256": "aa85343f339c07158dd2f09b7e19c15b0bf4dcfe5a149e3bd6b1573a203f6db0",
            "content_sha512": "681454f46d77d0733e4e0194e98e6ad3be61ff524b28f41125af8fc77129d6663e2133637ff357e85cf3ede744d62abd3ee8eaa9dcd13e9279ddb8fbb8dffe77",
            "directory_permission": "0755",
            "file_permission": "0400",
            "filename": "./ec2-key.pem",
            "id": "7e72dd5342d80adbe8e1151de92897afbd24b9e6",
            "sensitive_content": null,
            "source": null
          },
          "sensitive_attributes": [
            [
              {
                "type": "get_attr",
                "value": "content"
              }
            ]
          ],
          "dependencies": [
            "tls_private_key.generated_private_key"
          ]
        }
      ]
    },
    {
      "mode": "managed",
      "type": "tls_private_key",
      "name": "generated_private_key",
      "provider": "provider[\"registry.terraform.io/hashicorp/tls\"]",
      "instances": [
        {
          "schema_version": 1,
          "attributes": {
            "algorithm": "RSA",
            "ecdsa_curve": "P224",
            "id": "b4f2bf7a9a103b5f2f62591c5b64d2af137d28d9",
            "private_key_openssh": "-----BEGIN OPENSSH PRIVATE KEY-----\nb3BlbnNzaC1rZXktdjEAAAAABG5vbmUAAAAEbm9uZQAAAAAAAAABAAACFwAAAAdz\nc2gtcnNhAAAAAwEAAQAAAgEA7XOBscBx9iQDTDuWYcE6q1pGGu/ZluW+79OadCny\nPPt6pHJ6zsUEH5q0k+78rqjg4QF5KTi9O499p4t0d4jhKecQLacEwY1OqeClztcM\nc0KdyJVUKz4gBX3ql8naXZxhyDXACty1LdWz8VrrEcsFhBMPRKczywGxftDiBXjl\nEo5au8dWq6rOWjzXsckOkC/4EwslPjYAD4JWImimMF3OiHrQFIENlIqbnaKnevhd\nGsywSq1iazSgVtpo4mGLvmqZubxmNOEPDB5F93hxndD/3Zi9WKWDxxZtkwqkwCyx\ns/rHvFXg4Q2mXq8fMbKihvUEOBJrQplrv98bA3kdoC0wz5zONghbEvo8pS1+vdEz\n5zkvTP9ftGfT4k19V7a9l9fjEMOt4xqneuftLlG8GH4Q3TJsGbJTvUKZgQlwGznf\n0OHU20mrVBP72xpmOnhBTlFOejPdmTSKFHfCUBlZqyMyBZATc7m5UK1Fpe+uK3UN\n1NklJbk3A6KNDyOtLyk8bg7U7VJLdK8D/Of1/3vfZf7ym5nIk8pPpuorXJVRFldW\nxSPhtMy7yYVaQIZj7VQ+8FSb4j1bidPSwLyWdOR1PKZwZxRKFcC/b0BMnEob3xux\nsKp9/yWj+GF1NP4aI7byEbIciVB+LV69Mpmg7ybzQaMUzY263OT4NxQPF3SQ0Bq7\nxv8AAAc4ex73dnse93YAAAAHc3NoLXJzYQAAAgEA7XOBscBx9iQDTDuWYcE6q1pG\nGu/ZluW+79OadCnyPPt6pHJ6zsUEH5q0k+78rqjg4QF5KTi9O499p4t0d4jhKecQ\nLacEwY1OqeClztcMc0KdyJVUKz4gBX3ql8naXZxhyDXACty1LdWz8VrrEcsFhBMP\nRKczywGxftDiBXjlEo5au8dWq6rOWjzXsckOkC/4EwslPjYAD4JWImimMF3OiHrQ\nFIENlIqbnaKnevhdGsywSq1iazSgVtpo4mGLvmqZubxmNOEPDB5F93hxndD/3Zi9\nWKWDxxZtkwqkwCyxs/rHvFXg4Q2mXq8fMbKihvUEOBJrQplrv98bA3kdoC0wz5zO\nNghbEvo8pS1+vdEz5zkvTP9ftGfT4k19V7a9l9fjEMOt4xqneuftLlG8GH4Q3TJs\nGbJTvUKZgQlwGznf0OHU20mrVBP72xpmOnhBTlFOejPdmTSKFHfCUBlZqyMyBZAT\nc7m5UK1Fpe+uK3UN1NklJbk3A6KNDyOtLyk8bg7U7VJLdK8D/Of1/3vfZf7ym5nI\nk8pPpuorXJVRFldWxSPhtMy7yYVaQIZj7VQ+8FSb4j1bidPSwLyWdOR1PKZwZxRK\nFcC/b0BMnEob3xuxsKp9/yWj+GF1NP4aI7byEbIciVB+LV69Mpmg7ybzQaMUzY26\n3OT4NxQPF3SQ0Bq7xv8AAAADAQABAAACAFH5W1/jITSpcB4EQEFVNQzs6GDqRsMK\nY6Vl9t99j6wv4UIeZ3k0mNzUStz7V25wzNnA6XQqq2GBgw6xXS7bKWiO5Y3tJ/4t\n62dIL9W9dgXgjJovu1QGaYWb1745KFLC5xr4O2lEkqPVL/71tUt6PFhBQDciRgYi\neoVeVXkwKF0EmhxTj/9Jw11xvcEZuRZcCReB9ISKnfC8vUG5wQ3XhLKnO2iouOh8\nBYchHRKd5X6YBZByVRTPoT76vdTRei3tnU561QoSXGCBnwP1J7wk6AA3d76/vUOg\n4Yku1nulsl+BBy1ktHLdhH8RlAJTOjq/IYq+CRt/3avquOe1C14926hWp9+VYw//\n2Mwg2u3VTtbHAKRCsYIFfLVTsUR6uCn2ZB3J2PjghrZH4LCRL6zZQayHgn+27f0K\nD/i9UanMnSag2cK7oQgMEKG1tjCT4tZ9hRC5CBTPKuvwPrNbRSvS4rZw5K1tK9zD\nz7b9JfuBR+VT7ywTDZ84UEkOcmWnaF8FM32kVGBf42QyLWQdMjouYzEwwqENHNzu\n1SCqoBLyvG9pfhn88NE4F1aNFibveYf9XvltjHLJ1NQAYys+Ky/cmcrQ7hGwjZba\nNbzvp9Pyx9p5IGy1JuTiGXinDMszgSbdggnymS725iqebeE3/JW5S2kAiwiX7tnz\nPdZtxaiZMnCJAAABAQDl7HETE4wJ6axYYf48Nhp4q2+fdtXRXCcE4CC9g5jafFcO\nvYSJTC/ocxlBX9u9B84OS9sp9VPB6qxHiw8KiaBAbkwoVXw5NZhx9m5kdhL326ok\n9k/wfoAox9EDHBTcIJs3zEnIf/CRVB+YCnT9wnG+hctyqkbrC4leYXzdBgik7BtL\nO+Eer4TTNhSEvT3n1YmAX4xy4WdgUHTE5V6E/azscKIGefpz1iHcc6TeZUmQN0Je\nuYT9cQiKMXJwOpgK4NxBnvExEUssyrEGXawUTWKtKMsuNjzOMw1SBWtwK9uRhgG0\n4fA2OomdKWfOdZk8MvXjB6FQptfveWL0H1zN5RIoAAABAQD6Zs3pSP/Z4qMYInb9\nTdosUuobWLuS0cs9YQM3PzXZ3z5YHt0254gB3cWjkfSLyeBtPwoEeziHZo1OGvRZ\naIoyjVbifvBn1PsHKKP1CaKEwUassFpdJ9YQuLujmP9Q0JzrbsZCZfE8yXnqqs/x\nF1QXMS+oKMYVIH9+bB1lIC9e3r+8dz9FQvl/XJlejhmbHdfbSpaeH8uQm2eY1g3n\naGngGyUBasiXuUlxB5Xpg6hTauZx/unEoK0pIV3iqV1NwQ/vL7HwPWaUV4hkQ/IS\n+46r6UP/OxsZpgQJlnQ8cqdeWQzbCVq1HuZlohTjSn+RzT/dxiWWWANenlWaCBuE\nRrElAAABAQDywpRh46JIoo9GYENXDbVzsopuvUrgZ8SeL3NJOzt7Nq4zliSpG/bC\n/t9uicBGKQFZxkYk7WUVNYXWh3Tmvws8cJs7a9jZQbpnZu3rYL1vWCSUdnGHg8qR\n3lPXP06BzQhVxAFHBN7iDCUs9IFCUg5vAkwOtJ+KVFIEJbKNoPPjp1lL/NI8H6Cw\n2YGDOie2G+Ucwj4fhsnwjEM+Nj47AcKJbKjECCUjEvpzUrk6L29ZBKSHH3nBVKgg\niokrs7QUoS5EbJApc4vTP1MWUblix8rhkhi3xuEvKVQjfSdm5XL23oYO1wHj3bZA\nRyLii6Xn8dElu4SA53y+2HZR1maYe3hTAAAAAAEC\n-----END OPENSSH PRIVATE KEY-----\n",
            "private_key_pem": "-----BEGIN RSA PRIVATE KEY-----\nMIIJKQIBAAKCAgEA7XOBscBx9iQDTDuWYcE6q1pGGu/ZluW+79OadCnyPPt6pHJ6\nzsUEH5q0k+78rqjg4QF5KTi9O499p4t0d4jhKecQLacEwY1OqeClztcMc0KdyJVU\nKz4gBX3ql8naXZxhyDXACty1LdWz8VrrEcsFhBMPRKczywGxftDiBXjlEo5au8dW\nq6rOWjzXsckOkC/4EwslPjYAD4JWImimMF3OiHrQFIENlIqbnaKnevhdGsywSq1i\nazSgVtpo4mGLvmqZubxmNOEPDB5F93hxndD/3Zi9WKWDxxZtkwqkwCyxs/rHvFXg\n4Q2mXq8fMbKihvUEOBJrQplrv98bA3kdoC0wz5zONghbEvo8pS1+vdEz5zkvTP9f\ntGfT4k19V7a9l9fjEMOt4xqneuftLlG8GH4Q3TJsGbJTvUKZgQlwGznf0OHU20mr\nVBP72xpmOnhBTlFOejPdmTSKFHfCUBlZqyMyBZATc7m5UK1Fpe+uK3UN1NklJbk3\nA6KNDyOtLyk8bg7U7VJLdK8D/Of1/3vfZf7ym5nIk8pPpuorXJVRFldWxSPhtMy7\nyYVaQIZj7VQ+8FSb4j1bidPSwLyWdOR1PKZwZxRKFcC/b0BMnEob3xuxsKp9/yWj\n+GF1NP4aI7byEbIciVB+LV69Mpmg7ybzQaMUzY263OT4NxQPF3SQ0Bq7xv8CAwEA\nAQKCAgBR+Vtf4yE0qXAeBEBBVTUM7Ohg6kbDCmOlZfbffY+sL+FCHmd5NJjc1Erc\n+1ducMzZwOl0KqthgYMOsV0u2ylojuWN7Sf+LetnSC/VvXYF4IyaL7tUBmmFm9e+\nOShSwuca+DtpRJKj1S/+9bVLejxYQUA3IkYGInqFXlV5MChdBJocU4//ScNdcb3B\nGbkWXAkXgfSEip3wvL1BucEN14SypztoqLjofAWHIR0SneV+mAWQclUUz6E++r3U\n0Xot7Z1OetUKElxggZ8D9Se8JOgAN3e+v71DoOGJLtZ7pbJfgQctZLRy3YR/EZQC\nUzo6vyGKvgkbf92r6rjntQtePduoVqfflWMP/9jMINrt1U7WxwCkQrGCBXy1U7FE\nergp9mQdydj44Ia2R+CwkS+s2UGsh4J/tu39Cg/4vVGpzJ0moNnCu6EIDBChtbYw\nk+LWfYUQuQgUzyrr8D6zW0Ur0uK2cOStbSvcw8+2/SX7gUflU+8sEw2fOFBJDnJl\np2hfBTN9pFRgX+NkMi1kHTI6LmMxMMKhDRzc7tUgqqAS8rxvaX4Z/PDROBdWjRYm\n73mH/V75bYxyydTUAGMrPisv3JnK0O4RsI2W2jW876fT8sfaeSBstSbk4hl4pwzL\nM4Em3YIJ8pku9uYqnm3hN/yVuUtpAIsIl+7Z8z3WbcWomTJwiQKCAQEA+mbN6Uj/\n2eKjGCJ2/U3aLFLqG1i7ktHLPWEDNz812d8+WB7dNueIAd3Fo5H0i8ngbT8KBHs4\nh2aNThr0WWiKMo1W4n7wZ9T7Byij9QmihMFGrLBaXSfWELi7o5j/UNCc627GQmXx\nPMl56qrP8RdUFzEvqCjGFSB/fmwdZSAvXt6/vHc/RUL5f1yZXo4Zmx3X20qWnh/L\nkJtnmNYN52hp4BslAWrIl7lJcQeV6YOoU2rmcf7pxKCtKSFd4qldTcEP7y+x8D1m\nlFeIZEPyEvuOq+lD/zsbGaYECZZ0PHKnXlkM2wlatR7mZaIU40p/kc0/3cYlllgD\nXp5VmggbhEaxJQKCAQEA8sKUYeOiSKKPRmBDVw21c7KKbr1K4GfEni9zSTs7ezau\nM5YkqRv2wv7fbonARikBWcZGJO1lFTWF1od05r8LPHCbO2vY2UG6Z2bt62C9b1gk\nlHZxh4PKkd5T1z9Ogc0IVcQBRwTe4gwlLPSBQlIObwJMDrSfilRSBCWyjaDz46dZ\nS/zSPB+gsNmBgzonthvlHMI+H4bJ8IxDPjY+OwHCiWyoxAglIxL6c1K5Oi9vWQSk\nhx95wVSoIIqJK7O0FKEuRGyQKXOL0z9TFlG5YsfK4ZIYt8bhLylUI30nZuVy9t6G\nDtcB4922QEci4oul5/HRJbuEgOd8vth2UdZmmHt4UwKCAQEArLPVFy47EHspA89Z\nhDF65ZE2WDAmBwhdhfLwNd2J9b/sjviSmHiuLKNZ2gwjv3o4KQEOlrKp9XE8yn76\nwuPAVUd4gnUMuICDtpdIJgxEJA3uAdMMMC32jcfr2tT+Wy3W3OalJUyMSuGnDbxL\n+TueyvQoq3Gb1Rx58qb8yy+cnHFDiugwIkQkMryaJ0YY0QyPQXc7VMoXK6CTni0c\nn9s7Es+GAWk1+rdXuPaDZfBhW09iq4MmlnA/nhueVmN7r9IVfGHH9ytSIcQRlR3r\nyz3nVBhpxpJsiY8gP8CeYMavOvpuTHAyOLOcMsLMZ0uNmvEWOI6ehAgmIs9PuRIY\ncG4VZQKCAQAK4Q93R5VJPge/tqat6w5brf+oMNF/NwdHs4auHHpw7iVmaG8iKP+p\nA3UN5hx4yHOoC0uvcfgauDhUQePKR3uAbOd4BUBFlD1/TsyQxNgYelHBWYGC+jQE\nz3rgZZTmGkMqXMtV3HEEnli4KAj26Oh+rxKrggq4T0kRqILU+AaWCDTnQ+BEE4LH\nCihUsjF/ZsagwE+6Z/b60b5dtl6ZlF2cfQMfLeJELSCONIHaiq+pxJx+9bkmId4a\n/zpgfAAxAHwrUtYvFV+Jywe1M1pkg+GitEJpUf9bdrWvlXdDlDrPt284kQgjpxb4\n0HdOwcVgnKSr1Th98mHTx62dw0b7xGTDAoIBAQDl7HETE4wJ6axYYf48Nhp4q2+f\ndtXRXCcE4CC9g5jafFcOvYSJTC/ocxlBX9u9B84OS9sp9VPB6qxHiw8KiaBAbkwo\nVXw5NZhx9m5kdhL326ok9k/wfoAox9EDHBTcIJs3zEnIf/CRVB+YCnT9wnG+hcty\nqkbrC4leYXzdBgik7BtLO+Eer4TTNhSEvT3n1YmAX4xy4WdgUHTE5V6E/azscKIG\nefpz1iHcc6TeZUmQN0JeuYT9cQiKMXJwOpgK4NxBnvExEUssyrEGXawUTWKtKMsu\nNjzOMw1SBWtwK9uRhgG04fA2OomdKWfOdZk8MvXjB6FQptfveWL0H1zN5RIo\n-----END RSA PRIVATE KEY-----\n",
            "private_key_pem_pkcs8": "-----BEGIN PRIVATE KEY-----\nMIIJQwIBADANBgkqhkiG9w0BAQEFAASCCS0wggkpAgEAAoICAQDtc4GxwHH2JANM\nO5ZhwTqrWkYa79mW5b7v05p0KfI8+3qkcnrOxQQfmrST7vyuqODhAXkpOL07j32n\ni3R3iOEp5xAtpwTBjU6p4KXO1wxzQp3IlVQrPiAFfeqXydpdnGHINcAK3LUt1bPx\nWusRywWEEw9EpzPLAbF+0OIFeOUSjlq7x1arqs5aPNexyQ6QL/gTCyU+NgAPglYi\naKYwXc6IetAUgQ2Uipudoqd6+F0azLBKrWJrNKBW2mjiYYu+apm5vGY04Q8MHkX3\neHGd0P/dmL1YpYPHFm2TCqTALLGz+se8VeDhDaZerx8xsqKG9QQ4EmtCmWu/3xsD\neR2gLTDPnM42CFsS+jylLX690TPnOS9M/1+0Z9PiTX1Xtr2X1+MQw63jGqd65+0u\nUbwYfhDdMmwZslO9QpmBCXAbOd/Q4dTbSatUE/vbGmY6eEFOUU56M92ZNIoUd8JQ\nGVmrIzIFkBNzublQrUWl764rdQ3U2SUluTcDoo0PI60vKTxuDtTtUkt0rwP85/X/\ne99l/vKbmciTyk+m6itclVEWV1bFI+G0zLvJhVpAhmPtVD7wVJviPVuJ09LAvJZ0\n5HU8pnBnFEoVwL9vQEycShvfG7Gwqn3/JaP4YXU0/hojtvIRshyJUH4tXr0ymaDv\nJvNBoxTNjbrc5Pg3FA8XdJDQGrvG/wIDAQABAoICAFH5W1/jITSpcB4EQEFVNQzs\n6GDqRsMKY6Vl9t99j6wv4UIeZ3k0mNzUStz7V25wzNnA6XQqq2GBgw6xXS7bKWiO\n5Y3tJ/4t62dIL9W9dgXgjJovu1QGaYWb1745KFLC5xr4O2lEkqPVL/71tUt6PFhB\nQDciRgYieoVeVXkwKF0EmhxTj/9Jw11xvcEZuRZcCReB9ISKnfC8vUG5wQ3XhLKn\nO2iouOh8BYchHRKd5X6YBZByVRTPoT76vdTRei3tnU561QoSXGCBnwP1J7wk6AA3\nd76/vUOg4Yku1nulsl+BBy1ktHLdhH8RlAJTOjq/IYq+CRt/3avquOe1C14926hW\np9+VYw//2Mwg2u3VTtbHAKRCsYIFfLVTsUR6uCn2ZB3J2PjghrZH4LCRL6zZQayH\ngn+27f0KD/i9UanMnSag2cK7oQgMEKG1tjCT4tZ9hRC5CBTPKuvwPrNbRSvS4rZw\n5K1tK9zDz7b9JfuBR+VT7ywTDZ84UEkOcmWnaF8FM32kVGBf42QyLWQdMjouYzEw\nwqENHNzu1SCqoBLyvG9pfhn88NE4F1aNFibveYf9XvltjHLJ1NQAYys+Ky/cmcrQ\n7hGwjZbaNbzvp9Pyx9p5IGy1JuTiGXinDMszgSbdggnymS725iqebeE3/JW5S2kA\niwiX7tnzPdZtxaiZMnCJAoIBAQD6Zs3pSP/Z4qMYInb9TdosUuobWLuS0cs9YQM3\nPzXZ3z5YHt0254gB3cWjkfSLyeBtPwoEeziHZo1OGvRZaIoyjVbifvBn1PsHKKP1\nCaKEwUassFpdJ9YQuLujmP9Q0JzrbsZCZfE8yXnqqs/xF1QXMS+oKMYVIH9+bB1l\nIC9e3r+8dz9FQvl/XJlejhmbHdfbSpaeH8uQm2eY1g3naGngGyUBasiXuUlxB5Xp\ng6hTauZx/unEoK0pIV3iqV1NwQ/vL7HwPWaUV4hkQ/IS+46r6UP/OxsZpgQJlnQ8\ncqdeWQzbCVq1HuZlohTjSn+RzT/dxiWWWANenlWaCBuERrElAoIBAQDywpRh46JI\noo9GYENXDbVzsopuvUrgZ8SeL3NJOzt7Nq4zliSpG/bC/t9uicBGKQFZxkYk7WUV\nNYXWh3Tmvws8cJs7a9jZQbpnZu3rYL1vWCSUdnGHg8qR3lPXP06BzQhVxAFHBN7i\nDCUs9IFCUg5vAkwOtJ+KVFIEJbKNoPPjp1lL/NI8H6Cw2YGDOie2G+Ucwj4fhsnw\njEM+Nj47AcKJbKjECCUjEvpzUrk6L29ZBKSHH3nBVKggiokrs7QUoS5EbJApc4vT\nP1MWUblix8rhkhi3xuEvKVQjfSdm5XL23oYO1wHj3bZARyLii6Xn8dElu4SA53y+\n2HZR1maYe3hTAoIBAQCss9UXLjsQeykDz1mEMXrlkTZYMCYHCF2F8vA13Yn1v+yO\n+JKYeK4so1naDCO/ejgpAQ6Wsqn1cTzKfvrC48BVR3iCdQy4gIO2l0gmDEQkDe4B\n0wwwLfaNx+va1P5bLdbc5qUlTIxK4acNvEv5O57K9CircZvVHHnypvzLL5yccUOK\n6DAiRCQyvJonRhjRDI9BdztUyhcroJOeLRyf2zsSz4YBaTX6t1e49oNl8GFbT2Kr\ngyaWcD+eG55WY3uv0hV8Ycf3K1IhxBGVHevLPedUGGnGkmyJjyA/wJ5gxq86+m5M\ncDI4s5wywsxnS42a8RY4jp6ECCYiz0+5EhhwbhVlAoIBAArhD3dHlUk+B7+2pq3r\nDlut/6gw0X83B0ezhq4cenDuJWZobyIo/6kDdQ3mHHjIc6gLS69x+Bq4OFRB48pH\ne4Bs53gFQEWUPX9OzJDE2Bh6UcFZgYL6NATPeuBllOYaQypcy1XccQSeWLgoCPbo\n6H6vEquCCrhPSRGogtT4BpYINOdD4EQTgscKKFSyMX9mxqDAT7pn9vrRvl22XpmU\nXZx9Ax8t4kQtII40gdqKr6nEnH71uSYh3hr/OmB8ADEAfCtS1i8VX4nLB7UzWmSD\n4aK0QmlR/1t2ta+Vd0OUOs+3bziRCCOnFvjQd07BxWCcpKvVOH3yYdPHrZ3DRvvE\nZMMCggEBAOXscRMTjAnprFhh/jw2Gnirb5921dFcJwTgIL2DmNp8Vw69hIlML+hz\nGUFf270Hzg5L2yn1U8HqrEeLDwqJoEBuTChVfDk1mHH2bmR2EvfbqiT2T/B+gCjH\n0QMcFNwgmzfMSch/8JFUH5gKdP3Ccb6Fy3KqRusLiV5hfN0GCKTsG0s74R6vhNM2\nFIS9PefViYBfjHLhZ2BQdMTlXoT9rOxwogZ5+nPWIdxzpN5lSZA3Ql65hP1xCIox\ncnA6mArg3EGe8TERSyzKsQZdrBRNYq0oyy42PM4zDVIFa3Ar25GGAbTh8DY6iZ0p\nZ851mTwy9eMHoVCm1+95YvQfXM3lEig=\n-----END PRIVATE KEY-----\n",
            "public_key_fingerprint_md5": "da:89:84:f8:52:1f:70:eb:b7:8c:ab:52:38:56:e5:c9",
            "public_key_fingerprint_sha256": "SHA256:OkOCtG97/Efyi6LaaDT3+UGf+lys8or2kfQow6rgWxg",
            "public_key_openssh": "ssh-rsa AAAAB3NzaC1yc2EAAAADAQABAAACAQDtc4GxwHH2JANMO5ZhwTqrWkYa79mW5b7v05p0KfI8+3qkcnrOxQQfmrST7vyuqODhAXkpOL07j32ni3R3iOEp5xAtpwTBjU6p4KXO1wxzQp3IlVQrPiAFfeqXydpdnGHINcAK3LUt1bPxWusRywWEEw9EpzPLAbF+0OIFeOUSjlq7x1arqs5aPNexyQ6QL/gTCyU+NgAPglYiaKYwXc6IetAUgQ2Uipudoqd6+F0azLBKrWJrNKBW2mjiYYu+apm5vGY04Q8MHkX3eHGd0P/dmL1YpYPHFm2TCqTALLGz+se8VeDhDaZerx8xsqKG9QQ4EmtCmWu/3xsDeR2gLTDPnM42CFsS+jylLX690TPnOS9M/1+0Z9PiTX1Xtr2X1+MQw63jGqd65+0uUbwYfhDdMmwZslO9QpmBCXAbOd/Q4dTbSatUE/vbGmY6eEFOUU56M92ZNIoUd8JQGVmrIzIFkBNzublQrUWl764rdQ3U2SUluTcDoo0PI60vKTxuDtTtUkt0rwP85/X/e99l/vKbmciTyk+m6itclVEWV1bFI+G0zLvJhVpAhmPtVD7wVJviPVuJ09LAvJZ05HU8pnBnFEoVwL9vQEycShvfG7Gwqn3/JaP4YXU0/hojtvIRshyJUH4tXr0ymaDvJvNBoxTNjbrc5Pg3FA8XdJDQGrvG/w==\n",
            "public_key_pem": "-----BEGIN PUBLIC KEY-----\nMIICIjANBgkqhkiG9w0BAQEFAAOCAg8AMIICCgKCAgEA7XOBscBx9iQDTDuWYcE6\nq1pGGu/ZluW+79OadCnyPPt6pHJ6zsUEH5q0k+78rqjg4QF5KTi9O499p4t0d4jh\nKecQLacEwY1OqeClztcMc0KdyJVUKz4gBX3ql8naXZxhyDXACty1LdWz8VrrEcsF\nhBMPRKczywGxftDiBXjlEo5au8dWq6rOWjzXsckOkC/4EwslPjYAD4JWImimMF3O\niHrQFIENlIqbnaKnevhdGsywSq1iazSgVtpo4mGLvmqZubxmNOEPDB5F93hxndD/\n3Zi9WKWDxxZtkwqkwCyxs/rHvFXg4Q2mXq8fMbKihvUEOBJrQplrv98bA3kdoC0w\nz5zONghbEvo8pS1+vdEz5zkvTP9ftGfT4k19V7a9l9fjEMOt4xqneuftLlG8GH4Q\n3TJsGbJTvUKZgQlwGznf0OHU20mrVBP72xpmOnhBTlFOejPdmTSKFHfCUBlZqyMy\nBZATc7m5UK1Fpe+uK3UN1NklJbk3A6KNDyOtLyk8bg7U7VJLdK8D/Of1/3vfZf7y\nm5nIk8pPpuorXJVRFldWxSPhtMy7yYVaQIZj7VQ+8FSb4j1bidPSwLyWdOR1PKZw\nZxRKFcC/b0BMnEob3xuxsKp9/yWj+GF1NP4aI7byEbIciVB+LV69Mpmg7ybzQaMU\nzY263OT4NxQPF3SQ0Bq7xv8CAwEAAQ==\n-----END PUBLIC KEY-----\n",
            "rsa_bits": 4096
          },
          "sensitive_attributes": []
        }
      ]
    }
  ],
  "check_results": null
}
