{
  "version": 4,
  "terraform_version": "1.5.2",
  "serial": 505,
  "lineage": "24e282dc-71c9-c5fb-3682-4fc3162465a2",
  "outputs": {
    "ec2_global_ips": {
      "value": [
        [
          "54.165.170.218",
          "44.214.44.147",
          "44.201.186.26"
        ],
        [
          {
            "Name": "demo-vm-0"
          },
          {
            "Name": "demo-vm-1"
          },
          {
            "Name": "demo-vm-2"
          }
        ]
      ],
      "type": [
        "tuple",
        [
          [
            "tuple",
            [
              "string",
              "string",
              "string"
            ]
          ],
          [
            "tuple",
            [
              [
                "map",
                "string"
              ],
              [
                "map",
                "string"
              ],
              [
                "map",
                "string"
              ]
            ]
          ]
        ]
      ]
    }
  },
  "resources": [
    {
      "mode": "data",
      "type": "aws_availability_zones",
      "name": "available_zones",
      "provider": "provider[\"registry.terraform.io/hashicorp/aws\"]",
      "instances": [
        {
          "schema_version": 0,
          "attributes": {
            "all_availability_zones": null,
            "exclude_names": null,
            "exclude_zone_ids": null,
            "filter": null,
            "group_names": [
              "us-east-1"
            ],
            "id": "us-east-1",
            "names": [
              "us-east-1a",
              "us-east-1b",
              "us-east-1c",
              "us-east-1d",
              "us-east-1e",
              "us-east-1f"
            ],
            "state": "available",
            "timeouts": null,
            "zone_ids": [
              "use1-az6",
              "use1-az1",
              "use1-az2",
              "use1-az4",
              "use1-az3",
              "use1-az5"
            ]
          },
          "sensitive_attributes": []
        }
      ]
    },
    {
      "mode": "managed",
      "type": "aws_instance",
      "name": "web",
      "provider": "provider[\"registry.terraform.io/hashicorp/aws\"]",
      "instances": [
        {
          "index_key": 0,
          "schema_version": 1,
          "attributes": {
            "ami": "ami-007855ac798b5175e",
            "arn": "arn:aws:ec2:us-east-1:932919696617:instance/i-0ccda9d4d14bf2ff5",
            "associate_public_ip_address": true,
            "availability_zone": "us-east-1a",
            "capacity_reservation_specification": [
              {
                "capacity_reservation_preference": "open",
                "capacity_reservation_target": []
              }
            ],
            "cpu_core_count": 1,
            "cpu_options": [
              {
                "amd_sev_snp": "",
                "core_count": 1,
                "threads_per_core": 1
              }
            ],
            "cpu_threads_per_core": 1,
            "credit_specification": [
              {
                "cpu_credits": "standard"
              }
            ],
            "disable_api_stop": false,
            "disable_api_termination": false,
            "ebs_block_device": [],
            "ebs_optimized": false,
            "enclave_options": [
              {
                "enabled": false
              }
            ],
            "ephemeral_block_device": [],
            "get_password_data": false,
            "hibernation": false,
            "host_id": "",
            "host_resource_group_arn": null,
            "iam_instance_profile": "",
            "id": "i-0ccda9d4d14bf2ff5",
            "instance_initiated_shutdown_behavior": "stop",
            "instance_lifecycle": "",
            "instance_market_options": [],
            "instance_state": "running",
            "instance_type": "t2.micro",
            "ipv6_address_count": 0,
            "ipv6_addresses": [],
            "key_name": "ec2-key",
            "launch_template": [],
            "maintenance_options": [
              {
                "auto_recovery": "default"
              }
            ],
            "metadata_options": [
              {
                "http_endpoint": "enabled",
                "http_put_response_hop_limit": 1,
                "http_tokens": "optional",
                "instance_metadata_tags": "disabled"
              }
            ],
            "monitoring": false,
            "network_interface": [],
            "outpost_arn": "",
            "password_data": "",
            "placement_group": "",
            "placement_partition_number": 0,
            "primary_network_interface_id": "eni-0ccb0762e9c6fbf1d",
            "private_dns": "ip-10-0-1-45.ec2.internal",
            "private_dns_name_options": [
              {
                "enable_resource_name_dns_a_record": false,
                "enable_resource_name_dns_aaaa_record": false,
                "hostname_type": "ip-name"
              }
            ],
            "private_ip": "10.0.1.45",
            "public_dns": "ec2-54-165-170-218.compute-1.amazonaws.com",
            "public_ip": "54.165.170.218",
            "root_block_device": [
              {
                "delete_on_termination": true,
                "device_name": "/dev/sda1",
                "encrypted": false,
                "iops": 100,
                "kms_key_id": "",
                "tags": {},
                "throughput": 0,
                "volume_id": "vol-0adce709270648cd2",
                "volume_size": 8,
                "volume_type": "gp2"
              }
            ],
            "secondary_private_ips": [],
            "security_groups": [],
            "source_dest_check": true,
            "spot_instance_request_id": "",
            "subnet_id": "subnet-0b76111d9a5c007d1",
            "tags": {
              "Name": "demo-vm-0"
            },
            "tags_all": {
              "Name": "demo-vm-0"
            },
            "tenancy": "default",
            "timeouts": null,
            "user_data": null,
            "user_data_base64": null,
            "user_data_replace_on_change": false,
            "volume_tags": null,
            "vpc_security_group_ids": [
              "sg-0775934f2be731ca1"
            ]
          },
          "sensitive_attributes": [],
          "private": "eyJlMmJmYjczMC1lY2FhLTExZTYtOGY4OC0zNDM2M2JjN2M0YzAiOnsiY3JlYXRlIjo2MDAwMDAwMDAwMDAsImRlbGV0ZSI6MTIwMDAwMDAwMDAwMCwidXBkYXRlIjo2MDAwMDAwMDAwMDB9LCJzY2hlbWFfdmVyc2lvbiI6IjEifQ==",
          "dependencies": [
            "aws_key_pair.generated_key",
            "aws_security_group.allow_ports",
            "aws_subnet.public_subnets",
            "aws_vpc.default",
            "tls_private_key.generated_private_key"
          ]
        },
        {
          "index_key": 1,
          "schema_version": 1,
          "attributes": {
            "ami": "ami-007855ac798b5175e",
            "arn": "arn:aws:ec2:us-east-1:932919696617:instance/i-03efb204763f5d187",
            "associate_public_ip_address": true,
            "availability_zone": "us-east-1b",
            "capacity_reservation_specification": [
              {
                "capacity_reservation_preference": "open",
                "capacity_reservation_target": []
              }
            ],
            "cpu_core_count": 1,
            "cpu_options": [
              {
                "amd_sev_snp": "",
                "core_count": 1,
                "threads_per_core": 1
              }
            ],
            "cpu_threads_per_core": 1,
            "credit_specification": [
              {
                "cpu_credits": "standard"
              }
            ],
            "disable_api_stop": false,
            "disable_api_termination": false,
            "ebs_block_device": [],
            "ebs_optimized": false,
            "enclave_options": [
              {
                "enabled": false
              }
            ],
            "ephemeral_block_device": [],
            "get_password_data": false,
            "hibernation": false,
            "host_id": "",
            "host_resource_group_arn": null,
            "iam_instance_profile": "",
            "id": "i-03efb204763f5d187",
            "instance_initiated_shutdown_behavior": "stop",
            "instance_lifecycle": "",
            "instance_market_options": [],
            "instance_state": "running",
            "instance_type": "t2.micro",
            "ipv6_address_count": 0,
            "ipv6_addresses": [],
            "key_name": "ec2-key",
            "launch_template": [],
            "maintenance_options": [
              {
                "auto_recovery": "default"
              }
            ],
            "metadata_options": [
              {
                "http_endpoint": "enabled",
                "http_put_response_hop_limit": 1,
                "http_tokens": "optional",
                "instance_metadata_tags": "disabled"
              }
            ],
            "monitoring": false,
            "network_interface": [],
            "outpost_arn": "",
            "password_data": "",
            "placement_group": "",
            "placement_partition_number": 0,
            "primary_network_interface_id": "eni-01e47288e68a39eae",
            "private_dns": "ip-10-0-2-143.ec2.internal",
            "private_dns_name_options": [
              {
                "enable_resource_name_dns_a_record": false,
                "enable_resource_name_dns_aaaa_record": false,
                "hostname_type": "ip-name"
              }
            ],
            "private_ip": "10.0.2.143",
            "public_dns": "ec2-44-214-44-147.compute-1.amazonaws.com",
            "public_ip": "44.214.44.147",
            "root_block_device": [
              {
                "delete_on_termination": true,
                "device_name": "/dev/sda1",
                "encrypted": false,
                "iops": 100,
                "kms_key_id": "",
                "tags": {},
                "throughput": 0,
                "volume_id": "vol-008716b6ae2b90a56",
                "volume_size": 8,
                "volume_type": "gp2"
              }
            ],
            "secondary_private_ips": [],
            "security_groups": [],
            "source_dest_check": true,
            "spot_instance_request_id": "",
            "subnet_id": "subnet-0aa771654c302bb7f",
            "tags": {
              "Name": "demo-vm-1"
            },
            "tags_all": {
              "Name": "demo-vm-1"
            },
            "tenancy": "default",
            "timeouts": null,
            "user_data": null,
            "user_data_base64": null,
            "user_data_replace_on_change": false,
            "volume_tags": null,
            "vpc_security_group_ids": [
              "sg-0775934f2be731ca1"
            ]
          },
          "sensitive_attributes": [],
          "private": "eyJlMmJmYjczMC1lY2FhLTExZTYtOGY4OC0zNDM2M2JjN2M0YzAiOnsiY3JlYXRlIjo2MDAwMDAwMDAwMDAsImRlbGV0ZSI6MTIwMDAwMDAwMDAwMCwidXBkYXRlIjo2MDAwMDAwMDAwMDB9LCJzY2hlbWFfdmVyc2lvbiI6IjEifQ==",
          "dependencies": [
            "aws_key_pair.generated_key",
            "aws_security_group.allow_ports",
            "aws_subnet.public_subnets",
            "aws_vpc.default",
            "tls_private_key.generated_private_key"
          ]
        },
        {
          "index_key": 2,
          "schema_version": 1,
          "attributes": {
            "ami": "ami-007855ac798b5175e",
            "arn": "arn:aws:ec2:us-east-1:932919696617:instance/i-0a8fd58de67694f5f",
            "associate_public_ip_address": true,
            "availability_zone": "us-east-1c",
            "capacity_reservation_specification": [
              {
                "capacity_reservation_preference": "open",
                "capacity_reservation_target": []
              }
            ],
            "cpu_core_count": 1,
            "cpu_options": [
              {
                "amd_sev_snp": "",
                "core_count": 1,
                "threads_per_core": 1
              }
            ],
            "cpu_threads_per_core": 1,
            "credit_specification": [
              {
                "cpu_credits": "standard"
              }
            ],
            "disable_api_stop": false,
            "disable_api_termination": false,
            "ebs_block_device": [],
            "ebs_optimized": false,
            "enclave_options": [
              {
                "enabled": false
              }
            ],
            "ephemeral_block_device": [],
            "get_password_data": false,
            "hibernation": false,
            "host_id": "",
            "host_resource_group_arn": null,
            "iam_instance_profile": "",
            "id": "i-0a8fd58de67694f5f",
            "instance_initiated_shutdown_behavior": "stop",
            "instance_lifecycle": "",
            "instance_market_options": [],
            "instance_state": "running",
            "instance_type": "t2.micro",
            "ipv6_address_count": 0,
            "ipv6_addresses": [],
            "key_name": "ec2-key",
            "launch_template": [],
            "maintenance_options": [
              {
                "auto_recovery": "default"
              }
            ],
            "metadata_options": [
              {
                "http_endpoint": "enabled",
                "http_put_response_hop_limit": 1,
                "http_tokens": "optional",
                "instance_metadata_tags": "disabled"
              }
            ],
            "monitoring": false,
            "network_interface": [],
            "outpost_arn": "",
            "password_data": "",
            "placement_group": "",
            "placement_partition_number": 0,
            "primary_network_interface_id": "eni-047f049382a094510",
            "private_dns": "ip-10-0-3-247.ec2.internal",
            "private_dns_name_options": [
              {
                "enable_resource_name_dns_a_record": false,
                "enable_resource_name_dns_aaaa_record": false,
                "hostname_type": "ip-name"
              }
            ],
            "private_ip": "10.0.3.247",
            "public_dns": "ec2-44-201-186-26.compute-1.amazonaws.com",
            "public_ip": "44.201.186.26",
            "root_block_device": [
              {
                "delete_on_termination": true,
                "device_name": "/dev/sda1",
                "encrypted": false,
                "iops": 100,
                "kms_key_id": "",
                "tags": {},
                "throughput": 0,
                "volume_id": "vol-0c16260c6dd7b9ea7",
                "volume_size": 8,
                "volume_type": "gp2"
              }
            ],
            "secondary_private_ips": [],
            "security_groups": [],
            "source_dest_check": true,
            "spot_instance_request_id": "",
            "subnet_id": "subnet-0e1e4076e2dcc8323",
            "tags": {
              "Name": "demo-vm-2"
            },
            "tags_all": {
              "Name": "demo-vm-2"
            },
            "tenancy": "default",
            "timeouts": null,
            "user_data": null,
            "user_data_base64": null,
            "user_data_replace_on_change": false,
            "volume_tags": null,
            "vpc_security_group_ids": [
              "sg-0775934f2be731ca1"
            ]
          },
          "sensitive_attributes": [],
          "private": "eyJlMmJmYjczMC1lY2FhLTExZTYtOGY4OC0zNDM2M2JjN2M0YzAiOnsiY3JlYXRlIjo2MDAwMDAwMDAwMDAsImRlbGV0ZSI6MTIwMDAwMDAwMDAwMCwidXBkYXRlIjo2MDAwMDAwMDAwMDB9LCJzY2hlbWFfdmVyc2lvbiI6IjEifQ==",
          "dependencies": [
            "aws_key_pair.generated_key",
            "aws_security_group.allow_ports",
            "aws_subnet.public_subnets",
            "aws_vpc.default",
            "tls_private_key.generated_private_key"
          ]
        }
      ]
    },
    {
      "mode": "managed",
      "type": "aws_internet_gateway",
      "name": "gateway",
      "provider": "provider[\"registry.terraform.io/hashicorp/aws\"]",
      "instances": [
        {
          "schema_version": 0,
          "attributes": {
            "arn": "arn:aws:ec2:us-east-1:932919696617:internet-gateway/igw-07c042e483056a242",
            "id": "igw-07c042e483056a242",
            "owner_id": "932919696617",
            "tags": {
              "Name": "Test VPC IG"
            },
            "tags_all": {
              "Name": "Test VPC IG"
            },
            "timeouts": null,
            "vpc_id": "vpc-0d7a12d5d0e9e035a"
          },
          "sensitive_attributes": [],
          "private": "eyJlMmJmYjczMC1lY2FhLTExZTYtOGY4OC0zNDM2M2JjN2M0YzAiOnsiY3JlYXRlIjoxMjAwMDAwMDAwMDAwLCJkZWxldGUiOjEyMDAwMDAwMDAwMDAsInVwZGF0ZSI6MTIwMDAwMDAwMDAwMH19",
          "dependencies": [
            "aws_vpc.default"
          ]
        }
      ]
    },
    {
      "mode": "managed",
      "type": "aws_key_pair",
      "name": "generated_key",
      "provider": "provider[\"registry.terraform.io/hashicorp/aws\"]",
      "instances": [
        {
          "schema_version": 1,
          "attributes": {
            "arn": "arn:aws:ec2:us-east-1:932919696617:key-pair/ec2-key",
            "fingerprint": "a4:3f:e8:72:cb:c7:52:b6:84:bd:ad:97:8d:cc:e9:19",
            "id": "ec2-key",
            "key_name": "ec2-key",
            "key_name_prefix": "",
            "key_pair_id": "key-0b9e9fba0b294d528",
            "key_type": "rsa",
            "public_key": "ssh-rsa AAAAB3NzaC1yc2EAAAADAQABAAACAQDNWSctnWJHN4XJFC6UXfqI4uol4AKNLFH2pbYhPP8+V/Ou4bG2eFT5WC/XS+9wUWdcTS3Zt2md2fM9lba1SdH/YyKyeGvZgbjy+KpYOlG8pPa7rVl8M4C4DPN/y46Qv7NeYURffSX6MoynRSQ68FXRre9hpLJjtYJOBTw4B5iQ3fu/0RmSx+ZDTMG7/9z0dh2OS7IbxY4FHjFkixghjPdE8P2gDky/P7IJ73ao2PbwNoVxmz3GvgDSeqECOIg/6MFl4Szet/U/cKJ9DIJLuQktkbmzOfRYzTPASmHDbgT8ikJ5FTgV/hlEafQn188tg/xvkj9rC2LgFhOJlHm/uljaiiJYT7qupUAjmJMo70isQVH1FCFK7/7OZa/nQGOU/Z1kUqHUX++DUpecXQ+c8E2eAwV7vU0ttJcJ9oOV1X7hUQ2MGok93gUcAGghB5KKtpxi7CekyKjcFxXifVSYhsrnA6H4uDlKBBskHh/LQ4J+3wnEG9T1ADaeaErUrriJFArk6MK1NSQ1jVWtMlIZlUTEyo6HZladjnIgli3E+gO1IFHQxrHRqAs8K18Vwl89MdsRCj4WhGXmc3d5PPu3cmDkXLrz5F9r9sBPP1vX/S9AIY1zg+zcECiA9KWAX2gBkYxxBFEfDnGhb5easTJ4DRsRN57HXyjMx/hhi7TjUZlT4w==",
            "tags": null,
            "tags_all": {}
          },
          "sensitive_attributes": [],
          "private": "eyJzY2hlbWFfdmVyc2lvbiI6IjEifQ==",
          "dependencies": [
            "tls_private_key.generated_private_key"
          ]
        }
      ]
    },
    {
      "mode": "managed",
      "type": "aws_route_table",
      "name": "second_rt",
      "provider": "provider[\"registry.terraform.io/hashicorp/aws\"]",
      "instances": [
        {
          "index_key": 0,
          "schema_version": 0,
          "attributes": {
            "arn": "arn:aws:ec2:us-east-1:932919696617:route-table/rtb-0cfd6cb1a7ecfefea",
            "id": "rtb-0cfd6cb1a7ecfefea",
            "owner_id": "932919696617",
            "propagating_vgws": [],
            "route": [
              {
                "carrier_gateway_id": "",
                "cidr_block": "0.0.0.0/0",
                "core_network_arn": "",
                "destination_prefix_list_id": "",
                "egress_only_gateway_id": "",
                "gateway_id": "igw-07c042e483056a242",
                "ipv6_cidr_block": "",
                "local_gateway_id": "",
                "nat_gateway_id": "",
                "network_interface_id": "",
                "transit_gateway_id": "",
                "vpc_endpoint_id": "",
                "vpc_peering_connection_id": ""
              }
            ],
            "tags": {
              "Name": "2nd Route Table"
            },
            "tags_all": {
              "Name": "2nd Route Table"
            },
            "timeouts": null,
            "vpc_id": "vpc-0d7a12d5d0e9e035a"
          },
          "sensitive_attributes": [],
          "private": "eyJlMmJmYjczMC1lY2FhLTExZTYtOGY4OC0zNDM2M2JjN2M0YzAiOnsiY3JlYXRlIjozMDAwMDAwMDAwMDAsImRlbGV0ZSI6MzAwMDAwMDAwMDAwLCJ1cGRhdGUiOjEyMDAwMDAwMDAwMH19",
          "dependencies": [
            "aws_internet_gateway.gateway",
            "aws_vpc.default"
          ]
        },
        {
          "index_key": 1,
          "schema_version": 0,
          "attributes": {
            "arn": "arn:aws:ec2:us-east-1:932919696617:route-table/rtb-02700f88d0e87d618",
            "id": "rtb-02700f88d0e87d618",
            "owner_id": "932919696617",
            "propagating_vgws": [],
            "route": [
              {
                "carrier_gateway_id": "",
                "cidr_block": "0.0.0.0/0",
                "core_network_arn": "",
                "destination_prefix_list_id": "",
                "egress_only_gateway_id": "",
                "gateway_id": "igw-07c042e483056a242",
                "ipv6_cidr_block": "",
                "local_gateway_id": "",
                "nat_gateway_id": "",
                "network_interface_id": "",
                "transit_gateway_id": "",
                "vpc_endpoint_id": "",
                "vpc_peering_connection_id": ""
              }
            ],
            "tags": {
              "Name": "2nd Route Table"
            },
            "tags_all": {
              "Name": "2nd Route Table"
            },
            "timeouts": null,
            "vpc_id": "vpc-0d7a12d5d0e9e035a"
          },
          "sensitive_attributes": [],
          "private": "eyJlMmJmYjczMC1lY2FhLTExZTYtOGY4OC0zNDM2M2JjN2M0YzAiOnsiY3JlYXRlIjozMDAwMDAwMDAwMDAsImRlbGV0ZSI6MzAwMDAwMDAwMDAwLCJ1cGRhdGUiOjEyMDAwMDAwMDAwMH19",
          "dependencies": [
            "aws_internet_gateway.gateway",
            "aws_vpc.default"
          ]
        }
      ]
    },
    {
      "mode": "managed",
      "type": "aws_route_table_association",
      "name": "private",
      "provider": "provider[\"registry.terraform.io/hashicorp/aws\"]",
      "instances": [
        {
          "index_key": 0,
          "schema_version": 0,
          "attributes": {
            "gateway_id": "",
            "id": "rtbassoc-013e7e8869f034995",
            "route_table_id": "rtb-0cfd6cb1a7ecfefea",
            "subnet_id": "subnet-016adedb94f951de2",
            "timeouts": null
          },
          "sensitive_attributes": [],
          "private": "eyJlMmJmYjczMC1lY2FhLTExZTYtOGY4OC0zNDM2M2JjN2M0YzAiOnsiY3JlYXRlIjozMDAwMDAwMDAwMDAsImRlbGV0ZSI6MzAwMDAwMDAwMDAwLCJ1cGRhdGUiOjEyMDAwMDAwMDAwMH19",
          "dependencies": [
            "aws_internet_gateway.gateway",
            "aws_route_table.second_rt",
            "aws_subnet.private_subnets",
            "aws_vpc.default"
          ]
        },
        {
          "index_key": 1,
          "schema_version": 0,
          "attributes": {
            "gateway_id": "",
            "id": "rtbassoc-0d613eaa6421bdb16",
            "route_table_id": "rtb-02700f88d0e87d618",
            "subnet_id": "subnet-0b1804c441dff1ec7",
            "timeouts": null
          },
          "sensitive_attributes": [],
          "private": "eyJlMmJmYjczMC1lY2FhLTExZTYtOGY4OC0zNDM2M2JjN2M0YzAiOnsiY3JlYXRlIjozMDAwMDAwMDAwMDAsImRlbGV0ZSI6MzAwMDAwMDAwMDAwLCJ1cGRhdGUiOjEyMDAwMDAwMDAwMH19",
          "dependencies": [
            "aws_internet_gateway.gateway",
            "aws_route_table.second_rt",
            "aws_subnet.private_subnets",
            "aws_vpc.default"
          ]
        },
        {
          "index_key": 2,
          "schema_version": 0,
          "attributes": {
            "gateway_id": "",
            "id": "rtbassoc-0c6a5810191b64778",
            "route_table_id": "rtb-0cfd6cb1a7ecfefea",
            "subnet_id": "subnet-0dd923c4173505fab",
            "timeouts": null
          },
          "sensitive_attributes": [],
          "private": "eyJlMmJmYjczMC1lY2FhLTExZTYtOGY4OC0zNDM2M2JjN2M0YzAiOnsiY3JlYXRlIjozMDAwMDAwMDAwMDAsImRlbGV0ZSI6MzAwMDAwMDAwMDAwLCJ1cGRhdGUiOjEyMDAwMDAwMDAwMH19",
          "dependencies": [
            "aws_internet_gateway.gateway",
            "aws_route_table.second_rt",
            "aws_subnet.private_subnets",
            "aws_vpc.default"
          ]
        }
      ]
    },
    {
      "mode": "managed",
      "type": "aws_route_table_association",
      "name": "public",
      "provider": "provider[\"registry.terraform.io/hashicorp/aws\"]",
      "instances": [
        {
          "index_key": 0,
          "schema_version": 0,
          "attributes": {
            "gateway_id": "",
            "id": "rtbassoc-0ca01790b69d6b8f4",
            "route_table_id": "rtb-0cfd6cb1a7ecfefea",
            "subnet_id": "subnet-0b76111d9a5c007d1",
            "timeouts": null
          },
          "sensitive_attributes": [],
          "private": "eyJlMmJmYjczMC1lY2FhLTExZTYtOGY4OC0zNDM2M2JjN2M0YzAiOnsiY3JlYXRlIjozMDAwMDAwMDAwMDAsImRlbGV0ZSI6MzAwMDAwMDAwMDAwLCJ1cGRhdGUiOjEyMDAwMDAwMDAwMH19",
          "dependencies": [
            "aws_internet_gateway.gateway",
            "aws_route_table.second_rt",
            "aws_subnet.public_subnets",
            "aws_vpc.default"
          ]
        },
        {
          "index_key": 1,
          "schema_version": 0,
          "attributes": {
            "gateway_id": "",
            "id": "rtbassoc-07bf38e959888a8e9",
            "route_table_id": "rtb-02700f88d0e87d618",
            "subnet_id": "subnet-0aa771654c302bb7f",
            "timeouts": null
          },
          "sensitive_attributes": [],
          "private": "eyJlMmJmYjczMC1lY2FhLTExZTYtOGY4OC0zNDM2M2JjN2M0YzAiOnsiY3JlYXRlIjozMDAwMDAwMDAwMDAsImRlbGV0ZSI6MzAwMDAwMDAwMDAwLCJ1cGRhdGUiOjEyMDAwMDAwMDAwMH19",
          "dependencies": [
            "aws_internet_gateway.gateway",
            "aws_route_table.second_rt",
            "aws_subnet.public_subnets",
            "aws_vpc.default"
          ]
        },
        {
          "index_key": 2,
          "schema_version": 0,
          "attributes": {
            "gateway_id": "",
            "id": "rtbassoc-0e3bcb4cf543f937d",
            "route_table_id": "rtb-0cfd6cb1a7ecfefea",
            "subnet_id": "subnet-0e1e4076e2dcc8323",
            "timeouts": null
          },
          "sensitive_attributes": [],
          "private": "eyJlMmJmYjczMC1lY2FhLTExZTYtOGY4OC0zNDM2M2JjN2M0YzAiOnsiY3JlYXRlIjozMDAwMDAwMDAwMDAsImRlbGV0ZSI6MzAwMDAwMDAwMDAwLCJ1cGRhdGUiOjEyMDAwMDAwMDAwMH19",
          "dependencies": [
            "aws_internet_gateway.gateway",
            "aws_route_table.second_rt",
            "aws_subnet.public_subnets",
            "aws_vpc.default"
          ]
        }
      ]
    },
    {
      "mode": "managed",
      "type": "aws_security_group",
      "name": "allow_ports",
      "provider": "provider[\"registry.terraform.io/hashicorp/aws\"]",
      "instances": [
        {
          "schema_version": 1,
          "attributes": {
            "arn": "arn:aws:ec2:us-east-1:932919696617:security-group/sg-0775934f2be731ca1",
            "description": "Allow TLS inbound traffic",
            "egress": [
              {
                "cidr_blocks": [
                  "0.0.0.0/0"
                ],
                "description": "",
                "from_port": 0,
                "ipv6_cidr_blocks": [],
                "prefix_list_ids": [],
                "protocol": "-1",
                "security_groups": [],
                "self": false,
                "to_port": 0
              }
            ],
            "id": "sg-0775934f2be731ca1",
            "ingress": [
              {
                "cidr_blocks": [
                  "0.0.0.0/0"
                ],
                "description": "TLS from VPC",
                "from_port": 22,
                "ipv6_cidr_blocks": [],
                "prefix_list_ids": [],
                "protocol": "tcp",
                "security_groups": [],
                "self": false,
                "to_port": 22
              },
              {
                "cidr_blocks": [
                  "0.0.0.0/0"
                ],
                "description": "TLS from VPC",
                "from_port": 443,
                "ipv6_cidr_blocks": [],
                "prefix_list_ids": [],
                "protocol": "tcp",
                "security_groups": [],
                "self": false,
                "to_port": 443
              },
              {
                "cidr_blocks": [
                  "0.0.0.0/0"
                ],
                "description": "TLS from VPC",
                "from_port": 8080,
                "ipv6_cidr_blocks": [],
                "prefix_list_ids": [],
                "protocol": "tcp",
                "security_groups": [],
                "self": false,
                "to_port": 8080
              },
              {
                "cidr_blocks": [
                  "0.0.0.0/0"
                ],
                "description": "TLS from VPC",
                "from_port": 80,
                "ipv6_cidr_blocks": [],
                "prefix_list_ids": [],
                "protocol": "tcp",
                "security_groups": [],
                "self": false,
                "to_port": 80
              },
              {
                "cidr_blocks": [
                  "0.0.0.0/0"
                ],
                "description": "TLS from VPC",
                "from_port": 81,
                "ipv6_cidr_blocks": [],
                "prefix_list_ids": [],
                "protocol": "tcp",
                "security_groups": [],
                "self": false,
                "to_port": 81
              }
            ],
            "name": "allow_tls",
            "name_prefix": "",
            "owner_id": "932919696617",
            "revoke_rules_on_delete": false,
            "tags": {
              "Name": "ec2-SG"
            },
            "tags_all": {
              "Name": "ec2-SG"
            },
            "timeouts": null,
            "vpc_id": "vpc-0d7a12d5d0e9e035a"
          },
          "sensitive_attributes": [],
          "private": "eyJlMmJmYjczMC1lY2FhLTExZTYtOGY4OC0zNDM2M2JjN2M0YzAiOnsiY3JlYXRlIjo2MDAwMDAwMDAwMDAsImRlbGV0ZSI6OTAwMDAwMDAwMDAwfSwic2NoZW1hX3ZlcnNpb24iOiIxIn0=",
          "dependencies": [
            "aws_vpc.default"
          ]
        }
      ]
    },
    {
      "mode": "managed",
      "type": "aws_subnet",
      "name": "private_subnets",
      "provider": "provider[\"registry.terraform.io/hashicorp/aws\"]",
      "instances": [
        {
          "index_key": 0,
          "schema_version": 1,
          "attributes": {
            "arn": "arn:aws:ec2:us-east-1:932919696617:subnet/subnet-016adedb94f951de2",
            "assign_ipv6_address_on_creation": false,
            "availability_zone": "us-east-1a",
            "availability_zone_id": "use1-az6",
            "cidr_block": "10.0.4.0/24",
            "customer_owned_ipv4_pool": "",
            "enable_dns64": false,
            "enable_lni_at_device_index": 0,
            "enable_resource_name_dns_a_record_on_launch": false,
            "enable_resource_name_dns_aaaa_record_on_launch": false,
            "id": "subnet-016adedb94f951de2",
            "ipv6_cidr_block": "",
            "ipv6_cidr_block_association_id": "",
            "ipv6_native": false,
            "map_customer_owned_ip_on_launch": false,
            "map_public_ip_on_launch": false,
            "outpost_arn": "",
            "owner_id": "932919696617",
            "private_dns_hostname_type_on_launch": "ip-name",
            "tags": {
              "Name": "Private Subnet 1"
            },
            "tags_all": {
              "Name": "Private Subnet 1"
            },
            "timeouts": null,
            "vpc_id": "vpc-0d7a12d5d0e9e035a"
          },
          "sensitive_attributes": [],
          "private": "eyJlMmJmYjczMC1lY2FhLTExZTYtOGY4OC0zNDM2M2JjN2M0YzAiOnsiY3JlYXRlIjo2MDAwMDAwMDAwMDAsImRlbGV0ZSI6MTIwMDAwMDAwMDAwMH0sInNjaGVtYV92ZXJzaW9uIjoiMSJ9",
          "dependencies": [
            "aws_vpc.default"
          ]
        },
        {
          "index_key": 1,
          "schema_version": 1,
          "attributes": {
            "arn": "arn:aws:ec2:us-east-1:932919696617:subnet/subnet-0b1804c441dff1ec7",
            "assign_ipv6_address_on_creation": false,
            "availability_zone": "us-east-1b",
            "availability_zone_id": "use1-az1",
            "cidr_block": "10.0.5.0/24",
            "customer_owned_ipv4_pool": "",
            "enable_dns64": false,
            "enable_lni_at_device_index": 0,
            "enable_resource_name_dns_a_record_on_launch": false,
            "enable_resource_name_dns_aaaa_record_on_launch": false,
            "id": "subnet-0b1804c441dff1ec7",
            "ipv6_cidr_block": "",
            "ipv6_cidr_block_association_id": "",
            "ipv6_native": false,
            "map_customer_owned_ip_on_launch": false,
            "map_public_ip_on_launch": false,
            "outpost_arn": "",
            "owner_id": "932919696617",
            "private_dns_hostname_type_on_launch": "ip-name",
            "tags": {
              "Name": "Private Subnet 2"
            },
            "tags_all": {
              "Name": "Private Subnet 2"
            },
            "timeouts": null,
            "vpc_id": "vpc-0d7a12d5d0e9e035a"
          },
          "sensitive_attributes": [],
          "private": "eyJlMmJmYjczMC1lY2FhLTExZTYtOGY4OC0zNDM2M2JjN2M0YzAiOnsiY3JlYXRlIjo2MDAwMDAwMDAwMDAsImRlbGV0ZSI6MTIwMDAwMDAwMDAwMH0sInNjaGVtYV92ZXJzaW9uIjoiMSJ9",
          "dependencies": [
            "aws_vpc.default"
          ]
        },
        {
          "index_key": 2,
          "schema_version": 1,
          "attributes": {
            "arn": "arn:aws:ec2:us-east-1:932919696617:subnet/subnet-0dd923c4173505fab",
            "assign_ipv6_address_on_creation": false,
            "availability_zone": "us-east-1c",
            "availability_zone_id": "use1-az2",
            "cidr_block": "10.0.6.0/24",
            "customer_owned_ipv4_pool": "",
            "enable_dns64": false,
            "enable_lni_at_device_index": 0,
            "enable_resource_name_dns_a_record_on_launch": false,
            "enable_resource_name_dns_aaaa_record_on_launch": false,
            "id": "subnet-0dd923c4173505fab",
            "ipv6_cidr_block": "",
            "ipv6_cidr_block_association_id": "",
            "ipv6_native": false,
            "map_customer_owned_ip_on_launch": false,
            "map_public_ip_on_launch": false,
            "outpost_arn": "",
            "owner_id": "932919696617",
            "private_dns_hostname_type_on_launch": "ip-name",
            "tags": {
              "Name": "Private Subnet 3"
            },
            "tags_all": {
              "Name": "Private Subnet 3"
            },
            "timeouts": null,
            "vpc_id": "vpc-0d7a12d5d0e9e035a"
          },
          "sensitive_attributes": [],
          "private": "eyJlMmJmYjczMC1lY2FhLTExZTYtOGY4OC0zNDM2M2JjN2M0YzAiOnsiY3JlYXRlIjo2MDAwMDAwMDAwMDAsImRlbGV0ZSI6MTIwMDAwMDAwMDAwMH0sInNjaGVtYV92ZXJzaW9uIjoiMSJ9",
          "dependencies": [
            "aws_vpc.default"
          ]
        }
      ]
    },
    {
      "mode": "managed",
      "type": "aws_subnet",
      "name": "public_subnets",
      "provider": "provider[\"registry.terraform.io/hashicorp/aws\"]",
      "instances": [
        {
          "index_key": 0,
          "schema_version": 1,
          "attributes": {
            "arn": "arn:aws:ec2:us-east-1:932919696617:subnet/subnet-0b76111d9a5c007d1",
            "assign_ipv6_address_on_creation": false,
            "availability_zone": "us-east-1a",
            "availability_zone_id": "use1-az6",
            "cidr_block": "10.0.1.0/24",
            "customer_owned_ipv4_pool": "",
            "enable_dns64": false,
            "enable_lni_at_device_index": 0,
            "enable_resource_name_dns_a_record_on_launch": false,
            "enable_resource_name_dns_aaaa_record_on_launch": false,
            "id": "subnet-0b76111d9a5c007d1",
            "ipv6_cidr_block": "",
            "ipv6_cidr_block_association_id": "",
            "ipv6_native": false,
            "map_customer_owned_ip_on_launch": false,
            "map_public_ip_on_launch": false,
            "outpost_arn": "",
            "owner_id": "932919696617",
            "private_dns_hostname_type_on_launch": "ip-name",
            "tags": {
              "Name": "Public Subnet 1"
            },
            "tags_all": {
              "Name": "Public Subnet 1"
            },
            "timeouts": null,
            "vpc_id": "vpc-0d7a12d5d0e9e035a"
          },
          "sensitive_attributes": [],
          "private": "eyJlMmJmYjczMC1lY2FhLTExZTYtOGY4OC0zNDM2M2JjN2M0YzAiOnsiY3JlYXRlIjo2MDAwMDAwMDAwMDAsImRlbGV0ZSI6MTIwMDAwMDAwMDAwMH0sInNjaGVtYV92ZXJzaW9uIjoiMSJ9",
          "dependencies": [
            "aws_vpc.default"
          ]
        },
        {
          "index_key": 1,
          "schema_version": 1,
          "attributes": {
            "arn": "arn:aws:ec2:us-east-1:932919696617:subnet/subnet-0aa771654c302bb7f",
            "assign_ipv6_address_on_creation": false,
            "availability_zone": "us-east-1b",
            "availability_zone_id": "use1-az1",
            "cidr_block": "10.0.2.0/24",
            "customer_owned_ipv4_pool": "",
            "enable_dns64": false,
            "enable_lni_at_device_index": 0,
            "enable_resource_name_dns_a_record_on_launch": false,
            "enable_resource_name_dns_aaaa_record_on_launch": false,
            "id": "subnet-0aa771654c302bb7f",
            "ipv6_cidr_block": "",
            "ipv6_cidr_block_association_id": "",
            "ipv6_native": false,
            "map_customer_owned_ip_on_launch": false,
            "map_public_ip_on_launch": false,
            "outpost_arn": "",
            "owner_id": "932919696617",
            "private_dns_hostname_type_on_launch": "ip-name",
            "tags": {
              "Name": "Public Subnet 2"
            },
            "tags_all": {
              "Name": "Public Subnet 2"
            },
            "timeouts": null,
            "vpc_id": "vpc-0d7a12d5d0e9e035a"
          },
          "sensitive_attributes": [],
          "private": "eyJlMmJmYjczMC1lY2FhLTExZTYtOGY4OC0zNDM2M2JjN2M0YzAiOnsiY3JlYXRlIjo2MDAwMDAwMDAwMDAsImRlbGV0ZSI6MTIwMDAwMDAwMDAwMH0sInNjaGVtYV92ZXJzaW9uIjoiMSJ9",
          "dependencies": [
            "aws_vpc.default"
          ]
        },
        {
          "index_key": 2,
          "schema_version": 1,
          "attributes": {
            "arn": "arn:aws:ec2:us-east-1:932919696617:subnet/subnet-0e1e4076e2dcc8323",
            "assign_ipv6_address_on_creation": false,
            "availability_zone": "us-east-1c",
            "availability_zone_id": "use1-az2",
            "cidr_block": "10.0.3.0/24",
            "customer_owned_ipv4_pool": "",
            "enable_dns64": false,
            "enable_lni_at_device_index": 0,
            "enable_resource_name_dns_a_record_on_launch": false,
            "enable_resource_name_dns_aaaa_record_on_launch": false,
            "id": "subnet-0e1e4076e2dcc8323",
            "ipv6_cidr_block": "",
            "ipv6_cidr_block_association_id": "",
            "ipv6_native": false,
            "map_customer_owned_ip_on_launch": false,
            "map_public_ip_on_launch": false,
            "outpost_arn": "",
            "owner_id": "932919696617",
            "private_dns_hostname_type_on_launch": "ip-name",
            "tags": {
              "Name": "Public Subnet 3"
            },
            "tags_all": {
              "Name": "Public Subnet 3"
            },
            "timeouts": null,
            "vpc_id": "vpc-0d7a12d5d0e9e035a"
          },
          "sensitive_attributes": [],
          "private": "eyJlMmJmYjczMC1lY2FhLTExZTYtOGY4OC0zNDM2M2JjN2M0YzAiOnsiY3JlYXRlIjo2MDAwMDAwMDAwMDAsImRlbGV0ZSI6MTIwMDAwMDAwMDAwMH0sInNjaGVtYV92ZXJzaW9uIjoiMSJ9",
          "dependencies": [
            "aws_vpc.default"
          ]
        }
      ]
    },
    {
      "mode": "managed",
      "type": "aws_vpc",
      "name": "default",
      "provider": "provider[\"registry.terraform.io/hashicorp/aws\"]",
      "instances": [
        {
          "schema_version": 1,
          "attributes": {
            "arn": "arn:aws:ec2:us-east-1:932919696617:vpc/vpc-0d7a12d5d0e9e035a",
            "assign_generated_ipv6_cidr_block": false,
            "cidr_block": "10.0.0.0/16",
            "default_network_acl_id": "acl-00df327aebac0a46f",
            "default_route_table_id": "rtb-08157c8c82ea6472f",
            "default_security_group_id": "sg-04c5e773a7fe87fe1",
            "dhcp_options_id": "dopt-004ed46725d2a9cfd",
            "enable_dns_hostnames": true,
            "enable_dns_support": true,
            "enable_network_address_usage_metrics": false,
            "id": "vpc-0d7a12d5d0e9e035a",
            "instance_tenancy": "default",
            "ipv4_ipam_pool_id": null,
            "ipv4_netmask_length": null,
            "ipv6_association_id": "",
            "ipv6_cidr_block": "",
            "ipv6_cidr_block_network_border_group": "",
            "ipv6_ipam_pool_id": "",
            "ipv6_netmask_length": 0,
            "main_route_table_id": "rtb-08157c8c82ea6472f",
            "owner_id": "932919696617",
            "tags": {
              "Name": "Test VPC"
            },
            "tags_all": {
              "Name": "Test VPC"
            }
          },
          "sensitive_attributes": [],
          "private": "eyJzY2hlbWFfdmVyc2lvbiI6IjEifQ=="
        }
      ]
    },
    {
      "mode": "managed",
      "type": "tls_private_key",
      "name": "generated_private_key",
      "provider": "provider[\"registry.terraform.io/hashicorp/tls\"]",
      "instances": [
        {
          "schema_version": 1,
          "attributes": {
            "algorithm": "RSA",
            "ecdsa_curve": "P224",
            "id": "258e4035fb60b14ed43f3b7b98fe2c28a6027e6d",
            "private_key_openssh": "-----BEGIN OPENSSH PRIVATE KEY-----\nb3BlbnNzaC1rZXktdjEAAAAABG5vbmUAAAAEbm9uZQAAAAAAAAABAAACFwAAAAdz\nc2gtcnNhAAAAAwEAAQAAAgEAzVknLZ1iRzeFyRQulF36iOLqJeACjSxR9qW2ITz/\nPlfzruGxtnhU+Vgv10vvcFFnXE0t2bdpndnzPZW2tUnR/2Misnhr2YG48viqWDpR\nvKT2u61ZfDOAuAzzf8uOkL+zXmFEX30l+jKMp0UkOvBV0a3vYaSyY7WCTgU8OAeY\nkN37v9EZksfmQ0zBu//c9HYdjkuyG8WOBR4xZIsYIYz3RPD9oA5Mvz+yCe92qNj2\n8DaFcZs9xr4A0nqhAjiIP+jBZeEs3rf1P3CifQyCS7kJLZG5szn0WM0zwEphw24E\n/IpCeRU4Ff4ZRGn0J9fPLYP8b5I/awti4BYTiZR5v7pY2ooiWE+6rqVAI5iTKO9I\nrEFR9RQhSu/+zmWv50BjlP2dZFKh1F/vg1KXnF0PnPBNngMFe71NLbSXCfaDldV+\n4VENjBqJPd4FHABoIQeSiracYuwnpMio3BcV4n1UmIbK5wOh+Lg5SgQbJB4fy0OC\nft8JxBvU9QA2nmhK1K64iRQK5OjCtTUkNY1VrTJSGZVExMqOh2ZWnY5yIJYtxPoD\ntSBR0Max0agLPCtfFcJfPTHbEQo+FoRl5nN3eTz7t3Jg5Fy68+Rfa/bATz9b1/0v\nQCGNc4Ps3BAogPSlgF9oAZGMcQRRHw5xoW+XmrEyeA0bETeex18ozMf4YYu041GZ\nU+MAAAc4dFWuC3RVrgsAAAAHc3NoLXJzYQAAAgEAzVknLZ1iRzeFyRQulF36iOLq\nJeACjSxR9qW2ITz/PlfzruGxtnhU+Vgv10vvcFFnXE0t2bdpndnzPZW2tUnR/2Mi\nsnhr2YG48viqWDpRvKT2u61ZfDOAuAzzf8uOkL+zXmFEX30l+jKMp0UkOvBV0a3v\nYaSyY7WCTgU8OAeYkN37v9EZksfmQ0zBu//c9HYdjkuyG8WOBR4xZIsYIYz3RPD9\noA5Mvz+yCe92qNj28DaFcZs9xr4A0nqhAjiIP+jBZeEs3rf1P3CifQyCS7kJLZG5\nszn0WM0zwEphw24E/IpCeRU4Ff4ZRGn0J9fPLYP8b5I/awti4BYTiZR5v7pY2ooi\nWE+6rqVAI5iTKO9IrEFR9RQhSu/+zmWv50BjlP2dZFKh1F/vg1KXnF0PnPBNngMF\ne71NLbSXCfaDldV+4VENjBqJPd4FHABoIQeSiracYuwnpMio3BcV4n1UmIbK5wOh\n+Lg5SgQbJB4fy0OCft8JxBvU9QA2nmhK1K64iRQK5OjCtTUkNY1VrTJSGZVExMqO\nh2ZWnY5yIJYtxPoDtSBR0Max0agLPCtfFcJfPTHbEQo+FoRl5nN3eTz7t3Jg5Fy6\n8+Rfa/bATz9b1/0vQCGNc4Ps3BAogPSlgF9oAZGMcQRRHw5xoW+XmrEyeA0bETee\nx18ozMf4YYu041GZU+MAAAADAQABAAACAQDHzi+o2rJ9yTCL7u9Dvg3Ak8pw//57\njtxRufv1a3yQFNQvHbvlaECGPaCPRHu+Nfb0gMRUS3qg9SkQi1Q0IZgLf1KLhVCr\nWuWyxPI61sQhYgIRqyKfDx339+IWPuKBRYYqF0qH/yWsxPLG7yfJkYBvfWanA7Hw\nAvS/Jajqe7mfe98xTSws/gS3B0CaxOMhmqw3gL/U9eyyXiaBRjY8rwUKN9MQodlb\nXYbG1BIJSNM9+E7vs7XwY4A5TMjNeGRaiwdjMi6Op0Aicl4ofrtpIqojhN/D3Gg8\n362zNKzbk3mWoJD9cAAaphu/zbib7AjSqNI/XXYHmhSjJdfszmOIgrFgdUelriYN\ne7c3m0KRCREBMsvRnsb+tF/LXEwxjb4YIXOgeZIYdDtX2fkGHt8rRAo23qDfkhp4\nyjisFs4woAapsxmlQX5+sKI9bj8aQg8hzqoKgubwUk8d2G11r2oyOlCP1reySD7U\nFWgS4H01i55rjZ46F3i6osNcwENvOZJWZkgd1Sz7TtS65xiRDx8pcCrjmGFqQvNn\n3dKJJ8op/SfuehSvi6NcpQzFxTeT9FN3nVC403U6fr9IgKWwVIgQRI8bVidSw2OW\nDNL+ziyjWcheOO6mk3VjEweMOSg9K+C9cI+A4R16Ymk7Z6aXDsdVL3QDQMUPnUGN\nQ2+0SRWAKq2PwQAAAQEAmhwFr2d2cgKNFOGk12DTYJP8XU+CiF/Td7Q+VNo2I2rP\nJ85zy8dGvSm0Fqz+gm7BGThJeNpxw0WmW9mB8mn6Ja4ywA1hoeBtcEVg1/53fpRE\naUmOc8TP+cEhxaoRJ1ddoh3eHKAV+ksNtDeMn3xMXU2rl8l4qKHa0Is0q/PxwwSM\nrDfGp79+UZmcl5Wd7wH7a6Llnc+AUTxfx8BB82Wc4AEJGixK4ocmuUo+i7J1w2+O\n2YrnWgq+PEu5QEWi4y9ubA3GdV2FflKnT23yiZXpb4AmV0igTUQMuhhIDwyMXBbL\nRI0fysRFiDqmyVjTu2l+6fFj2p0dHCjGnX/QAsZlcAAAAQEA5UOeU7aSf2JsShWZ\nBWbZDxfSbENQwBI302QS+hQ3qbOT/+ADjC2q6fsXanOo4hYZTjK7f5mFzzC1W/lT\n57Q87CfOnacgQX8KxuzLYWq1pqZB8J6XIAn0fIiwoyClMmtIhlhwqfoOCQP6Lj+I\n9BgU83EiZnQBvSiESiXwLQOr0HBX6X6WWxq3/5SVBGFh2F5LzOkXfGnbzZj8BqL8\narJkAKZkd4YtG4RdTQqbn6nOO4/X4v/ecyePYE1qlpyXyWXU8l9aVZnYcu3AoqRe\nE2+FGLJ8f3kRt9JU1AW2Qixd7ndKpaB7CxhTlJwiEs/XvZY7W2FtBVfQ6EAiHMBe\nXds/zQAAAQEA5UuOotiLpib+DJQv3vRQoK/8I0GEJVTvfEQhP/wH7pph0mjYWWDe\nlfTOl1AmZrUtoqV5WR76MQ9l6qEYN4BqCBFJ42JCa5tN04arbWZ51BS7J1YakIDo\nR62LJgfAcGZjE7C3rz3/GmtfN0U9rp/8vYi8Nrt6XJh+XuPb4R49CGMRtosQUd0A\nkshaJdiYlnCGqMZIGp9owPePqN5gFnzqmZpc3CZf4eL4Gp+HSaLataRiyqCJHP2x\nWroYb71uKop14Lpvmk7meFITqnLekoF9LFMM2RyA/U7ii78kUAyuAWOCF4bPoKw0\nk4PoK2o4zeRnKvzky6Hb5eXzWLD5Nn1SbwAAAAAB\n-----END OPENSSH PRIVATE KEY-----\n",
            "private_key_pem": "-----BEGIN RSA PRIVATE KEY-----\nMIIJKQIBAAKCAgEAzVknLZ1iRzeFyRQulF36iOLqJeACjSxR9qW2ITz/PlfzruGx\ntnhU+Vgv10vvcFFnXE0t2bdpndnzPZW2tUnR/2Misnhr2YG48viqWDpRvKT2u61Z\nfDOAuAzzf8uOkL+zXmFEX30l+jKMp0UkOvBV0a3vYaSyY7WCTgU8OAeYkN37v9EZ\nksfmQ0zBu//c9HYdjkuyG8WOBR4xZIsYIYz3RPD9oA5Mvz+yCe92qNj28DaFcZs9\nxr4A0nqhAjiIP+jBZeEs3rf1P3CifQyCS7kJLZG5szn0WM0zwEphw24E/IpCeRU4\nFf4ZRGn0J9fPLYP8b5I/awti4BYTiZR5v7pY2ooiWE+6rqVAI5iTKO9IrEFR9RQh\nSu/+zmWv50BjlP2dZFKh1F/vg1KXnF0PnPBNngMFe71NLbSXCfaDldV+4VENjBqJ\nPd4FHABoIQeSiracYuwnpMio3BcV4n1UmIbK5wOh+Lg5SgQbJB4fy0OCft8JxBvU\n9QA2nmhK1K64iRQK5OjCtTUkNY1VrTJSGZVExMqOh2ZWnY5yIJYtxPoDtSBR0Max\n0agLPCtfFcJfPTHbEQo+FoRl5nN3eTz7t3Jg5Fy68+Rfa/bATz9b1/0vQCGNc4Ps\n3BAogPSlgF9oAZGMcQRRHw5xoW+XmrEyeA0bETeex18ozMf4YYu041GZU+MCAwEA\nAQKCAgEAx84vqNqyfckwi+7vQ74NwJPKcP/+e47cUbn79Wt8kBTULx275WhAhj2g\nj0R7vjX29IDEVEt6oPUpEItUNCGYC39Si4VQq1rlssTyOtbEIWICEasinw8d9/fi\nFj7igUWGKhdKh/8lrMTyxu8nyZGAb31mpwOx8AL0vyWo6nu5n3vfMU0sLP4EtwdA\nmsTjIZqsN4C/1PXssl4mgUY2PK8FCjfTEKHZW12GxtQSCUjTPfhO77O18GOAOUzI\nzXhkWosHYzIujqdAInJeKH67aSKqI4Tfw9xoPN+tszSs25N5lqCQ/XAAGqYbv824\nm+wI0qjSP112B5oUoyXX7M5jiIKxYHVHpa4mDXu3N5tCkQkRATLL0Z7G/rRfy1xM\nMY2+GCFzoHmSGHQ7V9n5Bh7fK0QKNt6g35IaeMo4rBbOMKAGqbMZpUF+frCiPW4/\nGkIPIc6qCoLm8FJPHdhtda9qMjpQj9a3skg+1BVoEuB9NYuea42eOhd4uqLDXMBD\nbzmSVmZIHdUs+07UuucYkQ8fKXAq45hhakLzZ93SiSfKKf0n7noUr4ujXKUMxcU3\nk/RTd51QuNN1On6/SIClsFSIEESPG1YnUsNjlgzS/s4so1nIXjjuppN1YxMHjDko\nPSvgvXCPgOEdemJpO2emlw7HVS90A0DFD51BjUNvtEkVgCqtj8ECggEBAOVDnlO2\nkn9ibEoVmQVm2Q8X0mxDUMASN9NkEvoUN6mzk//gA4wtqun7F2pzqOIWGU4yu3+Z\nhc8wtVv5U+e0POwnzp2nIEF/Csbsy2FqtaamQfCelyAJ9HyIsKMgpTJrSIZYcKn6\nDgkD+i4/iPQYFPNxImZ0Ab0ohEol8C0Dq9BwV+l+llsat/+UlQRhYdheS8zpF3xp\n282Y/Aai/GqyZACmZHeGLRuEXU0Km5+pzjuP1+L/3nMnj2BNapacl8ll1PJfWlWZ\n2HLtwKKkXhNvhRiyfH95EbfSVNQFtkIsXe53SqWgewsYU5ScIhLP172WO1thbQVX\n0OhAIhzAXl3bP80CggEBAOVLjqLYi6Ym/gyUL970UKCv/CNBhCVU73xEIT/8B+6a\nYdJo2Flg3pX0zpdQJma1LaKleVke+jEPZeqhGDeAaggRSeNiQmubTdOGq21medQU\nuydWGpCA6EetiyYHwHBmYxOwt689/xprXzdFPa6f/L2IvDa7elyYfl7j2+EePQhj\nEbaLEFHdAJLIWiXYmJZwhqjGSBqfaMD3j6jeYBZ86pmaXNwmX+Hi+Bqfh0mi2rWk\nYsqgiRz9sVq6GG+9biqKdeC6b5pO5nhSE6py3pKBfSxTDNkcgP1O4ou/JFAMrgFj\ngheGz6CsNJOD6CtqOM3kZyr85Muh2+Xl81iw+TZ9Um8CggEAOH8fRxXYqBeDBAaq\nfNBJcRS3wAIephZXN3qTypis1t7v+8AiX6rpUVuU+6Cg34X+mmyaE+mrNdGU/6ND\nb/fUg4WTvvnuUvWRnE/CFrGLLhQOb9NE/po1a3LrxGdJDlGtv52PtfNu/f3C6x6x\nCyXcE9mvVnwD6a9QWk1bEFy1PFpS77FIMA83hH4C8t9kk0M5frd6GCimB9ZJVQFZ\nHpnzVs2qOGISP5Owwkl47DGWJstdsgzHrqzzAhJRz+eq5/B2N3wT8MBGvJumOu4y\nWKvEqr9hOrCFEz17tfvqXAg+5YL0HDid2bAW+Ko5I1WgnpGk8vHhQc3QJ0uWnGsz\nVgGviQKCAQAb3ulBhgzDb23l3YVMFmpOfdWp+2aymvZZJnbcLihQqldFmhTiGFI1\n7AHIhqeESHV5lZ+AY7GJkROUR2yIIoXA4UkX6HOmXMRC99WSgKhCTRrKlz63XdPe\nEowdXUfY4bkdRZeuJ10AuxhhwXrT5QJ1j09BX9xpsOd7ZTruzBwjDteyVojvSmut\na8j5XLB/aMIVdbSB9+plujGuFwma8igZ75dl8wwoiswZgFaTbsYi2g5gDs9bxMJw\nArrBqkbfyOC3JjI2kWyWJ3PYfgnryO2MG7QuF7beE16aGeuyBziHVq8TaQGHyCbD\n336y+EBbVm3r3b15uvzdnuvLVgeUxfrlAoIBAQCaHAWvZ3ZyAo0U4aTXYNNgk/xd\nT4KIX9N3tD5U2jYjas8nznPLx0a9KbQWrP6CbsEZOEl42nHDRaZb2YHyafolrjLA\nDWGh4G1wRWDX/nd+lERpSY5zxM/5wSHFqhEnV12iHd4coBX6Sw20N4yffExdTauX\nyXioodrQizSr8/HDBIysN8anv35RmZyXlZ3vAftrouWdz4BRPF/HwEHzZZzgAQka\nLErihya5Sj6LsnXDb47ZiudaCr48S7lARaLjL25sDcZ1XYV+UqdPbfKJlelvgCZX\nSKBNRAy6GEgPDIxcFstEjR/KxEWIOqbJWNO7aX7p8WPanR0cKMadf9ACxmVw\n-----END RSA PRIVATE KEY-----\n",
            "private_key_pem_pkcs8": "-----BEGIN PRIVATE KEY-----\nMIIJQwIBADANBgkqhkiG9w0BAQEFAASCCS0wggkpAgEAAoICAQDNWSctnWJHN4XJ\nFC6UXfqI4uol4AKNLFH2pbYhPP8+V/Ou4bG2eFT5WC/XS+9wUWdcTS3Zt2md2fM9\nlba1SdH/YyKyeGvZgbjy+KpYOlG8pPa7rVl8M4C4DPN/y46Qv7NeYURffSX6Moyn\nRSQ68FXRre9hpLJjtYJOBTw4B5iQ3fu/0RmSx+ZDTMG7/9z0dh2OS7IbxY4FHjFk\nixghjPdE8P2gDky/P7IJ73ao2PbwNoVxmz3GvgDSeqECOIg/6MFl4Szet/U/cKJ9\nDIJLuQktkbmzOfRYzTPASmHDbgT8ikJ5FTgV/hlEafQn188tg/xvkj9rC2LgFhOJ\nlHm/uljaiiJYT7qupUAjmJMo70isQVH1FCFK7/7OZa/nQGOU/Z1kUqHUX++DUpec\nXQ+c8E2eAwV7vU0ttJcJ9oOV1X7hUQ2MGok93gUcAGghB5KKtpxi7CekyKjcFxXi\nfVSYhsrnA6H4uDlKBBskHh/LQ4J+3wnEG9T1ADaeaErUrriJFArk6MK1NSQ1jVWt\nMlIZlUTEyo6HZladjnIgli3E+gO1IFHQxrHRqAs8K18Vwl89MdsRCj4WhGXmc3d5\nPPu3cmDkXLrz5F9r9sBPP1vX/S9AIY1zg+zcECiA9KWAX2gBkYxxBFEfDnGhb5ea\nsTJ4DRsRN57HXyjMx/hhi7TjUZlT4wIDAQABAoICAQDHzi+o2rJ9yTCL7u9Dvg3A\nk8pw//57jtxRufv1a3yQFNQvHbvlaECGPaCPRHu+Nfb0gMRUS3qg9SkQi1Q0IZgL\nf1KLhVCrWuWyxPI61sQhYgIRqyKfDx339+IWPuKBRYYqF0qH/yWsxPLG7yfJkYBv\nfWanA7HwAvS/Jajqe7mfe98xTSws/gS3B0CaxOMhmqw3gL/U9eyyXiaBRjY8rwUK\nN9MQodlbXYbG1BIJSNM9+E7vs7XwY4A5TMjNeGRaiwdjMi6Op0Aicl4ofrtpIqoj\nhN/D3Gg8362zNKzbk3mWoJD9cAAaphu/zbib7AjSqNI/XXYHmhSjJdfszmOIgrFg\ndUelriYNe7c3m0KRCREBMsvRnsb+tF/LXEwxjb4YIXOgeZIYdDtX2fkGHt8rRAo2\n3qDfkhp4yjisFs4woAapsxmlQX5+sKI9bj8aQg8hzqoKgubwUk8d2G11r2oyOlCP\n1reySD7UFWgS4H01i55rjZ46F3i6osNcwENvOZJWZkgd1Sz7TtS65xiRDx8pcCrj\nmGFqQvNn3dKJJ8op/SfuehSvi6NcpQzFxTeT9FN3nVC403U6fr9IgKWwVIgQRI8b\nVidSw2OWDNL+ziyjWcheOO6mk3VjEweMOSg9K+C9cI+A4R16Ymk7Z6aXDsdVL3QD\nQMUPnUGNQ2+0SRWAKq2PwQKCAQEA5UOeU7aSf2JsShWZBWbZDxfSbENQwBI302QS\n+hQ3qbOT/+ADjC2q6fsXanOo4hYZTjK7f5mFzzC1W/lT57Q87CfOnacgQX8KxuzL\nYWq1pqZB8J6XIAn0fIiwoyClMmtIhlhwqfoOCQP6Lj+I9BgU83EiZnQBvSiESiXw\nLQOr0HBX6X6WWxq3/5SVBGFh2F5LzOkXfGnbzZj8BqL8arJkAKZkd4YtG4RdTQqb\nn6nOO4/X4v/ecyePYE1qlpyXyWXU8l9aVZnYcu3AoqReE2+FGLJ8f3kRt9JU1AW2\nQixd7ndKpaB7CxhTlJwiEs/XvZY7W2FtBVfQ6EAiHMBeXds/zQKCAQEA5UuOotiL\npib+DJQv3vRQoK/8I0GEJVTvfEQhP/wH7pph0mjYWWDelfTOl1AmZrUtoqV5WR76\nMQ9l6qEYN4BqCBFJ42JCa5tN04arbWZ51BS7J1YakIDoR62LJgfAcGZjE7C3rz3/\nGmtfN0U9rp/8vYi8Nrt6XJh+XuPb4R49CGMRtosQUd0AkshaJdiYlnCGqMZIGp9o\nwPePqN5gFnzqmZpc3CZf4eL4Gp+HSaLataRiyqCJHP2xWroYb71uKop14Lpvmk7m\neFITqnLekoF9LFMM2RyA/U7ii78kUAyuAWOCF4bPoKw0k4PoK2o4zeRnKvzky6Hb\n5eXzWLD5Nn1SbwKCAQA4fx9HFdioF4MEBqp80ElxFLfAAh6mFlc3epPKmKzW3u/7\nwCJfqulRW5T7oKDfhf6abJoT6as10ZT/o0Nv99SDhZO++e5S9ZGcT8IWsYsuFA5v\n00T+mjVrcuvEZ0kOUa2/nY+18279/cLrHrELJdwT2a9WfAPpr1BaTVsQXLU8WlLv\nsUgwDzeEfgLy32STQzl+t3oYKKYH1klVAVkemfNWzao4YhI/k7DCSXjsMZYmy12y\nDMeurPMCElHP56rn8HY3fBPwwEa8m6Y67jJYq8Sqv2E6sIUTPXu1++pcCD7lgvQc\nOJ3ZsBb4qjkjVaCekaTy8eFBzdAnS5acazNWAa+JAoIBABve6UGGDMNvbeXdhUwW\nak591an7ZrKa9lkmdtwuKFCqV0WaFOIYUjXsAciGp4RIdXmVn4BjsYmRE5RHbIgi\nhcDhSRfoc6ZcxEL31ZKAqEJNGsqXPrdd094SjB1dR9jhuR1Fl64nXQC7GGHBetPl\nAnWPT0Ff3Gmw53tlOu7MHCMO17JWiO9Ka61ryPlcsH9owhV1tIH36mW6Ma4XCZry\nKBnvl2XzDCiKzBmAVpNuxiLaDmAOz1vEwnACusGqRt/I4LcmMjaRbJYnc9h+CevI\n7YwbtC4Xtt4TXpoZ67IHOIdWrxNpAYfIJsPffrL4QFtWbevdvXm6/N2e68tWB5TF\n+uUCggEBAJocBa9ndnICjRThpNdg02CT/F1Pgohf03e0PlTaNiNqzyfOc8vHRr0p\ntBas/oJuwRk4SXjaccNFplvZgfJp+iWuMsANYaHgbXBFYNf+d36URGlJjnPEz/nB\nIcWqESdXXaId3hygFfpLDbQ3jJ98TF1Nq5fJeKih2tCLNKvz8cMEjKw3xqe/flGZ\nnJeVne8B+2ui5Z3PgFE8X8fAQfNlnOABCRosSuKHJrlKPouydcNvjtmK51oKvjxL\nuUBFouMvbmwNxnVdhX5Sp09t8omV6W+AJldIoE1EDLoYSA8MjFwWy0SNH8rERYg6\npslY07tpfunxY9qdHRwoxp1/0ALGZXA=\n-----END PRIVATE KEY-----\n",
            "public_key_fingerprint_md5": "d3:06:f2:2b:b8:9d:67:8d:3b:30:23:bd:ea:73:45:7f",
            "public_key_fingerprint_sha256": "SHA256:B1Qh814/c2D0KaQPkSfh2KpN+YO+hYYRmcf7e13pJIA",
            "public_key_openssh": "ssh-rsa AAAAB3NzaC1yc2EAAAADAQABAAACAQDNWSctnWJHN4XJFC6UXfqI4uol4AKNLFH2pbYhPP8+V/Ou4bG2eFT5WC/XS+9wUWdcTS3Zt2md2fM9lba1SdH/YyKyeGvZgbjy+KpYOlG8pPa7rVl8M4C4DPN/y46Qv7NeYURffSX6MoynRSQ68FXRre9hpLJjtYJOBTw4B5iQ3fu/0RmSx+ZDTMG7/9z0dh2OS7IbxY4FHjFkixghjPdE8P2gDky/P7IJ73ao2PbwNoVxmz3GvgDSeqECOIg/6MFl4Szet/U/cKJ9DIJLuQktkbmzOfRYzTPASmHDbgT8ikJ5FTgV/hlEafQn188tg/xvkj9rC2LgFhOJlHm/uljaiiJYT7qupUAjmJMo70isQVH1FCFK7/7OZa/nQGOU/Z1kUqHUX++DUpecXQ+c8E2eAwV7vU0ttJcJ9oOV1X7hUQ2MGok93gUcAGghB5KKtpxi7CekyKjcFxXifVSYhsrnA6H4uDlKBBskHh/LQ4J+3wnEG9T1ADaeaErUrriJFArk6MK1NSQ1jVWtMlIZlUTEyo6HZladjnIgli3E+gO1IFHQxrHRqAs8K18Vwl89MdsRCj4WhGXmc3d5PPu3cmDkXLrz5F9r9sBPP1vX/S9AIY1zg+zcECiA9KWAX2gBkYxxBFEfDnGhb5easTJ4DRsRN57HXyjMx/hhi7TjUZlT4w==\n",
            "public_key_pem": "-----BEGIN PUBLIC KEY-----\nMIICIjANBgkqhkiG9w0BAQEFAAOCAg8AMIICCgKCAgEAzVknLZ1iRzeFyRQulF36\niOLqJeACjSxR9qW2ITz/PlfzruGxtnhU+Vgv10vvcFFnXE0t2bdpndnzPZW2tUnR\n/2Misnhr2YG48viqWDpRvKT2u61ZfDOAuAzzf8uOkL+zXmFEX30l+jKMp0UkOvBV\n0a3vYaSyY7WCTgU8OAeYkN37v9EZksfmQ0zBu//c9HYdjkuyG8WOBR4xZIsYIYz3\nRPD9oA5Mvz+yCe92qNj28DaFcZs9xr4A0nqhAjiIP+jBZeEs3rf1P3CifQyCS7kJ\nLZG5szn0WM0zwEphw24E/IpCeRU4Ff4ZRGn0J9fPLYP8b5I/awti4BYTiZR5v7pY\n2ooiWE+6rqVAI5iTKO9IrEFR9RQhSu/+zmWv50BjlP2dZFKh1F/vg1KXnF0PnPBN\nngMFe71NLbSXCfaDldV+4VENjBqJPd4FHABoIQeSiracYuwnpMio3BcV4n1UmIbK\n5wOh+Lg5SgQbJB4fy0OCft8JxBvU9QA2nmhK1K64iRQK5OjCtTUkNY1VrTJSGZVE\nxMqOh2ZWnY5yIJYtxPoDtSBR0Max0agLPCtfFcJfPTHbEQo+FoRl5nN3eTz7t3Jg\n5Fy68+Rfa/bATz9b1/0vQCGNc4Ps3BAogPSlgF9oAZGMcQRRHw5xoW+XmrEyeA0b\nETeex18ozMf4YYu041GZU+MCAwEAAQ==\n-----END PUBLIC KEY-----\n",
            "rsa_bits": 4096
          },
          "sensitive_attributes": []
        }
      ]
    }
  ],
  "check_results": null
}
