{
  "version": 4,
  "terraform_version": "1.4.6",
  "serial": 30,
  "lineage": "c9346d1b-7780-58ad-774b-d93ad88a6537",
  "outputs": {},
  "resources": [
    {
      "mode": "managed",
      "type": "aws_internet_gateway",
      "name": "gw",
      "provider": "provider[\"registry.terraform.io/hashicorp/aws\"]",
      "instances": [
        {
          "schema_version": 0,
          "attributes": {
            "arn": "arn:aws:ec2:us-east-1:932919696617:internet-gateway/igw-046d683103ff45956",
            "id": "igw-046d683103ff45956",
            "owner_id": "932919696617",
            "tags": {
              "Name": "TEST VPC IG"
            },
            "tags_all": {
              "Name": "TEST VPC IG"
            },
            "timeouts": null,
            "vpc_id": "vpc-0323be27453eaa20e"
          },
          "sensitive_attributes": [],
          "private": "eyJlMmJmYjczMC1lY2FhLTExZTYtOGY4OC0zNDM2M2JjN2M0YzAiOnsiY3JlYXRlIjoxMjAwMDAwMDAwMDAwLCJkZWxldGUiOjEyMDAwMDAwMDAwMDAsInVwZGF0ZSI6MTIwMDAwMDAwMDAwMH19",
          "dependencies": [
            "aws_vpc.test-vpc"
          ]
        }
      ]
    },
    {
      "mode": "managed",
      "type": "aws_key_pair",
      "name": "generated_key",
      "provider": "provider[\"registry.terraform.io/hashicorp/aws\"]",
      "instances": [
        {
          "schema_version": 1,
          "attributes": {
            "arn": "arn:aws:ec2:us-east-1:932919696617:key-pair/demo-ssh-key",
            "fingerprint": "37:7b:f6:04:c0:7b:50:7a:ba:39:a2:2d:8b:5c:21:9a",
            "id": "demo-ssh-key",
            "key_name": "demo-ssh-key",
            "key_name_prefix": "",
            "key_pair_id": "key-0ca9ee3bb71dc775f",
            "key_type": "rsa",
            "public_key": "ssh-rsa AAAAB3NzaC1yc2EAAAADAQABAAABAQC1nhdfXkANrjWvoU/3cYz9LRGHmyscY2QeWcpQA8Vd3cgp3lOSeo2ntnXckzn3NtJ19Mcl5XBw/PRfPttHrvEGXjwFWOwcyPt1DU2sZLsgbfdN1BErOtEOMSCDkBZzg7XEpHx7fWNzy0egODp3H8p4B8rmO8Jfzg/D9cwV97hiaCQbBHWs5P4zaMVF2dm7evxiQd6ca+UnC+E/8nuJX1y9dYiAYwWXATosgenAGl5Oz0FKYAsRrOsH44TWBYvzr+yzOR6H79hEgk+I3e4ebglDOJKyeDkIojFcIqv4VyvMjrTlKT7KQWlgQ34eYGC+4WWWDmH9dxh5HdQ//1LgLddT",
            "tags": null,
            "tags_all": {}
          },
          "sensitive_attributes": [],
          "private": "eyJzY2hlbWFfdmVyc2lvbiI6IjEifQ==",
          "dependencies": [
            "tls_private_key.ssh-key"
          ]
        }
      ]
    },
    {
      "mode": "managed",
      "type": "aws_route_table",
      "name": "rt",
      "provider": "provider[\"registry.terraform.io/hashicorp/aws\"]",
      "instances": [
        {
          "schema_version": 0,
          "attributes": {
            "arn": "arn:aws:ec2:us-east-1:932919696617:route-table/rtb-08fb8b5f67fdf8083",
            "id": "rtb-08fb8b5f67fdf8083",
            "owner_id": "932919696617",
            "propagating_vgws": [],
            "route": [
              {
                "carrier_gateway_id": "",
                "cidr_block": "0.0.0.0/0",
                "core_network_arn": "",
                "destination_prefix_list_id": "",
                "egress_only_gateway_id": "",
                "gateway_id": "igw-046d683103ff45956",
                "instance_id": "",
                "ipv6_cidr_block": "",
                "local_gateway_id": "",
                "nat_gateway_id": "",
                "network_interface_id": "",
                "transit_gateway_id": "",
                "vpc_endpoint_id": "",
                "vpc_peering_connection_id": ""
              }
            ],
            "tags": {
              "Name": "Route Table for aws service"
            },
            "tags_all": {
              "Name": "Route Table for aws service"
            },
            "timeouts": null,
            "vpc_id": "vpc-0323be27453eaa20e"
          },
          "sensitive_attributes": [],
          "private": "eyJlMmJmYjczMC1lY2FhLTExZTYtOGY4OC0zNDM2M2JjN2M0YzAiOnsiY3JlYXRlIjozMDAwMDAwMDAwMDAsImRlbGV0ZSI6MzAwMDAwMDAwMDAwLCJ1cGRhdGUiOjEyMDAwMDAwMDAwMH19",
          "dependencies": [
            "aws_internet_gateway.gw",
            "aws_vpc.test-vpc"
          ]
        }
      ]
    },
    {
      "mode": "managed",
      "type": "aws_route_table_association",
      "name": "a",
      "provider": "provider[\"registry.terraform.io/hashicorp/aws\"]",
      "instances": [
        {
          "schema_version": 0,
          "attributes": {
            "gateway_id": "",
            "id": "rtbassoc-02d3909da64ae57fa",
            "route_table_id": "rtb-08fb8b5f67fdf8083",
            "subnet_id": "subnet-06301eb9fb2cd93a5",
            "timeouts": null
          },
          "sensitive_attributes": [],
          "private": "eyJlMmJmYjczMC1lY2FhLTExZTYtOGY4OC0zNDM2M2JjN2M0YzAiOnsiY3JlYXRlIjozMDAwMDAwMDAwMDAsImRlbGV0ZSI6MzAwMDAwMDAwMDAwLCJ1cGRhdGUiOjEyMDAwMDAwMDAwMH19",
          "dependencies": [
            "aws_internet_gateway.gw",
            "aws_route_table.rt",
            "aws_subnet.public",
            "aws_vpc.test-vpc"
          ]
        }
      ]
    },
    {
      "mode": "managed",
      "type": "aws_route_table_association",
      "name": "b",
      "provider": "provider[\"registry.terraform.io/hashicorp/aws\"]",
      "instances": [
        {
          "schema_version": 0,
          "attributes": {
            "gateway_id": "",
            "id": "rtbassoc-098186743a524b9e5",
            "route_table_id": "rtb-08fb8b5f67fdf8083",
            "subnet_id": "subnet-0b78adb3126e579a0",
            "timeouts": null
          },
          "sensitive_attributes": [],
          "private": "eyJlMmJmYjczMC1lY2FhLTExZTYtOGY4OC0zNDM2M2JjN2M0YzAiOnsiY3JlYXRlIjozMDAwMDAwMDAwMDAsImRlbGV0ZSI6MzAwMDAwMDAwMDAwLCJ1cGRhdGUiOjEyMDAwMDAwMDAwMH19",
          "dependencies": [
            "aws_internet_gateway.gw",
            "aws_route_table.rt",
            "aws_subnet.private",
            "aws_vpc.test-vpc"
          ]
        }
      ]
    },
    {
      "mode": "managed",
      "type": "aws_security_group",
      "name": "allow_tls",
      "provider": "provider[\"registry.terraform.io/hashicorp/aws\"]",
      "instances": [
        {
          "schema_version": 1,
          "attributes": {
            "arn": "arn:aws:ec2:us-east-1:932919696617:security-group/sg-04f5339ca87baf44e",
            "description": "Allow TLS inbound traffic",
            "egress": [
              {
                "cidr_blocks": [
                  "0.0.0.0/0"
                ],
                "description": "",
                "from_port": 0,
                "ipv6_cidr_blocks": [],
                "prefix_list_ids": [],
                "protocol": "-1",
                "security_groups": [],
                "self": false,
                "to_port": 0
              }
            ],
            "id": "sg-04f5339ca87baf44e",
            "ingress": [
              {
                "cidr_blocks": [
                  "0.0.0.0/0"
                ],
                "description": "TLS from VPC",
                "from_port": 22,
                "ipv6_cidr_blocks": [],
                "prefix_list_ids": [],
                "protocol": "tcp",
                "security_groups": [],
                "self": false,
                "to_port": 22
              },
              {
                "cidr_blocks": [
                  "0.0.0.0/0"
                ],
                "description": "TLS from VPC",
                "from_port": 443,
                "ipv6_cidr_blocks": [],
                "prefix_list_ids": [],
                "protocol": "tcp",
                "security_groups": [],
                "self": false,
                "to_port": 443
              },
              {
                "cidr_blocks": [
                  "0.0.0.0/0"
                ],
                "description": "TLS from VPC",
                "from_port": 8080,
                "ipv6_cidr_blocks": [],
                "prefix_list_ids": [],
                "protocol": "tcp",
                "security_groups": [],
                "self": false,
                "to_port": 8080
              },
              {
                "cidr_blocks": [
                  "0.0.0.0/0"
                ],
                "description": "TLS from VPC",
                "from_port": 80,
                "ipv6_cidr_blocks": [],
                "prefix_list_ids": [],
                "protocol": "tcp",
                "security_groups": [],
                "self": false,
                "to_port": 80
              },
              {
                "cidr_blocks": [
                  "0.0.0.0/0"
                ],
                "description": "TLS from VPC",
                "from_port": 81,
                "ipv6_cidr_blocks": [],
                "prefix_list_ids": [],
                "protocol": "tcp",
                "security_groups": [],
                "self": false,
                "to_port": 81
              }
            ],
            "name": "allow_tls",
            "name_prefix": "",
            "owner_id": "932919696617",
            "revoke_rules_on_delete": false,
            "tags": {
              "Name": "ec2-SG"
            },
            "tags_all": {
              "Name": "ec2-SG"
            },
            "timeouts": null,
            "vpc_id": "vpc-0323be27453eaa20e"
          },
          "sensitive_attributes": [],
          "private": "eyJlMmJmYjczMC1lY2FhLTExZTYtOGY4OC0zNDM2M2JjN2M0YzAiOnsiY3JlYXRlIjo2MDAwMDAwMDAwMDAsImRlbGV0ZSI6OTAwMDAwMDAwMDAwfSwic2NoZW1hX3ZlcnNpb24iOiIxIn0=",
          "dependencies": [
            "aws_vpc.test-vpc"
          ]
        }
      ]
    },
    {
      "mode": "managed",
      "type": "aws_subnet",
      "name": "private",
      "provider": "provider[\"registry.terraform.io/hashicorp/aws\"]",
      "instances": [
        {
          "schema_version": 1,
          "attributes": {
            "arn": "arn:aws:ec2:us-east-1:932919696617:subnet/subnet-0b78adb3126e579a0",
            "assign_ipv6_address_on_creation": false,
            "availability_zone": "us-east-1b",
            "availability_zone_id": "use1-az1",
            "cidr_block": "10.0.2.0/24",
            "customer_owned_ipv4_pool": "",
            "enable_dns64": false,
            "enable_lni_at_device_index": 0,
            "enable_resource_name_dns_a_record_on_launch": false,
            "enable_resource_name_dns_aaaa_record_on_launch": false,
            "id": "subnet-0b78adb3126e579a0",
            "ipv6_cidr_block": "",
            "ipv6_cidr_block_association_id": "",
            "ipv6_native": false,
            "map_customer_owned_ip_on_launch": false,
            "map_public_ip_on_launch": false,
            "outpost_arn": "",
            "owner_id": "932919696617",
            "private_dns_hostname_type_on_launch": "ip-name",
            "tags": {
              "Name": "test_private_subnet"
            },
            "tags_all": {
              "Name": "test_private_subnet"
            },
            "timeouts": null,
            "vpc_id": "vpc-0323be27453eaa20e"
          },
          "sensitive_attributes": [],
          "private": "eyJlMmJmYjczMC1lY2FhLTExZTYtOGY4OC0zNDM2M2JjN2M0YzAiOnsiY3JlYXRlIjo2MDAwMDAwMDAwMDAsImRlbGV0ZSI6MTIwMDAwMDAwMDAwMH0sInNjaGVtYV92ZXJzaW9uIjoiMSJ9",
          "dependencies": [
            "aws_vpc.test-vpc"
          ]
        }
      ]
    },
    {
      "mode": "managed",
      "type": "aws_subnet",
      "name": "public",
      "provider": "provider[\"registry.terraform.io/hashicorp/aws\"]",
      "instances": [
        {
          "schema_version": 1,
          "attributes": {
            "arn": "arn:aws:ec2:us-east-1:932919696617:subnet/subnet-06301eb9fb2cd93a5",
            "assign_ipv6_address_on_creation": false,
            "availability_zone": "us-east-1a",
            "availability_zone_id": "use1-az6",
            "cidr_block": "10.0.1.0/24",
            "customer_owned_ipv4_pool": "",
            "enable_dns64": false,
            "enable_lni_at_device_index": 0,
            "enable_resource_name_dns_a_record_on_launch": false,
            "enable_resource_name_dns_aaaa_record_on_launch": false,
            "id": "subnet-06301eb9fb2cd93a5",
            "ipv6_cidr_block": "",
            "ipv6_cidr_block_association_id": "",
            "ipv6_native": false,
            "map_customer_owned_ip_on_launch": false,
            "map_public_ip_on_launch": true,
            "outpost_arn": "",
            "owner_id": "932919696617",
            "private_dns_hostname_type_on_launch": "ip-name",
            "tags": {
              "Name": "test_public_subnet"
            },
            "tags_all": {
              "Name": "test_public_subnet"
            },
            "timeouts": null,
            "vpc_id": "vpc-0323be27453eaa20e"
          },
          "sensitive_attributes": [],
          "private": "eyJlMmJmYjczMC1lY2FhLTExZTYtOGY4OC0zNDM2M2JjN2M0YzAiOnsiY3JlYXRlIjo2MDAwMDAwMDAwMDAsImRlbGV0ZSI6MTIwMDAwMDAwMDAwMH0sInNjaGVtYV92ZXJzaW9uIjoiMSJ9",
          "dependencies": [
            "aws_vpc.test-vpc"
          ]
        }
      ]
    },
    {
      "mode": "managed",
      "type": "aws_vpc",
      "name": "test-vpc",
      "provider": "provider[\"registry.terraform.io/hashicorp/aws\"]",
      "instances": [
        {
          "schema_version": 1,
          "attributes": {
            "arn": "arn:aws:ec2:us-east-1:932919696617:vpc/vpc-0323be27453eaa20e",
            "assign_generated_ipv6_cidr_block": false,
            "cidr_block": "10.0.0.0/16",
            "default_network_acl_id": "acl-0507eb0e200cd6560",
            "default_route_table_id": "rtb-0416074089f569485",
            "default_security_group_id": "sg-0475bf0363cf0bb45",
            "dhcp_options_id": "dopt-004ed46725d2a9cfd",
            "enable_classiclink": false,
            "enable_classiclink_dns_support": false,
            "enable_dns_hostnames": true,
            "enable_dns_support": true,
            "enable_network_address_usage_metrics": false,
            "id": "vpc-0323be27453eaa20e",
            "instance_tenancy": "default",
            "ipv4_ipam_pool_id": null,
            "ipv4_netmask_length": null,
            "ipv6_association_id": "",
            "ipv6_cidr_block": "",
            "ipv6_cidr_block_network_border_group": "",
            "ipv6_ipam_pool_id": "",
            "ipv6_netmask_length": 0,
            "main_route_table_id": "rtb-0416074089f569485",
            "owner_id": "932919696617",
            "tags": {
              "Name": "Test VPC"
            },
            "tags_all": {
              "Name": "Test VPC"
            }
          },
          "sensitive_attributes": [],
          "private": "eyJzY2hlbWFfdmVyc2lvbiI6IjEifQ=="
        }
      ]
    },
    {
      "mode": "managed",
      "type": "local_file",
      "name": "key",
      "provider": "provider[\"registry.terraform.io/hashicorp/local\"]",
      "instances": [
        {
          "schema_version": 0,
          "attributes": {
            "content": "-----BEGIN RSA PRIVATE KEY-----\nMIIEowIBAAKCAQEAtZ4XX15ADa41r6FP93GM/S0Rh5srHGNkHlnKUAPFXd3IKd5T\nknqNp7Z13JM59zbSdfTHJeVwcPz0Xz7bR67xBl48BVjsHMj7dQ1NrGS7IG33TdQR\nKzrRDjEgg5AWc4O1xKR8e31jc8tHoDg6dx/KeAfK5jvCX84Pw/XMFfe4YmgkGwR1\nrOT+M2jFRdnZu3r8YkHenGvlJwvhP/J7iV9cvXWIgGMFlwE6LIHpwBpeTs9BSmAL\nEazrB+OE1gWL86/sszkeh+/YRIJPiN3uHm4JQziSsng5CKIxXCKr+FcrzI605Sk+\nykFpYEN+HmBgvuFllg5h/XcYeR3UP/9S4C3XUwIDAQABAoIBAB5EbIy+PlqJT/Un\nIxaP2/lNi4BYAcVHYyYTvL29AyVzkqo3nSHqPrVWmSnbd2uVvVlfI9lS9Xw/C9Lb\nvNujchOnnMUfXqolbJLDVtCGMRFkgjR8RSg5MyH0WgDTAIrbxm0xJHXIHczscdFn\nzYaQy8NZOR1JlEk3JDV6Pzrh/96WSG4RrnQ/IfoMFu2s+9K85ewMpH5AujGlsyic\nBwPwVaETY9SkrR/RWnAnyTeC9R7iP2EQyNfO6Ow4cQOTp7OWQa/pqnmTqXpe/o37\nI1djVf+lsjCD0hCzWGEuiRu1DpIUwRJlm6huga+lrkofHs9DMMXzrJeCcPvwXRoA\nl0ORYZECgYEA5/qoA/TgcZUIx9JehQUoxry9YYWPaz20gbhu/cw0k182jGzVmiVz\nzqNykXfycJloolOWjC8B60L0Tc3A0vOZwWp3GerRVIGrfDbpuzSWj0avKwOWfj4/\nzd7NuiCHHgjXnF8HtptNBPbtn8wBtHnWu9GMl61clxvqJbh+F9Mss38CgYEAyGxw\n9uaHwVQebpKoWGwMuJng60c16KDS4J+swKJqRPO3NIQ8I5F3DaaKdfjVpKE2GKDP\nK4XPB/JHvQJAnUQzfBkBJ0Y0VcXsChj1Jv5/vEuseTXjx1d0IUkio1Eg9VyBiMT6\nbz5TpTFsyw9BKji2eDzg/InJNSG6qmU+imlKti0CgYEAnGr5K2HMjQmu1/3TWeI2\nsnrFP6KtJ+R9eBKCVIOC1/QVde5UwRGL2sN/FvNH+ACY+wtdsbxokNeen2+jGxrC\njBZbpJAfAdpFZQYp5973vjgtGNXcfdc/cnNPSLdyJCBWMcwqCUkCT9yoMV1/sM+O\nqSoMoKF2kzVxVmnmK+5qb8UCgYA8wbrg7fN7ZN+wz16fJ2oXz/YB/N1XvuEOXPlG\nkDW831DLZ8a/VYqMpc7VgnBpbsFyZ9VFsVOYahbbMkKaKiGdXgsed8bHta8fRH+U\nqZPZZetL900skdNPf9czQRXHq5pM9sGgVXmP21LKn742aWjPPE1L4Q0QwT/QBc8W\nsGKIpQKBgH5BLkfx9tQolgwtPpXz5nH+j6LVVMxOS6EHz2MOOERsLtUdB2sXEbD0\ndLfB24hqQ37M9cagkz8dud2T75AzTQKJOa2NiBQ1IfUzZGsa7yZrkajCZrRseuX2\ncPA49Ty5TlbZ9erSv5WrOrD3xWjbh2AZKNbbzY5/IZSKEH6V9Csz\n-----END RSA PRIVATE KEY-----\n",
            "content_base64": null,
            "content_base64sha256": "/MYkvR3Q3hjLkohlRHZoPVywr9g2+PrArMzxvWpSeWY=",
            "content_base64sha512": "KOmSVZ9ceWLghFBjmwpmbAdDg351NwRH4B7tboe/YDHpSNxdy748v5ccvxLDeljy0W9MbD2eVTx8CDm7eqXjrA==",
            "content_md5": "9e9cf7b7fc377aa8fc60045ba8685bc9",
            "content_sha1": "a8d12b99ed33db6d591789cbea5c0662b7ebb585",
            "content_sha256": "fcc624bd1dd0de18cb9288654476683d5cb0afd836f8fac0acccf1bd6a527966",
            "content_sha512": "28e992559f5c7962e08450639b0a666c0743837e75370447e01eed6e87bf6031e948dc5dcbbe3cbf971cbf12c37a58f2d16f4c6c3d9e553c7c0839bb7aa5e3ac",
            "directory_permission": "0777",
            "file_permission": "0400",
            "filename": "demo-ssh-key.pem",
            "id": "a8d12b99ed33db6d591789cbea5c0662b7ebb585",
            "sensitive_content": null,
            "source": null
          },
          "sensitive_attributes": [
            [
              {
                "type": "get_attr",
                "value": "content"
              }
            ]
          ],
          "dependencies": [
            "tls_private_key.ssh-key"
          ]
        }
      ]
    },
    {
      "mode": "managed",
      "type": "tls_private_key",
      "name": "ssh-key",
      "provider": "provider[\"registry.terraform.io/hashicorp/tls\"]",
      "instances": [
        {
          "schema_version": 1,
          "attributes": {
            "algorithm": "RSA",
            "ecdsa_curve": "P224",
            "id": "66b689dbe168fd1740252f2ba07dbd93a3b5647b",
            "private_key_openssh": "-----BEGIN OPENSSH PRIVATE KEY-----\nb3BlbnNzaC1rZXktdjEAAAAABG5vbmUAAAAEbm9uZQAAAAAAAAABAAABFwAAAAdz\nc2gtcnNhAAAAAwEAAQAAAQEAtZ4XX15ADa41r6FP93GM/S0Rh5srHGNkHlnKUAPF\nXd3IKd5TknqNp7Z13JM59zbSdfTHJeVwcPz0Xz7bR67xBl48BVjsHMj7dQ1NrGS7\nIG33TdQRKzrRDjEgg5AWc4O1xKR8e31jc8tHoDg6dx/KeAfK5jvCX84Pw/XMFfe4\nYmgkGwR1rOT+M2jFRdnZu3r8YkHenGvlJwvhP/J7iV9cvXWIgGMFlwE6LIHpwBpe\nTs9BSmALEazrB+OE1gWL86/sszkeh+/YRIJPiN3uHm4JQziSsng5CKIxXCKr+Fcr\nzI605Sk+ykFpYEN+HmBgvuFllg5h/XcYeR3UP/9S4C3XUwAAA7hPDftITw37SAAA\nAAdzc2gtcnNhAAABAQC1nhdfXkANrjWvoU/3cYz9LRGHmyscY2QeWcpQA8Vd3cgp\n3lOSeo2ntnXckzn3NtJ19Mcl5XBw/PRfPttHrvEGXjwFWOwcyPt1DU2sZLsgbfdN\n1BErOtEOMSCDkBZzg7XEpHx7fWNzy0egODp3H8p4B8rmO8Jfzg/D9cwV97hiaCQb\nBHWs5P4zaMVF2dm7evxiQd6ca+UnC+E/8nuJX1y9dYiAYwWXATosgenAGl5Oz0FK\nYAsRrOsH44TWBYvzr+yzOR6H79hEgk+I3e4ebglDOJKyeDkIojFcIqv4VyvMjrTl\nKT7KQWlgQ34eYGC+4WWWDmH9dxh5HdQ//1LgLddTAAAAAwEAAQAAAQAeRGyMvj5a\niU/1JyMWj9v5TYuAWAHFR2MmE7y9vQMlc5KqN50h6j61Vpkp23drlb1ZXyPZUvV8\nPwvS27zbo3ITp5zFH16qJWySw1bQhjERZII0fEUoOTMh9FoA0wCK28ZtMSR1yB3M\n7HHRZ82GkMvDWTkdSZRJNyQ1ej864f/elkhuEa50PyH6DBbtrPvSvOXsDKR+QLox\npbMonAcD8FWhE2PUpK0f0VpwJ8k3gvUe4j9hEMjXzujsOHEDk6ezlkGv6ap5k6l6\nXv6N+yNXY1X/pbIwg9IQs1hhLokbtQ6SFMESZZuoboGvpa5KHx7PQzDF86yXgnD7\n8F0aAJdDkWGRAAAAgH5BLkfx9tQolgwtPpXz5nH+j6LVVMxOS6EHz2MOOERsLtUd\nB2sXEbD0dLfB24hqQ37M9cagkz8dud2T75AzTQKJOa2NiBQ1IfUzZGsa7yZrkajC\nZrRseuX2cPA49Ty5TlbZ9erSv5WrOrD3xWjbh2AZKNbbzY5/IZSKEH6V9CszAAAA\ngQDn+qgD9OBxlQjH0l6FBSjGvL1hhY9rPbSBuG79zDSTXzaMbNWaJXPOo3KRd/Jw\nmWiiU5aMLwHrQvRNzcDS85nBancZ6tFUgat8Num7NJaPRq8rA5Z+Pj/N3s26IIce\nCNecXwe2m00E9u2fzAG0eda70YyXrVyXG+oluH4X0yyzfwAAAIEAyGxw9uaHwVQe\nbpKoWGwMuJng60c16KDS4J+swKJqRPO3NIQ8I5F3DaaKdfjVpKE2GKDPK4XPB/JH\nvQJAnUQzfBkBJ0Y0VcXsChj1Jv5/vEuseTXjx1d0IUkio1Eg9VyBiMT6bz5TpTFs\nyw9BKji2eDzg/InJNSG6qmU+imlKti0AAAAAAQID\n-----END OPENSSH PRIVATE KEY-----\n",
            "private_key_pem": "-----BEGIN RSA PRIVATE KEY-----\nMIIEowIBAAKCAQEAtZ4XX15ADa41r6FP93GM/S0Rh5srHGNkHlnKUAPFXd3IKd5T\nknqNp7Z13JM59zbSdfTHJeVwcPz0Xz7bR67xBl48BVjsHMj7dQ1NrGS7IG33TdQR\nKzrRDjEgg5AWc4O1xKR8e31jc8tHoDg6dx/KeAfK5jvCX84Pw/XMFfe4YmgkGwR1\nrOT+M2jFRdnZu3r8YkHenGvlJwvhP/J7iV9cvXWIgGMFlwE6LIHpwBpeTs9BSmAL\nEazrB+OE1gWL86/sszkeh+/YRIJPiN3uHm4JQziSsng5CKIxXCKr+FcrzI605Sk+\nykFpYEN+HmBgvuFllg5h/XcYeR3UP/9S4C3XUwIDAQABAoIBAB5EbIy+PlqJT/Un\nIxaP2/lNi4BYAcVHYyYTvL29AyVzkqo3nSHqPrVWmSnbd2uVvVlfI9lS9Xw/C9Lb\nvNujchOnnMUfXqolbJLDVtCGMRFkgjR8RSg5MyH0WgDTAIrbxm0xJHXIHczscdFn\nzYaQy8NZOR1JlEk3JDV6Pzrh/96WSG4RrnQ/IfoMFu2s+9K85ewMpH5AujGlsyic\nBwPwVaETY9SkrR/RWnAnyTeC9R7iP2EQyNfO6Ow4cQOTp7OWQa/pqnmTqXpe/o37\nI1djVf+lsjCD0hCzWGEuiRu1DpIUwRJlm6huga+lrkofHs9DMMXzrJeCcPvwXRoA\nl0ORYZECgYEA5/qoA/TgcZUIx9JehQUoxry9YYWPaz20gbhu/cw0k182jGzVmiVz\nzqNykXfycJloolOWjC8B60L0Tc3A0vOZwWp3GerRVIGrfDbpuzSWj0avKwOWfj4/\nzd7NuiCHHgjXnF8HtptNBPbtn8wBtHnWu9GMl61clxvqJbh+F9Mss38CgYEAyGxw\n9uaHwVQebpKoWGwMuJng60c16KDS4J+swKJqRPO3NIQ8I5F3DaaKdfjVpKE2GKDP\nK4XPB/JHvQJAnUQzfBkBJ0Y0VcXsChj1Jv5/vEuseTXjx1d0IUkio1Eg9VyBiMT6\nbz5TpTFsyw9BKji2eDzg/InJNSG6qmU+imlKti0CgYEAnGr5K2HMjQmu1/3TWeI2\nsnrFP6KtJ+R9eBKCVIOC1/QVde5UwRGL2sN/FvNH+ACY+wtdsbxokNeen2+jGxrC\njBZbpJAfAdpFZQYp5973vjgtGNXcfdc/cnNPSLdyJCBWMcwqCUkCT9yoMV1/sM+O\nqSoMoKF2kzVxVmnmK+5qb8UCgYA8wbrg7fN7ZN+wz16fJ2oXz/YB/N1XvuEOXPlG\nkDW831DLZ8a/VYqMpc7VgnBpbsFyZ9VFsVOYahbbMkKaKiGdXgsed8bHta8fRH+U\nqZPZZetL900skdNPf9czQRXHq5pM9sGgVXmP21LKn742aWjPPE1L4Q0QwT/QBc8W\nsGKIpQKBgH5BLkfx9tQolgwtPpXz5nH+j6LVVMxOS6EHz2MOOERsLtUdB2sXEbD0\ndLfB24hqQ37M9cagkz8dud2T75AzTQKJOa2NiBQ1IfUzZGsa7yZrkajCZrRseuX2\ncPA49Ty5TlbZ9erSv5WrOrD3xWjbh2AZKNbbzY5/IZSKEH6V9Csz\n-----END RSA PRIVATE KEY-----\n",
            "private_key_pem_pkcs8": "-----BEGIN PRIVATE KEY-----\nMIIEvQIBADANBgkqhkiG9w0BAQEFAASCBKcwggSjAgEAAoIBAQC1nhdfXkANrjWv\noU/3cYz9LRGHmyscY2QeWcpQA8Vd3cgp3lOSeo2ntnXckzn3NtJ19Mcl5XBw/PRf\nPttHrvEGXjwFWOwcyPt1DU2sZLsgbfdN1BErOtEOMSCDkBZzg7XEpHx7fWNzy0eg\nODp3H8p4B8rmO8Jfzg/D9cwV97hiaCQbBHWs5P4zaMVF2dm7evxiQd6ca+UnC+E/\n8nuJX1y9dYiAYwWXATosgenAGl5Oz0FKYAsRrOsH44TWBYvzr+yzOR6H79hEgk+I\n3e4ebglDOJKyeDkIojFcIqv4VyvMjrTlKT7KQWlgQ34eYGC+4WWWDmH9dxh5HdQ/\n/1LgLddTAgMBAAECggEAHkRsjL4+WolP9ScjFo/b+U2LgFgBxUdjJhO8vb0DJXOS\nqjedIeo+tVaZKdt3a5W9WV8j2VL1fD8L0tu826NyE6ecxR9eqiVsksNW0IYxEWSC\nNHxFKDkzIfRaANMAitvGbTEkdcgdzOxx0WfNhpDLw1k5HUmUSTckNXo/OuH/3pZI\nbhGudD8h+gwW7az70rzl7AykfkC6MaWzKJwHA/BVoRNj1KStH9FacCfJN4L1HuI/\nYRDI187o7DhxA5Ons5ZBr+mqeZOpel7+jfsjV2NV/6WyMIPSELNYYS6JG7UOkhTB\nEmWbqG6Br6WuSh8ez0MwxfOsl4Jw+/BdGgCXQ5FhkQKBgQDn+qgD9OBxlQjH0l6F\nBSjGvL1hhY9rPbSBuG79zDSTXzaMbNWaJXPOo3KRd/JwmWiiU5aMLwHrQvRNzcDS\n85nBancZ6tFUgat8Num7NJaPRq8rA5Z+Pj/N3s26IIceCNecXwe2m00E9u2fzAG0\neda70YyXrVyXG+oluH4X0yyzfwKBgQDIbHD25ofBVB5ukqhYbAy4meDrRzXooNLg\nn6zAompE87c0hDwjkXcNpop1+NWkoTYYoM8rhc8H8ke9AkCdRDN8GQEnRjRVxewK\nGPUm/n+8S6x5NePHV3QhSSKjUSD1XIGIxPpvPlOlMWzLD0EqOLZ4POD8ick1Ibqq\nZT6KaUq2LQKBgQCcavkrYcyNCa7X/dNZ4jayesU/oq0n5H14EoJUg4LX9BV17lTB\nEYvaw38W80f4AJj7C12xvGiQ156fb6MbGsKMFlukkB8B2kVlBinn3ve+OC0Y1dx9\n1z9yc09It3IkIFYxzCoJSQJP3KgxXX+wz46pKgygoXaTNXFWaeYr7mpvxQKBgDzB\nuuDt83tk37DPXp8nahfP9gH83Ve+4Q5c+UaQNbzfUMtnxr9VioylztWCcGluwXJn\n1UWxU5hqFtsyQpoqIZ1eCx53xse1rx9Ef5Spk9ll60v3TSyR009/1zNBFcermkz2\nwaBVeY/bUsqfvjZpaM88TUvhDRDBP9AFzxawYoilAoGAfkEuR/H21CiWDC0+lfPm\ncf6PotVUzE5LoQfPYw44RGwu1R0HaxcRsPR0t8HbiGpDfsz1xqCTPx253ZPvkDNN\nAok5rY2IFDUh9TNkaxrvJmuRqMJmtGx65fZw8Dj1PLlOVtn16tK/las6sPfFaNuH\nYBko1tvNjn8hlIoQfpX0KzM=\n-----END PRIVATE KEY-----\n",
            "public_key_fingerprint_md5": "2a:86:74:bf:48:75:c6:55:3c:fc:9d:f5:f1:6f:e4:2d",
            "public_key_fingerprint_sha256": "SHA256:H6PAJhP4uBpn9UBEymT4GdkQ92kcV7FjJLadcguz3pk",
            "public_key_openssh": "ssh-rsa AAAAB3NzaC1yc2EAAAADAQABAAABAQC1nhdfXkANrjWvoU/3cYz9LRGHmyscY2QeWcpQA8Vd3cgp3lOSeo2ntnXckzn3NtJ19Mcl5XBw/PRfPttHrvEGXjwFWOwcyPt1DU2sZLsgbfdN1BErOtEOMSCDkBZzg7XEpHx7fWNzy0egODp3H8p4B8rmO8Jfzg/D9cwV97hiaCQbBHWs5P4zaMVF2dm7evxiQd6ca+UnC+E/8nuJX1y9dYiAYwWXATosgenAGl5Oz0FKYAsRrOsH44TWBYvzr+yzOR6H79hEgk+I3e4ebglDOJKyeDkIojFcIqv4VyvMjrTlKT7KQWlgQ34eYGC+4WWWDmH9dxh5HdQ//1LgLddT\n",
            "public_key_pem": "-----BEGIN PUBLIC KEY-----\nMIIBIjANBgkqhkiG9w0BAQEFAAOCAQ8AMIIBCgKCAQEAtZ4XX15ADa41r6FP93GM\n/S0Rh5srHGNkHlnKUAPFXd3IKd5TknqNp7Z13JM59zbSdfTHJeVwcPz0Xz7bR67x\nBl48BVjsHMj7dQ1NrGS7IG33TdQRKzrRDjEgg5AWc4O1xKR8e31jc8tHoDg6dx/K\neAfK5jvCX84Pw/XMFfe4YmgkGwR1rOT+M2jFRdnZu3r8YkHenGvlJwvhP/J7iV9c\nvXWIgGMFlwE6LIHpwBpeTs9BSmALEazrB+OE1gWL86/sszkeh+/YRIJPiN3uHm4J\nQziSsng5CKIxXCKr+FcrzI605Sk+ykFpYEN+HmBgvuFllg5h/XcYeR3UP/9S4C3X\nUwIDAQAB\n-----END PUBLIC KEY-----\n",
            "rsa_bits": 2048
          },
          "sensitive_attributes": []
        }
      ]
    }
  ],
  "check_results": null
}
