{
  "version": 4,
  "terraform_version": "1.5.2",
  "serial": 458,
  "lineage": "24e282dc-71c9-c5fb-3682-4fc3162465a2",
  "outputs": {
    "ec2_global_ips": {
      "value": [
        [
          "107.21.189.102",
          "3.236.157.146",
          "54.173.210.112"
        ],
        [
          {
            "Name": "demo-vm-0"
          },
          {
            "Name": "demo-vm-1"
          },
          {
            "Name": "demo-vm-2"
          }
        ]
      ],
      "type": [
        "tuple",
        [
          [
            "tuple",
            [
              "string",
              "string",
              "string"
            ]
          ],
          [
            "tuple",
            [
              [
                "map",
                "string"
              ],
              [
                "map",
                "string"
              ],
              [
                "map",
                "string"
              ]
            ]
          ]
        ]
      ]
    }
  },
  "resources": [
    {
      "mode": "data",
      "type": "aws_availability_zones",
      "name": "available_zones",
      "provider": "provider[\"registry.terraform.io/hashicorp/aws\"]",
      "instances": [
        {
          "schema_version": 0,
          "attributes": {
            "all_availability_zones": null,
            "exclude_names": null,
            "exclude_zone_ids": null,
            "filter": null,
            "group_names": [
              "us-east-1"
            ],
            "id": "us-east-1",
            "names": [
              "us-east-1a",
              "us-east-1b",
              "us-east-1c",
              "us-east-1d",
              "us-east-1e",
              "us-east-1f"
            ],
            "state": "available",
            "timeouts": null,
            "zone_ids": [
              "use1-az6",
              "use1-az1",
              "use1-az2",
              "use1-az4",
              "use1-az3",
              "use1-az5"
            ]
          },
          "sensitive_attributes": []
        }
      ]
    },
    {
      "mode": "managed",
      "type": "aws_instance",
      "name": "web",
      "provider": "provider[\"registry.terraform.io/hashicorp/aws\"]",
      "instances": [
        {
          "index_key": 0,
          "schema_version": 1,
          "attributes": {
            "ami": "ami-007855ac798b5175e",
            "arn": "arn:aws:ec2:us-east-1:932919696617:instance/i-0f5baf02246b166e4",
            "associate_public_ip_address": true,
            "availability_zone": "us-east-1a",
            "capacity_reservation_specification": [
              {
                "capacity_reservation_preference": "open",
                "capacity_reservation_target": []
              }
            ],
            "cpu_core_count": 1,
            "cpu_options": [
              {
                "amd_sev_snp": "",
                "core_count": 1,
                "threads_per_core": 1
              }
            ],
            "cpu_threads_per_core": 1,
            "credit_specification": [
              {
                "cpu_credits": "standard"
              }
            ],
            "disable_api_stop": false,
            "disable_api_termination": false,
            "ebs_block_device": [],
            "ebs_optimized": false,
            "enclave_options": [
              {
                "enabled": false
              }
            ],
            "ephemeral_block_device": [],
            "get_password_data": false,
            "hibernation": false,
            "host_id": "",
            "host_resource_group_arn": null,
            "iam_instance_profile": "",
            "id": "i-0f5baf02246b166e4",
            "instance_initiated_shutdown_behavior": "stop",
            "instance_lifecycle": "",
            "instance_market_options": [],
            "instance_state": "running",
            "instance_type": "t2.micro",
            "ipv6_address_count": 0,
            "ipv6_addresses": [],
            "key_name": "ec2-key",
            "launch_template": [],
            "maintenance_options": [
              {
                "auto_recovery": "default"
              }
            ],
            "metadata_options": [
              {
                "http_endpoint": "enabled",
                "http_put_response_hop_limit": 1,
                "http_tokens": "optional",
                "instance_metadata_tags": "disabled"
              }
            ],
            "monitoring": false,
            "network_interface": [],
            "outpost_arn": "",
            "password_data": "",
            "placement_group": "",
            "placement_partition_number": 0,
            "primary_network_interface_id": "eni-01c9f273b51a34229",
            "private_dns": "ip-10-0-1-112.ec2.internal",
            "private_dns_name_options": [
              {
                "enable_resource_name_dns_a_record": false,
                "enable_resource_name_dns_aaaa_record": false,
                "hostname_type": "ip-name"
              }
            ],
            "private_ip": "10.0.1.112",
            "public_dns": "ec2-107-21-189-102.compute-1.amazonaws.com",
            "public_ip": "107.21.189.102",
            "root_block_device": [
              {
                "delete_on_termination": true,
                "device_name": "/dev/sda1",
                "encrypted": false,
                "iops": 100,
                "kms_key_id": "",
                "tags": {},
                "throughput": 0,
                "volume_id": "vol-00d4ead355dfd22c6",
                "volume_size": 8,
                "volume_type": "gp2"
              }
            ],
            "secondary_private_ips": [],
            "security_groups": [],
            "source_dest_check": true,
            "spot_instance_request_id": "",
            "subnet_id": "subnet-0eca722dda2e8b7c7",
            "tags": {
              "Name": "demo-vm-0"
            },
            "tags_all": {
              "Name": "demo-vm-0"
            },
            "tenancy": "default",
            "timeouts": null,
            "user_data": null,
            "user_data_base64": null,
            "user_data_replace_on_change": false,
            "volume_tags": null,
            "vpc_security_group_ids": [
              "sg-01fc6e9a527455829"
            ]
          },
          "sensitive_attributes": [],
          "private": "eyJlMmJmYjczMC1lY2FhLTExZTYtOGY4OC0zNDM2M2JjN2M0YzAiOnsiY3JlYXRlIjo2MDAwMDAwMDAwMDAsImRlbGV0ZSI6MTIwMDAwMDAwMDAwMCwidXBkYXRlIjo2MDAwMDAwMDAwMDB9LCJzY2hlbWFfdmVyc2lvbiI6IjEifQ==",
          "dependencies": [
            "aws_key_pair.generated_key",
            "aws_security_group.allow_ports",
            "aws_subnet.public_subnets",
            "aws_vpc.default",
            "tls_private_key.generated_private_key"
          ]
        },
        {
          "index_key": 1,
          "schema_version": 1,
          "attributes": {
            "ami": "ami-007855ac798b5175e",
            "arn": "arn:aws:ec2:us-east-1:932919696617:instance/i-07769f7c1c7c0fc40",
            "associate_public_ip_address": true,
            "availability_zone": "us-east-1b",
            "capacity_reservation_specification": [
              {
                "capacity_reservation_preference": "open",
                "capacity_reservation_target": []
              }
            ],
            "cpu_core_count": 1,
            "cpu_options": [
              {
                "amd_sev_snp": "",
                "core_count": 1,
                "threads_per_core": 1
              }
            ],
            "cpu_threads_per_core": 1,
            "credit_specification": [
              {
                "cpu_credits": "standard"
              }
            ],
            "disable_api_stop": false,
            "disable_api_termination": false,
            "ebs_block_device": [],
            "ebs_optimized": false,
            "enclave_options": [
              {
                "enabled": false
              }
            ],
            "ephemeral_block_device": [],
            "get_password_data": false,
            "hibernation": false,
            "host_id": "",
            "host_resource_group_arn": null,
            "iam_instance_profile": "",
            "id": "i-07769f7c1c7c0fc40",
            "instance_initiated_shutdown_behavior": "stop",
            "instance_lifecycle": "",
            "instance_market_options": [],
            "instance_state": "running",
            "instance_type": "t2.micro",
            "ipv6_address_count": 0,
            "ipv6_addresses": [],
            "key_name": "ec2-key",
            "launch_template": [],
            "maintenance_options": [
              {
                "auto_recovery": "default"
              }
            ],
            "metadata_options": [
              {
                "http_endpoint": "enabled",
                "http_put_response_hop_limit": 1,
                "http_tokens": "optional",
                "instance_metadata_tags": "disabled"
              }
            ],
            "monitoring": false,
            "network_interface": [],
            "outpost_arn": "",
            "password_data": "",
            "placement_group": "",
            "placement_partition_number": 0,
            "primary_network_interface_id": "eni-00d1e15c3a6ddc312",
            "private_dns": "ip-10-0-2-15.ec2.internal",
            "private_dns_name_options": [
              {
                "enable_resource_name_dns_a_record": false,
                "enable_resource_name_dns_aaaa_record": false,
                "hostname_type": "ip-name"
              }
            ],
            "private_ip": "10.0.2.15",
            "public_dns": "ec2-3-236-157-146.compute-1.amazonaws.com",
            "public_ip": "3.236.157.146",
            "root_block_device": [
              {
                "delete_on_termination": true,
                "device_name": "/dev/sda1",
                "encrypted": false,
                "iops": 100,
                "kms_key_id": "",
                "tags": {},
                "throughput": 0,
                "volume_id": "vol-02df3ecbe01a2daa0",
                "volume_size": 8,
                "volume_type": "gp2"
              }
            ],
            "secondary_private_ips": [],
            "security_groups": [],
            "source_dest_check": true,
            "spot_instance_request_id": "",
            "subnet_id": "subnet-01721340566a547df",
            "tags": {
              "Name": "demo-vm-1"
            },
            "tags_all": {
              "Name": "demo-vm-1"
            },
            "tenancy": "default",
            "timeouts": null,
            "user_data": null,
            "user_data_base64": null,
            "user_data_replace_on_change": false,
            "volume_tags": null,
            "vpc_security_group_ids": [
              "sg-01fc6e9a527455829"
            ]
          },
          "sensitive_attributes": [],
          "private": "eyJlMmJmYjczMC1lY2FhLTExZTYtOGY4OC0zNDM2M2JjN2M0YzAiOnsiY3JlYXRlIjo2MDAwMDAwMDAwMDAsImRlbGV0ZSI6MTIwMDAwMDAwMDAwMCwidXBkYXRlIjo2MDAwMDAwMDAwMDB9LCJzY2hlbWFfdmVyc2lvbiI6IjEifQ==",
          "dependencies": [
            "aws_key_pair.generated_key",
            "aws_security_group.allow_ports",
            "aws_subnet.public_subnets",
            "aws_vpc.default",
            "tls_private_key.generated_private_key"
          ]
        },
        {
          "index_key": 2,
          "schema_version": 1,
          "attributes": {
            "ami": "ami-007855ac798b5175e",
            "arn": "arn:aws:ec2:us-east-1:932919696617:instance/i-0a4006d81d41fd55e",
            "associate_public_ip_address": true,
            "availability_zone": "us-east-1c",
            "capacity_reservation_specification": [
              {
                "capacity_reservation_preference": "open",
                "capacity_reservation_target": []
              }
            ],
            "cpu_core_count": 1,
            "cpu_options": [
              {
                "amd_sev_snp": "",
                "core_count": 1,
                "threads_per_core": 1
              }
            ],
            "cpu_threads_per_core": 1,
            "credit_specification": [
              {
                "cpu_credits": "standard"
              }
            ],
            "disable_api_stop": false,
            "disable_api_termination": false,
            "ebs_block_device": [],
            "ebs_optimized": false,
            "enclave_options": [
              {
                "enabled": false
              }
            ],
            "ephemeral_block_device": [],
            "get_password_data": false,
            "hibernation": false,
            "host_id": "",
            "host_resource_group_arn": null,
            "iam_instance_profile": "",
            "id": "i-0a4006d81d41fd55e",
            "instance_initiated_shutdown_behavior": "stop",
            "instance_lifecycle": "",
            "instance_market_options": [],
            "instance_state": "running",
            "instance_type": "t2.micro",
            "ipv6_address_count": 0,
            "ipv6_addresses": [],
            "key_name": "ec2-key",
            "launch_template": [],
            "maintenance_options": [
              {
                "auto_recovery": "default"
              }
            ],
            "metadata_options": [
              {
                "http_endpoint": "enabled",
                "http_put_response_hop_limit": 1,
                "http_tokens": "optional",
                "instance_metadata_tags": "disabled"
              }
            ],
            "monitoring": false,
            "network_interface": [],
            "outpost_arn": "",
            "password_data": "",
            "placement_group": "",
            "placement_partition_number": 0,
            "primary_network_interface_id": "eni-024a0fcb4e69b9cfe",
            "private_dns": "ip-10-0-3-114.ec2.internal",
            "private_dns_name_options": [
              {
                "enable_resource_name_dns_a_record": false,
                "enable_resource_name_dns_aaaa_record": false,
                "hostname_type": "ip-name"
              }
            ],
            "private_ip": "10.0.3.114",
            "public_dns": "ec2-54-173-210-112.compute-1.amazonaws.com",
            "public_ip": "54.173.210.112",
            "root_block_device": [
              {
                "delete_on_termination": true,
                "device_name": "/dev/sda1",
                "encrypted": false,
                "iops": 100,
                "kms_key_id": "",
                "tags": {},
                "throughput": 0,
                "volume_id": "vol-031a81c9db0eca73b",
                "volume_size": 8,
                "volume_type": "gp2"
              }
            ],
            "secondary_private_ips": [],
            "security_groups": [],
            "source_dest_check": true,
            "spot_instance_request_id": "",
            "subnet_id": "subnet-02fe441f27abdd71b",
            "tags": {
              "Name": "demo-vm-2"
            },
            "tags_all": {
              "Name": "demo-vm-2"
            },
            "tenancy": "default",
            "timeouts": null,
            "user_data": null,
            "user_data_base64": null,
            "user_data_replace_on_change": false,
            "volume_tags": null,
            "vpc_security_group_ids": [
              "sg-01fc6e9a527455829"
            ]
          },
          "sensitive_attributes": [],
          "private": "eyJlMmJmYjczMC1lY2FhLTExZTYtOGY4OC0zNDM2M2JjN2M0YzAiOnsiY3JlYXRlIjo2MDAwMDAwMDAwMDAsImRlbGV0ZSI6MTIwMDAwMDAwMDAwMCwidXBkYXRlIjo2MDAwMDAwMDAwMDB9LCJzY2hlbWFfdmVyc2lvbiI6IjEifQ==",
          "dependencies": [
            "aws_key_pair.generated_key",
            "aws_security_group.allow_ports",
            "aws_subnet.public_subnets",
            "aws_vpc.default",
            "tls_private_key.generated_private_key"
          ]
        }
      ]
    },
    {
      "mode": "managed",
      "type": "aws_internet_gateway",
      "name": "gateway",
      "provider": "provider[\"registry.terraform.io/hashicorp/aws\"]",
      "instances": [
        {
          "schema_version": 0,
          "attributes": {
            "arn": "arn:aws:ec2:us-east-1:932919696617:internet-gateway/igw-0f562709a65bc700c",
            "id": "igw-0f562709a65bc700c",
            "owner_id": "932919696617",
            "tags": {
              "Name": "Test VPC IG"
            },
            "tags_all": {
              "Name": "Test VPC IG"
            },
            "timeouts": null,
            "vpc_id": "vpc-0cd333cae379ebec9"
          },
          "sensitive_attributes": [],
          "private": "eyJlMmJmYjczMC1lY2FhLTExZTYtOGY4OC0zNDM2M2JjN2M0YzAiOnsiY3JlYXRlIjoxMjAwMDAwMDAwMDAwLCJkZWxldGUiOjEyMDAwMDAwMDAwMDAsInVwZGF0ZSI6MTIwMDAwMDAwMDAwMH19",
          "dependencies": [
            "aws_vpc.default"
          ]
        }
      ]
    },
    {
      "mode": "managed",
      "type": "aws_key_pair",
      "name": "generated_key",
      "provider": "provider[\"registry.terraform.io/hashicorp/aws\"]",
      "instances": [
        {
          "schema_version": 1,
          "attributes": {
            "arn": "arn:aws:ec2:us-east-1:932919696617:key-pair/ec2-key",
            "fingerprint": "2b:de:dc:1f:4d:07:9a:d0:bd:b0:d8:f8:ab:47:0b:c2",
            "id": "ec2-key",
            "key_name": "ec2-key",
            "key_name_prefix": "",
            "key_pair_id": "key-04df18958707a9a74",
            "key_type": "rsa",
            "public_key": "ssh-rsa AAAAB3NzaC1yc2EAAAADAQABAAACAQCr/3xMqxRmirOeSLVpZtjXuWgjGuQBC/V26ws3lDUK0HXOllVrNs0Z7mnj9eTdLSytNZPZZO/AciBlFCtZdS2TtSGWA6HRPEKU5MUSrnlOnvtel1u5YGIw7g7YCzC/oxnQzGA/BpdurBxFyxLVzWWFJ5ImsnRaCt9T6K929sLiD/06QxEmDVX66hSJGdc5/b+r6DMkoadv/msfSfrbhMzazm2mUBV/P88GQN21BBzvmxS8uFBS15PIfdqh8aHjHcbxzBIPB6Q2gRlxqRA3ngALXaCHuBQ4aMen14mEqwo4pjNxdyY2CxOZJ8/wCG51ZFkFEasFD2k+tSfZ5qOFIe79i9y/yR3VP4hv/d1manauW/03++EVeWDy0y20si243De1zGroA2XAoy6QbGisISnL3GVKvYudrFKdXgJGJn/BKkZD1T0IAWRYK+L6b5cjZO3XsJv4FiWdTz1Uee2vSheEJU+cerRKk5ZPKeUvD8QEeBLNywHpbwUJaF1J6iMR8Sysg1v2wEsRLQV92GMwm23wASycpoaIG+gPIXHc2JUF3ZciIrIQnLxpSI4U2gB9FG8JfC2fv5A4J/ex9zr0Zrv6LZZLTCfD5Qq2rYc6QXFLcW+vPfmjqGZdIMs4o07BRmXxjSgc5S5re/VwaQBcNuReIJG6eLY0aSoCtjDIzvPD0w==",
            "tags": null,
            "tags_all": {}
          },
          "sensitive_attributes": [],
          "private": "eyJzY2hlbWFfdmVyc2lvbiI6IjEifQ==",
          "dependencies": [
            "tls_private_key.generated_private_key"
          ]
        }
      ]
    },
    {
      "mode": "managed",
      "type": "aws_route_table",
      "name": "second_rt",
      "provider": "provider[\"registry.terraform.io/hashicorp/aws\"]",
      "instances": [
        {
          "index_key": 0,
          "schema_version": 0,
          "attributes": {
            "arn": "arn:aws:ec2:us-east-1:932919696617:route-table/rtb-07bde0936e455fe84",
            "id": "rtb-07bde0936e455fe84",
            "owner_id": "932919696617",
            "propagating_vgws": [],
            "route": [
              {
                "carrier_gateway_id": "",
                "cidr_block": "0.0.0.0/0",
                "core_network_arn": "",
                "destination_prefix_list_id": "",
                "egress_only_gateway_id": "",
                "gateway_id": "igw-0f562709a65bc700c",
                "ipv6_cidr_block": "",
                "local_gateway_id": "",
                "nat_gateway_id": "",
                "network_interface_id": "",
                "transit_gateway_id": "",
                "vpc_endpoint_id": "",
                "vpc_peering_connection_id": ""
              }
            ],
            "tags": {
              "Name": "2nd Route Table"
            },
            "tags_all": {
              "Name": "2nd Route Table"
            },
            "timeouts": null,
            "vpc_id": "vpc-0cd333cae379ebec9"
          },
          "sensitive_attributes": [],
          "private": "eyJlMmJmYjczMC1lY2FhLTExZTYtOGY4OC0zNDM2M2JjN2M0YzAiOnsiY3JlYXRlIjozMDAwMDAwMDAwMDAsImRlbGV0ZSI6MzAwMDAwMDAwMDAwLCJ1cGRhdGUiOjEyMDAwMDAwMDAwMH19",
          "dependencies": [
            "aws_internet_gateway.gateway",
            "aws_vpc.default"
          ]
        },
        {
          "index_key": 1,
          "schema_version": 0,
          "attributes": {
            "arn": "arn:aws:ec2:us-east-1:932919696617:route-table/rtb-0f44f0d002f98be3a",
            "id": "rtb-0f44f0d002f98be3a",
            "owner_id": "932919696617",
            "propagating_vgws": [],
            "route": [
              {
                "carrier_gateway_id": "",
                "cidr_block": "0.0.0.0/0",
                "core_network_arn": "",
                "destination_prefix_list_id": "",
                "egress_only_gateway_id": "",
                "gateway_id": "igw-0f562709a65bc700c",
                "ipv6_cidr_block": "",
                "local_gateway_id": "",
                "nat_gateway_id": "",
                "network_interface_id": "",
                "transit_gateway_id": "",
                "vpc_endpoint_id": "",
                "vpc_peering_connection_id": ""
              }
            ],
            "tags": {
              "Name": "2nd Route Table"
            },
            "tags_all": {
              "Name": "2nd Route Table"
            },
            "timeouts": null,
            "vpc_id": "vpc-0cd333cae379ebec9"
          },
          "sensitive_attributes": [],
          "private": "eyJlMmJmYjczMC1lY2FhLTExZTYtOGY4OC0zNDM2M2JjN2M0YzAiOnsiY3JlYXRlIjozMDAwMDAwMDAwMDAsImRlbGV0ZSI6MzAwMDAwMDAwMDAwLCJ1cGRhdGUiOjEyMDAwMDAwMDAwMH19",
          "dependencies": [
            "aws_internet_gateway.gateway",
            "aws_vpc.default"
          ]
        }
      ]
    },
    {
      "mode": "managed",
      "type": "aws_route_table_association",
      "name": "private",
      "provider": "provider[\"registry.terraform.io/hashicorp/aws\"]",
      "instances": [
        {
          "index_key": 0,
          "schema_version": 0,
          "attributes": {
            "gateway_id": "",
            "id": "rtbassoc-036104ca7316c0d0d",
            "route_table_id": "rtb-07bde0936e455fe84",
            "subnet_id": "subnet-00f660034f61eb8de",
            "timeouts": null
          },
          "sensitive_attributes": [],
          "private": "eyJlMmJmYjczMC1lY2FhLTExZTYtOGY4OC0zNDM2M2JjN2M0YzAiOnsiY3JlYXRlIjozMDAwMDAwMDAwMDAsImRlbGV0ZSI6MzAwMDAwMDAwMDAwLCJ1cGRhdGUiOjEyMDAwMDAwMDAwMH19",
          "dependencies": [
            "aws_internet_gateway.gateway",
            "aws_route_table.second_rt",
            "aws_subnet.private_subnets",
            "aws_vpc.default"
          ]
        },
        {
          "index_key": 1,
          "schema_version": 0,
          "attributes": {
            "gateway_id": "",
            "id": "rtbassoc-0f168f4ec9551658b",
            "route_table_id": "rtb-0f44f0d002f98be3a",
            "subnet_id": "subnet-09cd982a0b2457567",
            "timeouts": null
          },
          "sensitive_attributes": [],
          "private": "eyJlMmJmYjczMC1lY2FhLTExZTYtOGY4OC0zNDM2M2JjN2M0YzAiOnsiY3JlYXRlIjozMDAwMDAwMDAwMDAsImRlbGV0ZSI6MzAwMDAwMDAwMDAwLCJ1cGRhdGUiOjEyMDAwMDAwMDAwMH19",
          "dependencies": [
            "aws_internet_gateway.gateway",
            "aws_route_table.second_rt",
            "aws_subnet.private_subnets",
            "aws_vpc.default"
          ]
        },
        {
          "index_key": 2,
          "schema_version": 0,
          "attributes": {
            "gateway_id": "",
            "id": "rtbassoc-0ebd8b9b2c502af31",
            "route_table_id": "rtb-07bde0936e455fe84",
            "subnet_id": "subnet-0213a8a4a3c10e45b",
            "timeouts": null
          },
          "sensitive_attributes": [],
          "private": "eyJlMmJmYjczMC1lY2FhLTExZTYtOGY4OC0zNDM2M2JjN2M0YzAiOnsiY3JlYXRlIjozMDAwMDAwMDAwMDAsImRlbGV0ZSI6MzAwMDAwMDAwMDAwLCJ1cGRhdGUiOjEyMDAwMDAwMDAwMH19",
          "dependencies": [
            "aws_internet_gateway.gateway",
            "aws_route_table.second_rt",
            "aws_subnet.private_subnets",
            "aws_vpc.default"
          ]
        }
      ]
    },
    {
      "mode": "managed",
      "type": "aws_route_table_association",
      "name": "public",
      "provider": "provider[\"registry.terraform.io/hashicorp/aws\"]",
      "instances": [
        {
          "index_key": 0,
          "schema_version": 0,
          "attributes": {
            "gateway_id": "",
            "id": "rtbassoc-00d46a2c6d4cdfbb2",
            "route_table_id": "rtb-07bde0936e455fe84",
            "subnet_id": "subnet-0eca722dda2e8b7c7",
            "timeouts": null
          },
          "sensitive_attributes": [],
          "private": "eyJlMmJmYjczMC1lY2FhLTExZTYtOGY4OC0zNDM2M2JjN2M0YzAiOnsiY3JlYXRlIjozMDAwMDAwMDAwMDAsImRlbGV0ZSI6MzAwMDAwMDAwMDAwLCJ1cGRhdGUiOjEyMDAwMDAwMDAwMH19",
          "dependencies": [
            "aws_internet_gateway.gateway",
            "aws_route_table.second_rt",
            "aws_subnet.public_subnets",
            "aws_vpc.default"
          ]
        },
        {
          "index_key": 1,
          "schema_version": 0,
          "attributes": {
            "gateway_id": "",
            "id": "rtbassoc-07a2c1b8e867361db",
            "route_table_id": "rtb-0f44f0d002f98be3a",
            "subnet_id": "subnet-01721340566a547df",
            "timeouts": null
          },
          "sensitive_attributes": [],
          "private": "eyJlMmJmYjczMC1lY2FhLTExZTYtOGY4OC0zNDM2M2JjN2M0YzAiOnsiY3JlYXRlIjozMDAwMDAwMDAwMDAsImRlbGV0ZSI6MzAwMDAwMDAwMDAwLCJ1cGRhdGUiOjEyMDAwMDAwMDAwMH19",
          "dependencies": [
            "aws_internet_gateway.gateway",
            "aws_route_table.second_rt",
            "aws_subnet.public_subnets",
            "aws_vpc.default"
          ]
        },
        {
          "index_key": 2,
          "schema_version": 0,
          "attributes": {
            "gateway_id": "",
            "id": "rtbassoc-00e08ad35ea3ae9a7",
            "route_table_id": "rtb-07bde0936e455fe84",
            "subnet_id": "subnet-02fe441f27abdd71b",
            "timeouts": null
          },
          "sensitive_attributes": [],
          "private": "eyJlMmJmYjczMC1lY2FhLTExZTYtOGY4OC0zNDM2M2JjN2M0YzAiOnsiY3JlYXRlIjozMDAwMDAwMDAwMDAsImRlbGV0ZSI6MzAwMDAwMDAwMDAwLCJ1cGRhdGUiOjEyMDAwMDAwMDAwMH19",
          "dependencies": [
            "aws_internet_gateway.gateway",
            "aws_route_table.second_rt",
            "aws_subnet.public_subnets",
            "aws_vpc.default"
          ]
        }
      ]
    },
    {
      "mode": "managed",
      "type": "aws_security_group",
      "name": "allow_ports",
      "provider": "provider[\"registry.terraform.io/hashicorp/aws\"]",
      "instances": [
        {
          "schema_version": 1,
          "attributes": {
            "arn": "arn:aws:ec2:us-east-1:932919696617:security-group/sg-01fc6e9a527455829",
            "description": "Allow TLS inbound traffic",
            "egress": [
              {
                "cidr_blocks": [
                  "0.0.0.0/0"
                ],
                "description": "",
                "from_port": 0,
                "ipv6_cidr_blocks": [],
                "prefix_list_ids": [],
                "protocol": "-1",
                "security_groups": [],
                "self": false,
                "to_port": 0
              }
            ],
            "id": "sg-01fc6e9a527455829",
            "ingress": [
              {
                "cidr_blocks": [
                  "0.0.0.0/0"
                ],
                "description": "TLS from VPC",
                "from_port": 22,
                "ipv6_cidr_blocks": [],
                "prefix_list_ids": [],
                "protocol": "tcp",
                "security_groups": [],
                "self": false,
                "to_port": 22
              },
              {
                "cidr_blocks": [
                  "0.0.0.0/0"
                ],
                "description": "TLS from VPC",
                "from_port": 443,
                "ipv6_cidr_blocks": [],
                "prefix_list_ids": [],
                "protocol": "tcp",
                "security_groups": [],
                "self": false,
                "to_port": 443
              },
              {
                "cidr_blocks": [
                  "0.0.0.0/0"
                ],
                "description": "TLS from VPC",
                "from_port": 8080,
                "ipv6_cidr_blocks": [],
                "prefix_list_ids": [],
                "protocol": "tcp",
                "security_groups": [],
                "self": false,
                "to_port": 8080
              },
              {
                "cidr_blocks": [
                  "0.0.0.0/0"
                ],
                "description": "TLS from VPC",
                "from_port": 80,
                "ipv6_cidr_blocks": [],
                "prefix_list_ids": [],
                "protocol": "tcp",
                "security_groups": [],
                "self": false,
                "to_port": 80
              },
              {
                "cidr_blocks": [
                  "0.0.0.0/0"
                ],
                "description": "TLS from VPC",
                "from_port": 81,
                "ipv6_cidr_blocks": [],
                "prefix_list_ids": [],
                "protocol": "tcp",
                "security_groups": [],
                "self": false,
                "to_port": 81
              }
            ],
            "name": "allow_tls",
            "name_prefix": "",
            "owner_id": "932919696617",
            "revoke_rules_on_delete": false,
            "tags": {
              "Name": "ec2-SG"
            },
            "tags_all": {
              "Name": "ec2-SG"
            },
            "timeouts": null,
            "vpc_id": "vpc-0cd333cae379ebec9"
          },
          "sensitive_attributes": [],
          "private": "eyJlMmJmYjczMC1lY2FhLTExZTYtOGY4OC0zNDM2M2JjN2M0YzAiOnsiY3JlYXRlIjo2MDAwMDAwMDAwMDAsImRlbGV0ZSI6OTAwMDAwMDAwMDAwfSwic2NoZW1hX3ZlcnNpb24iOiIxIn0=",
          "dependencies": [
            "aws_vpc.default"
          ]
        }
      ]
    },
    {
      "mode": "managed",
      "type": "aws_subnet",
      "name": "private_subnets",
      "provider": "provider[\"registry.terraform.io/hashicorp/aws\"]",
      "instances": [
        {
          "index_key": 0,
          "schema_version": 1,
          "attributes": {
            "arn": "arn:aws:ec2:us-east-1:932919696617:subnet/subnet-00f660034f61eb8de",
            "assign_ipv6_address_on_creation": false,
            "availability_zone": "us-east-1a",
            "availability_zone_id": "use1-az6",
            "cidr_block": "10.0.4.0/24",
            "customer_owned_ipv4_pool": "",
            "enable_dns64": false,
            "enable_lni_at_device_index": 0,
            "enable_resource_name_dns_a_record_on_launch": false,
            "enable_resource_name_dns_aaaa_record_on_launch": false,
            "id": "subnet-00f660034f61eb8de",
            "ipv6_cidr_block": "",
            "ipv6_cidr_block_association_id": "",
            "ipv6_native": false,
            "map_customer_owned_ip_on_launch": false,
            "map_public_ip_on_launch": false,
            "outpost_arn": "",
            "owner_id": "932919696617",
            "private_dns_hostname_type_on_launch": "ip-name",
            "tags": {
              "Name": "Private Subnet 1"
            },
            "tags_all": {
              "Name": "Private Subnet 1"
            },
            "timeouts": null,
            "vpc_id": "vpc-0cd333cae379ebec9"
          },
          "sensitive_attributes": [],
          "private": "eyJlMmJmYjczMC1lY2FhLTExZTYtOGY4OC0zNDM2M2JjN2M0YzAiOnsiY3JlYXRlIjo2MDAwMDAwMDAwMDAsImRlbGV0ZSI6MTIwMDAwMDAwMDAwMH0sInNjaGVtYV92ZXJzaW9uIjoiMSJ9",
          "dependencies": [
            "aws_vpc.default"
          ]
        },
        {
          "index_key": 1,
          "schema_version": 1,
          "attributes": {
            "arn": "arn:aws:ec2:us-east-1:932919696617:subnet/subnet-09cd982a0b2457567",
            "assign_ipv6_address_on_creation": false,
            "availability_zone": "us-east-1b",
            "availability_zone_id": "use1-az1",
            "cidr_block": "10.0.5.0/24",
            "customer_owned_ipv4_pool": "",
            "enable_dns64": false,
            "enable_lni_at_device_index": 0,
            "enable_resource_name_dns_a_record_on_launch": false,
            "enable_resource_name_dns_aaaa_record_on_launch": false,
            "id": "subnet-09cd982a0b2457567",
            "ipv6_cidr_block": "",
            "ipv6_cidr_block_association_id": "",
            "ipv6_native": false,
            "map_customer_owned_ip_on_launch": false,
            "map_public_ip_on_launch": false,
            "outpost_arn": "",
            "owner_id": "932919696617",
            "private_dns_hostname_type_on_launch": "ip-name",
            "tags": {
              "Name": "Private Subnet 2"
            },
            "tags_all": {
              "Name": "Private Subnet 2"
            },
            "timeouts": null,
            "vpc_id": "vpc-0cd333cae379ebec9"
          },
          "sensitive_attributes": [],
          "private": "eyJlMmJmYjczMC1lY2FhLTExZTYtOGY4OC0zNDM2M2JjN2M0YzAiOnsiY3JlYXRlIjo2MDAwMDAwMDAwMDAsImRlbGV0ZSI6MTIwMDAwMDAwMDAwMH0sInNjaGVtYV92ZXJzaW9uIjoiMSJ9",
          "dependencies": [
            "aws_vpc.default"
          ]
        },
        {
          "index_key": 2,
          "schema_version": 1,
          "attributes": {
            "arn": "arn:aws:ec2:us-east-1:932919696617:subnet/subnet-0213a8a4a3c10e45b",
            "assign_ipv6_address_on_creation": false,
            "availability_zone": "us-east-1c",
            "availability_zone_id": "use1-az2",
            "cidr_block": "10.0.6.0/24",
            "customer_owned_ipv4_pool": "",
            "enable_dns64": false,
            "enable_lni_at_device_index": 0,
            "enable_resource_name_dns_a_record_on_launch": false,
            "enable_resource_name_dns_aaaa_record_on_launch": false,
            "id": "subnet-0213a8a4a3c10e45b",
            "ipv6_cidr_block": "",
            "ipv6_cidr_block_association_id": "",
            "ipv6_native": false,
            "map_customer_owned_ip_on_launch": false,
            "map_public_ip_on_launch": false,
            "outpost_arn": "",
            "owner_id": "932919696617",
            "private_dns_hostname_type_on_launch": "ip-name",
            "tags": {
              "Name": "Private Subnet 3"
            },
            "tags_all": {
              "Name": "Private Subnet 3"
            },
            "timeouts": null,
            "vpc_id": "vpc-0cd333cae379ebec9"
          },
          "sensitive_attributes": [],
          "private": "eyJlMmJmYjczMC1lY2FhLTExZTYtOGY4OC0zNDM2M2JjN2M0YzAiOnsiY3JlYXRlIjo2MDAwMDAwMDAwMDAsImRlbGV0ZSI6MTIwMDAwMDAwMDAwMH0sInNjaGVtYV92ZXJzaW9uIjoiMSJ9",
          "dependencies": [
            "aws_vpc.default"
          ]
        }
      ]
    },
    {
      "mode": "managed",
      "type": "aws_subnet",
      "name": "public_subnets",
      "provider": "provider[\"registry.terraform.io/hashicorp/aws\"]",
      "instances": [
        {
          "index_key": 0,
          "schema_version": 1,
          "attributes": {
            "arn": "arn:aws:ec2:us-east-1:932919696617:subnet/subnet-0eca722dda2e8b7c7",
            "assign_ipv6_address_on_creation": false,
            "availability_zone": "us-east-1a",
            "availability_zone_id": "use1-az6",
            "cidr_block": "10.0.1.0/24",
            "customer_owned_ipv4_pool": "",
            "enable_dns64": false,
            "enable_lni_at_device_index": 0,
            "enable_resource_name_dns_a_record_on_launch": false,
            "enable_resource_name_dns_aaaa_record_on_launch": false,
            "id": "subnet-0eca722dda2e8b7c7",
            "ipv6_cidr_block": "",
            "ipv6_cidr_block_association_id": "",
            "ipv6_native": false,
            "map_customer_owned_ip_on_launch": false,
            "map_public_ip_on_launch": false,
            "outpost_arn": "",
            "owner_id": "932919696617",
            "private_dns_hostname_type_on_launch": "ip-name",
            "tags": {
              "Name": "Public Subnet 1"
            },
            "tags_all": {
              "Name": "Public Subnet 1"
            },
            "timeouts": null,
            "vpc_id": "vpc-0cd333cae379ebec9"
          },
          "sensitive_attributes": [],
          "private": "eyJlMmJmYjczMC1lY2FhLTExZTYtOGY4OC0zNDM2M2JjN2M0YzAiOnsiY3JlYXRlIjo2MDAwMDAwMDAwMDAsImRlbGV0ZSI6MTIwMDAwMDAwMDAwMH0sInNjaGVtYV92ZXJzaW9uIjoiMSJ9",
          "dependencies": [
            "aws_vpc.default"
          ]
        },
        {
          "index_key": 1,
          "schema_version": 1,
          "attributes": {
            "arn": "arn:aws:ec2:us-east-1:932919696617:subnet/subnet-01721340566a547df",
            "assign_ipv6_address_on_creation": false,
            "availability_zone": "us-east-1b",
            "availability_zone_id": "use1-az1",
            "cidr_block": "10.0.2.0/24",
            "customer_owned_ipv4_pool": "",
            "enable_dns64": false,
            "enable_lni_at_device_index": 0,
            "enable_resource_name_dns_a_record_on_launch": false,
            "enable_resource_name_dns_aaaa_record_on_launch": false,
            "id": "subnet-01721340566a547df",
            "ipv6_cidr_block": "",
            "ipv6_cidr_block_association_id": "",
            "ipv6_native": false,
            "map_customer_owned_ip_on_launch": false,
            "map_public_ip_on_launch": false,
            "outpost_arn": "",
            "owner_id": "932919696617",
            "private_dns_hostname_type_on_launch": "ip-name",
            "tags": {
              "Name": "Public Subnet 2"
            },
            "tags_all": {
              "Name": "Public Subnet 2"
            },
            "timeouts": null,
            "vpc_id": "vpc-0cd333cae379ebec9"
          },
          "sensitive_attributes": [],
          "private": "eyJlMmJmYjczMC1lY2FhLTExZTYtOGY4OC0zNDM2M2JjN2M0YzAiOnsiY3JlYXRlIjo2MDAwMDAwMDAwMDAsImRlbGV0ZSI6MTIwMDAwMDAwMDAwMH0sInNjaGVtYV92ZXJzaW9uIjoiMSJ9",
          "dependencies": [
            "aws_vpc.default"
          ]
        },
        {
          "index_key": 2,
          "schema_version": 1,
          "attributes": {
            "arn": "arn:aws:ec2:us-east-1:932919696617:subnet/subnet-02fe441f27abdd71b",
            "assign_ipv6_address_on_creation": false,
            "availability_zone": "us-east-1c",
            "availability_zone_id": "use1-az2",
            "cidr_block": "10.0.3.0/24",
            "customer_owned_ipv4_pool": "",
            "enable_dns64": false,
            "enable_lni_at_device_index": 0,
            "enable_resource_name_dns_a_record_on_launch": false,
            "enable_resource_name_dns_aaaa_record_on_launch": false,
            "id": "subnet-02fe441f27abdd71b",
            "ipv6_cidr_block": "",
            "ipv6_cidr_block_association_id": "",
            "ipv6_native": false,
            "map_customer_owned_ip_on_launch": false,
            "map_public_ip_on_launch": false,
            "outpost_arn": "",
            "owner_id": "932919696617",
            "private_dns_hostname_type_on_launch": "ip-name",
            "tags": {
              "Name": "Public Subnet 3"
            },
            "tags_all": {
              "Name": "Public Subnet 3"
            },
            "timeouts": null,
            "vpc_id": "vpc-0cd333cae379ebec9"
          },
          "sensitive_attributes": [],
          "private": "eyJlMmJmYjczMC1lY2FhLTExZTYtOGY4OC0zNDM2M2JjN2M0YzAiOnsiY3JlYXRlIjo2MDAwMDAwMDAwMDAsImRlbGV0ZSI6MTIwMDAwMDAwMDAwMH0sInNjaGVtYV92ZXJzaW9uIjoiMSJ9",
          "dependencies": [
            "aws_vpc.default"
          ]
        }
      ]
    },
    {
      "mode": "managed",
      "type": "aws_vpc",
      "name": "default",
      "provider": "provider[\"registry.terraform.io/hashicorp/aws\"]",
      "instances": [
        {
          "schema_version": 1,
          "attributes": {
            "arn": "arn:aws:ec2:us-east-1:932919696617:vpc/vpc-0cd333cae379ebec9",
            "assign_generated_ipv6_cidr_block": false,
            "cidr_block": "10.0.0.0/16",
            "default_network_acl_id": "acl-01681c7a98ad225e5",
            "default_route_table_id": "rtb-058fad39aab00e0d1",
            "default_security_group_id": "sg-06b7becd58726af16",
            "dhcp_options_id": "dopt-004ed46725d2a9cfd",
            "enable_dns_hostnames": true,
            "enable_dns_support": true,
            "enable_network_address_usage_metrics": false,
            "id": "vpc-0cd333cae379ebec9",
            "instance_tenancy": "default",
            "ipv4_ipam_pool_id": null,
            "ipv4_netmask_length": null,
            "ipv6_association_id": "",
            "ipv6_cidr_block": "",
            "ipv6_cidr_block_network_border_group": "",
            "ipv6_ipam_pool_id": "",
            "ipv6_netmask_length": 0,
            "main_route_table_id": "rtb-058fad39aab00e0d1",
            "owner_id": "932919696617",
            "tags": {
              "Name": "Test VPC"
            },
            "tags_all": {
              "Name": "Test VPC"
            }
          },
          "sensitive_attributes": [],
          "private": "eyJzY2hlbWFfdmVyc2lvbiI6IjEifQ=="
        }
      ]
    },
    {
      "mode": "managed",
      "type": "tls_private_key",
      "name": "generated_private_key",
      "provider": "provider[\"registry.terraform.io/hashicorp/tls\"]",
      "instances": [
        {
          "schema_version": 1,
          "attributes": {
            "algorithm": "RSA",
            "ecdsa_curve": "P224",
            "id": "c5068f24b6527dc9729d8db60cd2c209a411b8e2",
            "private_key_openssh": "-----BEGIN OPENSSH PRIVATE KEY-----\nb3BlbnNzaC1rZXktdjEAAAAABG5vbmUAAAAEbm9uZQAAAAAAAAABAAACFwAAAAdz\nc2gtcnNhAAAAAwEAAQAAAgEAq/98TKsUZoqznki1aWbY17loIxrkAQv1dusLN5Q1\nCtB1zpZVazbNGe5p4/Xk3S0srTWT2WTvwHIgZRQrWXUtk7UhlgOh0TxClOTFEq55\nTp77XpdbuWBiMO4O2Aswv6MZ0MxgPwaXbqwcRcsS1c1lhSeSJrJ0WgrfU+ivdvbC\n4g/9OkMRJg1V+uoUiRnXOf2/q+gzJKGnb/5rH0n624TM2s5tplAVfz/PBkDdtQQc\n75sUvLhQUteTyH3aofGh4x3G8cwSDwekNoEZcakQN54AC12gh7gUOGjHp9eJhKsK\nOKYzcXcmNgsTmSfP8AhudWRZBRGrBQ9pPrUn2eajhSHu/Yvcv8kd1T+Ib/3dZmp2\nrlv9N/vhFXlg8tMttLItuNw3tcxq6ANlwKMukGxorCEpy9xlSr2LnaxSnV4CRiZ/\nwSpGQ9U9CAFkWCvi+m+XI2Tt17Cb+BYlnU89VHntr0oXhCVPnHq0SpOWTynlLw/E\nBHgSzcsB6W8FCWhdSeojEfEsrINb9sBLES0FfdhjMJtt8AEsnKaGiBvoDyFx3NiV\nBd2XIiKyEJy8aUiOFNoAfRRvCXwtn7+QOCf3sfc69Ga7+i2WS0wnw+UKtq2HOkFx\nS3Fvrz35o6hmXSDLOKNOwUZl8Y0oHOUua3v1cGkAXDbkXiCRuni2NGkqArYwyM7z\nw9MAAAc4/MN6rvzDeq4AAAAHc3NoLXJzYQAAAgEAq/98TKsUZoqznki1aWbY17lo\nIxrkAQv1dusLN5Q1CtB1zpZVazbNGe5p4/Xk3S0srTWT2WTvwHIgZRQrWXUtk7Uh\nlgOh0TxClOTFEq55Tp77XpdbuWBiMO4O2Aswv6MZ0MxgPwaXbqwcRcsS1c1lhSeS\nJrJ0WgrfU+ivdvbC4g/9OkMRJg1V+uoUiRnXOf2/q+gzJKGnb/5rH0n624TM2s5t\nplAVfz/PBkDdtQQc75sUvLhQUteTyH3aofGh4x3G8cwSDwekNoEZcakQN54AC12g\nh7gUOGjHp9eJhKsKOKYzcXcmNgsTmSfP8AhudWRZBRGrBQ9pPrUn2eajhSHu/Yvc\nv8kd1T+Ib/3dZmp2rlv9N/vhFXlg8tMttLItuNw3tcxq6ANlwKMukGxorCEpy9xl\nSr2LnaxSnV4CRiZ/wSpGQ9U9CAFkWCvi+m+XI2Tt17Cb+BYlnU89VHntr0oXhCVP\nnHq0SpOWTynlLw/EBHgSzcsB6W8FCWhdSeojEfEsrINb9sBLES0FfdhjMJtt8AEs\nnKaGiBvoDyFx3NiVBd2XIiKyEJy8aUiOFNoAfRRvCXwtn7+QOCf3sfc69Ga7+i2W\nS0wnw+UKtq2HOkFxS3Fvrz35o6hmXSDLOKNOwUZl8Y0oHOUua3v1cGkAXDbkXiCR\nuni2NGkqArYwyM7zw9MAAAADAQABAAACAEKALpQKFYIsIJSTcijFjhOiaQQhsoRB\nFnAbIqQjlnqO7O2qLG6eqqBbEPAFs65ceAikTXzhTN1wgtvx92zIJI4Wm1zAHMGk\nde3Roey+LsLaL0B8bwd2n6BherXHZdrCegnD63aS2tv8iZXmlWq61oSsLxLtLpVd\n3Mk5jxYFBIaZPgRXx/qZb2PrO3Ni3Vdbp88UoSmJow5nJQ3c8bQMXZQ/+h8ymY0w\no5+8VrxVUcbGhDcPYGcXWNlM58pzfW8tpSz6BQVwo+o68haDEnUejs/WLGotHwxM\nXt2jNVVpODN89yjos4pzr+kofnpFGEglO1H9ac00DzIiorzaMuEXpKoa63sVl8uV\nE+pY8CnSWWcS5q++X6ULfCYLRCCbsBrLHB0OdefesP6AtUXL5Cg5vstpPTIIHIZM\nwKZqcwjWDi/PokB6vXuAZygSULS3MJxXTmyLdQJysA3yEd6jKqEPgX5naRMZ84wn\nDS70DiVkjDTY3rRr09Hf0HZlfvnZ5fYL3TkR+3tRzD7P/ZJovoivYXLnhreA0qnC\n3bOdr0DaFfFFhkqwTbXQ/t994Y7ZRD7iPp5v/tVPu+gt6ApQUpWh860DiBm8S80X\n2VKu2lZWf/xg2/Rd69+DXqeJIXNzotdPYs+/h1AWnoGzhkPHFPjW6OlelcS4KO3K\nNQ2uN/qbbRTRAAABAHM6IquUBG1ZfDr7XlJ6AJmB7+m2uMm86tcgYGHjm32GyF3+\nGEt5HhB8wgVmGHdUpUv7rLeFLXhju/7U1vdnb288Kpm78O3A+1e5DvTGFdk3eFOH\n4rLCzkmS8q1yZ5zco3Q6CkFG2mMS4FFqtqc0Tt7tSjpJGObsGbFeFcjI+Jia8meo\nyQQcOXsnWYeClM/fMb9K2DKa4bQ1YEo8P0XO4ewqvEaIBsUk52ZCE/NlaCmJ81bW\nkxYDnupUwL4zlcLTkru4HHHyfVHKwnrkO8wgo4NBd0UhxdA94aFCyU0ZX1sMMC6e\nfn4C4pORKeav4S6zVD0YVi+M+HEUaOhUOnQpKdkAAAEBAMW3ER0t/xl0m6T0GVL5\nkmk2f6+EPbyPETgclA+L4E0gAZM264x9tA1FCly6p7OoaAlyrPMSxifQqXri1BRI\nEFTY8JXfFyz0MQ1CZuFcIxgJp5vo2eCA6qfxIqqaK1mQTdUwiHA3N3jp6BBgiU4H\nX6s8jS0DL1gefiybbDj1pMjph8KpqT9qxKTqKheuw5kWN6XBZiGaWQDThRjh3THR\nNDUoIAqW9/Uqqyi+vM0PS7k/jSzgLLhKUTa1oRl9MZYo5BBtl0JKYslXZB12YNUW\n3jW/Y9GJ1ftfN1IdOgAckRxDUJaKsRfOI4jaV5LiIrPyOa9R7P/UhS4nwQhzbw8v\n0VkAAAEBAN6zoSSZJqaXvXcqJ51SKDNBi7P5oxmAuoXraguqeqjTbRzau6CiGqbo\nYH8i9VhPItIp5bNzp6WTRHzqkt1Wk7VjyWwk03YpCwdNOe7SbgJ8MGKZLKjvChqV\nuijd0Ce+3toskhshu3mMH6ODmjO5F/aoZFYEz9ripFmT3Q6PuBU5um04S7uJ4b2T\n+7ja9uVTUoyk+0zRpcpfbYoA5O+HYRNRVWCXQtE/UURSWjG0vrj6CKeMrlE0Ymcr\nAjP7RL56GhzTDrLps3ivL1yzspvx+RSbW+Hz0zhQ+zxG9VeC8SZdmUBV/ypT6/3l\nbUOBfMnhroZ0O/BsgqeY9D8a5/meTQsAAAAAAQID\n-----END OPENSSH PRIVATE KEY-----\n",
            "private_key_pem": "-----BEGIN RSA PRIVATE KEY-----\nMIIJKAIBAAKCAgEAq/98TKsUZoqznki1aWbY17loIxrkAQv1dusLN5Q1CtB1zpZV\nazbNGe5p4/Xk3S0srTWT2WTvwHIgZRQrWXUtk7UhlgOh0TxClOTFEq55Tp77Xpdb\nuWBiMO4O2Aswv6MZ0MxgPwaXbqwcRcsS1c1lhSeSJrJ0WgrfU+ivdvbC4g/9OkMR\nJg1V+uoUiRnXOf2/q+gzJKGnb/5rH0n624TM2s5tplAVfz/PBkDdtQQc75sUvLhQ\nUteTyH3aofGh4x3G8cwSDwekNoEZcakQN54AC12gh7gUOGjHp9eJhKsKOKYzcXcm\nNgsTmSfP8AhudWRZBRGrBQ9pPrUn2eajhSHu/Yvcv8kd1T+Ib/3dZmp2rlv9N/vh\nFXlg8tMttLItuNw3tcxq6ANlwKMukGxorCEpy9xlSr2LnaxSnV4CRiZ/wSpGQ9U9\nCAFkWCvi+m+XI2Tt17Cb+BYlnU89VHntr0oXhCVPnHq0SpOWTynlLw/EBHgSzcsB\n6W8FCWhdSeojEfEsrINb9sBLES0FfdhjMJtt8AEsnKaGiBvoDyFx3NiVBd2XIiKy\nEJy8aUiOFNoAfRRvCXwtn7+QOCf3sfc69Ga7+i2WS0wnw+UKtq2HOkFxS3Fvrz35\no6hmXSDLOKNOwUZl8Y0oHOUua3v1cGkAXDbkXiCRuni2NGkqArYwyM7zw9MCAwEA\nAQKCAgBCgC6UChWCLCCUk3IoxY4TomkEIbKEQRZwGyKkI5Z6juztqixunqqgWxDw\nBbOuXHgIpE184UzdcILb8fdsyCSOFptcwBzBpHXt0aHsvi7C2i9AfG8Hdp+gYXq1\nx2XawnoJw+t2ktrb/ImV5pVqutaErC8S7S6VXdzJOY8WBQSGmT4EV8f6mW9j6ztz\nYt1XW6fPFKEpiaMOZyUN3PG0DF2UP/ofMpmNMKOfvFa8VVHGxoQ3D2BnF1jZTOfK\nc31vLaUs+gUFcKPqOvIWgxJ1Ho7P1ixqLR8MTF7dozVVaTgzfPco6LOKc6/pKH56\nRRhIJTtR/WnNNA8yIqK82jLhF6SqGut7FZfLlRPqWPAp0llnEuavvl+lC3wmC0Qg\nm7AayxwdDnXn3rD+gLVFy+QoOb7LaT0yCByGTMCmanMI1g4vz6JAer17gGcoElC0\ntzCcV05si3UCcrAN8hHeoyqhD4F+Z2kTGfOMJw0u9A4lZIw02N60a9PR39B2ZX75\n2eX2C905Eft7Ucw+z/2SaL6Ir2Fy54a3gNKpwt2zna9A2hXxRYZKsE210P7ffeGO\n2UQ+4j6eb/7VT7voLegKUFKVofOtA4gZvEvNF9lSrtpWVn/8YNv0Xevfg16niSFz\nc6LXT2LPv4dQFp6Bs4ZDxxT41ujpXpXEuCjtyjUNrjf6m20U0QKCAQEAxbcRHS3/\nGXSbpPQZUvmSaTZ/r4Q9vI8ROByUD4vgTSABkzbrjH20DUUKXLqns6hoCXKs8xLG\nJ9CpeuLUFEgQVNjwld8XLPQxDUJm4VwjGAmnm+jZ4IDqp/EiqporWZBN1TCIcDc3\neOnoEGCJTgdfqzyNLQMvWB5+LJtsOPWkyOmHwqmpP2rEpOoqF67DmRY3pcFmIZpZ\nANOFGOHdMdE0NSggCpb39SqrKL68zQ9LuT+NLOAsuEpRNrWhGX0xlijkEG2XQkpi\nyVdkHXZg1RbeNb9j0YnV+183Uh06AByRHENQloqxF84jiNpXkuIis/I5r1Hs/9SF\nLifBCHNvDy/RWQKCAQEA3rOhJJkmppe9dyonnVIoM0GLs/mjGYC6hetqC6p6qNNt\nHNq7oKIapuhgfyL1WE8i0inls3OnpZNEfOqS3VaTtWPJbCTTdikLB0057tJuAnww\nYpksqO8KGpW6KN3QJ77e2iySGyG7eYwfo4OaM7kX9qhkVgTP2uKkWZPdDo+4FTm6\nbThLu4nhvZP7uNr25VNSjKT7TNGlyl9tigDk74dhE1FVYJdC0T9RRFJaMbS+uPoI\np4yuUTRiZysCM/tEvnoaHNMOsumzeK8vXLOym/H5FJtb4fPTOFD7PEb1V4LxJl2Z\nQFX/KlPr/eVtQ4F8yeGuhnQ78GyCp5j0Pxrn+Z5NCwKCAQBot8BJuy3stpUlNeAf\n0W2ZajMQrDLipsfQ91n4LfacAsKyzRjO7Vkq2hFV8cqW3jBUKLevepcXSW4qVu9K\n2qxDtC8gwesNdTxxsGS7Ici4l4x9iEO1o7IlRxM8VrF1G3gN3Um2XZh04zZ1ThwL\nBt7F3ClN2Oz/eA8N4zfbp0ci3oV4NdIdc5g5XIj0yCxy7ZCFqzxDufM/+8f32NEF\n7K8BJIJr+W/VG0dSKkvnNB3APQex5/3nkf0Xw/VSgbt8s6WvicveYXWW/EFbVXKO\nCjGhOABPX/jEzbaIOFCa9IZq+MA7K7QGTrkFZ9eQRVNqCXZCBFtJWK89NfMIXdNJ\nsOLpAoIBAQCot0mTontHppmhV8xfQUi3XCbsmGlZ/s5QesMCR4tZr6NwQr32uhia\n7l18tA1Pc9Sbh6Y/x5TwuZsfT88n5FlPCGQmi9ewIvP5+iWzqrQxKci2Sfktmrr6\n3QgFwdXa5p2KiE3ARFP1h5TImgEOwmFHOteY21hlKWL9ginsyDDb07pK2GV3lMPy\njdQcfbaikfduGedQkVua76Ta8kZ+uP9wVSPrY2z5fZChxAoUsivzk2lPFiNR3e/W\n3Rx0KR4xd+ukfrkaDjcrbPzirDjaL/1WAUUg70nL1n4fclqYi9kKCcr6lKwVczLM\nTS30AHt7roA72H84a9yoABa6YDXyRF11AoIBAHM6IquUBG1ZfDr7XlJ6AJmB7+m2\nuMm86tcgYGHjm32GyF3+GEt5HhB8wgVmGHdUpUv7rLeFLXhju/7U1vdnb288Kpm7\n8O3A+1e5DvTGFdk3eFOH4rLCzkmS8q1yZ5zco3Q6CkFG2mMS4FFqtqc0Tt7tSjpJ\nGObsGbFeFcjI+Jia8meoyQQcOXsnWYeClM/fMb9K2DKa4bQ1YEo8P0XO4ewqvEaI\nBsUk52ZCE/NlaCmJ81bWkxYDnupUwL4zlcLTkru4HHHyfVHKwnrkO8wgo4NBd0Uh\nxdA94aFCyU0ZX1sMMC6efn4C4pORKeav4S6zVD0YVi+M+HEUaOhUOnQpKdk=\n-----END RSA PRIVATE KEY-----\n",
            "private_key_pem_pkcs8": "-----BEGIN PRIVATE KEY-----\nMIIJQgIBADANBgkqhkiG9w0BAQEFAASCCSwwggkoAgEAAoICAQCr/3xMqxRmirOe\nSLVpZtjXuWgjGuQBC/V26ws3lDUK0HXOllVrNs0Z7mnj9eTdLSytNZPZZO/AciBl\nFCtZdS2TtSGWA6HRPEKU5MUSrnlOnvtel1u5YGIw7g7YCzC/oxnQzGA/BpdurBxF\nyxLVzWWFJ5ImsnRaCt9T6K929sLiD/06QxEmDVX66hSJGdc5/b+r6DMkoadv/msf\nSfrbhMzazm2mUBV/P88GQN21BBzvmxS8uFBS15PIfdqh8aHjHcbxzBIPB6Q2gRlx\nqRA3ngALXaCHuBQ4aMen14mEqwo4pjNxdyY2CxOZJ8/wCG51ZFkFEasFD2k+tSfZ\n5qOFIe79i9y/yR3VP4hv/d1manauW/03++EVeWDy0y20si243De1zGroA2XAoy6Q\nbGisISnL3GVKvYudrFKdXgJGJn/BKkZD1T0IAWRYK+L6b5cjZO3XsJv4FiWdTz1U\nee2vSheEJU+cerRKk5ZPKeUvD8QEeBLNywHpbwUJaF1J6iMR8Sysg1v2wEsRLQV9\n2GMwm23wASycpoaIG+gPIXHc2JUF3ZciIrIQnLxpSI4U2gB9FG8JfC2fv5A4J/ex\n9zr0Zrv6LZZLTCfD5Qq2rYc6QXFLcW+vPfmjqGZdIMs4o07BRmXxjSgc5S5re/Vw\naQBcNuReIJG6eLY0aSoCtjDIzvPD0wIDAQABAoICAEKALpQKFYIsIJSTcijFjhOi\naQQhsoRBFnAbIqQjlnqO7O2qLG6eqqBbEPAFs65ceAikTXzhTN1wgtvx92zIJI4W\nm1zAHMGkde3Roey+LsLaL0B8bwd2n6BherXHZdrCegnD63aS2tv8iZXmlWq61oSs\nLxLtLpVd3Mk5jxYFBIaZPgRXx/qZb2PrO3Ni3Vdbp88UoSmJow5nJQ3c8bQMXZQ/\n+h8ymY0wo5+8VrxVUcbGhDcPYGcXWNlM58pzfW8tpSz6BQVwo+o68haDEnUejs/W\nLGotHwxMXt2jNVVpODN89yjos4pzr+kofnpFGEglO1H9ac00DzIiorzaMuEXpKoa\n63sVl8uVE+pY8CnSWWcS5q++X6ULfCYLRCCbsBrLHB0OdefesP6AtUXL5Cg5vstp\nPTIIHIZMwKZqcwjWDi/PokB6vXuAZygSULS3MJxXTmyLdQJysA3yEd6jKqEPgX5n\naRMZ84wnDS70DiVkjDTY3rRr09Hf0HZlfvnZ5fYL3TkR+3tRzD7P/ZJovoivYXLn\nhreA0qnC3bOdr0DaFfFFhkqwTbXQ/t994Y7ZRD7iPp5v/tVPu+gt6ApQUpWh860D\niBm8S80X2VKu2lZWf/xg2/Rd69+DXqeJIXNzotdPYs+/h1AWnoGzhkPHFPjW6Ole\nlcS4KO3KNQ2uN/qbbRTRAoIBAQDFtxEdLf8ZdJuk9BlS+ZJpNn+vhD28jxE4HJQP\ni+BNIAGTNuuMfbQNRQpcuqezqGgJcqzzEsYn0Kl64tQUSBBU2PCV3xcs9DENQmbh\nXCMYCaeb6NnggOqn8SKqmitZkE3VMIhwNzd46egQYIlOB1+rPI0tAy9YHn4sm2w4\n9aTI6YfCqak/asSk6ioXrsOZFjelwWYhmlkA04UY4d0x0TQ1KCAKlvf1KqsovrzN\nD0u5P40s4Cy4SlE2taEZfTGWKOQQbZdCSmLJV2QddmDVFt41v2PRidX7XzdSHToA\nHJEcQ1CWirEXziOI2leS4iKz8jmvUez/1IUuJ8EIc28PL9FZAoIBAQDes6EkmSam\nl713KiedUigzQYuz+aMZgLqF62oLqnqo020c2rugohqm6GB/IvVYTyLSKeWzc6el\nk0R86pLdVpO1Y8lsJNN2KQsHTTnu0m4CfDBimSyo7woalboo3dAnvt7aLJIbIbt5\njB+jg5ozuRf2qGRWBM/a4qRZk90Oj7gVObptOEu7ieG9k/u42vblU1KMpPtM0aXK\nX22KAOTvh2ETUVVgl0LRP1FEUloxtL64+ginjK5RNGJnKwIz+0S+ehoc0w6y6bN4\nry9cs7Kb8fkUm1vh89M4UPs8RvVXgvEmXZlAVf8qU+v95W1DgXzJ4a6GdDvwbIKn\nmPQ/Guf5nk0LAoIBAGi3wEm7Ley2lSU14B/RbZlqMxCsMuKmx9D3Wfgt9pwCwrLN\nGM7tWSraEVXxypbeMFQot696lxdJbipW70rarEO0LyDB6w11PHGwZLshyLiXjH2I\nQ7WjsiVHEzxWsXUbeA3dSbZdmHTjNnVOHAsG3sXcKU3Y7P94Dw3jN9unRyLehXg1\n0h1zmDlciPTILHLtkIWrPEO58z/7x/fY0QXsrwEkgmv5b9UbR1IqS+c0HcA9B7Hn\n/eeR/RfD9VKBu3yzpa+Jy95hdZb8QVtVco4KMaE4AE9f+MTNtog4UJr0hmr4wDsr\ntAZOuQVn15BFU2oJdkIEW0lYrz018whd00mw4ukCggEBAKi3SZOie0emmaFXzF9B\nSLdcJuyYaVn+zlB6wwJHi1mvo3BCvfa6GJruXXy0DU9z1JuHpj/HlPC5mx9Pzyfk\nWU8IZCaL17Ai8/n6JbOqtDEpyLZJ+S2auvrdCAXB1drmnYqITcBEU/WHlMiaAQ7C\nYUc615jbWGUpYv2CKezIMNvTukrYZXeUw/KN1Bx9tqKR924Z51CRW5rvpNryRn64\n/3BVI+tjbPl9kKHEChSyK/OTaU8WI1Hd79bdHHQpHjF366R+uRoONyts/OKsONov\n/VYBRSDvScvWfh9yWpiL2QoJyvqUrBVzMsxNLfQAe3uugDvYfzhr3KgAFrpgNfJE\nXXUCggEAczoiq5QEbVl8OvteUnoAmYHv6ba4ybzq1yBgYeObfYbIXf4YS3keEHzC\nBWYYd1SlS/ust4UteGO7/tTW92dvbzwqmbvw7cD7V7kO9MYV2Td4U4fissLOSZLy\nrXJnnNyjdDoKQUbaYxLgUWq2pzRO3u1KOkkY5uwZsV4VyMj4mJryZ6jJBBw5eydZ\nh4KUz98xv0rYMprhtDVgSjw/Rc7h7Cq8RogGxSTnZkIT82VoKYnzVtaTFgOe6lTA\nvjOVwtOSu7gccfJ9UcrCeuQ7zCCjg0F3RSHF0D3hoULJTRlfWwwwLp5+fgLik5Ep\n5q/hLrNUPRhWL4z4cRRo6FQ6dCkp2Q==\n-----END PRIVATE KEY-----\n",
            "public_key_fingerprint_md5": "c8:af:2c:9b:f3:ee:fb:83:cc:d2:f5:5d:97:3b:15:83",
            "public_key_fingerprint_sha256": "SHA256:eazUP56hz5pgNjNDkh7UZbz+uyQjxmRHM05V1lA3vUQ",
            "public_key_openssh": "ssh-rsa AAAAB3NzaC1yc2EAAAADAQABAAACAQCr/3xMqxRmirOeSLVpZtjXuWgjGuQBC/V26ws3lDUK0HXOllVrNs0Z7mnj9eTdLSytNZPZZO/AciBlFCtZdS2TtSGWA6HRPEKU5MUSrnlOnvtel1u5YGIw7g7YCzC/oxnQzGA/BpdurBxFyxLVzWWFJ5ImsnRaCt9T6K929sLiD/06QxEmDVX66hSJGdc5/b+r6DMkoadv/msfSfrbhMzazm2mUBV/P88GQN21BBzvmxS8uFBS15PIfdqh8aHjHcbxzBIPB6Q2gRlxqRA3ngALXaCHuBQ4aMen14mEqwo4pjNxdyY2CxOZJ8/wCG51ZFkFEasFD2k+tSfZ5qOFIe79i9y/yR3VP4hv/d1manauW/03++EVeWDy0y20si243De1zGroA2XAoy6QbGisISnL3GVKvYudrFKdXgJGJn/BKkZD1T0IAWRYK+L6b5cjZO3XsJv4FiWdTz1Uee2vSheEJU+cerRKk5ZPKeUvD8QEeBLNywHpbwUJaF1J6iMR8Sysg1v2wEsRLQV92GMwm23wASycpoaIG+gPIXHc2JUF3ZciIrIQnLxpSI4U2gB9FG8JfC2fv5A4J/ex9zr0Zrv6LZZLTCfD5Qq2rYc6QXFLcW+vPfmjqGZdIMs4o07BRmXxjSgc5S5re/VwaQBcNuReIJG6eLY0aSoCtjDIzvPD0w==\n",
            "public_key_pem": "-----BEGIN PUBLIC KEY-----\nMIICIjANBgkqhkiG9w0BAQEFAAOCAg8AMIICCgKCAgEAq/98TKsUZoqznki1aWbY\n17loIxrkAQv1dusLN5Q1CtB1zpZVazbNGe5p4/Xk3S0srTWT2WTvwHIgZRQrWXUt\nk7UhlgOh0TxClOTFEq55Tp77XpdbuWBiMO4O2Aswv6MZ0MxgPwaXbqwcRcsS1c1l\nhSeSJrJ0WgrfU+ivdvbC4g/9OkMRJg1V+uoUiRnXOf2/q+gzJKGnb/5rH0n624TM\n2s5tplAVfz/PBkDdtQQc75sUvLhQUteTyH3aofGh4x3G8cwSDwekNoEZcakQN54A\nC12gh7gUOGjHp9eJhKsKOKYzcXcmNgsTmSfP8AhudWRZBRGrBQ9pPrUn2eajhSHu\n/Yvcv8kd1T+Ib/3dZmp2rlv9N/vhFXlg8tMttLItuNw3tcxq6ANlwKMukGxorCEp\ny9xlSr2LnaxSnV4CRiZ/wSpGQ9U9CAFkWCvi+m+XI2Tt17Cb+BYlnU89VHntr0oX\nhCVPnHq0SpOWTynlLw/EBHgSzcsB6W8FCWhdSeojEfEsrINb9sBLES0FfdhjMJtt\n8AEsnKaGiBvoDyFx3NiVBd2XIiKyEJy8aUiOFNoAfRRvCXwtn7+QOCf3sfc69Ga7\n+i2WS0wnw+UKtq2HOkFxS3Fvrz35o6hmXSDLOKNOwUZl8Y0oHOUua3v1cGkAXDbk\nXiCRuni2NGkqArYwyM7zw9MCAwEAAQ==\n-----END PUBLIC KEY-----\n",
            "rsa_bits": 4096
          },
          "sensitive_attributes": []
        }
      ]
    }
  ],
  "check_results": null
}
