{
  "version": 4,
  "terraform_version": "1.4.6",
  "serial": 67,
  "lineage": "c9346d1b-7780-58ad-774b-d93ad88a6537",
  "outputs": {
    "ec2_global_ips": {
      "value": [
        [
          "3.93.57.31"
        ]
      ],
      "type": [
        "tuple",
        [
          [
            "tuple",
            [
              "string"
            ]
          ]
        ]
      ]
    }
  },
  "resources": [
    {
      "mode": "managed",
      "type": "aws_instance",
      "name": "web",
      "provider": "provider[\"registry.terraform.io/hashicorp/aws\"]",
      "instances": [
        {
          "schema_version": 1,
          "attributes": {
            "ami": "ami-007855ac798b5175e",
            "arn": "arn:aws:ec2:us-east-1:932919696617:instance/i-0e11e229250f490fc",
            "associate_public_ip_address": true,
            "availability_zone": "us-east-1a",
            "capacity_reservation_specification": [
              {
                "capacity_reservation_preference": "open",
                "capacity_reservation_target": []
              }
            ],
            "cpu_core_count": 1,
            "cpu_options": [
              {
                "amd_sev_snp": "",
                "core_count": 1,
                "threads_per_core": 1
              }
            ],
            "cpu_threads_per_core": 1,
            "credit_specification": [
              {
                "cpu_credits": "standard"
              }
            ],
            "disable_api_stop": false,
            "disable_api_termination": false,
            "ebs_block_device": [],
            "ebs_optimized": false,
            "enclave_options": [
              {
                "enabled": false
              }
            ],
            "ephemeral_block_device": [],
            "get_password_data": false,
            "hibernation": false,
            "host_id": "",
            "host_resource_group_arn": null,
            "iam_instance_profile": "",
            "id": "i-0e11e229250f490fc",
            "instance_initiated_shutdown_behavior": "stop",
            "instance_state": "running",
            "instance_type": "t2.micro",
            "ipv6_address_count": 0,
            "ipv6_addresses": [],
            "key_name": "demo-ssh-key",
            "launch_template": [],
            "maintenance_options": [
              {
                "auto_recovery": "default"
              }
            ],
            "metadata_options": [
              {
                "http_endpoint": "enabled",
                "http_put_response_hop_limit": 1,
                "http_tokens": "optional",
                "instance_metadata_tags": "disabled"
              }
            ],
            "monitoring": false,
            "network_interface": [],
            "outpost_arn": "",
            "password_data": "",
            "placement_group": "",
            "placement_partition_number": 0,
            "primary_network_interface_id": "eni-0ceaaaa936fc77c0c",
            "private_dns": "ip-10-0-1-116.ec2.internal",
            "private_dns_name_options": [
              {
                "enable_resource_name_dns_a_record": false,
                "enable_resource_name_dns_aaaa_record": false,
                "hostname_type": "ip-name"
              }
            ],
            "private_ip": "10.0.1.116",
            "public_dns": "ec2-3-93-57-31.compute-1.amazonaws.com",
            "public_ip": "3.93.57.31",
            "root_block_device": [
              {
                "delete_on_termination": true,
                "device_name": "/dev/sda1",
                "encrypted": false,
                "iops": 100,
                "kms_key_id": "",
                "tags": {},
                "throughput": 0,
                "volume_id": "vol-041cc669e053b5a18",
                "volume_size": 8,
                "volume_type": "gp2"
              }
            ],
            "secondary_private_ips": [],
            "security_groups": [],
            "source_dest_check": true,
            "subnet_id": "subnet-057766a40e5d9bf41",
            "tags": {
              "Name": "demo-vm2"
            },
            "tags_all": {
              "Name": "demo-vm2"
            },
            "tenancy": "default",
            "timeouts": null,
            "user_data": "23ad6d2b76c32ccbf1b4c8d546231476fe0384b3",
            "user_data_base64": null,
            "user_data_replace_on_change": false,
            "volume_tags": null,
            "vpc_security_group_ids": [
              "sg-07392be57170f4fa8"
            ]
          },
          "sensitive_attributes": [],
          "private": "eyJlMmJmYjczMC1lY2FhLTExZTYtOGY4OC0zNDM2M2JjN2M0YzAiOnsiY3JlYXRlIjo2MDAwMDAwMDAwMDAsImRlbGV0ZSI6MTIwMDAwMDAwMDAwMCwidXBkYXRlIjo2MDAwMDAwMDAwMDB9LCJzY2hlbWFfdmVyc2lvbiI6IjEifQ==",
          "dependencies": [
            "aws_key_pair.generated_key",
            "aws_security_group.allow_tls",
            "aws_subnet.public",
            "aws_vpc.test-vpc",
            "tls_private_key.ssh-key"
          ]
        }
      ]
    },
    {
      "mode": "managed",
      "type": "aws_internet_gateway",
      "name": "gw",
      "provider": "provider[\"registry.terraform.io/hashicorp/aws\"]",
      "instances": [
        {
          "schema_version": 0,
          "attributes": {
            "arn": "arn:aws:ec2:us-east-1:932919696617:internet-gateway/igw-055249be057b3c431",
            "id": "igw-055249be057b3c431",
            "owner_id": "932919696617",
            "tags": {
              "Name": "TEST VPC IG"
            },
            "tags_all": {
              "Name": "TEST VPC IG"
            },
            "timeouts": null,
            "vpc_id": "vpc-042dc410e08b8c8e5"
          },
          "sensitive_attributes": [],
          "private": "eyJlMmJmYjczMC1lY2FhLTExZTYtOGY4OC0zNDM2M2JjN2M0YzAiOnsiY3JlYXRlIjoxMjAwMDAwMDAwMDAwLCJkZWxldGUiOjEyMDAwMDAwMDAwMDAsInVwZGF0ZSI6MTIwMDAwMDAwMDAwMH19",
          "dependencies": [
            "aws_vpc.test-vpc"
          ]
        }
      ]
    },
    {
      "mode": "managed",
      "type": "aws_key_pair",
      "name": "generated_key",
      "provider": "provider[\"registry.terraform.io/hashicorp/aws\"]",
      "instances": [
        {
          "schema_version": 1,
          "attributes": {
            "arn": "arn:aws:ec2:us-east-1:932919696617:key-pair/demo-ssh-key",
            "fingerprint": "86:c9:8d:39:87:20:7b:ae:e5:0d:a7:b6:05:9c:3f:9c",
            "id": "demo-ssh-key",
            "key_name": "demo-ssh-key",
            "key_name_prefix": "",
            "key_pair_id": "key-0aca8cb5f1bc2ca65",
            "key_type": "rsa",
            "public_key": "ssh-rsa AAAAB3NzaC1yc2EAAAADAQABAAABAQC/8ayET68+yG23HbRQOIVu9ovQfLXB5qDZX9mxJ5v9tJZNdxK6oJHq3oI4AFEzAVTXYU9gX/1VcT11qx22jR6/ipYlNU3+LhPIpFZHtuFZkJg5IR9diVGZx9sCVnu4zYmS2O3FkpTYpfTzioxUw5uz1AJ+rJwhA71Pw611cUpOQwl0OZS8ky0J/UcctxBFpHNg6AjB1GUdbAa5lUIHk55pyVbCIiZEYHtXrN5LIvjty8pvV88aBKpVkj3Q20SQBYf5kciKCh0eH+LDVIQIocv2FWyUIcL1UO+dlAihz8oGdKNOcqBddFsv+IXA7hKg7EHkEaNDPGebo9cgXCWoTWA1",
            "tags": null,
            "tags_all": {}
          },
          "sensitive_attributes": [],
          "private": "eyJzY2hlbWFfdmVyc2lvbiI6IjEifQ==",
          "dependencies": [
            "tls_private_key.ssh-key"
          ]
        }
      ]
    },
    {
      "mode": "managed",
      "type": "aws_route_table",
      "name": "rt",
      "provider": "provider[\"registry.terraform.io/hashicorp/aws\"]",
      "instances": [
        {
          "schema_version": 0,
          "attributes": {
            "arn": "arn:aws:ec2:us-east-1:932919696617:route-table/rtb-0a5b4fc26ea90ab1f",
            "id": "rtb-0a5b4fc26ea90ab1f",
            "owner_id": "932919696617",
            "propagating_vgws": [],
            "route": [
              {
                "carrier_gateway_id": "",
                "cidr_block": "0.0.0.0/0",
                "core_network_arn": "",
                "destination_prefix_list_id": "",
                "egress_only_gateway_id": "",
                "gateway_id": "igw-055249be057b3c431",
                "instance_id": "",
                "ipv6_cidr_block": "",
                "local_gateway_id": "",
                "nat_gateway_id": "",
                "network_interface_id": "",
                "transit_gateway_id": "",
                "vpc_endpoint_id": "",
                "vpc_peering_connection_id": ""
              }
            ],
            "tags": {
              "Name": "Route Table for aws service"
            },
            "tags_all": {
              "Name": "Route Table for aws service"
            },
            "timeouts": null,
            "vpc_id": "vpc-042dc410e08b8c8e5"
          },
          "sensitive_attributes": [],
          "private": "eyJlMmJmYjczMC1lY2FhLTExZTYtOGY4OC0zNDM2M2JjN2M0YzAiOnsiY3JlYXRlIjozMDAwMDAwMDAwMDAsImRlbGV0ZSI6MzAwMDAwMDAwMDAwLCJ1cGRhdGUiOjEyMDAwMDAwMDAwMH19",
          "dependencies": [
            "aws_internet_gateway.gw",
            "aws_vpc.test-vpc"
          ]
        }
      ]
    },
    {
      "mode": "managed",
      "type": "aws_route_table_association",
      "name": "a",
      "provider": "provider[\"registry.terraform.io/hashicorp/aws\"]",
      "instances": [
        {
          "schema_version": 0,
          "attributes": {
            "gateway_id": "",
            "id": "rtbassoc-0bf2859cdbcb96892",
            "route_table_id": "rtb-0a5b4fc26ea90ab1f",
            "subnet_id": "subnet-057766a40e5d9bf41",
            "timeouts": null
          },
          "sensitive_attributes": [],
          "private": "eyJlMmJmYjczMC1lY2FhLTExZTYtOGY4OC0zNDM2M2JjN2M0YzAiOnsiY3JlYXRlIjozMDAwMDAwMDAwMDAsImRlbGV0ZSI6MzAwMDAwMDAwMDAwLCJ1cGRhdGUiOjEyMDAwMDAwMDAwMH19",
          "dependencies": [
            "aws_internet_gateway.gw",
            "aws_route_table.rt",
            "aws_subnet.public",
            "aws_vpc.test-vpc"
          ]
        }
      ]
    },
    {
      "mode": "managed",
      "type": "aws_route_table_association",
      "name": "b",
      "provider": "provider[\"registry.terraform.io/hashicorp/aws\"]",
      "instances": [
        {
          "schema_version": 0,
          "attributes": {
            "gateway_id": "",
            "id": "rtbassoc-086487c8333999d55",
            "route_table_id": "rtb-0a5b4fc26ea90ab1f",
            "subnet_id": "subnet-06dfcad109c929eb1",
            "timeouts": null
          },
          "sensitive_attributes": [],
          "private": "eyJlMmJmYjczMC1lY2FhLTExZTYtOGY4OC0zNDM2M2JjN2M0YzAiOnsiY3JlYXRlIjozMDAwMDAwMDAwMDAsImRlbGV0ZSI6MzAwMDAwMDAwMDAwLCJ1cGRhdGUiOjEyMDAwMDAwMDAwMH19",
          "dependencies": [
            "aws_internet_gateway.gw",
            "aws_route_table.rt",
            "aws_subnet.private",
            "aws_vpc.test-vpc"
          ]
        }
      ]
    },
    {
      "mode": "managed",
      "type": "aws_security_group",
      "name": "allow_tls",
      "provider": "provider[\"registry.terraform.io/hashicorp/aws\"]",
      "instances": [
        {
          "schema_version": 1,
          "attributes": {
            "arn": "arn:aws:ec2:us-east-1:932919696617:security-group/sg-07392be57170f4fa8",
            "description": "Allow TLS inbound traffic",
            "egress": [
              {
                "cidr_blocks": [
                  "0.0.0.0/0"
                ],
                "description": "",
                "from_port": 0,
                "ipv6_cidr_blocks": [],
                "prefix_list_ids": [],
                "protocol": "-1",
                "security_groups": [],
                "self": false,
                "to_port": 0
              }
            ],
            "id": "sg-07392be57170f4fa8",
            "ingress": [
              {
                "cidr_blocks": [
                  "0.0.0.0/0"
                ],
                "description": "TLS from VPC",
                "from_port": 22,
                "ipv6_cidr_blocks": [],
                "prefix_list_ids": [],
                "protocol": "tcp",
                "security_groups": [],
                "self": false,
                "to_port": 22
              },
              {
                "cidr_blocks": [
                  "0.0.0.0/0"
                ],
                "description": "TLS from VPC",
                "from_port": 443,
                "ipv6_cidr_blocks": [],
                "prefix_list_ids": [],
                "protocol": "tcp",
                "security_groups": [],
                "self": false,
                "to_port": 443
              },
              {
                "cidr_blocks": [
                  "0.0.0.0/0"
                ],
                "description": "TLS from VPC",
                "from_port": 8080,
                "ipv6_cidr_blocks": [],
                "prefix_list_ids": [],
                "protocol": "tcp",
                "security_groups": [],
                "self": false,
                "to_port": 8080
              },
              {
                "cidr_blocks": [
                  "0.0.0.0/0"
                ],
                "description": "TLS from VPC",
                "from_port": 80,
                "ipv6_cidr_blocks": [],
                "prefix_list_ids": [],
                "protocol": "tcp",
                "security_groups": [],
                "self": false,
                "to_port": 80
              },
              {
                "cidr_blocks": [
                  "0.0.0.0/0"
                ],
                "description": "TLS from VPC",
                "from_port": 81,
                "ipv6_cidr_blocks": [],
                "prefix_list_ids": [],
                "protocol": "tcp",
                "security_groups": [],
                "self": false,
                "to_port": 81
              }
            ],
            "name": "allow_tls",
            "name_prefix": "",
            "owner_id": "932919696617",
            "revoke_rules_on_delete": false,
            "tags": {
              "Name": "ec2-SG"
            },
            "tags_all": {
              "Name": "ec2-SG"
            },
            "timeouts": null,
            "vpc_id": "vpc-042dc410e08b8c8e5"
          },
          "sensitive_attributes": [],
          "private": "eyJlMmJmYjczMC1lY2FhLTExZTYtOGY4OC0zNDM2M2JjN2M0YzAiOnsiY3JlYXRlIjo2MDAwMDAwMDAwMDAsImRlbGV0ZSI6OTAwMDAwMDAwMDAwfSwic2NoZW1hX3ZlcnNpb24iOiIxIn0=",
          "dependencies": [
            "aws_vpc.test-vpc"
          ]
        }
      ]
    },
    {
      "mode": "managed",
      "type": "aws_subnet",
      "name": "private",
      "provider": "provider[\"registry.terraform.io/hashicorp/aws\"]",
      "instances": [
        {
          "schema_version": 1,
          "attributes": {
            "arn": "arn:aws:ec2:us-east-1:932919696617:subnet/subnet-06dfcad109c929eb1",
            "assign_ipv6_address_on_creation": false,
            "availability_zone": "us-east-1b",
            "availability_zone_id": "use1-az1",
            "cidr_block": "10.0.2.0/24",
            "customer_owned_ipv4_pool": "",
            "enable_dns64": false,
            "enable_lni_at_device_index": 0,
            "enable_resource_name_dns_a_record_on_launch": false,
            "enable_resource_name_dns_aaaa_record_on_launch": false,
            "id": "subnet-06dfcad109c929eb1",
            "ipv6_cidr_block": "",
            "ipv6_cidr_block_association_id": "",
            "ipv6_native": false,
            "map_customer_owned_ip_on_launch": false,
            "map_public_ip_on_launch": false,
            "outpost_arn": "",
            "owner_id": "932919696617",
            "private_dns_hostname_type_on_launch": "ip-name",
            "tags": {
              "Name": "test_private_subnet"
            },
            "tags_all": {
              "Name": "test_private_subnet"
            },
            "timeouts": null,
            "vpc_id": "vpc-042dc410e08b8c8e5"
          },
          "sensitive_attributes": [],
          "private": "eyJlMmJmYjczMC1lY2FhLTExZTYtOGY4OC0zNDM2M2JjN2M0YzAiOnsiY3JlYXRlIjo2MDAwMDAwMDAwMDAsImRlbGV0ZSI6MTIwMDAwMDAwMDAwMH0sInNjaGVtYV92ZXJzaW9uIjoiMSJ9",
          "dependencies": [
            "aws_vpc.test-vpc"
          ]
        }
      ]
    },
    {
      "mode": "managed",
      "type": "aws_subnet",
      "name": "public",
      "provider": "provider[\"registry.terraform.io/hashicorp/aws\"]",
      "instances": [
        {
          "schema_version": 1,
          "attributes": {
            "arn": "arn:aws:ec2:us-east-1:932919696617:subnet/subnet-057766a40e5d9bf41",
            "assign_ipv6_address_on_creation": false,
            "availability_zone": "us-east-1a",
            "availability_zone_id": "use1-az6",
            "cidr_block": "10.0.1.0/24",
            "customer_owned_ipv4_pool": "",
            "enable_dns64": false,
            "enable_lni_at_device_index": 0,
            "enable_resource_name_dns_a_record_on_launch": false,
            "enable_resource_name_dns_aaaa_record_on_launch": false,
            "id": "subnet-057766a40e5d9bf41",
            "ipv6_cidr_block": "",
            "ipv6_cidr_block_association_id": "",
            "ipv6_native": false,
            "map_customer_owned_ip_on_launch": false,
            "map_public_ip_on_launch": true,
            "outpost_arn": "",
            "owner_id": "932919696617",
            "private_dns_hostname_type_on_launch": "ip-name",
            "tags": {
              "Name": "test_public_subnet"
            },
            "tags_all": {
              "Name": "test_public_subnet"
            },
            "timeouts": null,
            "vpc_id": "vpc-042dc410e08b8c8e5"
          },
          "sensitive_attributes": [],
          "private": "eyJlMmJmYjczMC1lY2FhLTExZTYtOGY4OC0zNDM2M2JjN2M0YzAiOnsiY3JlYXRlIjo2MDAwMDAwMDAwMDAsImRlbGV0ZSI6MTIwMDAwMDAwMDAwMH0sInNjaGVtYV92ZXJzaW9uIjoiMSJ9",
          "dependencies": [
            "aws_vpc.test-vpc"
          ]
        }
      ]
    },
    {
      "mode": "managed",
      "type": "aws_vpc",
      "name": "test-vpc",
      "provider": "provider[\"registry.terraform.io/hashicorp/aws\"]",
      "instances": [
        {
          "schema_version": 1,
          "attributes": {
            "arn": "arn:aws:ec2:us-east-1:932919696617:vpc/vpc-042dc410e08b8c8e5",
            "assign_generated_ipv6_cidr_block": false,
            "cidr_block": "10.0.0.0/16",
            "default_network_acl_id": "acl-05a4c5a2bf3d2c722",
            "default_route_table_id": "rtb-0752e7d2b9cafbffe",
            "default_security_group_id": "sg-09ffec38b815b87a3",
            "dhcp_options_id": "dopt-004ed46725d2a9cfd",
            "enable_classiclink": false,
            "enable_classiclink_dns_support": false,
            "enable_dns_hostnames": true,
            "enable_dns_support": true,
            "enable_network_address_usage_metrics": false,
            "id": "vpc-042dc410e08b8c8e5",
            "instance_tenancy": "default",
            "ipv4_ipam_pool_id": null,
            "ipv4_netmask_length": null,
            "ipv6_association_id": "",
            "ipv6_cidr_block": "",
            "ipv6_cidr_block_network_border_group": "",
            "ipv6_ipam_pool_id": "",
            "ipv6_netmask_length": 0,
            "main_route_table_id": "rtb-0752e7d2b9cafbffe",
            "owner_id": "932919696617",
            "tags": {
              "Name": "Test VPC"
            },
            "tags_all": {
              "Name": "Test VPC"
            }
          },
          "sensitive_attributes": [],
          "private": "eyJzY2hlbWFfdmVyc2lvbiI6IjEifQ=="
        }
      ]
    },
    {
      "mode": "managed",
      "type": "local_file",
      "name": "key",
      "provider": "provider[\"registry.terraform.io/hashicorp/local\"]",
      "instances": [
        {
          "schema_version": 0,
          "attributes": {
            "content": "-----BEGIN RSA PRIVATE KEY-----\nMIIEpQIBAAKCAQEAv/GshE+vPshttx20UDiFbvaL0Hy1weag2V/ZsSeb/bSWTXcS\nuqCR6t6COABRMwFU12FPYF/9VXE9dasdto0ev4qWJTVN/i4TyKRWR7bhWZCYOSEf\nXYlRmcfbAlZ7uM2JktjtxZKU2KX084qMVMObs9QCfqycIQO9T8OtdXFKTkMJdDmU\nvJMtCf1HHLcQRaRzYOgIwdRlHWwGuZVCB5OeaclWwiImRGB7V6zeSyL47cvKb1fP\nGgSqVZI90NtEkAWH+ZHIigodHh/iw1SECKHL9hVslCHC9VDvnZQIoc/KBnSjTnKg\nXXRbL/iFwO4SoOxB5BGjQzxnm6PXIFwlqE1gNQIDAQABAoIBAQC4NAgp2gcGK3cP\nWtRmgDedq8G1zVjowpnuwou59ZdAPQRZR0KUE/C1A+DYOYWzez2ejOaOSNBoJQqk\nWBllzbyKeUdqYeN9YV7fGMcsf5d4SsmrWdwt+dBz0ladwb1uNuImKUTWbLunxmxz\nJK1T030jcP0L8D7NeDc/yzw2DwkOXKHHRuyP+imNyOJ9I2ioS98LIElwviFkR8e2\nvl1nVPIu0nqyTRsspZYy//Uuu5uU3OPppj65Ymb5y5wW6maW6QYnRfQRkAR+G9lc\nFuYWHaK250ELhkVZNr5uV54+p9Um704L+BOhQlTKcRYLFblIVrA48iWgWmFX71Pc\ni9xoV2EBAoGBANy2ahwSDfXVXpqch7yRIQjYQW1IidoI+Zmy0iOkeCWS9kpE93ot\njWLZ1Pd06AoalSccr+1NLY0zA12ZXujcopQj+lZFKdNxRQ+Zrdb8lb3f+6+SfWbF\nruOceTaIxeoPu6B1y6EQoNDz3Lz3ihkjbVEwxoxdQA0+o5BG1qZHcB9VAoGBAN6h\nyY/WxSmgif7RttZr1t5z+eiaQSonvmcjeVr6vgscot21m1l6gQ7/RXuQdAWwuC1v\nezZsjk1VzSLg7ptGLDfludn/5EKd4fdlqcK0jVu0nbLu56v9w0dSL414gx1j5UBx\nD8kmp6MX4gxzijOji6dYnvPRcmC4Sbb0nWL3cX1hAoGBAKXKjKhrU3s/fOHtBPU7\nmzH2qCb8HzjeFwhCUCGf8PRgkYs2hSOMxjDj6lq7wXWdhD6uCOTbXYU8NaIAjE+l\nNKbM48YcDBAdfL/8M55Te/P2JSw8gOBLTFUDe/XgBbMNgGZHNd/WCscK99wmoeDC\nQOKFHg/gGDYawGinHaQn82xFAoGBAJxTOjcX9YWPRpZ5J0tUmaHGCdr8RXmWQqol\nTJdHrZ4b03iehqDD1k9zi5SCEBXWytyMhRXoD9vZvZsaGjFJis8NLf0XI25rcjnH\nVvZy1TdpkboM6vvnyfEQkndiAZ7ngBhJy23RCLEKmh1oG8i6s9sj7SkDDq8/d/NR\nvBm76iLBAoGAMYOZR7zJY+dCnXVnvkXhBV74LVk7G960uSPqDU7yL2rQE4ajCPcw\nkwkXDlSc1LZ7j16PmSub7lKqn91nZ98nNIcbBxGYLyKYf3qVGxg19MHoE4tGWe75\nBEwIjsuhqVy9kH8mjpJS3DcfTPLV4NJ0e7Wnjbu3+u3/cpNmvbbe44U=\n-----END RSA PRIVATE KEY-----\n",
            "content_base64": null,
            "content_base64sha256": "oy6LmxxMn/n/oaaF4/++p4iL2rGh42vmcWICiBF09hc=",
            "content_base64sha512": "lf5W0HWAKwIufbnExwgAasQOkg8ntEogZPs2/fFPtS6vIbq/91yKhjEbm0sF7uPB4ZaSsRVVo4J9cpu54byn8g==",
            "content_md5": "49c829da9ac8ad312c71c2cb17b422f2",
            "content_sha1": "f2ab47b2851b70632f3cf0a521dcac447879bc3e",
            "content_sha256": "a32e8b9b1c4c9ff9ffa1a685e3ffbea7888bdab1a1e36be6716202881174f617",
            "content_sha512": "95fe56d075802b022e7db9c4c708006ac40e920f27b44a2064fb36fdf14fb52eaf21babff75c8a86311b9b4b05eee3c1e19692b11555a3827d729bb9e1bca7f2",
            "directory_permission": "0777",
            "file_permission": "0400",
            "filename": "demo-ssh-key.pem",
            "id": "f2ab47b2851b70632f3cf0a521dcac447879bc3e",
            "sensitive_content": null,
            "source": null
          },
          "sensitive_attributes": [
            [
              {
                "type": "get_attr",
                "value": "content"
              }
            ]
          ],
          "dependencies": [
            "tls_private_key.ssh-key"
          ]
        }
      ]
    },
    {
      "mode": "managed",
      "type": "tls_private_key",
      "name": "ssh-key",
      "provider": "provider[\"registry.terraform.io/hashicorp/tls\"]",
      "instances": [
        {
          "schema_version": 1,
          "attributes": {
            "algorithm": "RSA",
            "ecdsa_curve": "P224",
            "id": "b7e8d53fdd448c7be3318654bafbe16e93aaff5b",
            "private_key_openssh": "-----BEGIN OPENSSH PRIVATE KEY-----\nb3BlbnNzaC1rZXktdjEAAAAABG5vbmUAAAAEbm9uZQAAAAAAAAABAAABFwAAAAdz\nc2gtcnNhAAAAAwEAAQAAAQEAv/GshE+vPshttx20UDiFbvaL0Hy1weag2V/ZsSeb\n/bSWTXcSuqCR6t6COABRMwFU12FPYF/9VXE9dasdto0ev4qWJTVN/i4TyKRWR7bh\nWZCYOSEfXYlRmcfbAlZ7uM2JktjtxZKU2KX084qMVMObs9QCfqycIQO9T8OtdXFK\nTkMJdDmUvJMtCf1HHLcQRaRzYOgIwdRlHWwGuZVCB5OeaclWwiImRGB7V6zeSyL4\n7cvKb1fPGgSqVZI90NtEkAWH+ZHIigodHh/iw1SECKHL9hVslCHC9VDvnZQIoc/K\nBnSjTnKgXXRbL/iFwO4SoOxB5BGjQzxnm6PXIFwlqE1gNQAAA7hE9AGGRPQBhgAA\nAAdzc2gtcnNhAAABAQC/8ayET68+yG23HbRQOIVu9ovQfLXB5qDZX9mxJ5v9tJZN\ndxK6oJHq3oI4AFEzAVTXYU9gX/1VcT11qx22jR6/ipYlNU3+LhPIpFZHtuFZkJg5\nIR9diVGZx9sCVnu4zYmS2O3FkpTYpfTzioxUw5uz1AJ+rJwhA71Pw611cUpOQwl0\nOZS8ky0J/UcctxBFpHNg6AjB1GUdbAa5lUIHk55pyVbCIiZEYHtXrN5LIvjty8pv\nV88aBKpVkj3Q20SQBYf5kciKCh0eH+LDVIQIocv2FWyUIcL1UO+dlAihz8oGdKNO\ncqBddFsv+IXA7hKg7EHkEaNDPGebo9cgXCWoTWA1AAAAAwEAAQAAAQEAuDQIKdoH\nBit3D1rUZoA3navBtc1Y6MKZ7sKLufWXQD0EWUdClBPwtQPg2DmFs3s9nozmjkjQ\naCUKpFgZZc28inlHamHjfWFe3xjHLH+XeErJq1ncLfnQc9JWncG9bjbiJilE1my7\np8ZscyStU9N9I3D9C/A+zXg3P8s8Ng8JDlyhx0bsj/opjcjifSNoqEvfCyBJcL4h\nZEfHtr5dZ1TyLtJ6sk0bLKWWMv/1LrublNzj6aY+uWJm+cucFupmlukGJ0X0EZAE\nfhvZXBbmFh2itudBC4ZFWTa+bleePqfVJu9OC/gToUJUynEWCxW5SFawOPIloFph\nV+9T3IvcaFdhAQAAAIAxg5lHvMlj50KddWe+ReEFXvgtWTsb3rS5I+oNTvIvatAT\nhqMI9zCTCRcOVJzUtnuPXo+ZK5vuUqqf3Wdn3yc0hxsHEZgvIph/epUbGDX0wegT\ni0ZZ7vkETAiOy6GpXL2QfyaOklLcNx9M8tXg0nR7taeNu7f67f9yk2a9tt7jhQAA\nAIEA3LZqHBIN9dVempyHvJEhCNhBbUiJ2gj5mbLSI6R4JZL2SkT3ei2NYtnU93To\nChqVJxyv7U0tjTMDXZle6NyilCP6VkUp03FFD5mt1vyVvd/7r5J9ZsWu45x5NojF\n6g+7oHXLoRCg0PPcvPeKGSNtUTDGjF1ADT6jkEbWpkdwH1UAAACBAN6hyY/WxSmg\nif7RttZr1t5z+eiaQSonvmcjeVr6vgscot21m1l6gQ7/RXuQdAWwuC1vezZsjk1V\nzSLg7ptGLDfludn/5EKd4fdlqcK0jVu0nbLu56v9w0dSL414gx1j5UBxD8kmp6MX\n4gxzijOji6dYnvPRcmC4Sbb0nWL3cX1hAAAAAAEC\n-----END OPENSSH PRIVATE KEY-----\n",
            "private_key_pem": "-----BEGIN RSA PRIVATE KEY-----\nMIIEpQIBAAKCAQEAv/GshE+vPshttx20UDiFbvaL0Hy1weag2V/ZsSeb/bSWTXcS\nuqCR6t6COABRMwFU12FPYF/9VXE9dasdto0ev4qWJTVN/i4TyKRWR7bhWZCYOSEf\nXYlRmcfbAlZ7uM2JktjtxZKU2KX084qMVMObs9QCfqycIQO9T8OtdXFKTkMJdDmU\nvJMtCf1HHLcQRaRzYOgIwdRlHWwGuZVCB5OeaclWwiImRGB7V6zeSyL47cvKb1fP\nGgSqVZI90NtEkAWH+ZHIigodHh/iw1SECKHL9hVslCHC9VDvnZQIoc/KBnSjTnKg\nXXRbL/iFwO4SoOxB5BGjQzxnm6PXIFwlqE1gNQIDAQABAoIBAQC4NAgp2gcGK3cP\nWtRmgDedq8G1zVjowpnuwou59ZdAPQRZR0KUE/C1A+DYOYWzez2ejOaOSNBoJQqk\nWBllzbyKeUdqYeN9YV7fGMcsf5d4SsmrWdwt+dBz0ladwb1uNuImKUTWbLunxmxz\nJK1T030jcP0L8D7NeDc/yzw2DwkOXKHHRuyP+imNyOJ9I2ioS98LIElwviFkR8e2\nvl1nVPIu0nqyTRsspZYy//Uuu5uU3OPppj65Ymb5y5wW6maW6QYnRfQRkAR+G9lc\nFuYWHaK250ELhkVZNr5uV54+p9Um704L+BOhQlTKcRYLFblIVrA48iWgWmFX71Pc\ni9xoV2EBAoGBANy2ahwSDfXVXpqch7yRIQjYQW1IidoI+Zmy0iOkeCWS9kpE93ot\njWLZ1Pd06AoalSccr+1NLY0zA12ZXujcopQj+lZFKdNxRQ+Zrdb8lb3f+6+SfWbF\nruOceTaIxeoPu6B1y6EQoNDz3Lz3ihkjbVEwxoxdQA0+o5BG1qZHcB9VAoGBAN6h\nyY/WxSmgif7RttZr1t5z+eiaQSonvmcjeVr6vgscot21m1l6gQ7/RXuQdAWwuC1v\nezZsjk1VzSLg7ptGLDfludn/5EKd4fdlqcK0jVu0nbLu56v9w0dSL414gx1j5UBx\nD8kmp6MX4gxzijOji6dYnvPRcmC4Sbb0nWL3cX1hAoGBAKXKjKhrU3s/fOHtBPU7\nmzH2qCb8HzjeFwhCUCGf8PRgkYs2hSOMxjDj6lq7wXWdhD6uCOTbXYU8NaIAjE+l\nNKbM48YcDBAdfL/8M55Te/P2JSw8gOBLTFUDe/XgBbMNgGZHNd/WCscK99wmoeDC\nQOKFHg/gGDYawGinHaQn82xFAoGBAJxTOjcX9YWPRpZ5J0tUmaHGCdr8RXmWQqol\nTJdHrZ4b03iehqDD1k9zi5SCEBXWytyMhRXoD9vZvZsaGjFJis8NLf0XI25rcjnH\nVvZy1TdpkboM6vvnyfEQkndiAZ7ngBhJy23RCLEKmh1oG8i6s9sj7SkDDq8/d/NR\nvBm76iLBAoGAMYOZR7zJY+dCnXVnvkXhBV74LVk7G960uSPqDU7yL2rQE4ajCPcw\nkwkXDlSc1LZ7j16PmSub7lKqn91nZ98nNIcbBxGYLyKYf3qVGxg19MHoE4tGWe75\nBEwIjsuhqVy9kH8mjpJS3DcfTPLV4NJ0e7Wnjbu3+u3/cpNmvbbe44U=\n-----END RSA PRIVATE KEY-----\n",
            "private_key_pem_pkcs8": "-----BEGIN PRIVATE KEY-----\nMIIEvwIBADANBgkqhkiG9w0BAQEFAASCBKkwggSlAgEAAoIBAQC/8ayET68+yG23\nHbRQOIVu9ovQfLXB5qDZX9mxJ5v9tJZNdxK6oJHq3oI4AFEzAVTXYU9gX/1VcT11\nqx22jR6/ipYlNU3+LhPIpFZHtuFZkJg5IR9diVGZx9sCVnu4zYmS2O3FkpTYpfTz\nioxUw5uz1AJ+rJwhA71Pw611cUpOQwl0OZS8ky0J/UcctxBFpHNg6AjB1GUdbAa5\nlUIHk55pyVbCIiZEYHtXrN5LIvjty8pvV88aBKpVkj3Q20SQBYf5kciKCh0eH+LD\nVIQIocv2FWyUIcL1UO+dlAihz8oGdKNOcqBddFsv+IXA7hKg7EHkEaNDPGebo9cg\nXCWoTWA1AgMBAAECggEBALg0CCnaBwYrdw9a1GaAN52rwbXNWOjCme7Ci7n1l0A9\nBFlHQpQT8LUD4Ng5hbN7PZ6M5o5I0GglCqRYGWXNvIp5R2ph431hXt8Yxyx/l3hK\nyatZ3C350HPSVp3BvW424iYpRNZsu6fGbHMkrVPTfSNw/QvwPs14Nz/LPDYPCQ5c\nocdG7I/6KY3I4n0jaKhL3wsgSXC+IWRHx7a+XWdU8i7SerJNGyylljL/9S67m5Tc\n4+mmPrliZvnLnBbqZpbpBidF9BGQBH4b2VwW5hYdorbnQQuGRVk2vm5Xnj6n1Sbv\nTgv4E6FCVMpxFgsVuUhWsDjyJaBaYVfvU9yL3GhXYQECgYEA3LZqHBIN9dVempyH\nvJEhCNhBbUiJ2gj5mbLSI6R4JZL2SkT3ei2NYtnU93ToChqVJxyv7U0tjTMDXZle\n6NyilCP6VkUp03FFD5mt1vyVvd/7r5J9ZsWu45x5NojF6g+7oHXLoRCg0PPcvPeK\nGSNtUTDGjF1ADT6jkEbWpkdwH1UCgYEA3qHJj9bFKaCJ/tG21mvW3nP56JpBKie+\nZyN5Wvq+Cxyi3bWbWXqBDv9Fe5B0BbC4LW97NmyOTVXNIuDum0YsN+W52f/kQp3h\n92WpwrSNW7Sdsu7nq/3DR1IvjXiDHWPlQHEPySanoxfiDHOKM6OLp1ie89FyYLhJ\ntvSdYvdxfWECgYEApcqMqGtTez984e0E9TubMfaoJvwfON4XCEJQIZ/w9GCRizaF\nI4zGMOPqWrvBdZ2EPq4I5NtdhTw1ogCMT6U0pszjxhwMEB18v/wznlN78/YlLDyA\n4EtMVQN79eAFsw2AZkc139YKxwr33Cah4MJA4oUeD+AYNhrAaKcdpCfzbEUCgYEA\nnFM6Nxf1hY9GlnknS1SZocYJ2vxFeZZCqiVMl0etnhvTeJ6GoMPWT3OLlIIQFdbK\n3IyFFegP29m9mxoaMUmKzw0t/RcjbmtyOcdW9nLVN2mRugzq++fJ8RCSd2IBnueA\nGEnLbdEIsQqaHWgbyLqz2yPtKQMOrz9381G8GbvqIsECgYAxg5lHvMlj50KddWe+\nReEFXvgtWTsb3rS5I+oNTvIvatAThqMI9zCTCRcOVJzUtnuPXo+ZK5vuUqqf3Wdn\n3yc0hxsHEZgvIph/epUbGDX0wegTi0ZZ7vkETAiOy6GpXL2QfyaOklLcNx9M8tXg\n0nR7taeNu7f67f9yk2a9tt7jhQ==\n-----END PRIVATE KEY-----\n",
            "public_key_fingerprint_md5": "f4:ad:f2:3d:5c:d5:b1:e5:65:8b:76:11:4a:77:b5:51",
            "public_key_fingerprint_sha256": "SHA256:wjcqFildobWNOuFGX2XWJS0X4tCUpKMnQX2ceinsbxY",
            "public_key_openssh": "ssh-rsa AAAAB3NzaC1yc2EAAAADAQABAAABAQC/8ayET68+yG23HbRQOIVu9ovQfLXB5qDZX9mxJ5v9tJZNdxK6oJHq3oI4AFEzAVTXYU9gX/1VcT11qx22jR6/ipYlNU3+LhPIpFZHtuFZkJg5IR9diVGZx9sCVnu4zYmS2O3FkpTYpfTzioxUw5uz1AJ+rJwhA71Pw611cUpOQwl0OZS8ky0J/UcctxBFpHNg6AjB1GUdbAa5lUIHk55pyVbCIiZEYHtXrN5LIvjty8pvV88aBKpVkj3Q20SQBYf5kciKCh0eH+LDVIQIocv2FWyUIcL1UO+dlAihz8oGdKNOcqBddFsv+IXA7hKg7EHkEaNDPGebo9cgXCWoTWA1\n",
            "public_key_pem": "-----BEGIN PUBLIC KEY-----\nMIIBIjANBgkqhkiG9w0BAQEFAAOCAQ8AMIIBCgKCAQEAv/GshE+vPshttx20UDiF\nbvaL0Hy1weag2V/ZsSeb/bSWTXcSuqCR6t6COABRMwFU12FPYF/9VXE9dasdto0e\nv4qWJTVN/i4TyKRWR7bhWZCYOSEfXYlRmcfbAlZ7uM2JktjtxZKU2KX084qMVMOb\ns9QCfqycIQO9T8OtdXFKTkMJdDmUvJMtCf1HHLcQRaRzYOgIwdRlHWwGuZVCB5Oe\naclWwiImRGB7V6zeSyL47cvKb1fPGgSqVZI90NtEkAWH+ZHIigodHh/iw1SECKHL\n9hVslCHC9VDvnZQIoc/KBnSjTnKgXXRbL/iFwO4SoOxB5BGjQzxnm6PXIFwlqE1g\nNQIDAQAB\n-----END PUBLIC KEY-----\n",
            "rsa_bits": 2048
          },
          "sensitive_attributes": []
        }
      ]
    }
  ],
  "check_results": null
}
