{
  "version": 4,
  "terraform_version": "1.4.6",
  "serial": 517,
  "lineage": "c9346d1b-7780-58ad-774b-d93ad88a6537",
  "outputs": {
    "alb-dns-name": {
      "value": "application-lb-1631783781.us-east-1.elb.amazonaws.com",
      "type": "string"
    },
    "certificate_arn": {
      "value": "arn:aws:acm:us-east-1:932919696617:certificate/9765d997-0da6-489a-8a25-5e7fc2c8668d",
      "type": "string"
    },
    "domain_name": {
      "value": "atariya.online",
      "type": "string"
    },
    "ec2_global_ips": {
      "value": [
        [
          "54.167.244.59"
        ]
      ],
      "type": [
        "tuple",
        [
          [
            "tuple",
            [
              "string"
            ]
          ]
        ]
      ]
    }
  },
  "resources": [
    {
      "mode": "data",
      "type": "aws_route53_zone",
      "name": "hosted_zone",
      "provider": "provider[\"registry.terraform.io/hashicorp/aws\"]",
      "instances": [
        {
          "schema_version": 0,
          "attributes": {
            "arn": "arn:aws:route53:::hostedzone/Z07414811SPJLSI3S2D7G",
            "caller_reference": "e6dc5170-b0d0-407c-b7c3-6a8f3df14eba",
            "comment": "",
            "id": "Z07414811SPJLSI3S2D7G",
            "linked_service_description": null,
            "linked_service_principal": null,
            "name": "atariya.online",
            "name_servers": [
              "ns-283.awsdns-35.com",
              "ns-1657.awsdns-15.co.uk",
              "ns-1319.awsdns-36.org",
              "ns-610.awsdns-12.net"
            ],
            "primary_name_server": "ns-283.awsdns-35.com",
            "private_zone": false,
            "resource_record_set_count": 2,
            "tags": {},
            "vpc_id": null,
            "zone_id": "Z07414811SPJLSI3S2D7G"
          },
          "sensitive_attributes": []
        }
      ]
    },
    {
      "mode": "managed",
      "type": "aws_acm_certificate",
      "name": "acm_certificate",
      "provider": "provider[\"registry.terraform.io/hashicorp/aws\"]",
      "instances": [
        {
          "schema_version": 0,
          "attributes": {
            "arn": "arn:aws:acm:us-east-1:932919696617:certificate/9765d997-0da6-489a-8a25-5e7fc2c8668d",
            "certificate_authority_arn": "",
            "certificate_body": null,
            "certificate_chain": null,
            "domain_name": "atariya.online",
            "domain_validation_options": [
              {
                "domain_name": "*.atariya.online",
                "resource_record_name": "_a3d352b759aa720b9adfd0320a39f036.atariya.online.",
                "resource_record_type": "CNAME",
                "resource_record_value": "_6c67452a6882cce42d0020e3179ea975.nbnhgqgzdr.acm-validations.aws."
              },
              {
                "domain_name": "atariya.online",
                "resource_record_name": "_a3d352b759aa720b9adfd0320a39f036.atariya.online.",
                "resource_record_type": "CNAME",
                "resource_record_value": "_6c67452a6882cce42d0020e3179ea975.nbnhgqgzdr.acm-validations.aws."
              }
            ],
            "early_renewal_duration": "",
            "id": "arn:aws:acm:us-east-1:932919696617:certificate/9765d997-0da6-489a-8a25-5e7fc2c8668d",
            "key_algorithm": "RSA_2048",
            "not_after": "",
            "not_before": "",
            "options": [
              {
                "certificate_transparency_logging_preference": "ENABLED"
              }
            ],
            "pending_renewal": false,
            "private_key": null,
            "renewal_eligibility": "INELIGIBLE",
            "renewal_summary": [],
            "status": "PENDING_VALIDATION",
            "subject_alternative_names": [
              "*.atariya.online",
              "atariya.online"
            ],
            "tags": null,
            "tags_all": {},
            "type": "AMAZON_ISSUED",
            "validation_emails": [],
            "validation_method": "DNS",
            "validation_option": []
          },
          "sensitive_attributes": [],
          "private": "bnVsbA=="
        }
      ]
    },
    {
      "mode": "managed",
      "type": "aws_acm_certificate_validation",
      "name": "validation_cert",
      "provider": "provider[\"registry.terraform.io/hashicorp/aws\"]",
      "instances": [
        {
          "schema_version": 0,
          "attributes": {
            "certificate_arn": "arn:aws:acm:us-east-1:932919696617:certificate/9765d997-0da6-489a-8a25-5e7fc2c8668d",
            "id": "2023-06-14 13:55:27.711 +0000 UTC",
            "timeouts": null,
            "validation_record_fqdns": [
              "_a3d352b759aa720b9adfd0320a39f036.atariya.online"
            ]
          },
          "sensitive_attributes": [],
          "private": "eyJlMmJmYjczMC1lY2FhLTExZTYtOGY4OC0zNDM2M2JjN2M0YzAiOnsiY3JlYXRlIjo0NTAwMDAwMDAwMDAwfX0=",
          "dependencies": [
            "aws_acm_certificate.acm_certificate",
            "aws_route53_record.route53_record",
            "data.aws_route53_zone.hosted_zone"
          ]
        }
      ]
    },
    {
      "mode": "managed",
      "type": "aws_instance",
      "name": "web",
      "provider": "provider[\"registry.terraform.io/hashicorp/aws\"]",
      "instances": [
        {
          "index_key": 0,
          "schema_version": 1,
          "attributes": {
            "ami": "ami-007855ac798b5175e",
            "arn": "arn:aws:ec2:us-east-1:932919696617:instance/i-05eb02f1fcb3cfd19",
            "associate_public_ip_address": true,
            "availability_zone": "us-east-1a",
            "capacity_reservation_specification": [
              {
                "capacity_reservation_preference": "open",
                "capacity_reservation_target": []
              }
            ],
            "cpu_core_count": 1,
            "cpu_options": [
              {
                "amd_sev_snp": "",
                "core_count": 1,
                "threads_per_core": 1
              }
            ],
            "cpu_threads_per_core": 1,
            "credit_specification": [
              {
                "cpu_credits": "standard"
              }
            ],
            "disable_api_stop": false,
            "disable_api_termination": false,
            "ebs_block_device": [],
            "ebs_optimized": false,
            "enclave_options": [
              {
                "enabled": false
              }
            ],
            "ephemeral_block_device": [],
            "get_password_data": false,
            "hibernation": false,
            "host_id": "",
            "host_resource_group_arn": null,
            "iam_instance_profile": "",
            "id": "i-05eb02f1fcb3cfd19",
            "instance_initiated_shutdown_behavior": "stop",
            "instance_state": "running",
            "instance_type": "t2.micro",
            "ipv6_address_count": 0,
            "ipv6_addresses": [],
            "key_name": "demo-ssh-key",
            "launch_template": [],
            "maintenance_options": [
              {
                "auto_recovery": "default"
              }
            ],
            "metadata_options": [
              {
                "http_endpoint": "enabled",
                "http_put_response_hop_limit": 1,
                "http_tokens": "optional",
                "instance_metadata_tags": "disabled"
              }
            ],
            "monitoring": false,
            "network_interface": [],
            "outpost_arn": "",
            "password_data": "",
            "placement_group": "",
            "placement_partition_number": 0,
            "primary_network_interface_id": "eni-0f5b17b250fbc7fe1",
            "private_dns": "ip-10-0-1-5.ec2.internal",
            "private_dns_name_options": [
              {
                "enable_resource_name_dns_a_record": false,
                "enable_resource_name_dns_aaaa_record": false,
                "hostname_type": "ip-name"
              }
            ],
            "private_ip": "10.0.1.5",
            "public_dns": "ec2-54-167-244-59.compute-1.amazonaws.com",
            "public_ip": "54.167.244.59",
            "root_block_device": [
              {
                "delete_on_termination": true,
                "device_name": "/dev/sda1",
                "encrypted": false,
                "iops": 100,
                "kms_key_id": "",
                "tags": {},
                "throughput": 0,
                "volume_id": "vol-044144ba7715a9d35",
                "volume_size": 8,
                "volume_type": "gp2"
              }
            ],
            "secondary_private_ips": [],
            "security_groups": [],
            "source_dest_check": true,
            "subnet_id": "subnet-0e3cfdffcab45cfc3",
            "tags": {
              "Name": "demo-vm-0"
            },
            "tags_all": {
              "Name": "demo-vm-0"
            },
            "tenancy": "default",
            "timeouts": null,
            "user_data": "8272cda0c1f984adc9cc870c6b14ffbd39989fdb",
            "user_data_base64": null,
            "user_data_replace_on_change": false,
            "volume_tags": null,
            "vpc_security_group_ids": [
              "sg-062924b5ce0b80324"
            ]
          },
          "sensitive_attributes": [],
          "private": "eyJlMmJmYjczMC1lY2FhLTExZTYtOGY4OC0zNDM2M2JjN2M0YzAiOnsiY3JlYXRlIjo2MDAwMDAwMDAwMDAsImRlbGV0ZSI6MTIwMDAwMDAwMDAwMCwidXBkYXRlIjo2MDAwMDAwMDAwMDB9LCJzY2hlbWFfdmVyc2lvbiI6IjEifQ==",
          "dependencies": [
            "aws_key_pair.generated_key",
            "aws_security_group.allow_tls",
            "aws_subnet.public",
            "aws_vpc.test-vpc",
            "tls_private_key.ssh-key"
          ]
        }
      ]
    },
    {
      "mode": "managed",
      "type": "aws_internet_gateway",
      "name": "gw",
      "provider": "provider[\"registry.terraform.io/hashicorp/aws\"]",
      "instances": [
        {
          "schema_version": 0,
          "attributes": {
            "arn": "arn:aws:ec2:us-east-1:932919696617:internet-gateway/igw-086831d854f9db4bf",
            "id": "igw-086831d854f9db4bf",
            "owner_id": "932919696617",
            "tags": {
              "Name": "TEST VPC IG"
            },
            "tags_all": {
              "Name": "TEST VPC IG"
            },
            "timeouts": null,
            "vpc_id": "vpc-0b8d80b719c2c36e3"
          },
          "sensitive_attributes": [],
          "private": "eyJlMmJmYjczMC1lY2FhLTExZTYtOGY4OC0zNDM2M2JjN2M0YzAiOnsiY3JlYXRlIjoxMjAwMDAwMDAwMDAwLCJkZWxldGUiOjEyMDAwMDAwMDAwMDAsInVwZGF0ZSI6MTIwMDAwMDAwMDAwMH19",
          "dependencies": [
            "aws_vpc.test-vpc"
          ]
        }
      ]
    },
    {
      "mode": "managed",
      "type": "aws_key_pair",
      "name": "generated_key",
      "provider": "provider[\"registry.terraform.io/hashicorp/aws\"]",
      "instances": [
        {
          "schema_version": 1,
          "attributes": {
            "arn": "arn:aws:ec2:us-east-1:932919696617:key-pair/demo-ssh-key",
            "fingerprint": "a6:78:02:fa:12:45:02:09:90:e8:d6:60:62:82:10:ae",
            "id": "demo-ssh-key",
            "key_name": "demo-ssh-key",
            "key_name_prefix": "",
            "key_pair_id": "key-071395311a15ea7b8",
            "key_type": "rsa",
            "public_key": "ssh-rsa AAAAB3NzaC1yc2EAAAADAQABAAABAQDaezbf8kjDNCIal9+TuWQQKDT1KmCikOg5kkF7tJ9AVGxQ0eB5xZcjiLqDvDaTJJ0KbfktKkjRLlJATZ16F6Shz1TdmfbcHN7R3iDelRVla6Qv3uPmKZvKui7RnVp07YigETwbt6RTmqWGCKB+R/oR3pHOWKo4TrkrHn/U4UJkN/hxJ0a25clPMhPhIdJbsh5vZfE5C774XZMdnrPlhr/rgPa+VtcUgNXFxMsd5KukJiLxyk4JA5sdfSo/Z4GUO3lalNoFGBS08zzlF5y7oJyg3jo/85smkWDVEEuX075GXuEfLDQogTcAEa/+QYFxAXDv67IzPqpgPT3KDvubk0v7",
            "tags": null,
            "tags_all": {}
          },
          "sensitive_attributes": [],
          "private": "eyJzY2hlbWFfdmVyc2lvbiI6IjEifQ==",
          "dependencies": [
            "tls_private_key.ssh-key"
          ]
        }
      ]
    },
    {
      "mode": "managed",
      "type": "aws_lb",
      "name": "application_load_balancer",
      "provider": "provider[\"registry.terraform.io/hashicorp/aws\"]",
      "instances": [
        {
          "schema_version": 0,
          "attributes": {
            "access_logs": [
              {
                "bucket": "",
                "enabled": false,
                "prefix": ""
              }
            ],
            "arn": "arn:aws:elasticloadbalancing:us-east-1:932919696617:loadbalancer/app/application-lb/dfab93ec548e6aca",
            "arn_suffix": "app/application-lb/dfab93ec548e6aca",
            "customer_owned_ipv4_pool": "",
            "desync_mitigation_mode": "defensive",
            "dns_name": "application-lb-1631783781.us-east-1.elb.amazonaws.com",
            "drop_invalid_header_fields": false,
            "enable_cross_zone_load_balancing": true,
            "enable_deletion_protection": false,
            "enable_http2": true,
            "enable_tls_version_and_cipher_suite_headers": false,
            "enable_waf_fail_open": false,
            "enable_xff_client_port": false,
            "id": "arn:aws:elasticloadbalancing:us-east-1:932919696617:loadbalancer/app/application-lb/dfab93ec548e6aca",
            "idle_timeout": 60,
            "internal": false,
            "ip_address_type": "ipv4",
            "load_balancer_type": "application",
            "name": "application-lb",
            "name_prefix": null,
            "preserve_host_header": false,
            "security_groups": [
              "sg-062924b5ce0b80324"
            ],
            "subnet_mapping": [
              {
                "allocation_id": "",
                "ipv6_address": "",
                "outpost_id": "",
                "private_ipv4_address": "",
                "subnet_id": "subnet-08ecc17f8ccd91101"
              },
              {
                "allocation_id": "",
                "ipv6_address": "",
                "outpost_id": "",
                "private_ipv4_address": "",
                "subnet_id": "subnet-0c9d942212d2cc417"
              },
              {
                "allocation_id": "",
                "ipv6_address": "",
                "outpost_id": "",
                "private_ipv4_address": "",
                "subnet_id": "subnet-0e3cfdffcab45cfc3"
              }
            ],
            "subnets": [
              "subnet-08ecc17f8ccd91101",
              "subnet-0c9d942212d2cc417",
              "subnet-0e3cfdffcab45cfc3"
            ],
            "tags": {
              "Environment": "dev"
            },
            "tags_all": {
              "Environment": "dev"
            },
            "timeouts": null,
            "vpc_id": "vpc-0b8d80b719c2c36e3",
            "xff_header_processing_mode": "append",
            "zone_id": "Z35SXDOTRQ7X7K"
          },
          "sensitive_attributes": [],
          "private": "eyJlMmJmYjczMC1lY2FhLTExZTYtOGY4OC0zNDM2M2JjN2M0YzAiOnsiY3JlYXRlIjo2MDAwMDAwMDAwMDAsImRlbGV0ZSI6NjAwMDAwMDAwMDAwLCJ1cGRhdGUiOjYwMDAwMDAwMDAwMH19",
          "dependencies": [
            "aws_security_group.allow_tls",
            "aws_subnet.public",
            "aws_vpc.test-vpc"
          ]
        }
      ]
    },
    {
      "mode": "managed",
      "type": "aws_lb_listener",
      "name": "http-to-https",
      "provider": "provider[\"registry.terraform.io/hashicorp/aws\"]",
      "instances": [
        {
          "schema_version": 0,
          "attributes": {
            "alpn_policy": null,
            "arn": "arn:aws:elasticloadbalancing:us-east-1:932919696617:listener/app/application-lb/dfab93ec548e6aca/7b05fff14139430d",
            "certificate_arn": null,
            "default_action": [
              {
                "authenticate_cognito": [],
                "authenticate_oidc": [],
                "fixed_response": [],
                "forward": [],
                "order": 1,
                "redirect": [
                  {
                    "host": "#{host}",
                    "path": "/#{path}",
                    "port": "443",
                    "protocol": "HTTPS",
                    "query": "#{query}",
                    "status_code": "HTTP_301"
                  }
                ],
                "target_group_arn": "",
                "type": "redirect"
              }
            ],
            "id": "arn:aws:elasticloadbalancing:us-east-1:932919696617:listener/app/application-lb/dfab93ec548e6aca/7b05fff14139430d",
            "load_balancer_arn": "arn:aws:elasticloadbalancing:us-east-1:932919696617:loadbalancer/app/application-lb/dfab93ec548e6aca",
            "port": 80,
            "protocol": "HTTP",
            "ssl_policy": "",
            "tags": null,
            "tags_all": {},
            "timeouts": null
          },
          "sensitive_attributes": [],
          "private": "eyJlMmJmYjczMC1lY2FhLTExZTYtOGY4OC0zNDM2M2JjN2M0YzAiOnsicmVhZCI6NjAwMDAwMDAwMDAwfX0=",
          "dependencies": [
            "aws_lb.application_load_balancer",
            "aws_security_group.allow_tls",
            "aws_subnet.public",
            "aws_vpc.test-vpc"
          ]
        }
      ]
    },
    {
      "mode": "managed",
      "type": "aws_lb_listener",
      "name": "listener_https",
      "provider": "provider[\"registry.terraform.io/hashicorp/aws\"]",
      "instances": [
        {
          "schema_version": 0,
          "attributes": {
            "alpn_policy": null,
            "arn": "arn:aws:elasticloadbalancing:us-east-1:932919696617:listener/app/application-lb/dfab93ec548e6aca/10a4d6d3bd5864c8",
            "certificate_arn": "arn:aws:acm:us-east-1:932919696617:certificate/9765d997-0da6-489a-8a25-5e7fc2c8668d",
            "default_action": [
              {
                "authenticate_cognito": [],
                "authenticate_oidc": [],
                "fixed_response": [],
                "forward": [],
                "order": 1,
                "redirect": [],
                "target_group_arn": "arn:aws:elasticloadbalancing:us-east-1:932919696617:targetgroup/application-tg/2d248bdce2ad7217",
                "type": "forward"
              }
            ],
            "id": "arn:aws:elasticloadbalancing:us-east-1:932919696617:listener/app/application-lb/dfab93ec548e6aca/10a4d6d3bd5864c8",
            "load_balancer_arn": "arn:aws:elasticloadbalancing:us-east-1:932919696617:loadbalancer/app/application-lb/dfab93ec548e6aca",
            "port": 443,
            "protocol": "HTTPS",
            "ssl_policy": "ELBSecurityPolicy-2016-08",
            "tags": null,
            "tags_all": {},
            "timeouts": null
          },
          "sensitive_attributes": [],
          "private": "eyJlMmJmYjczMC1lY2FhLTExZTYtOGY4OC0zNDM2M2JjN2M0YzAiOnsicmVhZCI6NjAwMDAwMDAwMDAwfX0=",
          "dependencies": [
            "aws_acm_certificate.acm_certificate",
            "aws_lb.application_load_balancer",
            "aws_lb_target_group.target-group",
            "aws_security_group.allow_tls",
            "aws_subnet.public",
            "aws_vpc.test-vpc"
          ]
        }
      ]
    },
    {
      "mode": "managed",
      "type": "aws_lb_target_group",
      "name": "target-group",
      "provider": "provider[\"registry.terraform.io/hashicorp/aws\"]",
      "instances": [
        {
          "schema_version": 0,
          "attributes": {
            "arn": "arn:aws:elasticloadbalancing:us-east-1:932919696617:targetgroup/application-tg/2d248bdce2ad7217",
            "arn_suffix": "targetgroup/application-tg/2d248bdce2ad7217",
            "connection_termination": false,
            "deregistration_delay": "300",
            "health_check": [
              {
                "enabled": true,
                "healthy_threshold": 3,
                "interval": 10,
                "matcher": "200",
                "path": "/",
                "port": "traffic-port",
                "protocol": "HTTP",
                "timeout": 3,
                "unhealthy_threshold": 2
              }
            ],
            "id": "arn:aws:elasticloadbalancing:us-east-1:932919696617:targetgroup/application-tg/2d248bdce2ad7217",
            "ip_address_type": "ipv4",
            "lambda_multi_value_headers_enabled": false,
            "load_balancing_algorithm_type": "round_robin",
            "load_balancing_cross_zone_enabled": "use_load_balancer_configuration",
            "name": "application-tg",
            "name_prefix": null,
            "port": 80,
            "preserve_client_ip": null,
            "protocol": "HTTP",
            "protocol_version": "HTTP1",
            "proxy_protocol_v2": false,
            "slow_start": 0,
            "stickiness": [
              {
                "cookie_duration": 86400,
                "cookie_name": "",
                "enabled": false,
                "type": "lb_cookie"
              }
            ],
            "tags": null,
            "tags_all": {},
            "target_failover": [
              {
                "on_deregistration": null,
                "on_unhealthy": null
              }
            ],
            "target_type": "instance",
            "vpc_id": "vpc-0b8d80b719c2c36e3"
          },
          "sensitive_attributes": [],
          "private": "bnVsbA==",
          "dependencies": [
            "aws_vpc.test-vpc"
          ]
        }
      ]
    },
    {
      "mode": "managed",
      "type": "aws_lb_target_group_attachment",
      "name": "ec2_attach",
      "provider": "provider[\"registry.terraform.io/hashicorp/aws\"]",
      "instances": [
        {
          "index_key": 0,
          "schema_version": 0,
          "attributes": {
            "availability_zone": null,
            "id": "arn:aws:elasticloadbalancing:us-east-1:932919696617:targetgroup/application-tg/2d248bdce2ad7217-20230614135606718200000003",
            "port": 80,
            "target_group_arn": "arn:aws:elasticloadbalancing:us-east-1:932919696617:targetgroup/application-tg/2d248bdce2ad7217",
            "target_id": "i-05eb02f1fcb3cfd19"
          },
          "sensitive_attributes": [],
          "private": "bnVsbA==",
          "dependencies": [
            "aws_instance.web",
            "aws_key_pair.generated_key",
            "aws_lb_target_group.target-group",
            "aws_security_group.allow_tls",
            "aws_subnet.public",
            "aws_vpc.test-vpc",
            "tls_private_key.ssh-key"
          ]
        }
      ]
    },
    {
      "mode": "managed",
      "type": "aws_route53_record",
      "name": "A_record",
      "provider": "provider[\"registry.terraform.io/hashicorp/aws\"]",
      "instances": [
        {
          "schema_version": 2,
          "attributes": {
            "alias": [
              {
                "evaluate_target_health": true,
                "name": "application-lb-1631783781.us-east-1.elb.amazonaws.com",
                "zone_id": "Z35SXDOTRQ7X7K"
              }
            ],
            "allow_overwrite": null,
            "cidr_routing_policy": [],
            "failover_routing_policy": [],
            "fqdn": "www.atariya.online",
            "geolocation_routing_policy": [],
            "health_check_id": "",
            "id": "Z07414811SPJLSI3S2D7G_www_A",
            "latency_routing_policy": [],
            "multivalue_answer_routing_policy": false,
            "name": "www",
            "records": null,
            "set_identifier": "",
            "ttl": 0,
            "type": "A",
            "weighted_routing_policy": [],
            "zone_id": "Z07414811SPJLSI3S2D7G"
          },
          "sensitive_attributes": [],
          "private": "eyJzY2hlbWFfdmVyc2lvbiI6IjIifQ==",
          "dependencies": [
            "aws_lb.application_load_balancer",
            "aws_security_group.allow_tls",
            "aws_subnet.public",
            "aws_vpc.test-vpc",
            "data.aws_route53_zone.hosted_zone"
          ]
        }
      ]
    },
    {
      "mode": "managed",
      "type": "aws_route53_record",
      "name": "route53_record",
      "provider": "provider[\"registry.terraform.io/hashicorp/aws\"]",
      "instances": [
        {
          "index_key": "*.atariya.online",
          "schema_version": 2,
          "attributes": {
            "alias": [],
            "allow_overwrite": true,
            "cidr_routing_policy": [],
            "failover_routing_policy": [],
            "fqdn": "_a3d352b759aa720b9adfd0320a39f036.atariya.online",
            "geolocation_routing_policy": [],
            "health_check_id": "",
            "id": "Z07414811SPJLSI3S2D7G__a3d352b759aa720b9adfd0320a39f036.atariya.online._CNAME",
            "latency_routing_policy": [],
            "multivalue_answer_routing_policy": false,
            "name": "_a3d352b759aa720b9adfd0320a39f036.atariya.online",
            "records": [
              "_6c67452a6882cce42d0020e3179ea975.nbnhgqgzdr.acm-validations.aws."
            ],
            "set_identifier": "",
            "ttl": 60,
            "type": "CNAME",
            "weighted_routing_policy": [],
            "zone_id": "Z07414811SPJLSI3S2D7G"
          },
          "sensitive_attributes": [],
          "private": "eyJzY2hlbWFfdmVyc2lvbiI6IjIifQ==",
          "dependencies": [
            "aws_acm_certificate.acm_certificate",
            "data.aws_route53_zone.hosted_zone"
          ]
        },
        {
          "index_key": "atariya.online",
          "schema_version": 2,
          "attributes": {
            "alias": [],
            "allow_overwrite": true,
            "cidr_routing_policy": [],
            "failover_routing_policy": [],
            "fqdn": "_a3d352b759aa720b9adfd0320a39f036.atariya.online",
            "geolocation_routing_policy": [],
            "health_check_id": "",
            "id": "Z07414811SPJLSI3S2D7G__a3d352b759aa720b9adfd0320a39f036.atariya.online._CNAME",
            "latency_routing_policy": [],
            "multivalue_answer_routing_policy": false,
            "name": "_a3d352b759aa720b9adfd0320a39f036.atariya.online",
            "records": [
              "_6c67452a6882cce42d0020e3179ea975.nbnhgqgzdr.acm-validations.aws."
            ],
            "set_identifier": "",
            "ttl": 60,
            "type": "CNAME",
            "weighted_routing_policy": [],
            "zone_id": "Z07414811SPJLSI3S2D7G"
          },
          "sensitive_attributes": [],
          "private": "eyJzY2hlbWFfdmVyc2lvbiI6IjIifQ==",
          "dependencies": [
            "aws_acm_certificate.acm_certificate",
            "data.aws_route53_zone.hosted_zone"
          ]
        }
      ]
    },
    {
      "mode": "managed",
      "type": "aws_route_table",
      "name": "rt",
      "provider": "provider[\"registry.terraform.io/hashicorp/aws\"]",
      "instances": [
        {
          "schema_version": 0,
          "attributes": {
            "arn": "arn:aws:ec2:us-east-1:932919696617:route-table/rtb-06c115c533a007793",
            "id": "rtb-06c115c533a007793",
            "owner_id": "932919696617",
            "propagating_vgws": [],
            "route": [
              {
                "carrier_gateway_id": "",
                "cidr_block": "0.0.0.0/0",
                "core_network_arn": "",
                "destination_prefix_list_id": "",
                "egress_only_gateway_id": "",
                "gateway_id": "igw-086831d854f9db4bf",
                "instance_id": "",
                "ipv6_cidr_block": "",
                "local_gateway_id": "",
                "nat_gateway_id": "",
                "network_interface_id": "",
                "transit_gateway_id": "",
                "vpc_endpoint_id": "",
                "vpc_peering_connection_id": ""
              }
            ],
            "tags": {
              "Name": "Route Table for aws service"
            },
            "tags_all": {
              "Name": "Route Table for aws service"
            },
            "timeouts": null,
            "vpc_id": "vpc-0b8d80b719c2c36e3"
          },
          "sensitive_attributes": [],
          "private": "eyJlMmJmYjczMC1lY2FhLTExZTYtOGY4OC0zNDM2M2JjN2M0YzAiOnsiY3JlYXRlIjozMDAwMDAwMDAwMDAsImRlbGV0ZSI6MzAwMDAwMDAwMDAwLCJ1cGRhdGUiOjEyMDAwMDAwMDAwMH19",
          "dependencies": [
            "aws_internet_gateway.gw",
            "aws_vpc.test-vpc"
          ]
        }
      ]
    },
    {
      "mode": "managed",
      "type": "aws_route_table_association",
      "name": "public",
      "provider": "provider[\"registry.terraform.io/hashicorp/aws\"]",
      "instances": [
        {
          "index_key": 0,
          "schema_version": 0,
          "attributes": {
            "gateway_id": "",
            "id": "rtbassoc-090ed92b235a9b020",
            "route_table_id": "rtb-06c115c533a007793",
            "subnet_id": "subnet-0e3cfdffcab45cfc3",
            "timeouts": null
          },
          "sensitive_attributes": [],
          "private": "eyJlMmJmYjczMC1lY2FhLTExZTYtOGY4OC0zNDM2M2JjN2M0YzAiOnsiY3JlYXRlIjozMDAwMDAwMDAwMDAsImRlbGV0ZSI6MzAwMDAwMDAwMDAwLCJ1cGRhdGUiOjEyMDAwMDAwMDAwMH19",
          "dependencies": [
            "aws_internet_gateway.gw",
            "aws_route_table.rt",
            "aws_subnet.public",
            "aws_vpc.test-vpc"
          ]
        },
        {
          "index_key": 1,
          "schema_version": 0,
          "attributes": {
            "gateway_id": "",
            "id": "rtbassoc-0c85cdd3e3ad88db7",
            "route_table_id": "rtb-06c115c533a007793",
            "subnet_id": "subnet-08ecc17f8ccd91101",
            "timeouts": null
          },
          "sensitive_attributes": [],
          "private": "eyJlMmJmYjczMC1lY2FhLTExZTYtOGY4OC0zNDM2M2JjN2M0YzAiOnsiY3JlYXRlIjozMDAwMDAwMDAwMDAsImRlbGV0ZSI6MzAwMDAwMDAwMDAwLCJ1cGRhdGUiOjEyMDAwMDAwMDAwMH19",
          "dependencies": [
            "aws_internet_gateway.gw",
            "aws_route_table.rt",
            "aws_subnet.public",
            "aws_vpc.test-vpc"
          ]
        },
        {
          "index_key": 2,
          "schema_version": 0,
          "attributes": {
            "gateway_id": "",
            "id": "rtbassoc-0e483547978149f5f",
            "route_table_id": "rtb-06c115c533a007793",
            "subnet_id": "subnet-0c9d942212d2cc417",
            "timeouts": null
          },
          "sensitive_attributes": [],
          "private": "eyJlMmJmYjczMC1lY2FhLTExZTYtOGY4OC0zNDM2M2JjN2M0YzAiOnsiY3JlYXRlIjozMDAwMDAwMDAwMDAsImRlbGV0ZSI6MzAwMDAwMDAwMDAwLCJ1cGRhdGUiOjEyMDAwMDAwMDAwMH19",
          "dependencies": [
            "aws_internet_gateway.gw",
            "aws_route_table.rt",
            "aws_subnet.public",
            "aws_vpc.test-vpc"
          ]
        }
      ]
    },
    {
      "mode": "managed",
      "type": "aws_security_group",
      "name": "allow_tls",
      "provider": "provider[\"registry.terraform.io/hashicorp/aws\"]",
      "instances": [
        {
          "schema_version": 1,
          "attributes": {
            "arn": "arn:aws:ec2:us-east-1:932919696617:security-group/sg-062924b5ce0b80324",
            "description": "Allow TLS inbound traffic",
            "egress": [
              {
                "cidr_blocks": [
                  "0.0.0.0/0"
                ],
                "description": "",
                "from_port": 0,
                "ipv6_cidr_blocks": [],
                "prefix_list_ids": [],
                "protocol": "-1",
                "security_groups": [],
                "self": false,
                "to_port": 0
              }
            ],
            "id": "sg-062924b5ce0b80324",
            "ingress": [
              {
                "cidr_blocks": [
                  "0.0.0.0/0"
                ],
                "description": "TLS from VPC",
                "from_port": 22,
                "ipv6_cidr_blocks": [],
                "prefix_list_ids": [],
                "protocol": "tcp",
                "security_groups": [],
                "self": false,
                "to_port": 22
              },
              {
                "cidr_blocks": [
                  "0.0.0.0/0"
                ],
                "description": "TLS from VPC",
                "from_port": 443,
                "ipv6_cidr_blocks": [],
                "prefix_list_ids": [],
                "protocol": "tcp",
                "security_groups": [],
                "self": false,
                "to_port": 443
              },
              {
                "cidr_blocks": [
                  "0.0.0.0/0"
                ],
                "description": "TLS from VPC",
                "from_port": 8080,
                "ipv6_cidr_blocks": [],
                "prefix_list_ids": [],
                "protocol": "tcp",
                "security_groups": [],
                "self": false,
                "to_port": 8080
              },
              {
                "cidr_blocks": [
                  "0.0.0.0/0"
                ],
                "description": "TLS from VPC",
                "from_port": 80,
                "ipv6_cidr_blocks": [],
                "prefix_list_ids": [],
                "protocol": "tcp",
                "security_groups": [],
                "self": false,
                "to_port": 80
              },
              {
                "cidr_blocks": [
                  "0.0.0.0/0"
                ],
                "description": "TLS from VPC",
                "from_port": 81,
                "ipv6_cidr_blocks": [],
                "prefix_list_ids": [],
                "protocol": "tcp",
                "security_groups": [],
                "self": false,
                "to_port": 81
              }
            ],
            "name": "allow_tls",
            "name_prefix": "",
            "owner_id": "932919696617",
            "revoke_rules_on_delete": false,
            "tags": {
              "Name": "ec2-SG"
            },
            "tags_all": {
              "Name": "ec2-SG"
            },
            "timeouts": null,
            "vpc_id": "vpc-0b8d80b719c2c36e3"
          },
          "sensitive_attributes": [],
          "private": "eyJlMmJmYjczMC1lY2FhLTExZTYtOGY4OC0zNDM2M2JjN2M0YzAiOnsiY3JlYXRlIjo2MDAwMDAwMDAwMDAsImRlbGV0ZSI6OTAwMDAwMDAwMDAwfSwic2NoZW1hX3ZlcnNpb24iOiIxIn0=",
          "dependencies": [
            "aws_vpc.test-vpc"
          ]
        }
      ]
    },
    {
      "mode": "managed",
      "type": "aws_subnet",
      "name": "public",
      "provider": "provider[\"registry.terraform.io/hashicorp/aws\"]",
      "instances": [
        {
          "index_key": 0,
          "schema_version": 1,
          "attributes": {
            "arn": "arn:aws:ec2:us-east-1:932919696617:subnet/subnet-0e3cfdffcab45cfc3",
            "assign_ipv6_address_on_creation": false,
            "availability_zone": "us-east-1a",
            "availability_zone_id": "use1-az6",
            "cidr_block": "10.0.1.0/28",
            "customer_owned_ipv4_pool": "",
            "enable_dns64": false,
            "enable_lni_at_device_index": 0,
            "enable_resource_name_dns_a_record_on_launch": false,
            "enable_resource_name_dns_aaaa_record_on_launch": false,
            "id": "subnet-0e3cfdffcab45cfc3",
            "ipv6_cidr_block": "",
            "ipv6_cidr_block_association_id": "",
            "ipv6_native": false,
            "map_customer_owned_ip_on_launch": false,
            "map_public_ip_on_launch": false,
            "outpost_arn": "",
            "owner_id": "932919696617",
            "private_dns_hostname_type_on_launch": "ip-name",
            "tags": {
              "Name": "Application-1-public"
            },
            "tags_all": {
              "Name": "Application-1-public"
            },
            "timeouts": null,
            "vpc_id": "vpc-0b8d80b719c2c36e3"
          },
          "sensitive_attributes": [],
          "private": "eyJlMmJmYjczMC1lY2FhLTExZTYtOGY4OC0zNDM2M2JjN2M0YzAiOnsiY3JlYXRlIjo2MDAwMDAwMDAwMDAsImRlbGV0ZSI6MTIwMDAwMDAwMDAwMH0sInNjaGVtYV92ZXJzaW9uIjoiMSJ9",
          "dependencies": [
            "aws_vpc.test-vpc"
          ]
        },
        {
          "index_key": 1,
          "schema_version": 1,
          "attributes": {
            "arn": "arn:aws:ec2:us-east-1:932919696617:subnet/subnet-08ecc17f8ccd91101",
            "assign_ipv6_address_on_creation": false,
            "availability_zone": "us-east-1b",
            "availability_zone_id": "use1-az1",
            "cidr_block": "10.0.1.16/28",
            "customer_owned_ipv4_pool": "",
            "enable_dns64": false,
            "enable_lni_at_device_index": 0,
            "enable_resource_name_dns_a_record_on_launch": false,
            "enable_resource_name_dns_aaaa_record_on_launch": false,
            "id": "subnet-08ecc17f8ccd91101",
            "ipv6_cidr_block": "",
            "ipv6_cidr_block_association_id": "",
            "ipv6_native": false,
            "map_customer_owned_ip_on_launch": false,
            "map_public_ip_on_launch": false,
            "outpost_arn": "",
            "owner_id": "932919696617",
            "private_dns_hostname_type_on_launch": "ip-name",
            "tags": {
              "Name": "Application-1-public"
            },
            "tags_all": {
              "Name": "Application-1-public"
            },
            "timeouts": null,
            "vpc_id": "vpc-0b8d80b719c2c36e3"
          },
          "sensitive_attributes": [],
          "private": "eyJlMmJmYjczMC1lY2FhLTExZTYtOGY4OC0zNDM2M2JjN2M0YzAiOnsiY3JlYXRlIjo2MDAwMDAwMDAwMDAsImRlbGV0ZSI6MTIwMDAwMDAwMDAwMH0sInNjaGVtYV92ZXJzaW9uIjoiMSJ9",
          "dependencies": [
            "aws_vpc.test-vpc"
          ]
        },
        {
          "index_key": 2,
          "schema_version": 1,
          "attributes": {
            "arn": "arn:aws:ec2:us-east-1:932919696617:subnet/subnet-0c9d942212d2cc417",
            "assign_ipv6_address_on_creation": false,
            "availability_zone": "us-east-1c",
            "availability_zone_id": "use1-az2",
            "cidr_block": "10.0.1.32/28",
            "customer_owned_ipv4_pool": "",
            "enable_dns64": false,
            "enable_lni_at_device_index": 0,
            "enable_resource_name_dns_a_record_on_launch": false,
            "enable_resource_name_dns_aaaa_record_on_launch": false,
            "id": "subnet-0c9d942212d2cc417",
            "ipv6_cidr_block": "",
            "ipv6_cidr_block_association_id": "",
            "ipv6_native": false,
            "map_customer_owned_ip_on_launch": false,
            "map_public_ip_on_launch": false,
            "outpost_arn": "",
            "owner_id": "932919696617",
            "private_dns_hostname_type_on_launch": "ip-name",
            "tags": {
              "Name": "Application-1-public"
            },
            "tags_all": {
              "Name": "Application-1-public"
            },
            "timeouts": null,
            "vpc_id": "vpc-0b8d80b719c2c36e3"
          },
          "sensitive_attributes": [],
          "private": "eyJlMmJmYjczMC1lY2FhLTExZTYtOGY4OC0zNDM2M2JjN2M0YzAiOnsiY3JlYXRlIjo2MDAwMDAwMDAwMDAsImRlbGV0ZSI6MTIwMDAwMDAwMDAwMH0sInNjaGVtYV92ZXJzaW9uIjoiMSJ9",
          "dependencies": [
            "aws_vpc.test-vpc"
          ]
        }
      ]
    },
    {
      "mode": "managed",
      "type": "aws_vpc",
      "name": "test-vpc",
      "provider": "provider[\"registry.terraform.io/hashicorp/aws\"]",
      "instances": [
        {
          "schema_version": 1,
          "attributes": {
            "arn": "arn:aws:ec2:us-east-1:932919696617:vpc/vpc-0b8d80b719c2c36e3",
            "assign_generated_ipv6_cidr_block": false,
            "cidr_block": "10.0.0.0/16",
            "default_network_acl_id": "acl-0a79fee78ae7ad545",
            "default_route_table_id": "rtb-02f23c3feb13726ee",
            "default_security_group_id": "sg-034e86020efc002e1",
            "dhcp_options_id": "dopt-004ed46725d2a9cfd",
            "enable_classiclink": false,
            "enable_classiclink_dns_support": false,
            "enable_dns_hostnames": true,
            "enable_dns_support": true,
            "enable_network_address_usage_metrics": false,
            "id": "vpc-0b8d80b719c2c36e3",
            "instance_tenancy": "default",
            "ipv4_ipam_pool_id": null,
            "ipv4_netmask_length": null,
            "ipv6_association_id": "",
            "ipv6_cidr_block": "",
            "ipv6_cidr_block_network_border_group": "",
            "ipv6_ipam_pool_id": "",
            "ipv6_netmask_length": 0,
            "main_route_table_id": "rtb-02f23c3feb13726ee",
            "owner_id": "932919696617",
            "tags": {
              "Name": "Test VPC"
            },
            "tags_all": {
              "Name": "Test VPC"
            }
          },
          "sensitive_attributes": [],
          "private": "eyJzY2hlbWFfdmVyc2lvbiI6IjEifQ=="
        }
      ]
    },
    {
      "mode": "managed",
      "type": "local_file",
      "name": "key",
      "provider": "provider[\"registry.terraform.io/hashicorp/local\"]",
      "instances": [
        {
          "schema_version": 0,
          "attributes": {
            "content": "-----BEGIN RSA PRIVATE KEY-----\nMIIEowIBAAKCAQEA2ns23/JIwzQiGpffk7lkECg09SpgopDoOZJBe7SfQFRsUNHg\necWXI4i6g7w2kySdCm35LSpI0S5SQE2dehekoc9U3Zn23Bze0d4g3pUVZWukL97j\n5imbyrou0Z1adO2IoBE8G7ekU5qlhgigfkf6Ed6RzliqOE65Kx5/1OFCZDf4cSdG\ntuXJTzIT4SHSW7Ieb2XxOQu++F2THZ6z5Ya/64D2vlbXFIDVxcTLHeSrpCYi8cpO\nCQObHX0qP2eBlDt5WpTaBRgUtPM85Recu6CcoN46P/ObJpFg1RBLl9O+Rl7hHyw0\nKIE3ABGv/kGBcQFw7+uyMz6qYD09yg77m5NL+wIDAQABAoIBADRBgjeAIK0nu/x2\nVNBlaCyBIWF+OEzJsfGLLMRkyC4/wwR1nmYhv2uNWWcGzlrVSAZllVKbKX12wc+F\ngOPh4cud5mN2Xtf4w8aYhW4XZF20qDmW6xVy4ENV0rrqEueipKn8VU8f1lr0wyBS\n0ehCWOqLPH6JMHV1Rs6sZdDJ6/JCC6lX5nmrAo7xrN+nXKipOWmuGNDTBeyowREd\nOEbkgsgt+t64al622g1PVrn2z6G/J2jFbTsTxkeVLcUao8cbejWFluDua0GvCEeL\nCjB2zCcF69ifEkIWd47FW2O7kb/BRI8MjcnLAlFgkswzDeVt7WQEZ0xSJuGzt3AG\nm1At4akCgYEA5cNMm6pL4Cj+uAWv63Bw6P79pYihhMh2Eokp+axKxA6kb6OSkeZL\nq6SAPlH1tnzxCHNHpNGHmE4x7/y/MnR3FhZ7V4s1UiW1DBsNuS2aggozuBK+LhaH\nkeQbZdb1ulpvHICT4E/fojdfJDtbrhBeCYvlgYtJnl3jl+60VzOJh0UCgYEA824e\nWY+XFOcXSZv516HQE9zTU2YkDc16aSVhDsE7bxJmmG/7JLX8csEqWnDgDahxqLZR\nkVkLyi6Id0E62w79gtGmbgECfU+xANieHr/FQb0X6r1nKHurQN4YSSWaIfup7awd\nqZk35Y3wCDZ/CDxFOL+IxgOrPY/jOWK6JQnmGj8CgYBBGaH2JT1UaSkq6OmccwJ6\n8ezaXyksn0PdIqITDP8uJ9vtidI4pqDgJD716XEOYL5Gn6s4Buo9fEJn9hwSZq9r\nQbl254mXGfn/URcFVeeGWu+mgyEBm/6TlqcwpsR/Jap/z+qWTutVYg0CDhN+8UJD\nwDCqENYuGfonjUnpvz+DZQKBgQCpR5xnX4kKiiERmRvGrcnK5jc2ucK8rnU/hTTX\nU9yGwt8Bhm24+6zQCC/xsKi+FrLjRdW3I5slP/K6K2xIRUZZoH0B5kXa6n4GPpzG\neUktC9gD7y47YrSWaVuuEi37D8z9cEE4XUoXofqXW34/NdpVOixcttRv/Q1gLJ2R\ngC65dQKBgFfqheIL9xtcdR13qQu82zDir/VUgIaGcdLPHbxN7EQR0/qy3Chi0FdQ\njtv/WFhdxWY46JMj0sQnkH64tv7Pv8269ie1Im9U3H5rZH4NFXQWDrwrwpOkZPJp\nFfLEMJJTh90uiLz3+UzruQiXXcYmM3HnHF/U79f5F+HNdimjgvyq\n-----END RSA PRIVATE KEY-----\n",
            "content_base64": null,
            "content_base64sha256": "/aJ1fKoF5Kp6P/9X8U23bpNuYXEizXgxxkmGHjMbAQI=",
            "content_base64sha512": "rrFCf3b/YiJo51VPBQteDtmq0Lfqr5aPkEAO5hgCrV5FKzEYGLY97bfygEG1u10B4I8dlOfGRwlw+Dd9aEDSNw==",
            "content_md5": "b978ec8853608cbe8493dc3312af120e",
            "content_sha1": "fa73c8736600e4ecc9e611205353fe9a844ca0b3",
            "content_sha256": "fda2757caa05e4aa7a3fff57f14db76e936e617122cd7831c649861e331b0102",
            "content_sha512": "aeb1427f76ff622268e7554f050b5e0ed9aad0b7eaaf968f90400ee61802ad5e452b311818b63dedb7f28041b5bb5d01e08f1d94e7c6470970f8377d6840d237",
            "directory_permission": "0777",
            "file_permission": "0400",
            "filename": "demo-ssh-key.pem",
            "id": "fa73c8736600e4ecc9e611205353fe9a844ca0b3",
            "sensitive_content": null,
            "source": null
          },
          "sensitive_attributes": [
            [
              {
                "type": "get_attr",
                "value": "content"
              }
            ]
          ],
          "dependencies": [
            "tls_private_key.ssh-key"
          ]
        }
      ]
    },
    {
      "mode": "managed",
      "type": "tls_private_key",
      "name": "ssh-key",
      "provider": "provider[\"registry.terraform.io/hashicorp/tls\"]",
      "instances": [
        {
          "schema_version": 1,
          "attributes": {
            "algorithm": "RSA",
            "ecdsa_curve": "P224",
            "id": "b1349cd5854d8174307720fba548f9fd0d48e881",
            "private_key_openssh": "-----BEGIN OPENSSH PRIVATE KEY-----\nb3BlbnNzaC1rZXktdjEAAAAABG5vbmUAAAAEbm9uZQAAAAAAAAABAAABFwAAAAdz\nc2gtcnNhAAAAAwEAAQAAAQEA2ns23/JIwzQiGpffk7lkECg09SpgopDoOZJBe7Sf\nQFRsUNHgecWXI4i6g7w2kySdCm35LSpI0S5SQE2dehekoc9U3Zn23Bze0d4g3pUV\nZWukL97j5imbyrou0Z1adO2IoBE8G7ekU5qlhgigfkf6Ed6RzliqOE65Kx5/1OFC\nZDf4cSdGtuXJTzIT4SHSW7Ieb2XxOQu++F2THZ6z5Ya/64D2vlbXFIDVxcTLHeSr\npCYi8cpOCQObHX0qP2eBlDt5WpTaBRgUtPM85Recu6CcoN46P/ObJpFg1RBLl9O+\nRl7hHyw0KIE3ABGv/kGBcQFw7+uyMz6qYD09yg77m5NL+wAAA7ji7uUX4u7lFwAA\nAAdzc2gtcnNhAAABAQDaezbf8kjDNCIal9+TuWQQKDT1KmCikOg5kkF7tJ9AVGxQ\n0eB5xZcjiLqDvDaTJJ0KbfktKkjRLlJATZ16F6Shz1TdmfbcHN7R3iDelRVla6Qv\n3uPmKZvKui7RnVp07YigETwbt6RTmqWGCKB+R/oR3pHOWKo4TrkrHn/U4UJkN/hx\nJ0a25clPMhPhIdJbsh5vZfE5C774XZMdnrPlhr/rgPa+VtcUgNXFxMsd5KukJiLx\nyk4JA5sdfSo/Z4GUO3lalNoFGBS08zzlF5y7oJyg3jo/85smkWDVEEuX075GXuEf\nLDQogTcAEa/+QYFxAXDv67IzPqpgPT3KDvubk0v7AAAAAwEAAQAAAQA0QYI3gCCt\nJ7v8dlTQZWgsgSFhfjhMybHxiyzEZMguP8MEdZ5mIb9rjVlnBs5a1UgGZZVSmyl9\ndsHPhYDj4eHLneZjdl7X+MPGmIVuF2RdtKg5lusVcuBDVdK66hLnoqSp/FVPH9Za\n9MMgUtHoQljqizx+iTB1dUbOrGXQyevyQgupV+Z5qwKO8azfp1yoqTlprhjQ0wXs\nqMERHThG5ILILfreuGpettoNT1a59s+hvydoxW07E8ZHlS3FGqPHG3o1hZbg7mtB\nrwhHiwowdswnBevYnxJCFneOxVtju5G/wUSPDI3JywJRYJLMMw3lbe1kBGdMUibh\ns7dwBptQLeGpAAAAgFfqheIL9xtcdR13qQu82zDir/VUgIaGcdLPHbxN7EQR0/qy\n3Chi0FdQjtv/WFhdxWY46JMj0sQnkH64tv7Pv8269ie1Im9U3H5rZH4NFXQWDrwr\nwpOkZPJpFfLEMJJTh90uiLz3+UzruQiXXcYmM3HnHF/U79f5F+HNdimjgvyqAAAA\ngQDlw0ybqkvgKP64Ba/rcHDo/v2liKGEyHYSiSn5rErEDqRvo5KR5kurpIA+UfW2\nfPEIc0ek0YeYTjHv/L8ydHcWFntXizVSJbUMGw25LZqCCjO4Er4uFoeR5Btl1vW6\nWm8cgJPgT9+iN18kO1uuEF4Ji+WBi0meXeOX7rRXM4mHRQAAAIEA824eWY+XFOcX\nSZv516HQE9zTU2YkDc16aSVhDsE7bxJmmG/7JLX8csEqWnDgDahxqLZRkVkLyi6I\nd0E62w79gtGmbgECfU+xANieHr/FQb0X6r1nKHurQN4YSSWaIfup7awdqZk35Y3w\nCDZ/CDxFOL+IxgOrPY/jOWK6JQnmGj8AAAAAAQID\n-----END OPENSSH PRIVATE KEY-----\n",
            "private_key_pem": "-----BEGIN RSA PRIVATE KEY-----\nMIIEowIBAAKCAQEA2ns23/JIwzQiGpffk7lkECg09SpgopDoOZJBe7SfQFRsUNHg\necWXI4i6g7w2kySdCm35LSpI0S5SQE2dehekoc9U3Zn23Bze0d4g3pUVZWukL97j\n5imbyrou0Z1adO2IoBE8G7ekU5qlhgigfkf6Ed6RzliqOE65Kx5/1OFCZDf4cSdG\ntuXJTzIT4SHSW7Ieb2XxOQu++F2THZ6z5Ya/64D2vlbXFIDVxcTLHeSrpCYi8cpO\nCQObHX0qP2eBlDt5WpTaBRgUtPM85Recu6CcoN46P/ObJpFg1RBLl9O+Rl7hHyw0\nKIE3ABGv/kGBcQFw7+uyMz6qYD09yg77m5NL+wIDAQABAoIBADRBgjeAIK0nu/x2\nVNBlaCyBIWF+OEzJsfGLLMRkyC4/wwR1nmYhv2uNWWcGzlrVSAZllVKbKX12wc+F\ngOPh4cud5mN2Xtf4w8aYhW4XZF20qDmW6xVy4ENV0rrqEueipKn8VU8f1lr0wyBS\n0ehCWOqLPH6JMHV1Rs6sZdDJ6/JCC6lX5nmrAo7xrN+nXKipOWmuGNDTBeyowREd\nOEbkgsgt+t64al622g1PVrn2z6G/J2jFbTsTxkeVLcUao8cbejWFluDua0GvCEeL\nCjB2zCcF69ifEkIWd47FW2O7kb/BRI8MjcnLAlFgkswzDeVt7WQEZ0xSJuGzt3AG\nm1At4akCgYEA5cNMm6pL4Cj+uAWv63Bw6P79pYihhMh2Eokp+axKxA6kb6OSkeZL\nq6SAPlH1tnzxCHNHpNGHmE4x7/y/MnR3FhZ7V4s1UiW1DBsNuS2aggozuBK+LhaH\nkeQbZdb1ulpvHICT4E/fojdfJDtbrhBeCYvlgYtJnl3jl+60VzOJh0UCgYEA824e\nWY+XFOcXSZv516HQE9zTU2YkDc16aSVhDsE7bxJmmG/7JLX8csEqWnDgDahxqLZR\nkVkLyi6Id0E62w79gtGmbgECfU+xANieHr/FQb0X6r1nKHurQN4YSSWaIfup7awd\nqZk35Y3wCDZ/CDxFOL+IxgOrPY/jOWK6JQnmGj8CgYBBGaH2JT1UaSkq6OmccwJ6\n8ezaXyksn0PdIqITDP8uJ9vtidI4pqDgJD716XEOYL5Gn6s4Buo9fEJn9hwSZq9r\nQbl254mXGfn/URcFVeeGWu+mgyEBm/6TlqcwpsR/Jap/z+qWTutVYg0CDhN+8UJD\nwDCqENYuGfonjUnpvz+DZQKBgQCpR5xnX4kKiiERmRvGrcnK5jc2ucK8rnU/hTTX\nU9yGwt8Bhm24+6zQCC/xsKi+FrLjRdW3I5slP/K6K2xIRUZZoH0B5kXa6n4GPpzG\neUktC9gD7y47YrSWaVuuEi37D8z9cEE4XUoXofqXW34/NdpVOixcttRv/Q1gLJ2R\ngC65dQKBgFfqheIL9xtcdR13qQu82zDir/VUgIaGcdLPHbxN7EQR0/qy3Chi0FdQ\njtv/WFhdxWY46JMj0sQnkH64tv7Pv8269ie1Im9U3H5rZH4NFXQWDrwrwpOkZPJp\nFfLEMJJTh90uiLz3+UzruQiXXcYmM3HnHF/U79f5F+HNdimjgvyq\n-----END RSA PRIVATE KEY-----\n",
            "private_key_pem_pkcs8": "-----BEGIN PRIVATE KEY-----\nMIIEvQIBADANBgkqhkiG9w0BAQEFAASCBKcwggSjAgEAAoIBAQDaezbf8kjDNCIa\nl9+TuWQQKDT1KmCikOg5kkF7tJ9AVGxQ0eB5xZcjiLqDvDaTJJ0KbfktKkjRLlJA\nTZ16F6Shz1TdmfbcHN7R3iDelRVla6Qv3uPmKZvKui7RnVp07YigETwbt6RTmqWG\nCKB+R/oR3pHOWKo4TrkrHn/U4UJkN/hxJ0a25clPMhPhIdJbsh5vZfE5C774XZMd\nnrPlhr/rgPa+VtcUgNXFxMsd5KukJiLxyk4JA5sdfSo/Z4GUO3lalNoFGBS08zzl\nF5y7oJyg3jo/85smkWDVEEuX075GXuEfLDQogTcAEa/+QYFxAXDv67IzPqpgPT3K\nDvubk0v7AgMBAAECggEANEGCN4AgrSe7/HZU0GVoLIEhYX44TMmx8YssxGTILj/D\nBHWeZiG/a41ZZwbOWtVIBmWVUpspfXbBz4WA4+Hhy53mY3Ze1/jDxpiFbhdkXbSo\nOZbrFXLgQ1XSuuoS56KkqfxVTx/WWvTDIFLR6EJY6os8fokwdXVGzqxl0Mnr8kIL\nqVfmeasCjvGs36dcqKk5aa4Y0NMF7KjBER04RuSCyC363rhqXrbaDU9WufbPob8n\naMVtOxPGR5UtxRqjxxt6NYWW4O5rQa8IR4sKMHbMJwXr2J8SQhZ3jsVbY7uRv8FE\njwyNycsCUWCSzDMN5W3tZARnTFIm4bO3cAabUC3hqQKBgQDlw0ybqkvgKP64Ba/r\ncHDo/v2liKGEyHYSiSn5rErEDqRvo5KR5kurpIA+UfW2fPEIc0ek0YeYTjHv/L8y\ndHcWFntXizVSJbUMGw25LZqCCjO4Er4uFoeR5Btl1vW6Wm8cgJPgT9+iN18kO1uu\nEF4Ji+WBi0meXeOX7rRXM4mHRQKBgQDzbh5Zj5cU5xdJm/nXodAT3NNTZiQNzXpp\nJWEOwTtvEmaYb/sktfxywSpacOANqHGotlGRWQvKLoh3QTrbDv2C0aZuAQJ9T7EA\n2J4ev8VBvRfqvWcoe6tA3hhJJZoh+6ntrB2pmTfljfAINn8IPEU4v4jGA6s9j+M5\nYrolCeYaPwKBgEEZofYlPVRpKSro6ZxzAnrx7NpfKSyfQ90iohMM/y4n2+2J0jim\noOAkPvXpcQ5gvkafqzgG6j18Qmf2HBJmr2tBuXbniZcZ+f9RFwVV54Za76aDIQGb\n/pOWpzCmxH8lqn/P6pZO61ViDQIOE37xQkPAMKoQ1i4Z+ieNSem/P4NlAoGBAKlH\nnGdfiQqKIRGZG8atycrmNza5wryudT+FNNdT3IbC3wGGbbj7rNAIL/GwqL4WsuNF\n1bcjmyU/8rorbEhFRlmgfQHmRdrqfgY+nMZ5SS0L2APvLjtitJZpW64SLfsPzP1w\nQThdSheh+pdbfj812lU6LFy21G/9DWAsnZGALrl1AoGAV+qF4gv3G1x1HXepC7zb\nMOKv9VSAhoZx0s8dvE3sRBHT+rLcKGLQV1CO2/9YWF3FZjjokyPSxCeQfri2/s+/\nzbr2J7Uib1Tcfmtkfg0VdBYOvCvCk6Rk8mkV8sQwklOH3S6IvPf5TOu5CJddxiYz\nceccX9Tv1/kX4c12KaOC/Ko=\n-----END PRIVATE KEY-----\n",
            "public_key_fingerprint_md5": "60:36:76:c2:fb:df:4e:07:df:b1:a0:05:9a:b0:40:5a",
            "public_key_fingerprint_sha256": "SHA256:fXrIZLJ6A6Drmy+Ci09tCxjNvR1SAJK474hHYshN7iM",
            "public_key_openssh": "ssh-rsa AAAAB3NzaC1yc2EAAAADAQABAAABAQDaezbf8kjDNCIal9+TuWQQKDT1KmCikOg5kkF7tJ9AVGxQ0eB5xZcjiLqDvDaTJJ0KbfktKkjRLlJATZ16F6Shz1TdmfbcHN7R3iDelRVla6Qv3uPmKZvKui7RnVp07YigETwbt6RTmqWGCKB+R/oR3pHOWKo4TrkrHn/U4UJkN/hxJ0a25clPMhPhIdJbsh5vZfE5C774XZMdnrPlhr/rgPa+VtcUgNXFxMsd5KukJiLxyk4JA5sdfSo/Z4GUO3lalNoFGBS08zzlF5y7oJyg3jo/85smkWDVEEuX075GXuEfLDQogTcAEa/+QYFxAXDv67IzPqpgPT3KDvubk0v7\n",
            "public_key_pem": "-----BEGIN PUBLIC KEY-----\nMIIBIjANBgkqhkiG9w0BAQEFAAOCAQ8AMIIBCgKCAQEA2ns23/JIwzQiGpffk7lk\nECg09SpgopDoOZJBe7SfQFRsUNHgecWXI4i6g7w2kySdCm35LSpI0S5SQE2dehek\noc9U3Zn23Bze0d4g3pUVZWukL97j5imbyrou0Z1adO2IoBE8G7ekU5qlhgigfkf6\nEd6RzliqOE65Kx5/1OFCZDf4cSdGtuXJTzIT4SHSW7Ieb2XxOQu++F2THZ6z5Ya/\n64D2vlbXFIDVxcTLHeSrpCYi8cpOCQObHX0qP2eBlDt5WpTaBRgUtPM85Recu6Cc\noN46P/ObJpFg1RBLl9O+Rl7hHyw0KIE3ABGv/kGBcQFw7+uyMz6qYD09yg77m5NL\n+wIDAQAB\n-----END PUBLIC KEY-----\n",
            "rsa_bits": 2048
          },
          "sensitive_attributes": []
        }
      ]
    }
  ],
  "check_results": null
}
