{
  "version": 4,
  "terraform_version": "1.4.6",
  "serial": 214,
  "lineage": "c9346d1b-7780-58ad-774b-d93ad88a6537",
  "outputs": {
    "ec2_global_ips": {
      "value": [
        [
          ""
        ]
      ],
      "type": [
        "tuple",
        [
          [
            "tuple",
            [
              "string"
            ]
          ]
        ]
      ]
    },
    "instance_web_public_dns": {
      "value": [
        ""
      ],
      "type": [
        "tuple",
        [
          "string"
        ]
      ]
    },
    "load_balancer_dns_name": {
      "value": "application-lb-1063268894.us-east-1.elb.amazonaws.com",
      "type": "string"
    }
  },
  "resources": [
    {
      "mode": "managed",
      "type": "aws_instance",
      "name": "web",
      "provider": "provider[\"registry.terraform.io/hashicorp/aws\"]",
      "instances": [
        {
          "index_key": 0,
          "schema_version": 1,
          "attributes": {
            "ami": "ami-007855ac798b5175e",
            "arn": "arn:aws:ec2:us-east-1:932919696617:instance/i-089c7a4bbc42f6351",
            "associate_public_ip_address": false,
            "availability_zone": "us-east-1a",
            "capacity_reservation_specification": [
              {
                "capacity_reservation_preference": "open",
                "capacity_reservation_target": []
              }
            ],
            "cpu_core_count": 1,
            "cpu_options": [
              {
                "amd_sev_snp": "",
                "core_count": 1,
                "threads_per_core": 1
              }
            ],
            "cpu_threads_per_core": 1,
            "credit_specification": [
              {
                "cpu_credits": "standard"
              }
            ],
            "disable_api_stop": false,
            "disable_api_termination": false,
            "ebs_block_device": [],
            "ebs_optimized": false,
            "enclave_options": [
              {
                "enabled": false
              }
            ],
            "ephemeral_block_device": [],
            "get_password_data": false,
            "hibernation": false,
            "host_id": "",
            "host_resource_group_arn": null,
            "iam_instance_profile": "",
            "id": "i-089c7a4bbc42f6351",
            "instance_initiated_shutdown_behavior": "stop",
            "instance_state": "running",
            "instance_type": "t2.micro",
            "ipv6_address_count": 0,
            "ipv6_addresses": [],
            "key_name": "demo-ssh-key",
            "launch_template": [],
            "maintenance_options": [
              {
                "auto_recovery": "default"
              }
            ],
            "metadata_options": [
              {
                "http_endpoint": "enabled",
                "http_put_response_hop_limit": 1,
                "http_tokens": "optional",
                "instance_metadata_tags": "disabled"
              }
            ],
            "monitoring": false,
            "network_interface": [],
            "outpost_arn": "",
            "password_data": "",
            "placement_group": "",
            "placement_partition_number": 0,
            "primary_network_interface_id": "eni-0204fff06554b1997",
            "private_dns": "ip-10-0-1-14.ec2.internal",
            "private_dns_name_options": [
              {
                "enable_resource_name_dns_a_record": false,
                "enable_resource_name_dns_aaaa_record": false,
                "hostname_type": "ip-name"
              }
            ],
            "private_ip": "10.0.1.14",
            "public_dns": "",
            "public_ip": "",
            "root_block_device": [
              {
                "delete_on_termination": true,
                "device_name": "/dev/sda1",
                "encrypted": false,
                "iops": 100,
                "kms_key_id": "",
                "tags": {},
                "throughput": 0,
                "volume_id": "vol-0833822b3815f32e4",
                "volume_size": 8,
                "volume_type": "gp2"
              }
            ],
            "secondary_private_ips": [],
            "security_groups": [],
            "source_dest_check": true,
            "subnet_id": "subnet-053ccf0070d7f143c",
            "tags": {
              "Name": "demo-vm2"
            },
            "tags_all": {
              "Name": "demo-vm2"
            },
            "tenancy": "default",
            "timeouts": null,
            "user_data": "23ad6d2b76c32ccbf1b4c8d546231476fe0384b3",
            "user_data_base64": null,
            "user_data_replace_on_change": false,
            "volume_tags": null,
            "vpc_security_group_ids": [
              "sg-0d3ace04999a02266"
            ]
          },
          "sensitive_attributes": [],
          "private": "eyJlMmJmYjczMC1lY2FhLTExZTYtOGY4OC0zNDM2M2JjN2M0YzAiOnsiY3JlYXRlIjo2MDAwMDAwMDAwMDAsImRlbGV0ZSI6MTIwMDAwMDAwMDAwMCwidXBkYXRlIjo2MDAwMDAwMDAwMDB9LCJzY2hlbWFfdmVyc2lvbiI6IjEifQ==",
          "dependencies": [
            "aws_key_pair.generated_key",
            "aws_security_group.allow_tls",
            "aws_subnet.public",
            "aws_vpc.test-vpc",
            "tls_private_key.ssh-key"
          ]
        }
      ]
    },
    {
      "mode": "managed",
      "type": "aws_internet_gateway",
      "name": "gw",
      "provider": "provider[\"registry.terraform.io/hashicorp/aws\"]",
      "instances": [
        {
          "schema_version": 0,
          "attributes": {
            "arn": "arn:aws:ec2:us-east-1:932919696617:internet-gateway/igw-0d1e199c42558d80a",
            "id": "igw-0d1e199c42558d80a",
            "owner_id": "932919696617",
            "tags": {
              "Name": "TEST VPC IG"
            },
            "tags_all": {
              "Name": "TEST VPC IG"
            },
            "timeouts": null,
            "vpc_id": "vpc-0344925c34220d24b"
          },
          "sensitive_attributes": [],
          "private": "eyJlMmJmYjczMC1lY2FhLTExZTYtOGY4OC0zNDM2M2JjN2M0YzAiOnsiY3JlYXRlIjoxMjAwMDAwMDAwMDAwLCJkZWxldGUiOjEyMDAwMDAwMDAwMDAsInVwZGF0ZSI6MTIwMDAwMDAwMDAwMH19",
          "dependencies": [
            "aws_vpc.test-vpc"
          ]
        }
      ]
    },
    {
      "mode": "managed",
      "type": "aws_key_pair",
      "name": "generated_key",
      "provider": "provider[\"registry.terraform.io/hashicorp/aws\"]",
      "instances": [
        {
          "schema_version": 1,
          "attributes": {
            "arn": "arn:aws:ec2:us-east-1:932919696617:key-pair/demo-ssh-key",
            "fingerprint": "6b:9c:29:a0:6f:f6:e7:5a:51:9a:a9:51:b0:7d:5c:44",
            "id": "demo-ssh-key",
            "key_name": "demo-ssh-key",
            "key_name_prefix": "",
            "key_pair_id": "key-03be877e7c3365bec",
            "key_type": "rsa",
            "public_key": "ssh-rsa AAAAB3NzaC1yc2EAAAADAQABAAABAQDWdX+Bm6XjAxpeE0daiOwzAZe+8Ez8w/sTQv6E2GqhNllVQ0DW5h3tFy4c8EGShniXZGeTKNhvhOwBsHgVSFtcP+Wj3KLzh0CNNhN/vVyfhg6Dd0lLsY3yCoycqVQk+dHNBln5s4H6Etbt9ayZiluMvzhblCxjSI/EVoLGRIE+1G/uJ9FjvO3qLsW1okfdMMCCzJDKOf+Ej+rsFFmmP89HUBbc38JCKEcaieDv2zFaMf+ALO/ovAHcHillUaVfhTwK7dKV8uUtJSKqMSOimoc4Ldin9Ru+54xuM/m6JTNM9nBc5WScplaNvbfP66wJycpwI0JSWN3yBawB1QTeupPL",
            "tags": {},
            "tags_all": {}
          },
          "sensitive_attributes": [],
          "private": "eyJzY2hlbWFfdmVyc2lvbiI6IjEifQ==",
          "dependencies": [
            "tls_private_key.ssh-key"
          ]
        }
      ]
    },
    {
      "mode": "managed",
      "type": "aws_lb",
      "name": "application_load_balancer",
      "provider": "provider[\"registry.terraform.io/hashicorp/aws\"]",
      "instances": [
        {
          "schema_version": 0,
          "attributes": {
            "access_logs": [
              {
                "bucket": "",
                "enabled": false,
                "prefix": ""
              }
            ],
            "arn": "arn:aws:elasticloadbalancing:us-east-1:932919696617:loadbalancer/app/application-lb/c31512210349dc27",
            "arn_suffix": "app/application-lb/c31512210349dc27",
            "customer_owned_ipv4_pool": "",
            "desync_mitigation_mode": "defensive",
            "dns_name": "application-lb-1063268894.us-east-1.elb.amazonaws.com",
            "drop_invalid_header_fields": false,
            "enable_cross_zone_load_balancing": true,
            "enable_deletion_protection": false,
            "enable_http2": true,
            "enable_tls_version_and_cipher_suite_headers": false,
            "enable_waf_fail_open": false,
            "enable_xff_client_port": false,
            "id": "arn:aws:elasticloadbalancing:us-east-1:932919696617:loadbalancer/app/application-lb/c31512210349dc27",
            "idle_timeout": 60,
            "internal": false,
            "ip_address_type": "ipv4",
            "load_balancer_type": "application",
            "name": "application-lb",
            "name_prefix": null,
            "preserve_host_header": false,
            "security_groups": [
              "sg-0d3ace04999a02266"
            ],
            "subnet_mapping": [
              {
                "allocation_id": "",
                "ipv6_address": "",
                "outpost_id": "",
                "private_ipv4_address": "",
                "subnet_id": "subnet-053ccf0070d7f143c"
              },
              {
                "allocation_id": "",
                "ipv6_address": "",
                "outpost_id": "",
                "private_ipv4_address": "",
                "subnet_id": "subnet-09c9c86198441a093"
              },
              {
                "allocation_id": "",
                "ipv6_address": "",
                "outpost_id": "",
                "private_ipv4_address": "",
                "subnet_id": "subnet-0a303c6b6f0b9bed4"
              }
            ],
            "subnets": [
              "subnet-053ccf0070d7f143c",
              "subnet-09c9c86198441a093",
              "subnet-0a303c6b6f0b9bed4"
            ],
            "tags": {
              "Environment": "dev"
            },
            "tags_all": {
              "Environment": "dev"
            },
            "timeouts": null,
            "vpc_id": "vpc-0344925c34220d24b",
            "xff_header_processing_mode": "append",
            "zone_id": "Z35SXDOTRQ7X7K"
          },
          "sensitive_attributes": [],
          "private": "eyJlMmJmYjczMC1lY2FhLTExZTYtOGY4OC0zNDM2M2JjN2M0YzAiOnsiY3JlYXRlIjo2MDAwMDAwMDAwMDAsImRlbGV0ZSI6NjAwMDAwMDAwMDAwLCJ1cGRhdGUiOjYwMDAwMDAwMDAwMH19",
          "dependencies": [
            "aws_security_group.allow_tls",
            "aws_subnet.public",
            "aws_vpc.test-vpc"
          ]
        }
      ]
    },
    {
      "mode": "managed",
      "type": "aws_lb_listener",
      "name": "listener",
      "provider": "provider[\"registry.terraform.io/hashicorp/aws\"]",
      "instances": [
        {
          "schema_version": 0,
          "attributes": {
            "alpn_policy": null,
            "arn": "arn:aws:elasticloadbalancing:us-east-1:932919696617:listener/app/application-lb/c31512210349dc27/8c6624be5eeee532",
            "certificate_arn": null,
            "default_action": [
              {
                "authenticate_cognito": [],
                "authenticate_oidc": [],
                "fixed_response": [],
                "forward": [],
                "order": 1,
                "redirect": [],
                "target_group_arn": "arn:aws:elasticloadbalancing:us-east-1:932919696617:targetgroup/target-group/4289b98fd3377bef",
                "type": "forward"
              }
            ],
            "id": "arn:aws:elasticloadbalancing:us-east-1:932919696617:listener/app/application-lb/c31512210349dc27/8c6624be5eeee532",
            "load_balancer_arn": "arn:aws:elasticloadbalancing:us-east-1:932919696617:loadbalancer/app/application-lb/c31512210349dc27",
            "port": 80,
            "protocol": "HTTP",
            "ssl_policy": "",
            "tags": {},
            "tags_all": {},
            "timeouts": null
          },
          "sensitive_attributes": [],
          "private": "eyJlMmJmYjczMC1lY2FhLTExZTYtOGY4OC0zNDM2M2JjN2M0YzAiOnsicmVhZCI6NjAwMDAwMDAwMDAwfX0=",
          "dependencies": [
            "aws_lb.application_load_balancer",
            "aws_lb_target_group.target_group",
            "aws_security_group.allow_tls",
            "aws_subnet.public",
            "aws_vpc.test-vpc"
          ]
        }
      ]
    },
    {
      "mode": "managed",
      "type": "aws_lb_target_group",
      "name": "target_group",
      "provider": "provider[\"registry.terraform.io/hashicorp/aws\"]",
      "instances": [
        {
          "schema_version": 0,
          "attributes": {
            "arn": "arn:aws:elasticloadbalancing:us-east-1:932919696617:targetgroup/target-group/4289b98fd3377bef",
            "arn_suffix": "targetgroup/target-group/4289b98fd3377bef",
            "connection_termination": false,
            "deregistration_delay": "300",
            "health_check": [
              {
                "enabled": true,
                "healthy_threshold": 3,
                "interval": 30,
                "matcher": "200,301,302",
                "path": "/",
                "port": "traffic-port",
                "protocol": "HTTP",
                "timeout": 5,
                "unhealthy_threshold": 3
              }
            ],
            "id": "arn:aws:elasticloadbalancing:us-east-1:932919696617:targetgroup/target-group/4289b98fd3377bef",
            "ip_address_type": "ipv4",
            "lambda_multi_value_headers_enabled": false,
            "load_balancing_algorithm_type": "round_robin",
            "load_balancing_cross_zone_enabled": "use_load_balancer_configuration",
            "name": "target-group",
            "name_prefix": null,
            "port": 80,
            "preserve_client_ip": null,
            "protocol": "HTTP",
            "protocol_version": "HTTP1",
            "proxy_protocol_v2": false,
            "slow_start": 0,
            "stickiness": [
              {
                "cookie_duration": 86400,
                "cookie_name": "",
                "enabled": false,
                "type": "lb_cookie"
              }
            ],
            "tags": {},
            "tags_all": {},
            "target_failover": [
              {
                "on_deregistration": null,
                "on_unhealthy": null
              }
            ],
            "target_type": "ip",
            "vpc_id": "vpc-0344925c34220d24b"
          },
          "sensitive_attributes": [],
          "private": "bnVsbA==",
          "dependencies": [
            "aws_vpc.test-vpc"
          ]
        }
      ]
    },
    {
      "mode": "managed",
      "type": "aws_route_table",
      "name": "rt",
      "provider": "provider[\"registry.terraform.io/hashicorp/aws\"]",
      "instances": [
        {
          "schema_version": 0,
          "attributes": {
            "arn": "arn:aws:ec2:us-east-1:932919696617:route-table/rtb-00897377bcab92742",
            "id": "rtb-00897377bcab92742",
            "owner_id": "932919696617",
            "propagating_vgws": [],
            "route": [
              {
                "carrier_gateway_id": "",
                "cidr_block": "0.0.0.0/0",
                "core_network_arn": "",
                "destination_prefix_list_id": "",
                "egress_only_gateway_id": "",
                "gateway_id": "igw-0d1e199c42558d80a",
                "instance_id": "",
                "ipv6_cidr_block": "",
                "local_gateway_id": "",
                "nat_gateway_id": "",
                "network_interface_id": "",
                "transit_gateway_id": "",
                "vpc_endpoint_id": "",
                "vpc_peering_connection_id": ""
              }
            ],
            "tags": {
              "Name": "Route Table for aws service"
            },
            "tags_all": {
              "Name": "Route Table for aws service"
            },
            "timeouts": null,
            "vpc_id": "vpc-0344925c34220d24b"
          },
          "sensitive_attributes": [],
          "private": "eyJlMmJmYjczMC1lY2FhLTExZTYtOGY4OC0zNDM2M2JjN2M0YzAiOnsiY3JlYXRlIjozMDAwMDAwMDAwMDAsImRlbGV0ZSI6MzAwMDAwMDAwMDAwLCJ1cGRhdGUiOjEyMDAwMDAwMDAwMH19",
          "dependencies": [
            "aws_internet_gateway.gw",
            "aws_vpc.test-vpc"
          ]
        }
      ]
    },
    {
      "mode": "managed",
      "type": "aws_route_table_association",
      "name": "private",
      "provider": "provider[\"registry.terraform.io/hashicorp/aws\"]",
      "instances": [
        {
          "index_key": 0,
          "schema_version": 0,
          "attributes": {
            "gateway_id": "",
            "id": "rtbassoc-0405822b230c434a1",
            "route_table_id": "rtb-00897377bcab92742",
            "subnet_id": "subnet-00c6dba70a74bcbdc",
            "timeouts": null
          },
          "sensitive_attributes": [],
          "private": "eyJlMmJmYjczMC1lY2FhLTExZTYtOGY4OC0zNDM2M2JjN2M0YzAiOnsiY3JlYXRlIjozMDAwMDAwMDAwMDAsImRlbGV0ZSI6MzAwMDAwMDAwMDAwLCJ1cGRhdGUiOjEyMDAwMDAwMDAwMH19",
          "dependencies": [
            "aws_route_table.rt",
            "aws_subnet.private",
            "aws_vpc.test-vpc"
          ]
        },
        {
          "index_key": 1,
          "schema_version": 0,
          "attributes": {
            "gateway_id": "",
            "id": "rtbassoc-031c8e60ae28a56b3",
            "route_table_id": "rtb-00897377bcab92742",
            "subnet_id": "subnet-04c62cf8a4616f7a2",
            "timeouts": null
          },
          "sensitive_attributes": [],
          "private": "eyJlMmJmYjczMC1lY2FhLTExZTYtOGY4OC0zNDM2M2JjN2M0YzAiOnsiY3JlYXRlIjozMDAwMDAwMDAwMDAsImRlbGV0ZSI6MzAwMDAwMDAwMDAwLCJ1cGRhdGUiOjEyMDAwMDAwMDAwMH19",
          "dependencies": [
            "aws_route_table.rt",
            "aws_subnet.private",
            "aws_vpc.test-vpc"
          ]
        },
        {
          "index_key": 2,
          "schema_version": 0,
          "attributes": {
            "gateway_id": "",
            "id": "rtbassoc-0f95aa17e19834b64",
            "route_table_id": "rtb-00897377bcab92742",
            "subnet_id": "subnet-08d79a1c0d629b710",
            "timeouts": null
          },
          "sensitive_attributes": [],
          "private": "eyJlMmJmYjczMC1lY2FhLTExZTYtOGY4OC0zNDM2M2JjN2M0YzAiOnsiY3JlYXRlIjozMDAwMDAwMDAwMDAsImRlbGV0ZSI6MzAwMDAwMDAwMDAwLCJ1cGRhdGUiOjEyMDAwMDAwMDAwMH19",
          "dependencies": [
            "aws_route_table.rt",
            "aws_subnet.private",
            "aws_vpc.test-vpc"
          ]
        }
      ]
    },
    {
      "mode": "managed",
      "type": "aws_route_table_association",
      "name": "public",
      "provider": "provider[\"registry.terraform.io/hashicorp/aws\"]",
      "instances": [
        {
          "index_key": 0,
          "schema_version": 0,
          "attributes": {
            "gateway_id": "",
            "id": "rtbassoc-02fe0bc14fa6a5b1f",
            "route_table_id": "rtb-00897377bcab92742",
            "subnet_id": "subnet-053ccf0070d7f143c",
            "timeouts": null
          },
          "sensitive_attributes": [],
          "private": "eyJlMmJmYjczMC1lY2FhLTExZTYtOGY4OC0zNDM2M2JjN2M0YzAiOnsiY3JlYXRlIjozMDAwMDAwMDAwMDAsImRlbGV0ZSI6MzAwMDAwMDAwMDAwLCJ1cGRhdGUiOjEyMDAwMDAwMDAwMH19",
          "dependencies": [
            "aws_internet_gateway.gw",
            "aws_route_table.rt",
            "aws_subnet.public",
            "aws_vpc.test-vpc"
          ]
        },
        {
          "index_key": 1,
          "schema_version": 0,
          "attributes": {
            "gateway_id": "",
            "id": "rtbassoc-0e62f59397754828b",
            "route_table_id": "rtb-00897377bcab92742",
            "subnet_id": "subnet-0a303c6b6f0b9bed4",
            "timeouts": null
          },
          "sensitive_attributes": [],
          "private": "eyJlMmJmYjczMC1lY2FhLTExZTYtOGY4OC0zNDM2M2JjN2M0YzAiOnsiY3JlYXRlIjozMDAwMDAwMDAwMDAsImRlbGV0ZSI6MzAwMDAwMDAwMDAwLCJ1cGRhdGUiOjEyMDAwMDAwMDAwMH19",
          "dependencies": [
            "aws_internet_gateway.gw",
            "aws_route_table.rt",
            "aws_subnet.public",
            "aws_vpc.test-vpc"
          ]
        },
        {
          "index_key": 2,
          "schema_version": 0,
          "attributes": {
            "gateway_id": "",
            "id": "rtbassoc-0285169333378997d",
            "route_table_id": "rtb-00897377bcab92742",
            "subnet_id": "subnet-09c9c86198441a093",
            "timeouts": null
          },
          "sensitive_attributes": [],
          "private": "eyJlMmJmYjczMC1lY2FhLTExZTYtOGY4OC0zNDM2M2JjN2M0YzAiOnsiY3JlYXRlIjozMDAwMDAwMDAwMDAsImRlbGV0ZSI6MzAwMDAwMDAwMDAwLCJ1cGRhdGUiOjEyMDAwMDAwMDAwMH19",
          "dependencies": [
            "aws_internet_gateway.gw",
            "aws_route_table.rt",
            "aws_subnet.public",
            "aws_vpc.test-vpc"
          ]
        }
      ]
    },
    {
      "mode": "managed",
      "type": "aws_security_group",
      "name": "allow_tls",
      "provider": "provider[\"registry.terraform.io/hashicorp/aws\"]",
      "instances": [
        {
          "schema_version": 1,
          "attributes": {
            "arn": "arn:aws:ec2:us-east-1:932919696617:security-group/sg-0d3ace04999a02266",
            "description": "Allow TLS inbound traffic",
            "egress": [
              {
                "cidr_blocks": [
                  "0.0.0.0/0"
                ],
                "description": "",
                "from_port": 0,
                "ipv6_cidr_blocks": [],
                "prefix_list_ids": [],
                "protocol": "-1",
                "security_groups": [],
                "self": false,
                "to_port": 0
              }
            ],
            "id": "sg-0d3ace04999a02266",
            "ingress": [
              {
                "cidr_blocks": [
                  "0.0.0.0/0"
                ],
                "description": "TLS from VPC",
                "from_port": 22,
                "ipv6_cidr_blocks": [],
                "prefix_list_ids": [],
                "protocol": "tcp",
                "security_groups": [],
                "self": false,
                "to_port": 22
              },
              {
                "cidr_blocks": [
                  "0.0.0.0/0"
                ],
                "description": "TLS from VPC",
                "from_port": 443,
                "ipv6_cidr_blocks": [],
                "prefix_list_ids": [],
                "protocol": "tcp",
                "security_groups": [],
                "self": false,
                "to_port": 443
              },
              {
                "cidr_blocks": [
                  "0.0.0.0/0"
                ],
                "description": "TLS from VPC",
                "from_port": 8080,
                "ipv6_cidr_blocks": [],
                "prefix_list_ids": [],
                "protocol": "tcp",
                "security_groups": [],
                "self": false,
                "to_port": 8080
              },
              {
                "cidr_blocks": [
                  "0.0.0.0/0"
                ],
                "description": "TLS from VPC",
                "from_port": 80,
                "ipv6_cidr_blocks": [],
                "prefix_list_ids": [],
                "protocol": "tcp",
                "security_groups": [],
                "self": false,
                "to_port": 80
              },
              {
                "cidr_blocks": [
                  "0.0.0.0/0"
                ],
                "description": "TLS from VPC",
                "from_port": 81,
                "ipv6_cidr_blocks": [],
                "prefix_list_ids": [],
                "protocol": "tcp",
                "security_groups": [],
                "self": false,
                "to_port": 81
              }
            ],
            "name": "allow_tls",
            "name_prefix": "",
            "owner_id": "932919696617",
            "revoke_rules_on_delete": false,
            "tags": {
              "Name": "ec2-SG"
            },
            "tags_all": {
              "Name": "ec2-SG"
            },
            "timeouts": null,
            "vpc_id": "vpc-0344925c34220d24b"
          },
          "sensitive_attributes": [],
          "private": "eyJlMmJmYjczMC1lY2FhLTExZTYtOGY4OC0zNDM2M2JjN2M0YzAiOnsiY3JlYXRlIjo2MDAwMDAwMDAwMDAsImRlbGV0ZSI6OTAwMDAwMDAwMDAwfSwic2NoZW1hX3ZlcnNpb24iOiIxIn0=",
          "dependencies": [
            "aws_vpc.test-vpc"
          ]
        }
      ]
    },
    {
      "mode": "managed",
      "type": "aws_subnet",
      "name": "private",
      "provider": "provider[\"registry.terraform.io/hashicorp/aws\"]",
      "instances": [
        {
          "index_key": 0,
          "schema_version": 1,
          "attributes": {
            "arn": "arn:aws:ec2:us-east-1:932919696617:subnet/subnet-00c6dba70a74bcbdc",
            "assign_ipv6_address_on_creation": false,
            "availability_zone": "us-east-1d",
            "availability_zone_id": "use1-az4",
            "cidr_block": "10.0.2.0/28",
            "customer_owned_ipv4_pool": "",
            "enable_dns64": false,
            "enable_lni_at_device_index": 0,
            "enable_resource_name_dns_a_record_on_launch": false,
            "enable_resource_name_dns_aaaa_record_on_launch": false,
            "id": "subnet-00c6dba70a74bcbdc",
            "ipv6_cidr_block": "",
            "ipv6_cidr_block_association_id": "",
            "ipv6_native": false,
            "map_customer_owned_ip_on_launch": false,
            "map_public_ip_on_launch": false,
            "outpost_arn": "",
            "owner_id": "932919696617",
            "private_dns_hostname_type_on_launch": "ip-name",
            "tags": {
              "Name": "Application-1-private"
            },
            "tags_all": {
              "Name": "Application-1-private"
            },
            "timeouts": null,
            "vpc_id": "vpc-0344925c34220d24b"
          },
          "sensitive_attributes": [],
          "private": "eyJlMmJmYjczMC1lY2FhLTExZTYtOGY4OC0zNDM2M2JjN2M0YzAiOnsiY3JlYXRlIjo2MDAwMDAwMDAwMDAsImRlbGV0ZSI6MTIwMDAwMDAwMDAwMH0sInNjaGVtYV92ZXJzaW9uIjoiMSJ9",
          "dependencies": [
            "aws_vpc.test-vpc"
          ]
        },
        {
          "index_key": 1,
          "schema_version": 1,
          "attributes": {
            "arn": "arn:aws:ec2:us-east-1:932919696617:subnet/subnet-04c62cf8a4616f7a2",
            "assign_ipv6_address_on_creation": false,
            "availability_zone": "us-east-1e",
            "availability_zone_id": "use1-az3",
            "cidr_block": "10.0.2.16/28",
            "customer_owned_ipv4_pool": "",
            "enable_dns64": false,
            "enable_lni_at_device_index": 0,
            "enable_resource_name_dns_a_record_on_launch": false,
            "enable_resource_name_dns_aaaa_record_on_launch": false,
            "id": "subnet-04c62cf8a4616f7a2",
            "ipv6_cidr_block": "",
            "ipv6_cidr_block_association_id": "",
            "ipv6_native": false,
            "map_customer_owned_ip_on_launch": false,
            "map_public_ip_on_launch": false,
            "outpost_arn": "",
            "owner_id": "932919696617",
            "private_dns_hostname_type_on_launch": "ip-name",
            "tags": {
              "Name": "Application-1-private"
            },
            "tags_all": {
              "Name": "Application-1-private"
            },
            "timeouts": null,
            "vpc_id": "vpc-0344925c34220d24b"
          },
          "sensitive_attributes": [],
          "private": "eyJlMmJmYjczMC1lY2FhLTExZTYtOGY4OC0zNDM2M2JjN2M0YzAiOnsiY3JlYXRlIjo2MDAwMDAwMDAwMDAsImRlbGV0ZSI6MTIwMDAwMDAwMDAwMH0sInNjaGVtYV92ZXJzaW9uIjoiMSJ9",
          "dependencies": [
            "aws_vpc.test-vpc"
          ]
        },
        {
          "index_key": 2,
          "schema_version": 1,
          "attributes": {
            "arn": "arn:aws:ec2:us-east-1:932919696617:subnet/subnet-08d79a1c0d629b710",
            "assign_ipv6_address_on_creation": false,
            "availability_zone": "us-east-1f",
            "availability_zone_id": "use1-az5",
            "cidr_block": "10.0.2.32/28",
            "customer_owned_ipv4_pool": "",
            "enable_dns64": false,
            "enable_lni_at_device_index": 0,
            "enable_resource_name_dns_a_record_on_launch": false,
            "enable_resource_name_dns_aaaa_record_on_launch": false,
            "id": "subnet-08d79a1c0d629b710",
            "ipv6_cidr_block": "",
            "ipv6_cidr_block_association_id": "",
            "ipv6_native": false,
            "map_customer_owned_ip_on_launch": false,
            "map_public_ip_on_launch": false,
            "outpost_arn": "",
            "owner_id": "932919696617",
            "private_dns_hostname_type_on_launch": "ip-name",
            "tags": {
              "Name": "Application-1-private"
            },
            "tags_all": {
              "Name": "Application-1-private"
            },
            "timeouts": null,
            "vpc_id": "vpc-0344925c34220d24b"
          },
          "sensitive_attributes": [],
          "private": "eyJlMmJmYjczMC1lY2FhLTExZTYtOGY4OC0zNDM2M2JjN2M0YzAiOnsiY3JlYXRlIjo2MDAwMDAwMDAwMDAsImRlbGV0ZSI6MTIwMDAwMDAwMDAwMH0sInNjaGVtYV92ZXJzaW9uIjoiMSJ9",
          "dependencies": [
            "aws_vpc.test-vpc"
          ]
        }
      ]
    },
    {
      "mode": "managed",
      "type": "aws_subnet",
      "name": "public",
      "provider": "provider[\"registry.terraform.io/hashicorp/aws\"]",
      "instances": [
        {
          "index_key": 0,
          "schema_version": 1,
          "attributes": {
            "arn": "arn:aws:ec2:us-east-1:932919696617:subnet/subnet-053ccf0070d7f143c",
            "assign_ipv6_address_on_creation": false,
            "availability_zone": "us-east-1a",
            "availability_zone_id": "use1-az6",
            "cidr_block": "10.0.1.0/28",
            "customer_owned_ipv4_pool": "",
            "enable_dns64": false,
            "enable_lni_at_device_index": 0,
            "enable_resource_name_dns_a_record_on_launch": false,
            "enable_resource_name_dns_aaaa_record_on_launch": false,
            "id": "subnet-053ccf0070d7f143c",
            "ipv6_cidr_block": "",
            "ipv6_cidr_block_association_id": "",
            "ipv6_native": false,
            "map_customer_owned_ip_on_launch": false,
            "map_public_ip_on_launch": false,
            "outpost_arn": "",
            "owner_id": "932919696617",
            "private_dns_hostname_type_on_launch": "ip-name",
            "tags": {
              "Name": "Application-1-public"
            },
            "tags_all": {
              "Name": "Application-1-public"
            },
            "timeouts": null,
            "vpc_id": "vpc-0344925c34220d24b"
          },
          "sensitive_attributes": [],
          "private": "eyJlMmJmYjczMC1lY2FhLTExZTYtOGY4OC0zNDM2M2JjN2M0YzAiOnsiY3JlYXRlIjo2MDAwMDAwMDAwMDAsImRlbGV0ZSI6MTIwMDAwMDAwMDAwMH0sInNjaGVtYV92ZXJzaW9uIjoiMSJ9",
          "dependencies": [
            "aws_vpc.test-vpc"
          ]
        },
        {
          "index_key": 1,
          "schema_version": 1,
          "attributes": {
            "arn": "arn:aws:ec2:us-east-1:932919696617:subnet/subnet-0a303c6b6f0b9bed4",
            "assign_ipv6_address_on_creation": false,
            "availability_zone": "us-east-1b",
            "availability_zone_id": "use1-az1",
            "cidr_block": "10.0.1.16/28",
            "customer_owned_ipv4_pool": "",
            "enable_dns64": false,
            "enable_lni_at_device_index": 0,
            "enable_resource_name_dns_a_record_on_launch": false,
            "enable_resource_name_dns_aaaa_record_on_launch": false,
            "id": "subnet-0a303c6b6f0b9bed4",
            "ipv6_cidr_block": "",
            "ipv6_cidr_block_association_id": "",
            "ipv6_native": false,
            "map_customer_owned_ip_on_launch": false,
            "map_public_ip_on_launch": false,
            "outpost_arn": "",
            "owner_id": "932919696617",
            "private_dns_hostname_type_on_launch": "ip-name",
            "tags": {
              "Name": "Application-1-public"
            },
            "tags_all": {
              "Name": "Application-1-public"
            },
            "timeouts": null,
            "vpc_id": "vpc-0344925c34220d24b"
          },
          "sensitive_attributes": [],
          "private": "eyJlMmJmYjczMC1lY2FhLTExZTYtOGY4OC0zNDM2M2JjN2M0YzAiOnsiY3JlYXRlIjo2MDAwMDAwMDAwMDAsImRlbGV0ZSI6MTIwMDAwMDAwMDAwMH0sInNjaGVtYV92ZXJzaW9uIjoiMSJ9",
          "dependencies": [
            "aws_vpc.test-vpc"
          ]
        },
        {
          "index_key": 2,
          "schema_version": 1,
          "attributes": {
            "arn": "arn:aws:ec2:us-east-1:932919696617:subnet/subnet-09c9c86198441a093",
            "assign_ipv6_address_on_creation": false,
            "availability_zone": "us-east-1c",
            "availability_zone_id": "use1-az2",
            "cidr_block": "10.0.1.32/28",
            "customer_owned_ipv4_pool": "",
            "enable_dns64": false,
            "enable_lni_at_device_index": 0,
            "enable_resource_name_dns_a_record_on_launch": false,
            "enable_resource_name_dns_aaaa_record_on_launch": false,
            "id": "subnet-09c9c86198441a093",
            "ipv6_cidr_block": "",
            "ipv6_cidr_block_association_id": "",
            "ipv6_native": false,
            "map_customer_owned_ip_on_launch": false,
            "map_public_ip_on_launch": false,
            "outpost_arn": "",
            "owner_id": "932919696617",
            "private_dns_hostname_type_on_launch": "ip-name",
            "tags": {
              "Name": "Application-1-public"
            },
            "tags_all": {
              "Name": "Application-1-public"
            },
            "timeouts": null,
            "vpc_id": "vpc-0344925c34220d24b"
          },
          "sensitive_attributes": [],
          "private": "eyJlMmJmYjczMC1lY2FhLTExZTYtOGY4OC0zNDM2M2JjN2M0YzAiOnsiY3JlYXRlIjo2MDAwMDAwMDAwMDAsImRlbGV0ZSI6MTIwMDAwMDAwMDAwMH0sInNjaGVtYV92ZXJzaW9uIjoiMSJ9",
          "dependencies": [
            "aws_vpc.test-vpc"
          ]
        }
      ]
    },
    {
      "mode": "managed",
      "type": "aws_vpc",
      "name": "test-vpc",
      "provider": "provider[\"registry.terraform.io/hashicorp/aws\"]",
      "instances": [
        {
          "schema_version": 1,
          "attributes": {
            "arn": "arn:aws:ec2:us-east-1:932919696617:vpc/vpc-0344925c34220d24b",
            "assign_generated_ipv6_cidr_block": false,
            "cidr_block": "10.0.0.0/16",
            "default_network_acl_id": "acl-0b40f467018fdfe0c",
            "default_route_table_id": "rtb-067e5fb92780f22da",
            "default_security_group_id": "sg-0796db0ca21a4a02e",
            "dhcp_options_id": "dopt-004ed46725d2a9cfd",
            "enable_classiclink": false,
            "enable_classiclink_dns_support": false,
            "enable_dns_hostnames": true,
            "enable_dns_support": true,
            "enable_network_address_usage_metrics": false,
            "id": "vpc-0344925c34220d24b",
            "instance_tenancy": "default",
            "ipv4_ipam_pool_id": null,
            "ipv4_netmask_length": null,
            "ipv6_association_id": "",
            "ipv6_cidr_block": "",
            "ipv6_cidr_block_network_border_group": "",
            "ipv6_ipam_pool_id": "",
            "ipv6_netmask_length": 0,
            "main_route_table_id": "rtb-067e5fb92780f22da",
            "owner_id": "932919696617",
            "tags": {
              "Name": "Test VPC"
            },
            "tags_all": {
              "Name": "Test VPC"
            }
          },
          "sensitive_attributes": [],
          "private": "eyJzY2hlbWFfdmVyc2lvbiI6IjEifQ=="
        }
      ]
    },
    {
      "mode": "managed",
      "type": "local_file",
      "name": "key",
      "provider": "provider[\"registry.terraform.io/hashicorp/local\"]",
      "instances": [
        {
          "schema_version": 0,
          "attributes": {
            "content": "-----BEGIN RSA PRIVATE KEY-----\nMIIEowIBAAKCAQEA1nV/gZul4wMaXhNHWojsMwGXvvBM/MP7E0L+hNhqoTZZVUNA\n1uYd7RcuHPBBkoZ4l2RnkyjYb4TsAbB4FUhbXD/lo9yi84dAjTYTf71cn4YOg3dJ\nS7GN8gqMnKlUJPnRzQZZ+bOB+hLW7fWsmYpbjL84W5QsY0iPxFaCxkSBPtRv7ifR\nY7zt6i7FtaJH3TDAgsyQyjn/hI/q7BRZpj/PR1AW3N/CQihHGong79sxWjH/gCzv\n6LwB3B4pZVGlX4U8Cu3SlfLlLSUiqjEjopqHOC3Yp/UbvueMbjP5uiUzTPZwXOVk\nnKZWjb23z+usCcnKcCNCUljd8gWsAdUE3rqTywIDAQABAoIBAHVR2esBRwKlU+tb\nCJHSjcRpfqYJt1Qfsl6bK7lo2wxOOxiVrgbh5EUrhSJ3nKeXwKixWKf8lEqNoL5b\n15Vs++2/VtUJgmtO9lVJ2+jpop3yLEZnH0W1YD2k379kMo/3ynoqm1YqiVRQshuD\nZmSod+TLRv1yVcYKj/uMiAYGu92uQR++OxiaqoHCOI7ZrzRWPCyc/rE9xH0WHqwy\nbm9apuX20cwNVc8FnxoalI5bk7RhEncS5KRNp3Ggsf9cFRYrqf4hRIR3nWYgLMyr\nWFs3GwjDClz+reajoX327xAsGeNErWwmTtrIdF8BulcY6ZLktlIzpbzUf7Zh+AbE\nvlRiayECgYEA6V6ZrHXClvDWu/Wt0JmC3XA8DMHygFR+ddiQ86wcKRpsGEaGsmuU\n7Y1KGHGlPfHC4hReYlqxDipk37EZwJnCsYv77EgL07ruvylSVPO3PKoimeSqnid2\nctG17PXXseN71XZgjUrD7zaVKKNBS5daziTsJI7USjgfLsQsOhyykf8CgYEA60Fx\ncqeeEA1GXsymInMjh5jao4UmAo1N1r3DPm9K0eYwDnJ6+uZYhpiE4kcV3HHL+lFK\nr1IahRuaA+1MdHrO6DkdzxI1Ffmc7vcHnWyZf/dsIh10DlVspLmJaP/cNuYMJsMT\nV+XIXH2lFFLxmvFujGVryOcs+VQmpok6gb7ppjUCgYBCis3oxf9BSNUB7VCtfUg6\nWelVfevmubEBa0oRoQ66jaUq2tlHgLOLdNEe3TDP0+LM0iADjXaU4nO28Om16GIC\nfDbOLdDpg5DWAzNNs9yYuK57ER+xTvFQVgm40nS5bXL+7+0h/KKX0AmB9+MDadnj\nk9WdqvhPXWdOz3MI8uvcAwKBgGe3UWnH5hKTl6uhs7jKZCaayAGBaRGE9IUw4gv7\nitPhFNy5seg9d1fXk/YiesvWS6RPBIsoulJmqc8DZkqP/fo5fB/XmhnXE03zEKNh\nxoa5MS4VKB5NoPk6Zw8ohhCZ+U95f2SoBF5qckX0j1nNCPzSleNbr+M4K1YOeAHN\nhjrlAoGBAM/uycqf9/sT8g7zV81QutPVN7WBGNiIQ3BaoLWVrjLuZhgV7GkeH4lK\nfpYAdm0jYWJ+RyKwId2hnPyB4InuIrpY4C8+rVKb6kaVxs2w8ISsEmcqxrSAOQTg\n2s6JqqwnZ4sgNgDl4LhmZCkzzREsX+NB6X85mxMeO/U3RZSiUZ36\n-----END RSA PRIVATE KEY-----\n",
            "content_base64": null,
            "content_base64sha256": "vRf0V5Be4r8lhfpJUZQxBpFskjNRj+Pg+JMkGd8coIQ=",
            "content_base64sha512": "CkU4eA7unqTsxPtff1e6RzNqjH1wjQOcLRDge+4aC2XRh87SmkIsxiWCCJb2sXxmznNU9XFq6OW3EQBnwCKnrw==",
            "content_md5": "47b1dae7d0e396f6834675eb0a55855b",
            "content_sha1": "580eeff895551140bb73005806fd8e605663f857",
            "content_sha256": "bd17f457905ee2bf2585fa4951943106916c9233518fe3e0f8932419df1ca084",
            "content_sha512": "0a4538780eee9ea4ecc4fb5f7f57ba47336a8c7d708d039c2d10e07bee1a0b65d187ced29a422cc625820896f6b17c66ce7354f5716ae8e5b7110067c022a7af",
            "directory_permission": "0777",
            "file_permission": "0400",
            "filename": "demo-ssh-key.pem",
            "id": "580eeff895551140bb73005806fd8e605663f857",
            "sensitive_content": null,
            "source": null
          },
          "sensitive_attributes": [
            [
              {
                "type": "get_attr",
                "value": "content"
              }
            ]
          ],
          "dependencies": [
            "tls_private_key.ssh-key"
          ]
        }
      ]
    },
    {
      "mode": "managed",
      "type": "tls_private_key",
      "name": "ssh-key",
      "provider": "provider[\"registry.terraform.io/hashicorp/tls\"]",
      "instances": [
        {
          "schema_version": 1,
          "attributes": {
            "algorithm": "RSA",
            "ecdsa_curve": "P224",
            "id": "d63e25da73c07a291873316c16825ef62b39bd20",
            "private_key_openssh": "-----BEGIN OPENSSH PRIVATE KEY-----\nb3BlbnNzaC1rZXktdjEAAAAABG5vbmUAAAAEbm9uZQAAAAAAAAABAAABFwAAAAdz\nc2gtcnNhAAAAAwEAAQAAAQEA1nV/gZul4wMaXhNHWojsMwGXvvBM/MP7E0L+hNhq\noTZZVUNA1uYd7RcuHPBBkoZ4l2RnkyjYb4TsAbB4FUhbXD/lo9yi84dAjTYTf71c\nn4YOg3dJS7GN8gqMnKlUJPnRzQZZ+bOB+hLW7fWsmYpbjL84W5QsY0iPxFaCxkSB\nPtRv7ifRY7zt6i7FtaJH3TDAgsyQyjn/hI/q7BRZpj/PR1AW3N/CQihHGong79sx\nWjH/gCzv6LwB3B4pZVGlX4U8Cu3SlfLlLSUiqjEjopqHOC3Yp/UbvueMbjP5uiUz\nTPZwXOVknKZWjb23z+usCcnKcCNCUljd8gWsAdUE3rqTywAAA7gumGLzLphi8wAA\nAAdzc2gtcnNhAAABAQDWdX+Bm6XjAxpeE0daiOwzAZe+8Ez8w/sTQv6E2GqhNllV\nQ0DW5h3tFy4c8EGShniXZGeTKNhvhOwBsHgVSFtcP+Wj3KLzh0CNNhN/vVyfhg6D\nd0lLsY3yCoycqVQk+dHNBln5s4H6Etbt9ayZiluMvzhblCxjSI/EVoLGRIE+1G/u\nJ9FjvO3qLsW1okfdMMCCzJDKOf+Ej+rsFFmmP89HUBbc38JCKEcaieDv2zFaMf+A\nLO/ovAHcHillUaVfhTwK7dKV8uUtJSKqMSOimoc4Ldin9Ru+54xuM/m6JTNM9nBc\n5WScplaNvbfP66wJycpwI0JSWN3yBawB1QTeupPLAAAAAwEAAQAAAQB1UdnrAUcC\npVPrWwiR0o3EaX6mCbdUH7Jemyu5aNsMTjsYla4G4eRFK4Uid5ynl8CosVin/JRK\njaC+W9eVbPvtv1bVCYJrTvZVSdvo6aKd8ixGZx9FtWA9pN+/ZDKP98p6KptWKolU\nULIbg2ZkqHfky0b9clXGCo/7jIgGBrvdrkEfvjsYmqqBwjiO2a80VjwsnP6xPcR9\nFh6sMm5vWqbl9tHMDVXPBZ8aGpSOW5O0YRJ3EuSkTadxoLH/XBUWK6n+IUSEd51m\nICzMq1hbNxsIwwpc/q3mo6F99u8QLBnjRK1sJk7ayHRfAbpXGOmS5LZSM6W81H+2\nYfgGxL5UYmshAAAAgQDP7snKn/f7E/IO81fNULrT1Te1gRjYiENwWqC1la4y7mYY\nFexpHh+JSn6WAHZtI2FifkcisCHdoZz8geCJ7iK6WOAvPq1Sm+pGlcbNsPCErBJn\nKsa0gDkE4NrOiaqsJ2eLIDYA5eC4ZmQpM80RLF/jQel/OZsTHjv1N0WUolGd+gAA\nAIEA6V6ZrHXClvDWu/Wt0JmC3XA8DMHygFR+ddiQ86wcKRpsGEaGsmuU7Y1KGHGl\nPfHC4hReYlqxDipk37EZwJnCsYv77EgL07ruvylSVPO3PKoimeSqnid2ctG17PXX\nseN71XZgjUrD7zaVKKNBS5daziTsJI7USjgfLsQsOhyykf8AAACBAOtBcXKnnhAN\nRl7MpiJzI4eY2qOFJgKNTda9wz5vStHmMA5yevrmWIaYhOJHFdxxy/pRSq9SGoUb\nmgPtTHR6zug5Hc8SNRX5nO73B51smX/3bCIddA5VbKS5iWj/3DbmDCbDE1flyFx9\npRRS8Zrxboxla8jnLPlUJqaJOoG+6aY1AAAAAAEC\n-----END OPENSSH PRIVATE KEY-----\n",
            "private_key_pem": "-----BEGIN RSA PRIVATE KEY-----\nMIIEowIBAAKCAQEA1nV/gZul4wMaXhNHWojsMwGXvvBM/MP7E0L+hNhqoTZZVUNA\n1uYd7RcuHPBBkoZ4l2RnkyjYb4TsAbB4FUhbXD/lo9yi84dAjTYTf71cn4YOg3dJ\nS7GN8gqMnKlUJPnRzQZZ+bOB+hLW7fWsmYpbjL84W5QsY0iPxFaCxkSBPtRv7ifR\nY7zt6i7FtaJH3TDAgsyQyjn/hI/q7BRZpj/PR1AW3N/CQihHGong79sxWjH/gCzv\n6LwB3B4pZVGlX4U8Cu3SlfLlLSUiqjEjopqHOC3Yp/UbvueMbjP5uiUzTPZwXOVk\nnKZWjb23z+usCcnKcCNCUljd8gWsAdUE3rqTywIDAQABAoIBAHVR2esBRwKlU+tb\nCJHSjcRpfqYJt1Qfsl6bK7lo2wxOOxiVrgbh5EUrhSJ3nKeXwKixWKf8lEqNoL5b\n15Vs++2/VtUJgmtO9lVJ2+jpop3yLEZnH0W1YD2k379kMo/3ynoqm1YqiVRQshuD\nZmSod+TLRv1yVcYKj/uMiAYGu92uQR++OxiaqoHCOI7ZrzRWPCyc/rE9xH0WHqwy\nbm9apuX20cwNVc8FnxoalI5bk7RhEncS5KRNp3Ggsf9cFRYrqf4hRIR3nWYgLMyr\nWFs3GwjDClz+reajoX327xAsGeNErWwmTtrIdF8BulcY6ZLktlIzpbzUf7Zh+AbE\nvlRiayECgYEA6V6ZrHXClvDWu/Wt0JmC3XA8DMHygFR+ddiQ86wcKRpsGEaGsmuU\n7Y1KGHGlPfHC4hReYlqxDipk37EZwJnCsYv77EgL07ruvylSVPO3PKoimeSqnid2\nctG17PXXseN71XZgjUrD7zaVKKNBS5daziTsJI7USjgfLsQsOhyykf8CgYEA60Fx\ncqeeEA1GXsymInMjh5jao4UmAo1N1r3DPm9K0eYwDnJ6+uZYhpiE4kcV3HHL+lFK\nr1IahRuaA+1MdHrO6DkdzxI1Ffmc7vcHnWyZf/dsIh10DlVspLmJaP/cNuYMJsMT\nV+XIXH2lFFLxmvFujGVryOcs+VQmpok6gb7ppjUCgYBCis3oxf9BSNUB7VCtfUg6\nWelVfevmubEBa0oRoQ66jaUq2tlHgLOLdNEe3TDP0+LM0iADjXaU4nO28Om16GIC\nfDbOLdDpg5DWAzNNs9yYuK57ER+xTvFQVgm40nS5bXL+7+0h/KKX0AmB9+MDadnj\nk9WdqvhPXWdOz3MI8uvcAwKBgGe3UWnH5hKTl6uhs7jKZCaayAGBaRGE9IUw4gv7\nitPhFNy5seg9d1fXk/YiesvWS6RPBIsoulJmqc8DZkqP/fo5fB/XmhnXE03zEKNh\nxoa5MS4VKB5NoPk6Zw8ohhCZ+U95f2SoBF5qckX0j1nNCPzSleNbr+M4K1YOeAHN\nhjrlAoGBAM/uycqf9/sT8g7zV81QutPVN7WBGNiIQ3BaoLWVrjLuZhgV7GkeH4lK\nfpYAdm0jYWJ+RyKwId2hnPyB4InuIrpY4C8+rVKb6kaVxs2w8ISsEmcqxrSAOQTg\n2s6JqqwnZ4sgNgDl4LhmZCkzzREsX+NB6X85mxMeO/U3RZSiUZ36\n-----END RSA PRIVATE KEY-----\n",
            "private_key_pem_pkcs8": "-----BEGIN PRIVATE KEY-----\nMIIEvQIBADANBgkqhkiG9w0BAQEFAASCBKcwggSjAgEAAoIBAQDWdX+Bm6XjAxpe\nE0daiOwzAZe+8Ez8w/sTQv6E2GqhNllVQ0DW5h3tFy4c8EGShniXZGeTKNhvhOwB\nsHgVSFtcP+Wj3KLzh0CNNhN/vVyfhg6Dd0lLsY3yCoycqVQk+dHNBln5s4H6Etbt\n9ayZiluMvzhblCxjSI/EVoLGRIE+1G/uJ9FjvO3qLsW1okfdMMCCzJDKOf+Ej+rs\nFFmmP89HUBbc38JCKEcaieDv2zFaMf+ALO/ovAHcHillUaVfhTwK7dKV8uUtJSKq\nMSOimoc4Ldin9Ru+54xuM/m6JTNM9nBc5WScplaNvbfP66wJycpwI0JSWN3yBawB\n1QTeupPLAgMBAAECggEAdVHZ6wFHAqVT61sIkdKNxGl+pgm3VB+yXpsruWjbDE47\nGJWuBuHkRSuFInecp5fAqLFYp/yUSo2gvlvXlWz77b9W1QmCa072VUnb6OminfIs\nRmcfRbVgPaTfv2Qyj/fKeiqbViqJVFCyG4NmZKh35MtG/XJVxgqP+4yIBga73a5B\nH747GJqqgcI4jtmvNFY8LJz+sT3EfRYerDJub1qm5fbRzA1VzwWfGhqUjluTtGES\ndxLkpE2ncaCx/1wVFiup/iFEhHedZiAszKtYWzcbCMMKXP6t5qOhffbvECwZ40St\nbCZO2sh0XwG6VxjpkuS2UjOlvNR/tmH4BsS+VGJrIQKBgQDpXpmsdcKW8Na79a3Q\nmYLdcDwMwfKAVH512JDzrBwpGmwYRoaya5TtjUoYcaU98cLiFF5iWrEOKmTfsRnA\nmcKxi/vsSAvTuu6/KVJU87c8qiKZ5KqeJ3Zy0bXs9dex43vVdmCNSsPvNpUoo0FL\nl1rOJOwkjtRKOB8uxCw6HLKR/wKBgQDrQXFyp54QDUZezKYicyOHmNqjhSYCjU3W\nvcM+b0rR5jAOcnr65liGmITiRxXcccv6UUqvUhqFG5oD7Ux0es7oOR3PEjUV+Zzu\n9wedbJl/92wiHXQOVWykuYlo/9w25gwmwxNX5chcfaUUUvGa8W6MZWvI5yz5VCam\niTqBvummNQKBgEKKzejF/0FI1QHtUK19SDpZ6VV96+a5sQFrShGhDrqNpSra2UeA\ns4t00R7dMM/T4szSIAONdpTic7bw6bXoYgJ8Ns4t0OmDkNYDM02z3Ji4rnsRH7FO\n8VBWCbjSdLltcv7v7SH8opfQCYH34wNp2eOT1Z2q+E9dZ07Pcwjy69wDAoGAZ7dR\nacfmEpOXq6GzuMpkJprIAYFpEYT0hTDiC/uK0+EU3Lmx6D13V9eT9iJ6y9ZLpE8E\niyi6UmapzwNmSo/9+jl8H9eaGdcTTfMQo2HGhrkxLhUoHk2g+TpnDyiGEJn5T3l/\nZKgEXmpyRfSPWc0I/NKV41uv4zgrVg54Ac2GOuUCgYEAz+7Jyp/3+xPyDvNXzVC6\n09U3tYEY2IhDcFqgtZWuMu5mGBXsaR4fiUp+lgB2bSNhYn5HIrAh3aGc/IHgie4i\nuljgLz6tUpvqRpXGzbDwhKwSZyrGtIA5BODazomqrCdniyA2AOXguGZkKTPNESxf\n40HpfzmbEx479TdFlKJRnfo=\n-----END PRIVATE KEY-----\n",
            "public_key_fingerprint_md5": "e1:61:c3:47:7a:23:ef:c0:c0:75:ff:37:55:71:e8:29",
            "public_key_fingerprint_sha256": "SHA256:1AJ2DHk8o7xs6znPUFPS60lODroxUNtDVGuPUTFUTGE",
            "public_key_openssh": "ssh-rsa AAAAB3NzaC1yc2EAAAADAQABAAABAQDWdX+Bm6XjAxpeE0daiOwzAZe+8Ez8w/sTQv6E2GqhNllVQ0DW5h3tFy4c8EGShniXZGeTKNhvhOwBsHgVSFtcP+Wj3KLzh0CNNhN/vVyfhg6Dd0lLsY3yCoycqVQk+dHNBln5s4H6Etbt9ayZiluMvzhblCxjSI/EVoLGRIE+1G/uJ9FjvO3qLsW1okfdMMCCzJDKOf+Ej+rsFFmmP89HUBbc38JCKEcaieDv2zFaMf+ALO/ovAHcHillUaVfhTwK7dKV8uUtJSKqMSOimoc4Ldin9Ru+54xuM/m6JTNM9nBc5WScplaNvbfP66wJycpwI0JSWN3yBawB1QTeupPL\n",
            "public_key_pem": "-----BEGIN PUBLIC KEY-----\nMIIBIjANBgkqhkiG9w0BAQEFAAOCAQ8AMIIBCgKCAQEA1nV/gZul4wMaXhNHWojs\nMwGXvvBM/MP7E0L+hNhqoTZZVUNA1uYd7RcuHPBBkoZ4l2RnkyjYb4TsAbB4FUhb\nXD/lo9yi84dAjTYTf71cn4YOg3dJS7GN8gqMnKlUJPnRzQZZ+bOB+hLW7fWsmYpb\njL84W5QsY0iPxFaCxkSBPtRv7ifRY7zt6i7FtaJH3TDAgsyQyjn/hI/q7BRZpj/P\nR1AW3N/CQihHGong79sxWjH/gCzv6LwB3B4pZVGlX4U8Cu3SlfLlLSUiqjEjopqH\nOC3Yp/UbvueMbjP5uiUzTPZwXOVknKZWjb23z+usCcnKcCNCUljd8gWsAdUE3rqT\nywIDAQAB\n-----END PUBLIC KEY-----\n",
            "rsa_bits": 2048
          },
          "sensitive_attributes": []
        }
      ]
    }
  ],
  "check_results": null
}
