{
  "version": 4,
  "terraform_version": "1.4.6",
  "serial": 459,
  "lineage": "b614f686-ec6d-2579-4e29-d89cd28e99bb",
  "outputs": {
    "ec2_global_ips": {
      "value": [
        [
          "184.73.101.178"
        ]
      ],
      "type": [
        "tuple",
        [
          [
            "tuple",
            [
              "string"
            ]
          ]
        ]
      ]
    }
  },
  "resources": [
    {
      "mode": "managed",
      "type": "aws_instance",
      "name": "web",
      "provider": "provider[\"registry.terraform.io/hashicorp/aws\"]",
      "instances": [
        {
          "schema_version": 1,
          "attributes": {
            "ami": "ami-007855ac798b5175e",
            "arn": "arn:aws:ec2:us-east-1:932919696617:instance/i-06ece75f0afafdb27",
            "associate_public_ip_address": true,
            "availability_zone": "us-east-1a",
            "capacity_reservation_specification": [
              {
                "capacity_reservation_preference": "open",
                "capacity_reservation_target": []
              }
            ],
            "cpu_core_count": 1,
            "cpu_options": [
              {
                "amd_sev_snp": "",
                "core_count": 1,
                "threads_per_core": 1
              }
            ],
            "cpu_threads_per_core": 1,
            "credit_specification": [
              {
                "cpu_credits": "standard"
              }
            ],
            "disable_api_stop": false,
            "disable_api_termination": false,
            "ebs_block_device": [],
            "ebs_optimized": false,
            "enclave_options": [
              {
                "enabled": false
              }
            ],
            "ephemeral_block_device": [],
            "get_password_data": false,
            "hibernation": false,
            "host_id": "",
            "host_resource_group_arn": null,
            "iam_instance_profile": "",
            "id": "i-06ece75f0afafdb27",
            "instance_initiated_shutdown_behavior": "stop",
            "instance_state": "running",
            "instance_type": "t2.micro",
            "ipv6_address_count": 0,
            "ipv6_addresses": [],
            "key_name": "demo-ssh-key",
            "launch_template": [],
            "maintenance_options": [
              {
                "auto_recovery": "default"
              }
            ],
            "metadata_options": [
              {
                "http_endpoint": "enabled",
                "http_put_response_hop_limit": 1,
                "http_tokens": "optional",
                "instance_metadata_tags": "disabled"
              }
            ],
            "monitoring": false,
            "network_interface": [],
            "outpost_arn": "",
            "password_data": "",
            "placement_group": "",
            "placement_partition_number": 0,
            "primary_network_interface_id": "eni-098b3f3fee3113f86",
            "private_dns": "ip-10-0-1-81.ec2.internal",
            "private_dns_name_options": [
              {
                "enable_resource_name_dns_a_record": false,
                "enable_resource_name_dns_aaaa_record": false,
                "hostname_type": "ip-name"
              }
            ],
            "private_ip": "10.0.1.81",
            "public_dns": "ec2-184-73-101-178.compute-1.amazonaws.com",
            "public_ip": "184.73.101.178",
            "root_block_device": [
              {
                "delete_on_termination": true,
                "device_name": "/dev/sda1",
                "encrypted": false,
                "iops": 100,
                "kms_key_id": "",
                "tags": {},
                "throughput": 0,
                "volume_id": "vol-0d73ae328e19f26c0",
                "volume_size": 8,
                "volume_type": "gp2"
              }
            ],
            "secondary_private_ips": [],
            "security_groups": [],
            "source_dest_check": true,
            "subnet_id": "subnet-00e02ecf267d13028",
            "tags": {
              "Name": "demo-vm2"
            },
            "tags_all": {
              "Name": "demo-vm2"
            },
            "tenancy": "default",
            "timeouts": null,
            "user_data": "23ad6d2b76c32ccbf1b4c8d546231476fe0384b3",
            "user_data_base64": null,
            "user_data_replace_on_change": false,
            "volume_tags": null,
            "vpc_security_group_ids": [
              "sg-084e1db734ddbda0a"
            ]
          },
          "sensitive_attributes": [],
          "private": "eyJlMmJmYjczMC1lY2FhLTExZTYtOGY4OC0zNDM2M2JjN2M0YzAiOnsiY3JlYXRlIjo2MDAwMDAwMDAwMDAsImRlbGV0ZSI6MTIwMDAwMDAwMDAwMCwidXBkYXRlIjo2MDAwMDAwMDAwMDB9LCJzY2hlbWFfdmVyc2lvbiI6IjEifQ==",
          "dependencies": [
            "aws_key_pair.generated_key",
            "aws_security_group.allow_tls",
            "aws_subnet.public",
            "aws_vpc.test-vpc",
            "tls_private_key.ssh-key"
          ]
        }
      ]
    },
    {
      "mode": "managed",
      "type": "aws_internet_gateway",
      "name": "gw",
      "provider": "provider[\"registry.terraform.io/hashicorp/aws\"]",
      "instances": [
        {
          "schema_version": 0,
          "attributes": {
            "arn": "arn:aws:ec2:us-east-1:932919696617:internet-gateway/igw-08dc8e2a7c3c5f26b",
            "id": "igw-08dc8e2a7c3c5f26b",
            "owner_id": "932919696617",
            "tags": {
              "Name": "TEST VPC IG"
            },
            "tags_all": {
              "Name": "TEST VPC IG"
            },
            "timeouts": null,
            "vpc_id": "vpc-04f4ccf6b4046502e"
          },
          "sensitive_attributes": [],
          "private": "eyJlMmJmYjczMC1lY2FhLTExZTYtOGY4OC0zNDM2M2JjN2M0YzAiOnsiY3JlYXRlIjoxMjAwMDAwMDAwMDAwLCJkZWxldGUiOjEyMDAwMDAwMDAwMDAsInVwZGF0ZSI6MTIwMDAwMDAwMDAwMH19",
          "dependencies": [
            "aws_vpc.test-vpc"
          ]
        }
      ]
    },
    {
      "mode": "managed",
      "type": "aws_key_pair",
      "name": "generated_key",
      "provider": "provider[\"registry.terraform.io/hashicorp/aws\"]",
      "instances": [
        {
          "schema_version": 1,
          "attributes": {
            "arn": "arn:aws:ec2:us-east-1:932919696617:key-pair/demo-ssh-key",
            "fingerprint": "e9:ac:ac:7f:27:c3:ec:5f:95:ef:e7:b2:d0:7a:dc:80",
            "id": "demo-ssh-key",
            "key_name": "demo-ssh-key",
            "key_name_prefix": "",
            "key_pair_id": "key-0c9ce1015714eb2a4",
            "key_type": "rsa",
            "public_key": "ssh-rsa AAAAB3NzaC1yc2EAAAADAQABAAABAQDGHu3Vyso/kt61IVnWpywbfL0Ts2itcUZBTuJHQ4JZRFmqWfTbxvrlml4bohGLZ4blJuBeq9YyDcu6dq2N5mlR7a1pqUyrD5I7VOvRGcgVKPeY4IeQLlqPtOPROlg5/r0OHvk+buEOAGB7L97t00hX66JLDHYKqnwBOUw44nXQsaEqN7LL64NMndQi3r3QEbDCHlJCwVR19ZkUL3h1E/ORCEqH5s1aZeJJnrETWDsBEWL9U/6ZfJjVIVyXBzVYeqFLqm5AuPMGWO12xn8yZbalmU8A29yXgmcpov2KKsDnI+NHmhiZgZadYxxIhWkjopK/y36KD03AmGLy/iEvu/g3",
            "tags": null,
            "tags_all": {}
          },
          "sensitive_attributes": [],
          "private": "eyJzY2hlbWFfdmVyc2lvbiI6IjEifQ==",
          "dependencies": [
            "tls_private_key.ssh-key"
          ]
        }
      ]
    },
    {
      "mode": "managed",
      "type": "aws_route_table",
      "name": "rt",
      "provider": "provider[\"registry.terraform.io/hashicorp/aws\"]",
      "instances": [
        {
          "schema_version": 0,
          "attributes": {
            "arn": "arn:aws:ec2:us-east-1:932919696617:route-table/rtb-07976f9d267e50e71",
            "id": "rtb-07976f9d267e50e71",
            "owner_id": "932919696617",
            "propagating_vgws": [],
            "route": [
              {
                "carrier_gateway_id": "",
                "cidr_block": "0.0.0.0/0",
                "core_network_arn": "",
                "destination_prefix_list_id": "",
                "egress_only_gateway_id": "",
                "gateway_id": "igw-08dc8e2a7c3c5f26b",
                "instance_id": "",
                "ipv6_cidr_block": "",
                "local_gateway_id": "",
                "nat_gateway_id": "",
                "network_interface_id": "",
                "transit_gateway_id": "",
                "vpc_endpoint_id": "",
                "vpc_peering_connection_id": ""
              }
            ],
            "tags": {
              "Name": "Route Table for aws service"
            },
            "tags_all": {
              "Name": "Route Table for aws service"
            },
            "timeouts": null,
            "vpc_id": "vpc-04f4ccf6b4046502e"
          },
          "sensitive_attributes": [],
          "private": "eyJlMmJmYjczMC1lY2FhLTExZTYtOGY4OC0zNDM2M2JjN2M0YzAiOnsiY3JlYXRlIjozMDAwMDAwMDAwMDAsImRlbGV0ZSI6MzAwMDAwMDAwMDAwLCJ1cGRhdGUiOjEyMDAwMDAwMDAwMH19",
          "dependencies": [
            "aws_internet_gateway.gw",
            "aws_vpc.test-vpc"
          ]
        }
      ]
    },
    {
      "mode": "managed",
      "type": "aws_route_table_association",
      "name": "a",
      "provider": "provider[\"registry.terraform.io/hashicorp/aws\"]",
      "instances": [
        {
          "schema_version": 0,
          "attributes": {
            "gateway_id": "",
            "id": "rtbassoc-0cb7556fb60e387a4",
            "route_table_id": "rtb-07976f9d267e50e71",
            "subnet_id": "subnet-00e02ecf267d13028",
            "timeouts": null
          },
          "sensitive_attributes": [],
          "private": "eyJlMmJmYjczMC1lY2FhLTExZTYtOGY4OC0zNDM2M2JjN2M0YzAiOnsiY3JlYXRlIjozMDAwMDAwMDAwMDAsImRlbGV0ZSI6MzAwMDAwMDAwMDAwLCJ1cGRhdGUiOjEyMDAwMDAwMDAwMH19",
          "dependencies": [
            "aws_internet_gateway.gw",
            "aws_route_table.rt",
            "aws_subnet.public",
            "aws_vpc.test-vpc"
          ]
        }
      ]
    },
    {
      "mode": "managed",
      "type": "aws_route_table_association",
      "name": "b",
      "provider": "provider[\"registry.terraform.io/hashicorp/aws\"]",
      "instances": [
        {
          "schema_version": 0,
          "attributes": {
            "gateway_id": "",
            "id": "rtbassoc-015478d23c915b601",
            "route_table_id": "rtb-07976f9d267e50e71",
            "subnet_id": "subnet-02aeab0eac7cc6999",
            "timeouts": null
          },
          "sensitive_attributes": [],
          "private": "eyJlMmJmYjczMC1lY2FhLTExZTYtOGY4OC0zNDM2M2JjN2M0YzAiOnsiY3JlYXRlIjozMDAwMDAwMDAwMDAsImRlbGV0ZSI6MzAwMDAwMDAwMDAwLCJ1cGRhdGUiOjEyMDAwMDAwMDAwMH19",
          "dependencies": [
            "aws_internet_gateway.gw",
            "aws_route_table.rt",
            "aws_subnet.private",
            "aws_vpc.test-vpc"
          ]
        }
      ]
    },
    {
      "mode": "managed",
      "type": "aws_security_group",
      "name": "allow_tls",
      "provider": "provider[\"registry.terraform.io/hashicorp/aws\"]",
      "instances": [
        {
          "schema_version": 1,
          "attributes": {
            "arn": "arn:aws:ec2:us-east-1:932919696617:security-group/sg-084e1db734ddbda0a",
            "description": "Allow TLS inbound traffic",
            "egress": [
              {
                "cidr_blocks": [
                  "0.0.0.0/0"
                ],
                "description": "",
                "from_port": 0,
                "ipv6_cidr_blocks": [],
                "prefix_list_ids": [],
                "protocol": "-1",
                "security_groups": [],
                "self": false,
                "to_port": 0
              }
            ],
            "id": "sg-084e1db734ddbda0a",
            "ingress": [
              {
                "cidr_blocks": [
                  "0.0.0.0/0"
                ],
                "description": "TLS from VPC",
                "from_port": 22,
                "ipv6_cidr_blocks": [],
                "prefix_list_ids": [],
                "protocol": "tcp",
                "security_groups": [],
                "self": false,
                "to_port": 22
              },
              {
                "cidr_blocks": [
                  "0.0.0.0/0"
                ],
                "description": "TLS from VPC",
                "from_port": 443,
                "ipv6_cidr_blocks": [],
                "prefix_list_ids": [],
                "protocol": "tcp",
                "security_groups": [],
                "self": false,
                "to_port": 443
              },
              {
                "cidr_blocks": [
                  "0.0.0.0/0"
                ],
                "description": "TLS from VPC",
                "from_port": 8080,
                "ipv6_cidr_blocks": [],
                "prefix_list_ids": [],
                "protocol": "tcp",
                "security_groups": [],
                "self": false,
                "to_port": 8080
              },
              {
                "cidr_blocks": [
                  "0.0.0.0/0"
                ],
                "description": "TLS from VPC",
                "from_port": 80,
                "ipv6_cidr_blocks": [],
                "prefix_list_ids": [],
                "protocol": "tcp",
                "security_groups": [],
                "self": false,
                "to_port": 80
              },
              {
                "cidr_blocks": [
                  "0.0.0.0/0"
                ],
                "description": "TLS from VPC",
                "from_port": 81,
                "ipv6_cidr_blocks": [],
                "prefix_list_ids": [],
                "protocol": "tcp",
                "security_groups": [],
                "self": false,
                "to_port": 81
              }
            ],
            "name": "allow_tls",
            "name_prefix": "",
            "owner_id": "932919696617",
            "revoke_rules_on_delete": false,
            "tags": {
              "Name": "ec2-SG"
            },
            "tags_all": {
              "Name": "ec2-SG"
            },
            "timeouts": null,
            "vpc_id": "vpc-04f4ccf6b4046502e"
          },
          "sensitive_attributes": [],
          "private": "eyJlMmJmYjczMC1lY2FhLTExZTYtOGY4OC0zNDM2M2JjN2M0YzAiOnsiY3JlYXRlIjo2MDAwMDAwMDAwMDAsImRlbGV0ZSI6OTAwMDAwMDAwMDAwfSwic2NoZW1hX3ZlcnNpb24iOiIxIn0=",
          "dependencies": [
            "aws_vpc.test-vpc"
          ]
        }
      ]
    },
    {
      "mode": "managed",
      "type": "aws_subnet",
      "name": "private",
      "provider": "provider[\"registry.terraform.io/hashicorp/aws\"]",
      "instances": [
        {
          "schema_version": 1,
          "attributes": {
            "arn": "arn:aws:ec2:us-east-1:932919696617:subnet/subnet-02aeab0eac7cc6999",
            "assign_ipv6_address_on_creation": false,
            "availability_zone": "us-east-1b",
            "availability_zone_id": "use1-az1",
            "cidr_block": "10.0.2.0/24",
            "customer_owned_ipv4_pool": "",
            "enable_dns64": false,
            "enable_lni_at_device_index": 0,
            "enable_resource_name_dns_a_record_on_launch": false,
            "enable_resource_name_dns_aaaa_record_on_launch": false,
            "id": "subnet-02aeab0eac7cc6999",
            "ipv6_cidr_block": "",
            "ipv6_cidr_block_association_id": "",
            "ipv6_native": false,
            "map_customer_owned_ip_on_launch": false,
            "map_public_ip_on_launch": false,
            "outpost_arn": "",
            "owner_id": "932919696617",
            "private_dns_hostname_type_on_launch": "ip-name",
            "tags": {
              "Name": "test_private_subnet"
            },
            "tags_all": {
              "Name": "test_private_subnet"
            },
            "timeouts": null,
            "vpc_id": "vpc-04f4ccf6b4046502e"
          },
          "sensitive_attributes": [],
          "private": "eyJlMmJmYjczMC1lY2FhLTExZTYtOGY4OC0zNDM2M2JjN2M0YzAiOnsiY3JlYXRlIjo2MDAwMDAwMDAwMDAsImRlbGV0ZSI6MTIwMDAwMDAwMDAwMH0sInNjaGVtYV92ZXJzaW9uIjoiMSJ9",
          "dependencies": [
            "aws_vpc.test-vpc"
          ]
        }
      ]
    },
    {
      "mode": "managed",
      "type": "aws_subnet",
      "name": "public",
      "provider": "provider[\"registry.terraform.io/hashicorp/aws\"]",
      "instances": [
        {
          "schema_version": 1,
          "attributes": {
            "arn": "arn:aws:ec2:us-east-1:932919696617:subnet/subnet-00e02ecf267d13028",
            "assign_ipv6_address_on_creation": false,
            "availability_zone": "us-east-1a",
            "availability_zone_id": "use1-az6",
            "cidr_block": "10.0.1.0/24",
            "customer_owned_ipv4_pool": "",
            "enable_dns64": false,
            "enable_lni_at_device_index": 0,
            "enable_resource_name_dns_a_record_on_launch": false,
            "enable_resource_name_dns_aaaa_record_on_launch": false,
            "id": "subnet-00e02ecf267d13028",
            "ipv6_cidr_block": "",
            "ipv6_cidr_block_association_id": "",
            "ipv6_native": false,
            "map_customer_owned_ip_on_launch": false,
            "map_public_ip_on_launch": true,
            "outpost_arn": "",
            "owner_id": "932919696617",
            "private_dns_hostname_type_on_launch": "ip-name",
            "tags": {
              "Name": "test_public_subnet"
            },
            "tags_all": {
              "Name": "test_public_subnet"
            },
            "timeouts": null,
            "vpc_id": "vpc-04f4ccf6b4046502e"
          },
          "sensitive_attributes": [],
          "private": "eyJlMmJmYjczMC1lY2FhLTExZTYtOGY4OC0zNDM2M2JjN2M0YzAiOnsiY3JlYXRlIjo2MDAwMDAwMDAwMDAsImRlbGV0ZSI6MTIwMDAwMDAwMDAwMH0sInNjaGVtYV92ZXJzaW9uIjoiMSJ9",
          "dependencies": [
            "aws_vpc.test-vpc"
          ]
        }
      ]
    },
    {
      "mode": "managed",
      "type": "aws_vpc",
      "name": "test-vpc",
      "provider": "provider[\"registry.terraform.io/hashicorp/aws\"]",
      "instances": [
        {
          "schema_version": 1,
          "attributes": {
            "arn": "arn:aws:ec2:us-east-1:932919696617:vpc/vpc-04f4ccf6b4046502e",
            "assign_generated_ipv6_cidr_block": false,
            "cidr_block": "10.0.0.0/16",
            "default_network_acl_id": "acl-01ce610007e3ad8fb",
            "default_route_table_id": "rtb-0aac70b2df4ae006c",
            "default_security_group_id": "sg-0185149ed38ec4613",
            "dhcp_options_id": "dopt-004ed46725d2a9cfd",
            "enable_classiclink": false,
            "enable_classiclink_dns_support": false,
            "enable_dns_hostnames": true,
            "enable_dns_support": true,
            "enable_network_address_usage_metrics": false,
            "id": "vpc-04f4ccf6b4046502e",
            "instance_tenancy": "default",
            "ipv4_ipam_pool_id": null,
            "ipv4_netmask_length": null,
            "ipv6_association_id": "",
            "ipv6_cidr_block": "",
            "ipv6_cidr_block_network_border_group": "",
            "ipv6_ipam_pool_id": "",
            "ipv6_netmask_length": 0,
            "main_route_table_id": "rtb-0aac70b2df4ae006c",
            "owner_id": "932919696617",
            "tags": {
              "Name": "Test VPC"
            },
            "tags_all": {
              "Name": "Test VPC"
            }
          },
          "sensitive_attributes": [],
          "private": "eyJzY2hlbWFfdmVyc2lvbiI6IjEifQ=="
        }
      ]
    },
    {
      "mode": "managed",
      "type": "local_file",
      "name": "key",
      "provider": "provider[\"registry.terraform.io/hashicorp/local\"]",
      "instances": [
        {
          "schema_version": 0,
          "attributes": {
            "content": "-----BEGIN RSA PRIVATE KEY-----\nMIIEowIBAAKCAQEAxh7t1crKP5LetSFZ1qcsG3y9E7NorXFGQU7iR0OCWURZqln0\n28b65ZpeG6IRi2eG5SbgXqvWMg3LunatjeZpUe2taalMqw+SO1Tr0RnIFSj3mOCH\nkC5aj7Tj0TpYOf69Dh75Pm7hDgBgey/e7dNIV+uiSwx2Cqp8ATlMOOJ10LGhKjey\ny+uDTJ3UIt690BGwwh5SQsFUdfWZFC94dRPzkQhKh+bNWmXiSZ6xE1g7ARFi/VP+\nmXyY1SFclwc1WHqhS6puQLjzBljtdsZ/MmW2pZlPANvcl4JnKaL9iirA5yPjR5oY\nmYGWnWMcSIVpI6KSv8t+ig9NwJhi8v4hL7v4NwIDAQABAoIBAG6GeKZJYHUA6W9g\n8K54Snn3J8Ai2WXRCKGMcV3SQpisMd2AG8K0CeonKRL/YgxEMBQMkSUfdfosihg2\n9vFvthe3oYONqDDSGgExifD4EhAD78UAlYAQ7AK5plJl2yxXeX60NtXmo3TdLvXq\nKdLBiN1LnhmCFSQ0IcPJBEXDyHgodJrlqlfIeuArlGec7Fz9MY7ShIRr2i7lEQ37\nZm6VREkew5nJ8Mv5za5pQuao+2pzgHBzGnKEdCNOMlHNk+Ctdtex1fFkDmedOk8p\nD00IhIum1VjZxgEGWye0YUnMfhRopV6nAhlHkW4u5yk1UCRhBeQcJooJ4hY60aIZ\nvJTsuOkCgYEA7dSYlOYqB0nuqiNpaS53wieZJp8kCDyH0UrFqROtTaLheNoI0rRW\ntORNICXB9/Hv1A0fyCM74b3b4AjfEAYGkD22Y8rYOUWMVPEnrdis0mXJczj/oPE5\nnHAgEXHVjVFcySJ/JJUaEtStHgDhRQPSj3qMyj536TnSTaC1uQQdCOsCgYEA1UG0\nuvL6EBy253wMr5hFTyBB/3iQRtzRlInv4aRM1vg0xqd2p03y7wU+n6A1bklReUnY\nwqiXQVqg2B7TZyHO4P3fOC6RyyQx80ITmAZERrstbubg12Hi5ceqa6nF1+3721Ip\nFcA1Da0UJY9t6H9W8kTKHdIwE8y12oa2EUHJeuUCgYBQDumR7eyl6XhCo4r/UhoU\nLFo8iwOJFj8t77qb0Ljc0oCNuu+PZg9t8xAXSz6BJVrzCbvyFhI5SjzyrGnSLgUV\nlwCHlSe2F7hGe6s8tRxv8r2eYMiEN8+J3qCc3rHhUUsnlcow2VQelKL135v1LHU7\nwSgViHO6+bDWWsvxTPYtIwKBgGF+JWqmNC3zgqa3LnGEUoNHAwUREBxlTSb0HIdy\nfnJ0jGQZIQSBfUNKiYOeUW7289lYKlFrk6KcFRZYmVr3uMVhKpBbselFxdQo7B4/\nFy2i2rVttXKh3IIh0sZfmgQKV26/0+qOsXJsIt69AIke1hfx3NjfQ315w9WAanHf\nOoYFAoGBAIL98CSrIPlfnZJDrkSpNwQufuDeZ09cT7idxJmVIyhpgYXYqsG7x580\nVM9T57cGFBcA3KhTez85ldGCiTR3+PwH/lfC/UwEMyz+XqT0UDYpL/hhCw9CEuDM\npdAf+hfjJRWJ3QCNCmsOaketJ275RUv0LJ05fPHMqIby/9XlT96d\n-----END RSA PRIVATE KEY-----\n",
            "content_base64": null,
            "content_base64sha256": "Q44KORGuwP+FDF2zqgMd6nmiDGTHGYAxpJQVkiYQAK4=",
            "content_base64sha512": "rNxz+YBV9KQ1xGHt53/feWVIB85ssKiOfHX7GfRme0S6jJOu+hituAWRCBQ0B6f6ij3eQhW2dqfpLzffwhb7yw==",
            "content_md5": "9459141ab8fe8572d883d705d18fd0ea",
            "content_sha1": "9cd21bddd5ac2eb9ae18cada5d6c1d992bf8406f",
            "content_sha256": "438e0a3911aec0ff850c5db3aa031dea79a20c64c7198031a4941592261000ae",
            "content_sha512": "acdc73f98055f4a435c461ede77fdf79654807ce6cb0a88e7c75fb19f4667b44ba8c93aefa18adb8059108143407a7fa8a3dde4215b676a7e92f37dfc216fbcb",
            "directory_permission": "0777",
            "file_permission": "0400",
            "filename": "demo-ssh-key.pem",
            "id": "9cd21bddd5ac2eb9ae18cada5d6c1d992bf8406f",
            "sensitive_content": null,
            "source": null
          },
          "sensitive_attributes": [
            [
              {
                "type": "get_attr",
                "value": "content"
              }
            ]
          ],
          "dependencies": [
            "tls_private_key.ssh-key"
          ]
        }
      ]
    },
    {
      "mode": "managed",
      "type": "tls_private_key",
      "name": "ssh-key",
      "provider": "provider[\"registry.terraform.io/hashicorp/tls\"]",
      "instances": [
        {
          "schema_version": 1,
          "attributes": {
            "algorithm": "RSA",
            "ecdsa_curve": "P224",
            "id": "c47b5eb441e5de881495c3d3a3f5b267efd06749",
            "private_key_openssh": "-----BEGIN OPENSSH PRIVATE KEY-----\nb3BlbnNzaC1rZXktdjEAAAAABG5vbmUAAAAEbm9uZQAAAAAAAAABAAABFwAAAAdz\nc2gtcnNhAAAAAwEAAQAAAQEAxh7t1crKP5LetSFZ1qcsG3y9E7NorXFGQU7iR0OC\nWURZqln028b65ZpeG6IRi2eG5SbgXqvWMg3LunatjeZpUe2taalMqw+SO1Tr0RnI\nFSj3mOCHkC5aj7Tj0TpYOf69Dh75Pm7hDgBgey/e7dNIV+uiSwx2Cqp8ATlMOOJ1\n0LGhKjeyy+uDTJ3UIt690BGwwh5SQsFUdfWZFC94dRPzkQhKh+bNWmXiSZ6xE1g7\nARFi/VP+mXyY1SFclwc1WHqhS6puQLjzBljtdsZ/MmW2pZlPANvcl4JnKaL9iirA\n5yPjR5oYmYGWnWMcSIVpI6KSv8t+ig9NwJhi8v4hL7v4NwAAA7j3JB1v9yQdbwAA\nAAdzc2gtcnNhAAABAQDGHu3Vyso/kt61IVnWpywbfL0Ts2itcUZBTuJHQ4JZRFmq\nWfTbxvrlml4bohGLZ4blJuBeq9YyDcu6dq2N5mlR7a1pqUyrD5I7VOvRGcgVKPeY\n4IeQLlqPtOPROlg5/r0OHvk+buEOAGB7L97t00hX66JLDHYKqnwBOUw44nXQsaEq\nN7LL64NMndQi3r3QEbDCHlJCwVR19ZkUL3h1E/ORCEqH5s1aZeJJnrETWDsBEWL9\nU/6ZfJjVIVyXBzVYeqFLqm5AuPMGWO12xn8yZbalmU8A29yXgmcpov2KKsDnI+NH\nmhiZgZadYxxIhWkjopK/y36KD03AmGLy/iEvu/g3AAAAAwEAAQAAAQBuhnimSWB1\nAOlvYPCueEp59yfAItll0QihjHFd0kKYrDHdgBvCtAnqJykS/2IMRDAUDJElH3X6\nLIoYNvbxb7YXt6GDjagw0hoBMYnw+BIQA+/FAJWAEOwCuaZSZdssV3l+tDbV5qN0\n3S716inSwYjdS54ZghUkNCHDyQRFw8h4KHSa5apXyHrgK5RnnOxc/TGO0oSEa9ou\n5REN+2ZulURJHsOZyfDL+c2uaULmqPtqc4BwcxpyhHQjTjJRzZPgrXbXsdXxZA5n\nnTpPKQ9NCISLptVY2cYBBlsntGFJzH4UaKVepwIZR5FuLucpNVAkYQXkHCaKCeIW\nOtGiGbyU7LjpAAAAgQCC/fAkqyD5X52SQ65EqTcELn7g3mdPXE+4ncSZlSMoaYGF\n2KrBu8efNFTPU+e3BhQXANyoU3s/OZXRgok0d/j8B/5Xwv1MBDMs/l6k9FA2KS/4\nYQsPQhLgzKXQH/oX4yUVid0AjQprDmpHrSdu+UVL9CydOXzxzKiG8v/V5U/enQAA\nAIEA7dSYlOYqB0nuqiNpaS53wieZJp8kCDyH0UrFqROtTaLheNoI0rRWtORNICXB\n9/Hv1A0fyCM74b3b4AjfEAYGkD22Y8rYOUWMVPEnrdis0mXJczj/oPE5nHAgEXHV\njVFcySJ/JJUaEtStHgDhRQPSj3qMyj536TnSTaC1uQQdCOsAAACBANVBtLry+hAc\ntud8DK+YRU8gQf94kEbc0ZSJ7+GkTNb4NMandqdN8u8FPp+gNW5JUXlJ2MKol0Fa\noNge02chzuD93zgukcskMfNCE5gGREa7LW7m4Ndh4uXHqmupxdft+9tSKRXANQ2t\nFCWPbeh/VvJEyh3SMBPMtdqGthFByXrlAAAAAAEC\n-----END OPENSSH PRIVATE KEY-----\n",
            "private_key_pem": "-----BEGIN RSA PRIVATE KEY-----\nMIIEowIBAAKCAQEAxh7t1crKP5LetSFZ1qcsG3y9E7NorXFGQU7iR0OCWURZqln0\n28b65ZpeG6IRi2eG5SbgXqvWMg3LunatjeZpUe2taalMqw+SO1Tr0RnIFSj3mOCH\nkC5aj7Tj0TpYOf69Dh75Pm7hDgBgey/e7dNIV+uiSwx2Cqp8ATlMOOJ10LGhKjey\ny+uDTJ3UIt690BGwwh5SQsFUdfWZFC94dRPzkQhKh+bNWmXiSZ6xE1g7ARFi/VP+\nmXyY1SFclwc1WHqhS6puQLjzBljtdsZ/MmW2pZlPANvcl4JnKaL9iirA5yPjR5oY\nmYGWnWMcSIVpI6KSv8t+ig9NwJhi8v4hL7v4NwIDAQABAoIBAG6GeKZJYHUA6W9g\n8K54Snn3J8Ai2WXRCKGMcV3SQpisMd2AG8K0CeonKRL/YgxEMBQMkSUfdfosihg2\n9vFvthe3oYONqDDSGgExifD4EhAD78UAlYAQ7AK5plJl2yxXeX60NtXmo3TdLvXq\nKdLBiN1LnhmCFSQ0IcPJBEXDyHgodJrlqlfIeuArlGec7Fz9MY7ShIRr2i7lEQ37\nZm6VREkew5nJ8Mv5za5pQuao+2pzgHBzGnKEdCNOMlHNk+Ctdtex1fFkDmedOk8p\nD00IhIum1VjZxgEGWye0YUnMfhRopV6nAhlHkW4u5yk1UCRhBeQcJooJ4hY60aIZ\nvJTsuOkCgYEA7dSYlOYqB0nuqiNpaS53wieZJp8kCDyH0UrFqROtTaLheNoI0rRW\ntORNICXB9/Hv1A0fyCM74b3b4AjfEAYGkD22Y8rYOUWMVPEnrdis0mXJczj/oPE5\nnHAgEXHVjVFcySJ/JJUaEtStHgDhRQPSj3qMyj536TnSTaC1uQQdCOsCgYEA1UG0\nuvL6EBy253wMr5hFTyBB/3iQRtzRlInv4aRM1vg0xqd2p03y7wU+n6A1bklReUnY\nwqiXQVqg2B7TZyHO4P3fOC6RyyQx80ITmAZERrstbubg12Hi5ceqa6nF1+3721Ip\nFcA1Da0UJY9t6H9W8kTKHdIwE8y12oa2EUHJeuUCgYBQDumR7eyl6XhCo4r/UhoU\nLFo8iwOJFj8t77qb0Ljc0oCNuu+PZg9t8xAXSz6BJVrzCbvyFhI5SjzyrGnSLgUV\nlwCHlSe2F7hGe6s8tRxv8r2eYMiEN8+J3qCc3rHhUUsnlcow2VQelKL135v1LHU7\nwSgViHO6+bDWWsvxTPYtIwKBgGF+JWqmNC3zgqa3LnGEUoNHAwUREBxlTSb0HIdy\nfnJ0jGQZIQSBfUNKiYOeUW7289lYKlFrk6KcFRZYmVr3uMVhKpBbselFxdQo7B4/\nFy2i2rVttXKh3IIh0sZfmgQKV26/0+qOsXJsIt69AIke1hfx3NjfQ315w9WAanHf\nOoYFAoGBAIL98CSrIPlfnZJDrkSpNwQufuDeZ09cT7idxJmVIyhpgYXYqsG7x580\nVM9T57cGFBcA3KhTez85ldGCiTR3+PwH/lfC/UwEMyz+XqT0UDYpL/hhCw9CEuDM\npdAf+hfjJRWJ3QCNCmsOaketJ275RUv0LJ05fPHMqIby/9XlT96d\n-----END RSA PRIVATE KEY-----\n",
            "private_key_pem_pkcs8": "-----BEGIN PRIVATE KEY-----\nMIIEvQIBADANBgkqhkiG9w0BAQEFAASCBKcwggSjAgEAAoIBAQDGHu3Vyso/kt61\nIVnWpywbfL0Ts2itcUZBTuJHQ4JZRFmqWfTbxvrlml4bohGLZ4blJuBeq9YyDcu6\ndq2N5mlR7a1pqUyrD5I7VOvRGcgVKPeY4IeQLlqPtOPROlg5/r0OHvk+buEOAGB7\nL97t00hX66JLDHYKqnwBOUw44nXQsaEqN7LL64NMndQi3r3QEbDCHlJCwVR19ZkU\nL3h1E/ORCEqH5s1aZeJJnrETWDsBEWL9U/6ZfJjVIVyXBzVYeqFLqm5AuPMGWO12\nxn8yZbalmU8A29yXgmcpov2KKsDnI+NHmhiZgZadYxxIhWkjopK/y36KD03AmGLy\n/iEvu/g3AgMBAAECggEAboZ4pklgdQDpb2DwrnhKefcnwCLZZdEIoYxxXdJCmKwx\n3YAbwrQJ6icpEv9iDEQwFAyRJR91+iyKGDb28W+2F7ehg42oMNIaATGJ8PgSEAPv\nxQCVgBDsArmmUmXbLFd5frQ21eajdN0u9eop0sGI3UueGYIVJDQhw8kERcPIeCh0\nmuWqV8h64CuUZ5zsXP0xjtKEhGvaLuURDftmbpVESR7Dmcnwy/nNrmlC5qj7anOA\ncHMacoR0I04yUc2T4K1217HV8WQOZ506TykPTQiEi6bVWNnGAQZbJ7RhScx+FGil\nXqcCGUeRbi7nKTVQJGEF5BwmigniFjrRohm8lOy46QKBgQDt1JiU5ioHSe6qI2lp\nLnfCJ5kmnyQIPIfRSsWpE61NouF42gjStFa05E0gJcH38e/UDR/IIzvhvdvgCN8Q\nBgaQPbZjytg5RYxU8Set2KzSZclzOP+g8TmccCARcdWNUVzJIn8klRoS1K0eAOFF\nA9KPeozKPnfpOdJNoLW5BB0I6wKBgQDVQbS68voQHLbnfAyvmEVPIEH/eJBG3NGU\nie/hpEzW+DTGp3anTfLvBT6foDVuSVF5SdjCqJdBWqDYHtNnIc7g/d84LpHLJDHz\nQhOYBkRGuy1u5uDXYeLlx6prqcXX7fvbUikVwDUNrRQlj23of1byRMod0jATzLXa\nhrYRQcl65QKBgFAO6ZHt7KXpeEKjiv9SGhQsWjyLA4kWPy3vupvQuNzSgI26749m\nD23zEBdLPoElWvMJu/IWEjlKPPKsadIuBRWXAIeVJ7YXuEZ7qzy1HG/yvZ5gyIQ3\nz4neoJzeseFRSyeVyjDZVB6UovXfm/UsdTvBKBWIc7r5sNZay/FM9i0jAoGAYX4l\naqY0LfOCprcucYRSg0cDBREQHGVNJvQch3J+cnSMZBkhBIF9Q0qJg55Rbvbz2Vgq\nUWuTopwVFliZWve4xWEqkFux6UXF1CjsHj8XLaLatW21cqHcgiHSxl+aBApXbr/T\n6o6xcmwi3r0AiR7WF/Hc2N9DfXnD1YBqcd86hgUCgYEAgv3wJKsg+V+dkkOuRKk3\nBC5+4N5nT1xPuJ3EmZUjKGmBhdiqwbvHnzRUz1PntwYUFwDcqFN7PzmV0YKJNHf4\n/Af+V8L9TAQzLP5epPRQNikv+GELD0IS4Myl0B/6F+MlFYndAI0Kaw5qR60nbvlF\nS/QsnTl88cyohvL/1eVP3p0=\n-----END PRIVATE KEY-----\n",
            "public_key_fingerprint_md5": "4d:c6:e8:5d:73:45:60:6c:19:65:67:89:a6:99:db:82",
            "public_key_fingerprint_sha256": "SHA256:jypP6lQVhaGzk4yrISEtUTPiCEFqTIMiu58PXP1mU5o",
            "public_key_openssh": "ssh-rsa AAAAB3NzaC1yc2EAAAADAQABAAABAQDGHu3Vyso/kt61IVnWpywbfL0Ts2itcUZBTuJHQ4JZRFmqWfTbxvrlml4bohGLZ4blJuBeq9YyDcu6dq2N5mlR7a1pqUyrD5I7VOvRGcgVKPeY4IeQLlqPtOPROlg5/r0OHvk+buEOAGB7L97t00hX66JLDHYKqnwBOUw44nXQsaEqN7LL64NMndQi3r3QEbDCHlJCwVR19ZkUL3h1E/ORCEqH5s1aZeJJnrETWDsBEWL9U/6ZfJjVIVyXBzVYeqFLqm5AuPMGWO12xn8yZbalmU8A29yXgmcpov2KKsDnI+NHmhiZgZadYxxIhWkjopK/y36KD03AmGLy/iEvu/g3\n",
            "public_key_pem": "-----BEGIN PUBLIC KEY-----\nMIIBIjANBgkqhkiG9w0BAQEFAAOCAQ8AMIIBCgKCAQEAxh7t1crKP5LetSFZ1qcs\nG3y9E7NorXFGQU7iR0OCWURZqln028b65ZpeG6IRi2eG5SbgXqvWMg3LunatjeZp\nUe2taalMqw+SO1Tr0RnIFSj3mOCHkC5aj7Tj0TpYOf69Dh75Pm7hDgBgey/e7dNI\nV+uiSwx2Cqp8ATlMOOJ10LGhKjeyy+uDTJ3UIt690BGwwh5SQsFUdfWZFC94dRPz\nkQhKh+bNWmXiSZ6xE1g7ARFi/VP+mXyY1SFclwc1WHqhS6puQLjzBljtdsZ/MmW2\npZlPANvcl4JnKaL9iirA5yPjR5oYmYGWnWMcSIVpI6KSv8t+ig9NwJhi8v4hL7v4\nNwIDAQAB\n-----END PUBLIC KEY-----\n",
            "rsa_bits": 2048
          },
          "sensitive_attributes": []
        }
      ]
    }
  ],
  "check_results": null
}
