{
  "version": 4,
  "terraform_version": "1.4.6",
  "serial": 314,
  "lineage": "c9346d1b-7780-58ad-774b-d93ad88a6537",
  "outputs": {
    "ec2_global_ips": {
      "value": [
        [
          "54.82.191.64"
        ]
      ],
      "type": [
        "tuple",
        [
          [
            "tuple",
            [
              "string"
            ]
          ]
        ]
      ]
    },
    "instance_web_public_dns": {
      "value": [
        "ec2-54-82-191-64.compute-1.amazonaws.com"
      ],
      "type": [
        "tuple",
        [
          "string"
        ]
      ]
    },
    "load_balancer_dns_name": {
      "value": "application-lb-1937261378.us-east-1.elb.amazonaws.com",
      "type": "string"
    }
  },
  "resources": [
    {
      "mode": "managed",
      "type": "aws_instance",
      "name": "web",
      "provider": "provider[\"registry.terraform.io/hashicorp/aws\"]",
      "instances": [
        {
          "index_key": 0,
          "schema_version": 1,
          "attributes": {
            "ami": "ami-007855ac798b5175e",
            "arn": "arn:aws:ec2:us-east-1:932919696617:instance/i-0329c4fb5e649280c",
            "associate_public_ip_address": true,
            "availability_zone": "us-east-1a",
            "capacity_reservation_specification": [
              {
                "capacity_reservation_preference": "open",
                "capacity_reservation_target": []
              }
            ],
            "cpu_core_count": 1,
            "cpu_options": [
              {
                "amd_sev_snp": "",
                "core_count": 1,
                "threads_per_core": 1
              }
            ],
            "cpu_threads_per_core": 1,
            "credit_specification": [
              {
                "cpu_credits": "standard"
              }
            ],
            "disable_api_stop": false,
            "disable_api_termination": false,
            "ebs_block_device": [],
            "ebs_optimized": false,
            "enclave_options": [
              {
                "enabled": false
              }
            ],
            "ephemeral_block_device": [],
            "get_password_data": false,
            "hibernation": false,
            "host_id": "",
            "host_resource_group_arn": null,
            "iam_instance_profile": "",
            "id": "i-0329c4fb5e649280c",
            "instance_initiated_shutdown_behavior": "stop",
            "instance_state": "running",
            "instance_type": "t2.micro",
            "ipv6_address_count": 0,
            "ipv6_addresses": [],
            "key_name": "demo-ssh-key",
            "launch_template": [],
            "maintenance_options": [
              {
                "auto_recovery": "default"
              }
            ],
            "metadata_options": [
              {
                "http_endpoint": "enabled",
                "http_put_response_hop_limit": 1,
                "http_tokens": "optional",
                "instance_metadata_tags": "disabled"
              }
            ],
            "monitoring": false,
            "network_interface": [],
            "outpost_arn": "",
            "password_data": "",
            "placement_group": "",
            "placement_partition_number": 0,
            "primary_network_interface_id": "eni-0be5e2f2e0ec7c605",
            "private_dns": "ip-10-0-1-8.ec2.internal",
            "private_dns_name_options": [
              {
                "enable_resource_name_dns_a_record": false,
                "enable_resource_name_dns_aaaa_record": false,
                "hostname_type": "ip-name"
              }
            ],
            "private_ip": "10.0.1.8",
            "public_dns": "ec2-54-82-191-64.compute-1.amazonaws.com",
            "public_ip": "54.82.191.64",
            "root_block_device": [
              {
                "delete_on_termination": true,
                "device_name": "/dev/sda1",
                "encrypted": false,
                "iops": 100,
                "kms_key_id": "",
                "tags": {},
                "throughput": 0,
                "volume_id": "vol-00f82c9e08465a1dd",
                "volume_size": 8,
                "volume_type": "gp2"
              }
            ],
            "secondary_private_ips": [],
            "security_groups": [],
            "source_dest_check": true,
            "subnet_id": "subnet-0bf6fc5eeef582740",
            "tags": {
              "Name": "demo-vm2"
            },
            "tags_all": {
              "Name": "demo-vm2"
            },
            "tenancy": "default",
            "timeouts": null,
            "user_data": "6f0ba4479de61abfd4a483e453919beae95aaf6d",
            "user_data_base64": null,
            "user_data_replace_on_change": false,
            "volume_tags": null,
            "vpc_security_group_ids": [
              "sg-00a5b67a1c71a070e"
            ]
          },
          "sensitive_attributes": [],
          "private": "eyJlMmJmYjczMC1lY2FhLTExZTYtOGY4OC0zNDM2M2JjN2M0YzAiOnsiY3JlYXRlIjo2MDAwMDAwMDAwMDAsImRlbGV0ZSI6MTIwMDAwMDAwMDAwMCwidXBkYXRlIjo2MDAwMDAwMDAwMDB9LCJzY2hlbWFfdmVyc2lvbiI6IjEifQ==",
          "dependencies": [
            "aws_key_pair.generated_key",
            "aws_security_group.allow_tls",
            "aws_subnet.public",
            "aws_vpc.test-vpc",
            "tls_private_key.ssh-key"
          ]
        }
      ]
    },
    {
      "mode": "managed",
      "type": "aws_internet_gateway",
      "name": "gw",
      "provider": "provider[\"registry.terraform.io/hashicorp/aws\"]",
      "instances": [
        {
          "schema_version": 0,
          "attributes": {
            "arn": "arn:aws:ec2:us-east-1:932919696617:internet-gateway/igw-0193a5b93f1b480aa",
            "id": "igw-0193a5b93f1b480aa",
            "owner_id": "932919696617",
            "tags": {
              "Name": "TEST VPC IG"
            },
            "tags_all": {
              "Name": "TEST VPC IG"
            },
            "timeouts": null,
            "vpc_id": "vpc-04a10c7102d5ca1f6"
          },
          "sensitive_attributes": [],
          "private": "eyJlMmJmYjczMC1lY2FhLTExZTYtOGY4OC0zNDM2M2JjN2M0YzAiOnsiY3JlYXRlIjoxMjAwMDAwMDAwMDAwLCJkZWxldGUiOjEyMDAwMDAwMDAwMDAsInVwZGF0ZSI6MTIwMDAwMDAwMDAwMH19",
          "dependencies": [
            "aws_vpc.test-vpc"
          ]
        }
      ]
    },
    {
      "mode": "managed",
      "type": "aws_key_pair",
      "name": "generated_key",
      "provider": "provider[\"registry.terraform.io/hashicorp/aws\"]",
      "instances": [
        {
          "schema_version": 1,
          "attributes": {
            "arn": "arn:aws:ec2:us-east-1:932919696617:key-pair/demo-ssh-key",
            "fingerprint": "cd:4b:20:b1:a1:44:1b:85:7e:18:db:3e:17:83:00:fe",
            "id": "demo-ssh-key",
            "key_name": "demo-ssh-key",
            "key_name_prefix": "",
            "key_pair_id": "key-0523b17180ba2aec3",
            "key_type": "rsa",
            "public_key": "ssh-rsa AAAAB3NzaC1yc2EAAAADAQABAAABAQCaFD3m61hdNWtw4J50iuq10L+xwJ+o8uCpPSbMBCKniAi4LgU8+KUKg0fuG+/rfeQDCFwj7FhxB6gnXoJ3uAG4vtKS6TA8r++7k7wwbbvjZLkt555U6Urw97WvvUWk0zV64KCUklJ7CCVrey3ToPGr/2HHBENxrGXN782mykonwsoVfNODDdrrdgKpFpEdfbCXHIzzCZpG7zQFJc9/niELnJD91PbaigVgFZP8k9ZA8oXE76bvN85YIbSy8jZv5Ext58fawhZxXURmixFx4xSejn1IJKTIHcyPdXMlAwqX1q62d/1EIetks0ML7n0avnXpWmPE+vD9ds1DniRalUN/",
            "tags": null,
            "tags_all": {}
          },
          "sensitive_attributes": [],
          "private": "eyJzY2hlbWFfdmVyc2lvbiI6IjEifQ==",
          "dependencies": [
            "tls_private_key.ssh-key"
          ]
        }
      ]
    },
    {
      "mode": "managed",
      "type": "aws_lb",
      "name": "application_load_balancer",
      "provider": "provider[\"registry.terraform.io/hashicorp/aws\"]",
      "instances": [
        {
          "schema_version": 0,
          "attributes": {
            "access_logs": [
              {
                "bucket": "",
                "enabled": false,
                "prefix": ""
              }
            ],
            "arn": "arn:aws:elasticloadbalancing:us-east-1:932919696617:loadbalancer/app/application-lb/e537f40de3ddc5af",
            "arn_suffix": "app/application-lb/e537f40de3ddc5af",
            "customer_owned_ipv4_pool": "",
            "desync_mitigation_mode": "defensive",
            "dns_name": "application-lb-1937261378.us-east-1.elb.amazonaws.com",
            "drop_invalid_header_fields": false,
            "enable_cross_zone_load_balancing": true,
            "enable_deletion_protection": false,
            "enable_http2": true,
            "enable_tls_version_and_cipher_suite_headers": false,
            "enable_waf_fail_open": false,
            "enable_xff_client_port": false,
            "id": "arn:aws:elasticloadbalancing:us-east-1:932919696617:loadbalancer/app/application-lb/e537f40de3ddc5af",
            "idle_timeout": 60,
            "internal": false,
            "ip_address_type": "ipv4",
            "load_balancer_type": "application",
            "name": "application-lb",
            "name_prefix": null,
            "preserve_host_header": false,
            "security_groups": [
              "sg-00a5b67a1c71a070e"
            ],
            "subnet_mapping": [
              {
                "allocation_id": "",
                "ipv6_address": "",
                "outpost_id": "",
                "private_ipv4_address": "",
                "subnet_id": "subnet-0337fee3b9f8f5c2e"
              },
              {
                "allocation_id": "",
                "ipv6_address": "",
                "outpost_id": "",
                "private_ipv4_address": "",
                "subnet_id": "subnet-09ceba346e7559af5"
              },
              {
                "allocation_id": "",
                "ipv6_address": "",
                "outpost_id": "",
                "private_ipv4_address": "",
                "subnet_id": "subnet-0bf6fc5eeef582740"
              }
            ],
            "subnets": [
              "subnet-0337fee3b9f8f5c2e",
              "subnet-09ceba346e7559af5",
              "subnet-0bf6fc5eeef582740"
            ],
            "tags": {
              "Environment": "dev"
            },
            "tags_all": {
              "Environment": "dev"
            },
            "timeouts": null,
            "vpc_id": "vpc-04a10c7102d5ca1f6",
            "xff_header_processing_mode": "append",
            "zone_id": "Z35SXDOTRQ7X7K"
          },
          "sensitive_attributes": [],
          "private": "eyJlMmJmYjczMC1lY2FhLTExZTYtOGY4OC0zNDM2M2JjN2M0YzAiOnsiY3JlYXRlIjo2MDAwMDAwMDAwMDAsImRlbGV0ZSI6NjAwMDAwMDAwMDAwLCJ1cGRhdGUiOjYwMDAwMDAwMDAwMH19",
          "dependencies": [
            "aws_security_group.allow_tls",
            "aws_subnet.public",
            "aws_vpc.test-vpc"
          ]
        }
      ]
    },
    {
      "mode": "managed",
      "type": "aws_lb_listener",
      "name": "listener",
      "provider": "provider[\"registry.terraform.io/hashicorp/aws\"]",
      "instances": [
        {
          "schema_version": 0,
          "attributes": {
            "alpn_policy": null,
            "arn": "arn:aws:elasticloadbalancing:us-east-1:932919696617:listener/app/application-lb/e537f40de3ddc5af/47fecae92c52758f",
            "certificate_arn": null,
            "default_action": [
              {
                "authenticate_cognito": [],
                "authenticate_oidc": [],
                "fixed_response": [],
                "forward": [],
                "order": 1,
                "redirect": [],
                "target_group_arn": "arn:aws:elasticloadbalancing:us-east-1:932919696617:targetgroup/target-group/9b416f81c94fb44c",
                "type": "forward"
              }
            ],
            "id": "arn:aws:elasticloadbalancing:us-east-1:932919696617:listener/app/application-lb/e537f40de3ddc5af/47fecae92c52758f",
            "load_balancer_arn": "arn:aws:elasticloadbalancing:us-east-1:932919696617:loadbalancer/app/application-lb/e537f40de3ddc5af",
            "port": 80,
            "protocol": "HTTP",
            "ssl_policy": "",
            "tags": null,
            "tags_all": {},
            "timeouts": null
          },
          "sensitive_attributes": [],
          "private": "eyJlMmJmYjczMC1lY2FhLTExZTYtOGY4OC0zNDM2M2JjN2M0YzAiOnsicmVhZCI6NjAwMDAwMDAwMDAwfX0=",
          "dependencies": [
            "aws_lb.application_load_balancer",
            "aws_lb_target_group.target-group",
            "aws_security_group.allow_tls",
            "aws_subnet.public",
            "aws_vpc.test-vpc"
          ]
        }
      ]
    },
    {
      "mode": "managed",
      "type": "aws_lb_target_group",
      "name": "target-group",
      "provider": "provider[\"registry.terraform.io/hashicorp/aws\"]",
      "instances": [
        {
          "schema_version": 0,
          "attributes": {
            "arn": "arn:aws:elasticloadbalancing:us-east-1:932919696617:targetgroup/target-group/9b416f81c94fb44c",
            "arn_suffix": "targetgroup/target-group/9b416f81c94fb44c",
            "connection_termination": false,
            "deregistration_delay": "300",
            "health_check": [
              {
                "enabled": true,
                "healthy_threshold": 3,
                "interval": 30,
                "matcher": "200,301,302",
                "path": "/",
                "port": "traffic-port",
                "protocol": "HTTP",
                "timeout": 5,
                "unhealthy_threshold": 3
              }
            ],
            "id": "arn:aws:elasticloadbalancing:us-east-1:932919696617:targetgroup/target-group/9b416f81c94fb44c",
            "ip_address_type": "ipv4",
            "lambda_multi_value_headers_enabled": false,
            "load_balancing_algorithm_type": "round_robin",
            "load_balancing_cross_zone_enabled": "use_load_balancer_configuration",
            "name": "target-group",
            "name_prefix": null,
            "port": 80,
            "preserve_client_ip": null,
            "protocol": "HTTP",
            "protocol_version": "HTTP1",
            "proxy_protocol_v2": false,
            "slow_start": 0,
            "stickiness": [
              {
                "cookie_duration": 86400,
                "cookie_name": "",
                "enabled": false,
                "type": "lb_cookie"
              }
            ],
            "tags": null,
            "tags_all": {},
            "target_failover": [
              {
                "on_deregistration": null,
                "on_unhealthy": null
              }
            ],
            "target_type": "instance",
            "vpc_id": "vpc-04a10c7102d5ca1f6"
          },
          "sensitive_attributes": [],
          "private": "bnVsbA==",
          "dependencies": [
            "aws_vpc.test-vpc"
          ]
        }
      ]
    },
    {
      "mode": "managed",
      "type": "aws_lb_target_group_attachment",
      "name": "ec2_attach",
      "provider": "provider[\"registry.terraform.io/hashicorp/aws\"]",
      "instances": [
        {
          "index_key": 0,
          "schema_version": 0,
          "attributes": {
            "availability_zone": null,
            "id": "arn:aws:elasticloadbalancing:us-east-1:932919696617:targetgroup/target-group/9b416f81c94fb44c-20230525121511026700000002",
            "port": 80,
            "target_group_arn": "arn:aws:elasticloadbalancing:us-east-1:932919696617:targetgroup/target-group/9b416f81c94fb44c",
            "target_id": "i-0329c4fb5e649280c"
          },
          "sensitive_attributes": [],
          "private": "bnVsbA==",
          "dependencies": [
            "aws_instance.web",
            "aws_key_pair.generated_key",
            "aws_lb_target_group.target-group",
            "aws_security_group.allow_tls",
            "aws_subnet.public",
            "aws_vpc.test-vpc",
            "tls_private_key.ssh-key"
          ]
        }
      ]
    },
    {
      "mode": "managed",
      "type": "aws_route_table",
      "name": "rt",
      "provider": "provider[\"registry.terraform.io/hashicorp/aws\"]",
      "instances": [
        {
          "schema_version": 0,
          "attributes": {
            "arn": "arn:aws:ec2:us-east-1:932919696617:route-table/rtb-093814805a408cdd2",
            "id": "rtb-093814805a408cdd2",
            "owner_id": "932919696617",
            "propagating_vgws": [],
            "route": [
              {
                "carrier_gateway_id": "",
                "cidr_block": "0.0.0.0/0",
                "core_network_arn": "",
                "destination_prefix_list_id": "",
                "egress_only_gateway_id": "",
                "gateway_id": "igw-0193a5b93f1b480aa",
                "instance_id": "",
                "ipv6_cidr_block": "",
                "local_gateway_id": "",
                "nat_gateway_id": "",
                "network_interface_id": "",
                "transit_gateway_id": "",
                "vpc_endpoint_id": "",
                "vpc_peering_connection_id": ""
              }
            ],
            "tags": {
              "Name": "Route Table for aws service"
            },
            "tags_all": {
              "Name": "Route Table for aws service"
            },
            "timeouts": null,
            "vpc_id": "vpc-04a10c7102d5ca1f6"
          },
          "sensitive_attributes": [],
          "private": "eyJlMmJmYjczMC1lY2FhLTExZTYtOGY4OC0zNDM2M2JjN2M0YzAiOnsiY3JlYXRlIjozMDAwMDAwMDAwMDAsImRlbGV0ZSI6MzAwMDAwMDAwMDAwLCJ1cGRhdGUiOjEyMDAwMDAwMDAwMH19",
          "dependencies": [
            "aws_internet_gateway.gw",
            "aws_vpc.test-vpc"
          ]
        }
      ]
    },
    {
      "mode": "managed",
      "type": "aws_route_table_association",
      "name": "private",
      "provider": "provider[\"registry.terraform.io/hashicorp/aws\"]",
      "instances": [
        {
          "index_key": 0,
          "schema_version": 0,
          "attributes": {
            "gateway_id": "",
            "id": "rtbassoc-0483e5aa11ef93cd0",
            "route_table_id": "rtb-093814805a408cdd2",
            "subnet_id": "subnet-09f47950b1f1d6ec6",
            "timeouts": null
          },
          "sensitive_attributes": [],
          "private": "eyJlMmJmYjczMC1lY2FhLTExZTYtOGY4OC0zNDM2M2JjN2M0YzAiOnsiY3JlYXRlIjozMDAwMDAwMDAwMDAsImRlbGV0ZSI6MzAwMDAwMDAwMDAwLCJ1cGRhdGUiOjEyMDAwMDAwMDAwMH19",
          "dependencies": [
            "aws_internet_gateway.gw",
            "aws_route_table.rt",
            "aws_subnet.private",
            "aws_vpc.test-vpc"
          ]
        },
        {
          "index_key": 1,
          "schema_version": 0,
          "attributes": {
            "gateway_id": "",
            "id": "rtbassoc-008c8a9dc89b5f45d",
            "route_table_id": "rtb-093814805a408cdd2",
            "subnet_id": "subnet-090dd9a1ef2a955e6",
            "timeouts": null
          },
          "sensitive_attributes": [],
          "private": "eyJlMmJmYjczMC1lY2FhLTExZTYtOGY4OC0zNDM2M2JjN2M0YzAiOnsiY3JlYXRlIjozMDAwMDAwMDAwMDAsImRlbGV0ZSI6MzAwMDAwMDAwMDAwLCJ1cGRhdGUiOjEyMDAwMDAwMDAwMH19",
          "dependencies": [
            "aws_internet_gateway.gw",
            "aws_route_table.rt",
            "aws_subnet.private",
            "aws_vpc.test-vpc"
          ]
        },
        {
          "index_key": 2,
          "schema_version": 0,
          "attributes": {
            "gateway_id": "",
            "id": "rtbassoc-0c2f5c9a8aefb5aa4",
            "route_table_id": "rtb-093814805a408cdd2",
            "subnet_id": "subnet-0168a17213d7dc986",
            "timeouts": null
          },
          "sensitive_attributes": [],
          "private": "eyJlMmJmYjczMC1lY2FhLTExZTYtOGY4OC0zNDM2M2JjN2M0YzAiOnsiY3JlYXRlIjozMDAwMDAwMDAwMDAsImRlbGV0ZSI6MzAwMDAwMDAwMDAwLCJ1cGRhdGUiOjEyMDAwMDAwMDAwMH19",
          "dependencies": [
            "aws_internet_gateway.gw",
            "aws_route_table.rt",
            "aws_subnet.private",
            "aws_vpc.test-vpc"
          ]
        }
      ]
    },
    {
      "mode": "managed",
      "type": "aws_route_table_association",
      "name": "public",
      "provider": "provider[\"registry.terraform.io/hashicorp/aws\"]",
      "instances": [
        {
          "index_key": 0,
          "schema_version": 0,
          "attributes": {
            "gateway_id": "",
            "id": "rtbassoc-065a0507c3d32ee14",
            "route_table_id": "rtb-093814805a408cdd2",
            "subnet_id": "subnet-0bf6fc5eeef582740",
            "timeouts": null
          },
          "sensitive_attributes": [],
          "private": "eyJlMmJmYjczMC1lY2FhLTExZTYtOGY4OC0zNDM2M2JjN2M0YzAiOnsiY3JlYXRlIjozMDAwMDAwMDAwMDAsImRlbGV0ZSI6MzAwMDAwMDAwMDAwLCJ1cGRhdGUiOjEyMDAwMDAwMDAwMH19",
          "dependencies": [
            "aws_internet_gateway.gw",
            "aws_route_table.rt",
            "aws_subnet.public",
            "aws_vpc.test-vpc"
          ]
        },
        {
          "index_key": 1,
          "schema_version": 0,
          "attributes": {
            "gateway_id": "",
            "id": "rtbassoc-074a11c5e8aedf662",
            "route_table_id": "rtb-093814805a408cdd2",
            "subnet_id": "subnet-0337fee3b9f8f5c2e",
            "timeouts": null
          },
          "sensitive_attributes": [],
          "private": "eyJlMmJmYjczMC1lY2FhLTExZTYtOGY4OC0zNDM2M2JjN2M0YzAiOnsiY3JlYXRlIjozMDAwMDAwMDAwMDAsImRlbGV0ZSI6MzAwMDAwMDAwMDAwLCJ1cGRhdGUiOjEyMDAwMDAwMDAwMH19",
          "dependencies": [
            "aws_internet_gateway.gw",
            "aws_route_table.rt",
            "aws_subnet.public",
            "aws_vpc.test-vpc"
          ]
        },
        {
          "index_key": 2,
          "schema_version": 0,
          "attributes": {
            "gateway_id": "",
            "id": "rtbassoc-08a45a8821924cc36",
            "route_table_id": "rtb-093814805a408cdd2",
            "subnet_id": "subnet-09ceba346e7559af5",
            "timeouts": null
          },
          "sensitive_attributes": [],
          "private": "eyJlMmJmYjczMC1lY2FhLTExZTYtOGY4OC0zNDM2M2JjN2M0YzAiOnsiY3JlYXRlIjozMDAwMDAwMDAwMDAsImRlbGV0ZSI6MzAwMDAwMDAwMDAwLCJ1cGRhdGUiOjEyMDAwMDAwMDAwMH19",
          "dependencies": [
            "aws_internet_gateway.gw",
            "aws_route_table.rt",
            "aws_subnet.public",
            "aws_vpc.test-vpc"
          ]
        }
      ]
    },
    {
      "mode": "managed",
      "type": "aws_security_group",
      "name": "allow_tls",
      "provider": "provider[\"registry.terraform.io/hashicorp/aws\"]",
      "instances": [
        {
          "schema_version": 1,
          "attributes": {
            "arn": "arn:aws:ec2:us-east-1:932919696617:security-group/sg-00a5b67a1c71a070e",
            "description": "Allow TLS inbound traffic",
            "egress": [
              {
                "cidr_blocks": [
                  "0.0.0.0/0"
                ],
                "description": "",
                "from_port": 0,
                "ipv6_cidr_blocks": [],
                "prefix_list_ids": [],
                "protocol": "-1",
                "security_groups": [],
                "self": false,
                "to_port": 0
              }
            ],
            "id": "sg-00a5b67a1c71a070e",
            "ingress": [
              {
                "cidr_blocks": [
                  "0.0.0.0/0"
                ],
                "description": "TLS from VPC",
                "from_port": 22,
                "ipv6_cidr_blocks": [],
                "prefix_list_ids": [],
                "protocol": "tcp",
                "security_groups": [],
                "self": false,
                "to_port": 22
              },
              {
                "cidr_blocks": [
                  "0.0.0.0/0"
                ],
                "description": "TLS from VPC",
                "from_port": 443,
                "ipv6_cidr_blocks": [],
                "prefix_list_ids": [],
                "protocol": "tcp",
                "security_groups": [],
                "self": false,
                "to_port": 443
              },
              {
                "cidr_blocks": [
                  "0.0.0.0/0"
                ],
                "description": "TLS from VPC",
                "from_port": 8080,
                "ipv6_cidr_blocks": [],
                "prefix_list_ids": [],
                "protocol": "tcp",
                "security_groups": [],
                "self": false,
                "to_port": 8080
              },
              {
                "cidr_blocks": [
                  "0.0.0.0/0"
                ],
                "description": "TLS from VPC",
                "from_port": 80,
                "ipv6_cidr_blocks": [],
                "prefix_list_ids": [],
                "protocol": "tcp",
                "security_groups": [],
                "self": false,
                "to_port": 80
              },
              {
                "cidr_blocks": [
                  "0.0.0.0/0"
                ],
                "description": "TLS from VPC",
                "from_port": 81,
                "ipv6_cidr_blocks": [],
                "prefix_list_ids": [],
                "protocol": "tcp",
                "security_groups": [],
                "self": false,
                "to_port": 81
              }
            ],
            "name": "allow_tls",
            "name_prefix": "",
            "owner_id": "932919696617",
            "revoke_rules_on_delete": false,
            "tags": {
              "Name": "ec2-SG"
            },
            "tags_all": {
              "Name": "ec2-SG"
            },
            "timeouts": null,
            "vpc_id": "vpc-04a10c7102d5ca1f6"
          },
          "sensitive_attributes": [],
          "private": "eyJlMmJmYjczMC1lY2FhLTExZTYtOGY4OC0zNDM2M2JjN2M0YzAiOnsiY3JlYXRlIjo2MDAwMDAwMDAwMDAsImRlbGV0ZSI6OTAwMDAwMDAwMDAwfSwic2NoZW1hX3ZlcnNpb24iOiIxIn0=",
          "dependencies": [
            "aws_vpc.test-vpc"
          ]
        }
      ]
    },
    {
      "mode": "managed",
      "type": "aws_subnet",
      "name": "private",
      "provider": "provider[\"registry.terraform.io/hashicorp/aws\"]",
      "instances": [
        {
          "index_key": 0,
          "schema_version": 1,
          "attributes": {
            "arn": "arn:aws:ec2:us-east-1:932919696617:subnet/subnet-09f47950b1f1d6ec6",
            "assign_ipv6_address_on_creation": false,
            "availability_zone": "us-east-1d",
            "availability_zone_id": "use1-az4",
            "cidr_block": "10.0.2.0/28",
            "customer_owned_ipv4_pool": "",
            "enable_dns64": false,
            "enable_lni_at_device_index": 0,
            "enable_resource_name_dns_a_record_on_launch": false,
            "enable_resource_name_dns_aaaa_record_on_launch": false,
            "id": "subnet-09f47950b1f1d6ec6",
            "ipv6_cidr_block": "",
            "ipv6_cidr_block_association_id": "",
            "ipv6_native": false,
            "map_customer_owned_ip_on_launch": false,
            "map_public_ip_on_launch": false,
            "outpost_arn": "",
            "owner_id": "932919696617",
            "private_dns_hostname_type_on_launch": "ip-name",
            "tags": {
              "Name": "Application-1-private"
            },
            "tags_all": {
              "Name": "Application-1-private"
            },
            "timeouts": null,
            "vpc_id": "vpc-04a10c7102d5ca1f6"
          },
          "sensitive_attributes": [],
          "private": "eyJlMmJmYjczMC1lY2FhLTExZTYtOGY4OC0zNDM2M2JjN2M0YzAiOnsiY3JlYXRlIjo2MDAwMDAwMDAwMDAsImRlbGV0ZSI6MTIwMDAwMDAwMDAwMH0sInNjaGVtYV92ZXJzaW9uIjoiMSJ9",
          "dependencies": [
            "aws_vpc.test-vpc"
          ]
        },
        {
          "index_key": 1,
          "schema_version": 1,
          "attributes": {
            "arn": "arn:aws:ec2:us-east-1:932919696617:subnet/subnet-090dd9a1ef2a955e6",
            "assign_ipv6_address_on_creation": false,
            "availability_zone": "us-east-1e",
            "availability_zone_id": "use1-az3",
            "cidr_block": "10.0.2.16/28",
            "customer_owned_ipv4_pool": "",
            "enable_dns64": false,
            "enable_lni_at_device_index": 0,
            "enable_resource_name_dns_a_record_on_launch": false,
            "enable_resource_name_dns_aaaa_record_on_launch": false,
            "id": "subnet-090dd9a1ef2a955e6",
            "ipv6_cidr_block": "",
            "ipv6_cidr_block_association_id": "",
            "ipv6_native": false,
            "map_customer_owned_ip_on_launch": false,
            "map_public_ip_on_launch": false,
            "outpost_arn": "",
            "owner_id": "932919696617",
            "private_dns_hostname_type_on_launch": "ip-name",
            "tags": {
              "Name": "Application-1-private"
            },
            "tags_all": {
              "Name": "Application-1-private"
            },
            "timeouts": null,
            "vpc_id": "vpc-04a10c7102d5ca1f6"
          },
          "sensitive_attributes": [],
          "private": "eyJlMmJmYjczMC1lY2FhLTExZTYtOGY4OC0zNDM2M2JjN2M0YzAiOnsiY3JlYXRlIjo2MDAwMDAwMDAwMDAsImRlbGV0ZSI6MTIwMDAwMDAwMDAwMH0sInNjaGVtYV92ZXJzaW9uIjoiMSJ9",
          "dependencies": [
            "aws_vpc.test-vpc"
          ]
        },
        {
          "index_key": 2,
          "schema_version": 1,
          "attributes": {
            "arn": "arn:aws:ec2:us-east-1:932919696617:subnet/subnet-0168a17213d7dc986",
            "assign_ipv6_address_on_creation": false,
            "availability_zone": "us-east-1f",
            "availability_zone_id": "use1-az5",
            "cidr_block": "10.0.2.32/28",
            "customer_owned_ipv4_pool": "",
            "enable_dns64": false,
            "enable_lni_at_device_index": 0,
            "enable_resource_name_dns_a_record_on_launch": false,
            "enable_resource_name_dns_aaaa_record_on_launch": false,
            "id": "subnet-0168a17213d7dc986",
            "ipv6_cidr_block": "",
            "ipv6_cidr_block_association_id": "",
            "ipv6_native": false,
            "map_customer_owned_ip_on_launch": false,
            "map_public_ip_on_launch": false,
            "outpost_arn": "",
            "owner_id": "932919696617",
            "private_dns_hostname_type_on_launch": "ip-name",
            "tags": {
              "Name": "Application-1-private"
            },
            "tags_all": {
              "Name": "Application-1-private"
            },
            "timeouts": null,
            "vpc_id": "vpc-04a10c7102d5ca1f6"
          },
          "sensitive_attributes": [],
          "private": "eyJlMmJmYjczMC1lY2FhLTExZTYtOGY4OC0zNDM2M2JjN2M0YzAiOnsiY3JlYXRlIjo2MDAwMDAwMDAwMDAsImRlbGV0ZSI6MTIwMDAwMDAwMDAwMH0sInNjaGVtYV92ZXJzaW9uIjoiMSJ9",
          "dependencies": [
            "aws_vpc.test-vpc"
          ]
        }
      ]
    },
    {
      "mode": "managed",
      "type": "aws_subnet",
      "name": "public",
      "provider": "provider[\"registry.terraform.io/hashicorp/aws\"]",
      "instances": [
        {
          "index_key": 0,
          "schema_version": 1,
          "attributes": {
            "arn": "arn:aws:ec2:us-east-1:932919696617:subnet/subnet-0bf6fc5eeef582740",
            "assign_ipv6_address_on_creation": false,
            "availability_zone": "us-east-1a",
            "availability_zone_id": "use1-az6",
            "cidr_block": "10.0.1.0/28",
            "customer_owned_ipv4_pool": "",
            "enable_dns64": false,
            "enable_lni_at_device_index": 0,
            "enable_resource_name_dns_a_record_on_launch": false,
            "enable_resource_name_dns_aaaa_record_on_launch": false,
            "id": "subnet-0bf6fc5eeef582740",
            "ipv6_cidr_block": "",
            "ipv6_cidr_block_association_id": "",
            "ipv6_native": false,
            "map_customer_owned_ip_on_launch": false,
            "map_public_ip_on_launch": false,
            "outpost_arn": "",
            "owner_id": "932919696617",
            "private_dns_hostname_type_on_launch": "ip-name",
            "tags": {
              "Name": "Application-1-public"
            },
            "tags_all": {
              "Name": "Application-1-public"
            },
            "timeouts": null,
            "vpc_id": "vpc-04a10c7102d5ca1f6"
          },
          "sensitive_attributes": [],
          "private": "eyJlMmJmYjczMC1lY2FhLTExZTYtOGY4OC0zNDM2M2JjN2M0YzAiOnsiY3JlYXRlIjo2MDAwMDAwMDAwMDAsImRlbGV0ZSI6MTIwMDAwMDAwMDAwMH0sInNjaGVtYV92ZXJzaW9uIjoiMSJ9",
          "dependencies": [
            "aws_vpc.test-vpc"
          ]
        },
        {
          "index_key": 1,
          "schema_version": 1,
          "attributes": {
            "arn": "arn:aws:ec2:us-east-1:932919696617:subnet/subnet-0337fee3b9f8f5c2e",
            "assign_ipv6_address_on_creation": false,
            "availability_zone": "us-east-1b",
            "availability_zone_id": "use1-az1",
            "cidr_block": "10.0.1.16/28",
            "customer_owned_ipv4_pool": "",
            "enable_dns64": false,
            "enable_lni_at_device_index": 0,
            "enable_resource_name_dns_a_record_on_launch": false,
            "enable_resource_name_dns_aaaa_record_on_launch": false,
            "id": "subnet-0337fee3b9f8f5c2e",
            "ipv6_cidr_block": "",
            "ipv6_cidr_block_association_id": "",
            "ipv6_native": false,
            "map_customer_owned_ip_on_launch": false,
            "map_public_ip_on_launch": false,
            "outpost_arn": "",
            "owner_id": "932919696617",
            "private_dns_hostname_type_on_launch": "ip-name",
            "tags": {
              "Name": "Application-1-public"
            },
            "tags_all": {
              "Name": "Application-1-public"
            },
            "timeouts": null,
            "vpc_id": "vpc-04a10c7102d5ca1f6"
          },
          "sensitive_attributes": [],
          "private": "eyJlMmJmYjczMC1lY2FhLTExZTYtOGY4OC0zNDM2M2JjN2M0YzAiOnsiY3JlYXRlIjo2MDAwMDAwMDAwMDAsImRlbGV0ZSI6MTIwMDAwMDAwMDAwMH0sInNjaGVtYV92ZXJzaW9uIjoiMSJ9",
          "dependencies": [
            "aws_vpc.test-vpc"
          ]
        },
        {
          "index_key": 2,
          "schema_version": 1,
          "attributes": {
            "arn": "arn:aws:ec2:us-east-1:932919696617:subnet/subnet-09ceba346e7559af5",
            "assign_ipv6_address_on_creation": false,
            "availability_zone": "us-east-1c",
            "availability_zone_id": "use1-az2",
            "cidr_block": "10.0.1.32/28",
            "customer_owned_ipv4_pool": "",
            "enable_dns64": false,
            "enable_lni_at_device_index": 0,
            "enable_resource_name_dns_a_record_on_launch": false,
            "enable_resource_name_dns_aaaa_record_on_launch": false,
            "id": "subnet-09ceba346e7559af5",
            "ipv6_cidr_block": "",
            "ipv6_cidr_block_association_id": "",
            "ipv6_native": false,
            "map_customer_owned_ip_on_launch": false,
            "map_public_ip_on_launch": false,
            "outpost_arn": "",
            "owner_id": "932919696617",
            "private_dns_hostname_type_on_launch": "ip-name",
            "tags": {
              "Name": "Application-1-public"
            },
            "tags_all": {
              "Name": "Application-1-public"
            },
            "timeouts": null,
            "vpc_id": "vpc-04a10c7102d5ca1f6"
          },
          "sensitive_attributes": [],
          "private": "eyJlMmJmYjczMC1lY2FhLTExZTYtOGY4OC0zNDM2M2JjN2M0YzAiOnsiY3JlYXRlIjo2MDAwMDAwMDAwMDAsImRlbGV0ZSI6MTIwMDAwMDAwMDAwMH0sInNjaGVtYV92ZXJzaW9uIjoiMSJ9",
          "dependencies": [
            "aws_vpc.test-vpc"
          ]
        }
      ]
    },
    {
      "mode": "managed",
      "type": "aws_vpc",
      "name": "test-vpc",
      "provider": "provider[\"registry.terraform.io/hashicorp/aws\"]",
      "instances": [
        {
          "schema_version": 1,
          "attributes": {
            "arn": "arn:aws:ec2:us-east-1:932919696617:vpc/vpc-04a10c7102d5ca1f6",
            "assign_generated_ipv6_cidr_block": false,
            "cidr_block": "10.0.0.0/16",
            "default_network_acl_id": "acl-081ec8c019adceabd",
            "default_route_table_id": "rtb-00a31f2ca9a54d44a",
            "default_security_group_id": "sg-0fafc5b8a8e6bdf44",
            "dhcp_options_id": "dopt-004ed46725d2a9cfd",
            "enable_classiclink": false,
            "enable_classiclink_dns_support": false,
            "enable_dns_hostnames": true,
            "enable_dns_support": true,
            "enable_network_address_usage_metrics": false,
            "id": "vpc-04a10c7102d5ca1f6",
            "instance_tenancy": "default",
            "ipv4_ipam_pool_id": null,
            "ipv4_netmask_length": null,
            "ipv6_association_id": "",
            "ipv6_cidr_block": "",
            "ipv6_cidr_block_network_border_group": "",
            "ipv6_ipam_pool_id": "",
            "ipv6_netmask_length": 0,
            "main_route_table_id": "rtb-00a31f2ca9a54d44a",
            "owner_id": "932919696617",
            "tags": {
              "Name": "Test VPC"
            },
            "tags_all": {
              "Name": "Test VPC"
            }
          },
          "sensitive_attributes": [],
          "private": "eyJzY2hlbWFfdmVyc2lvbiI6IjEifQ=="
        }
      ]
    },
    {
      "mode": "managed",
      "type": "local_file",
      "name": "key",
      "provider": "provider[\"registry.terraform.io/hashicorp/local\"]",
      "instances": [
        {
          "schema_version": 0,
          "attributes": {
            "content": "-----BEGIN RSA PRIVATE KEY-----\nMIIEogIBAAKCAQEAmhQ95utYXTVrcOCedIrqtdC/scCfqPLgqT0mzAQip4gIuC4F\nPPilCoNH7hvv633kAwhcI+xYcQeoJ16Cd7gBuL7SkukwPK/vu5O8MG2742S5Leee\nVOlK8Pe1r71FpNM1euCglJJSewgla3st06Dxq/9hxwRDcaxlze/NpspKJ8LKFXzT\ngw3a63YCqRaRHX2wlxyM8wmaRu80BSXPf54hC5yQ/dT22ooFYBWT/JPWQPKFxO+m\n7zfOWCG0svI2b+RMbefH2sIWcV1EZosRceMUno59SCSkyB3Mj3VzJQMKl9autnf9\nRCHrZLNDC+59Gr516VpjxPrw/XbNQ54kWpVDfwIDAQABAoIBADoQystNgf2OdjER\n1WViPNXMF5HrX8AR1+yvqQFVxaGROIgAf+TcZ4Ywt1jamm4LAXTLH75CAYqHMi20\nBkMLy0pOT5kh3BXiz9vG7zLpB9fIS6krEpY5XQ62q3fRQn+9QPhP0vRquD65cTCy\nOTD6BFmnYrfXuXsLV0pmxv/GWG/m+Pz+xjE7ZhWrsyYOyZInQl8SVKqOG12krWUx\nbxfUIpACi+zkohFd1Lod3MUbQ/iEgWuD2FAU6oG+KGC8OOqiGR7rjGjzlihkOaxz\njA+C168SWPZBgNe38rzvcNhYVwhLlYQkdlcnwmfYcOO9YPvbgLa7FFVVm1KoYazj\nARx5YBECgYEAymGzKXarkf6HHyEYxrY2R98VgzZnt6UnXJKArzzVqR4p0sNJPBq+\nMpRy8WyZFtVURIZWhrjFL6hrFU36upSbbG7Fei2y4/JzmwWVHF0i2leu32c3VP6z\nP9/bulO/jBAVLGbyATrO7Uo3SJ9HhArd6TlO3FHhRq5JDEeGyYSQnYMCgYEAwuZ5\n4ZsYrZ9x8CNInE9Y8Qnnx350LO6wp3qeHb1JguR138Fu0kHsDuoKbE0FFL/CDpRD\njWvbd99IZdEXJI1JSsoJVIhYh61i6cf6c1bPNA8BMxxV5+94FPAXSdQ3P8CCaFaX\nuYmFJN+Z4nVLRlUMrcASYT049h4iNBu9Upc4fVUCgYAqkzEYqPFhDjWo09Kdgxma\nNxEUgG6DUMgeDmfp9ZdRM5pCz3hpn4qho18m8Nyn1AsdO1Gal+ZLp1eXrMbxV2/2\n+LqsgE6g65FsbFk5FVLOsiGEt/cI92gIKPTVlua19XAu3h1NKuz7OGC282MdIRgc\nB0VSzhrhPqr5XVa6sBuoNwKBgCQkSyu78BqaO621TUy3Jh4koReMaoy+goG8KkAH\nju834Gfq3dsdoGGvotkseym62YiMk+5QtvUGsc03tdvwW0wEJTDIy+n1DCegDuB+\nk5PqyGUq9v84mAMB9r+ZG9m1oDkq/Z3JU6hf0pB9AcV8FgrOWFox2TNCqUMSdcww\nAKi1AoGARRVGKgRGBbBD7PPUKjWrY350eyanYHToiFwsx2X7/R52JgYpT+87mm7n\n/rI4KzrgeNcD6MHYKHAM9HXM4RRczuQJQY8zrmoB/bU8681P8bbpBF6haLWfH+ze\n+oOAPhmMKhIeqMRfFiDfBsadVjnSfjGjR8IOyBrWW+F69f283jI=\n-----END RSA PRIVATE KEY-----\n",
            "content_base64": null,
            "content_base64sha256": "O0TQE4uxwUHFiaK6MMELCfhPLwZhSXU0864tZuzY8OM=",
            "content_base64sha512": "XJI24VZrOXplA3iwEjXkcW77phWWWcVP/TzLp6AZKq/6CN1aePIig2t9/1JbdpAQW2LQIMpMInGJTOH92eXDbg==",
            "content_md5": "822ce9dba7ef96cde878f663d9429937",
            "content_sha1": "3c6713d4b4418934ee6369c28e02c97c9a1f581a",
            "content_sha256": "3b44d0138bb1c141c589a2ba30c10b09f84f2f0661497534f3ae2d66ecd8f0e3",
            "content_sha512": "5c9236e1566b397a650378b01235e4716efba6159659c54ffd3ccba7a0192aaffa08dd5a78f222836b7dff525b7690105b62d020ca4c2271894ce1fdd9e5c36e",
            "directory_permission": "0777",
            "file_permission": "0400",
            "filename": "demo-ssh-key.pem",
            "id": "3c6713d4b4418934ee6369c28e02c97c9a1f581a",
            "sensitive_content": null,
            "source": null
          },
          "sensitive_attributes": [
            [
              {
                "type": "get_attr",
                "value": "content"
              }
            ]
          ],
          "dependencies": [
            "tls_private_key.ssh-key"
          ]
        }
      ]
    },
    {
      "mode": "managed",
      "type": "tls_private_key",
      "name": "ssh-key",
      "provider": "provider[\"registry.terraform.io/hashicorp/tls\"]",
      "instances": [
        {
          "schema_version": 1,
          "attributes": {
            "algorithm": "RSA",
            "ecdsa_curve": "P224",
            "id": "203ee003c536378a4849857ea3edacea8a6dd17a",
            "private_key_openssh": "-----BEGIN OPENSSH PRIVATE KEY-----\nb3BlbnNzaC1rZXktdjEAAAAABG5vbmUAAAAEbm9uZQAAAAAAAAABAAABFwAAAAdz\nc2gtcnNhAAAAAwEAAQAAAQEAmhQ95utYXTVrcOCedIrqtdC/scCfqPLgqT0mzAQi\np4gIuC4FPPilCoNH7hvv633kAwhcI+xYcQeoJ16Cd7gBuL7SkukwPK/vu5O8MG27\n42S5LeeeVOlK8Pe1r71FpNM1euCglJJSewgla3st06Dxq/9hxwRDcaxlze/NpspK\nJ8LKFXzTgw3a63YCqRaRHX2wlxyM8wmaRu80BSXPf54hC5yQ/dT22ooFYBWT/JPW\nQPKFxO+m7zfOWCG0svI2b+RMbefH2sIWcV1EZosRceMUno59SCSkyB3Mj3VzJQMK\nl9autnf9RCHrZLNDC+59Gr516VpjxPrw/XbNQ54kWpVDfwAAA7i1wg1KtcINSgAA\nAAdzc2gtcnNhAAABAQCaFD3m61hdNWtw4J50iuq10L+xwJ+o8uCpPSbMBCKniAi4\nLgU8+KUKg0fuG+/rfeQDCFwj7FhxB6gnXoJ3uAG4vtKS6TA8r++7k7wwbbvjZLkt\n555U6Urw97WvvUWk0zV64KCUklJ7CCVrey3ToPGr/2HHBENxrGXN782mykonwsoV\nfNODDdrrdgKpFpEdfbCXHIzzCZpG7zQFJc9/niELnJD91PbaigVgFZP8k9ZA8oXE\n76bvN85YIbSy8jZv5Ext58fawhZxXURmixFx4xSejn1IJKTIHcyPdXMlAwqX1q62\nd/1EIetks0ML7n0avnXpWmPE+vD9ds1DniRalUN/AAAAAwEAAQAAAQA6EMrLTYH9\njnYxEdVlYjzVzBeR61/AEdfsr6kBVcWhkTiIAH/k3GeGMLdY2ppuCwF0yx++QgGK\nhzIttAZDC8tKTk+ZIdwV4s/bxu8y6QfXyEupKxKWOV0Otqt30UJ/vUD4T9L0arg+\nuXEwsjkw+gRZp2K317l7C1dKZsb/xlhv5vj8/sYxO2YVq7MmDsmSJ0JfElSqjhtd\npK1lMW8X1CKQAovs5KIRXdS6HdzFG0P4hIFrg9hQFOqBvihgvDjqohke64xo85Yo\nZDmsc4wPgtevElj2QYDXt/K873DYWFcIS5WEJHZXJ8Jn2HDjvWD724C2uxRVVZtS\nqGGs4wEceWARAAAAgEUVRioERgWwQ+zz1Co1q2N+dHsmp2B06IhcLMdl+/0ediYG\nKU/vO5pu5/6yOCs64HjXA+jB2ChwDPR1zOEUXM7kCUGPM65qAf21POvNT/G26QRe\noWi1nx/s3vqDgD4ZjCoSHqjEXxYg3wbGnVY50n4xo0fCDsga1lvhevX9vN4yAAAA\ngQDKYbMpdquR/ocfIRjGtjZH3xWDNme3pSdckoCvPNWpHinSw0k8Gr4ylHLxbJkW\n1VREhlaGuMUvqGsVTfq6lJtsbsV6LbLj8nObBZUcXSLaV67fZzdU/rM/39u6U7+M\nEBUsZvIBOs7tSjdIn0eECt3pOU7cUeFGrkkMR4bJhJCdgwAAAIEAwuZ54ZsYrZ9x\n8CNInE9Y8Qnnx350LO6wp3qeHb1JguR138Fu0kHsDuoKbE0FFL/CDpRDjWvbd99I\nZdEXJI1JSsoJVIhYh61i6cf6c1bPNA8BMxxV5+94FPAXSdQ3P8CCaFaXuYmFJN+Z\n4nVLRlUMrcASYT049h4iNBu9Upc4fVUAAAAAAQID\n-----END OPENSSH PRIVATE KEY-----\n",
            "private_key_pem": "-----BEGIN RSA PRIVATE KEY-----\nMIIEogIBAAKCAQEAmhQ95utYXTVrcOCedIrqtdC/scCfqPLgqT0mzAQip4gIuC4F\nPPilCoNH7hvv633kAwhcI+xYcQeoJ16Cd7gBuL7SkukwPK/vu5O8MG2742S5Leee\nVOlK8Pe1r71FpNM1euCglJJSewgla3st06Dxq/9hxwRDcaxlze/NpspKJ8LKFXzT\ngw3a63YCqRaRHX2wlxyM8wmaRu80BSXPf54hC5yQ/dT22ooFYBWT/JPWQPKFxO+m\n7zfOWCG0svI2b+RMbefH2sIWcV1EZosRceMUno59SCSkyB3Mj3VzJQMKl9autnf9\nRCHrZLNDC+59Gr516VpjxPrw/XbNQ54kWpVDfwIDAQABAoIBADoQystNgf2OdjER\n1WViPNXMF5HrX8AR1+yvqQFVxaGROIgAf+TcZ4Ywt1jamm4LAXTLH75CAYqHMi20\nBkMLy0pOT5kh3BXiz9vG7zLpB9fIS6krEpY5XQ62q3fRQn+9QPhP0vRquD65cTCy\nOTD6BFmnYrfXuXsLV0pmxv/GWG/m+Pz+xjE7ZhWrsyYOyZInQl8SVKqOG12krWUx\nbxfUIpACi+zkohFd1Lod3MUbQ/iEgWuD2FAU6oG+KGC8OOqiGR7rjGjzlihkOaxz\njA+C168SWPZBgNe38rzvcNhYVwhLlYQkdlcnwmfYcOO9YPvbgLa7FFVVm1KoYazj\nARx5YBECgYEAymGzKXarkf6HHyEYxrY2R98VgzZnt6UnXJKArzzVqR4p0sNJPBq+\nMpRy8WyZFtVURIZWhrjFL6hrFU36upSbbG7Fei2y4/JzmwWVHF0i2leu32c3VP6z\nP9/bulO/jBAVLGbyATrO7Uo3SJ9HhArd6TlO3FHhRq5JDEeGyYSQnYMCgYEAwuZ5\n4ZsYrZ9x8CNInE9Y8Qnnx350LO6wp3qeHb1JguR138Fu0kHsDuoKbE0FFL/CDpRD\njWvbd99IZdEXJI1JSsoJVIhYh61i6cf6c1bPNA8BMxxV5+94FPAXSdQ3P8CCaFaX\nuYmFJN+Z4nVLRlUMrcASYT049h4iNBu9Upc4fVUCgYAqkzEYqPFhDjWo09Kdgxma\nNxEUgG6DUMgeDmfp9ZdRM5pCz3hpn4qho18m8Nyn1AsdO1Gal+ZLp1eXrMbxV2/2\n+LqsgE6g65FsbFk5FVLOsiGEt/cI92gIKPTVlua19XAu3h1NKuz7OGC282MdIRgc\nB0VSzhrhPqr5XVa6sBuoNwKBgCQkSyu78BqaO621TUy3Jh4koReMaoy+goG8KkAH\nju834Gfq3dsdoGGvotkseym62YiMk+5QtvUGsc03tdvwW0wEJTDIy+n1DCegDuB+\nk5PqyGUq9v84mAMB9r+ZG9m1oDkq/Z3JU6hf0pB9AcV8FgrOWFox2TNCqUMSdcww\nAKi1AoGARRVGKgRGBbBD7PPUKjWrY350eyanYHToiFwsx2X7/R52JgYpT+87mm7n\n/rI4KzrgeNcD6MHYKHAM9HXM4RRczuQJQY8zrmoB/bU8681P8bbpBF6haLWfH+ze\n+oOAPhmMKhIeqMRfFiDfBsadVjnSfjGjR8IOyBrWW+F69f283jI=\n-----END RSA PRIVATE KEY-----\n",
            "private_key_pem_pkcs8": "-----BEGIN PRIVATE KEY-----\nMIIEvAIBADANBgkqhkiG9w0BAQEFAASCBKYwggSiAgEAAoIBAQCaFD3m61hdNWtw\n4J50iuq10L+xwJ+o8uCpPSbMBCKniAi4LgU8+KUKg0fuG+/rfeQDCFwj7FhxB6gn\nXoJ3uAG4vtKS6TA8r++7k7wwbbvjZLkt555U6Urw97WvvUWk0zV64KCUklJ7CCVr\ney3ToPGr/2HHBENxrGXN782mykonwsoVfNODDdrrdgKpFpEdfbCXHIzzCZpG7zQF\nJc9/niELnJD91PbaigVgFZP8k9ZA8oXE76bvN85YIbSy8jZv5Ext58fawhZxXURm\nixFx4xSejn1IJKTIHcyPdXMlAwqX1q62d/1EIetks0ML7n0avnXpWmPE+vD9ds1D\nniRalUN/AgMBAAECggEAOhDKy02B/Y52MRHVZWI81cwXketfwBHX7K+pAVXFoZE4\niAB/5NxnhjC3WNqabgsBdMsfvkIBiocyLbQGQwvLSk5PmSHcFeLP28bvMukH18hL\nqSsSljldDrard9FCf71A+E/S9Gq4PrlxMLI5MPoEWadit9e5ewtXSmbG/8ZYb+b4\n/P7GMTtmFauzJg7JkidCXxJUqo4bXaStZTFvF9QikAKL7OSiEV3Uuh3cxRtD+ISB\na4PYUBTqgb4oYLw46qIZHuuMaPOWKGQ5rHOMD4LXrxJY9kGA17fyvO9w2FhXCEuV\nhCR2VyfCZ9hw471g+9uAtrsUVVWbUqhhrOMBHHlgEQKBgQDKYbMpdquR/ocfIRjG\ntjZH3xWDNme3pSdckoCvPNWpHinSw0k8Gr4ylHLxbJkW1VREhlaGuMUvqGsVTfq6\nlJtsbsV6LbLj8nObBZUcXSLaV67fZzdU/rM/39u6U7+MEBUsZvIBOs7tSjdIn0eE\nCt3pOU7cUeFGrkkMR4bJhJCdgwKBgQDC5nnhmxitn3HwI0icT1jxCefHfnQs7rCn\nep4dvUmC5HXfwW7SQewO6gpsTQUUv8IOlEONa9t330hl0RckjUlKyglUiFiHrWLp\nx/pzVs80DwEzHFXn73gU8BdJ1Dc/wIJoVpe5iYUk35nidUtGVQytwBJhPTj2HiI0\nG71Slzh9VQKBgCqTMRio8WEONajT0p2DGZo3ERSAboNQyB4OZ+n1l1EzmkLPeGmf\niqGjXybw3KfUCx07UZqX5kunV5esxvFXb/b4uqyATqDrkWxsWTkVUs6yIYS39wj3\naAgo9NWW5rX1cC7eHU0q7Ps4YLbzYx0hGBwHRVLOGuE+qvldVrqwG6g3AoGAJCRL\nK7vwGpo7rbVNTLcmHiShF4xqjL6CgbwqQAeO7zfgZ+rd2x2gYa+i2Sx7KbrZiIyT\n7lC29QaxzTe12/BbTAQlMMjL6fUMJ6AO4H6Tk+rIZSr2/ziYAwH2v5kb2bWgOSr9\nnclTqF/SkH0BxXwWCs5YWjHZM0KpQxJ1zDAAqLUCgYBFFUYqBEYFsEPs89QqNatj\nfnR7JqdgdOiIXCzHZfv9HnYmBilP7zuabuf+sjgrOuB41wPowdgocAz0dczhFFzO\n5AlBjzOuagH9tTzrzU/xtukEXqFotZ8f7N76g4A+GYwqEh6oxF8WIN8Gxp1WOdJ+\nMaNHwg7IGtZb4Xr1/bzeMg==\n-----END PRIVATE KEY-----\n",
            "public_key_fingerprint_md5": "9d:d8:06:e9:57:7d:8b:b7:20:71:72:03:e6:7d:14:a1",
            "public_key_fingerprint_sha256": "SHA256:yXAQ17Gz5thuvadrRSaC5q8fYQMrz3NhzUa8MLbj3Pc",
            "public_key_openssh": "ssh-rsa AAAAB3NzaC1yc2EAAAADAQABAAABAQCaFD3m61hdNWtw4J50iuq10L+xwJ+o8uCpPSbMBCKniAi4LgU8+KUKg0fuG+/rfeQDCFwj7FhxB6gnXoJ3uAG4vtKS6TA8r++7k7wwbbvjZLkt555U6Urw97WvvUWk0zV64KCUklJ7CCVrey3ToPGr/2HHBENxrGXN782mykonwsoVfNODDdrrdgKpFpEdfbCXHIzzCZpG7zQFJc9/niELnJD91PbaigVgFZP8k9ZA8oXE76bvN85YIbSy8jZv5Ext58fawhZxXURmixFx4xSejn1IJKTIHcyPdXMlAwqX1q62d/1EIetks0ML7n0avnXpWmPE+vD9ds1DniRalUN/\n",
            "public_key_pem": "-----BEGIN PUBLIC KEY-----\nMIIBIjANBgkqhkiG9w0BAQEFAAOCAQ8AMIIBCgKCAQEAmhQ95utYXTVrcOCedIrq\ntdC/scCfqPLgqT0mzAQip4gIuC4FPPilCoNH7hvv633kAwhcI+xYcQeoJ16Cd7gB\nuL7SkukwPK/vu5O8MG2742S5LeeeVOlK8Pe1r71FpNM1euCglJJSewgla3st06Dx\nq/9hxwRDcaxlze/NpspKJ8LKFXzTgw3a63YCqRaRHX2wlxyM8wmaRu80BSXPf54h\nC5yQ/dT22ooFYBWT/JPWQPKFxO+m7zfOWCG0svI2b+RMbefH2sIWcV1EZosRceMU\nno59SCSkyB3Mj3VzJQMKl9autnf9RCHrZLNDC+59Gr516VpjxPrw/XbNQ54kWpVD\nfwIDAQAB\n-----END PUBLIC KEY-----\n",
            "rsa_bits": 2048
          },
          "sensitive_attributes": []
        }
      ]
    }
  ],
  "check_results": null
}
