{
  "version": 4,
  "terraform_version": "1.4.6",
  "serial": 414,
  "lineage": "c9346d1b-7780-58ad-774b-d93ad88a6537",
  "outputs": {
    "ec2_global_ips": {
      "value": [
        [
          "54.81.187.137"
        ]
      ],
      "type": [
        "tuple",
        [
          [
            "tuple",
            [
              "string"
            ]
          ]
        ]
      ]
    },
    "instance_web_public_dns": {
      "value": [
        "ec2-54-81-187-137.compute-1.amazonaws.com"
      ],
      "type": [
        "tuple",
        [
          "string"
        ]
      ]
    },
    "load_balancer_dns_name": {
      "value": "application-lb-485963633.us-east-1.elb.amazonaws.com",
      "type": "string"
    }
  },
  "resources": [
    {
      "mode": "managed",
      "type": "aws_instance",
      "name": "web",
      "provider": "provider[\"registry.terraform.io/hashicorp/aws\"]",
      "instances": [
        {
          "index_key": 0,
          "schema_version": 1,
          "attributes": {
            "ami": "ami-007855ac798b5175e",
            "arn": "arn:aws:ec2:us-east-1:932919696617:instance/i-0d6fb797ccec5ab64",
            "associate_public_ip_address": true,
            "availability_zone": "us-east-1a",
            "capacity_reservation_specification": [
              {
                "capacity_reservation_preference": "open",
                "capacity_reservation_target": []
              }
            ],
            "cpu_core_count": 1,
            "cpu_options": [
              {
                "amd_sev_snp": "",
                "core_count": 1,
                "threads_per_core": 1
              }
            ],
            "cpu_threads_per_core": 1,
            "credit_specification": [
              {
                "cpu_credits": "standard"
              }
            ],
            "disable_api_stop": false,
            "disable_api_termination": false,
            "ebs_block_device": [],
            "ebs_optimized": false,
            "enclave_options": [
              {
                "enabled": false
              }
            ],
            "ephemeral_block_device": [],
            "get_password_data": false,
            "hibernation": false,
            "host_id": "",
            "host_resource_group_arn": null,
            "iam_instance_profile": "",
            "id": "i-0d6fb797ccec5ab64",
            "instance_initiated_shutdown_behavior": "stop",
            "instance_state": "running",
            "instance_type": "t2.micro",
            "ipv6_address_count": 0,
            "ipv6_addresses": [],
            "key_name": "demo-ssh-key",
            "launch_template": [],
            "maintenance_options": [
              {
                "auto_recovery": "default"
              }
            ],
            "metadata_options": [
              {
                "http_endpoint": "enabled",
                "http_put_response_hop_limit": 1,
                "http_tokens": "optional",
                "instance_metadata_tags": "disabled"
              }
            ],
            "monitoring": false,
            "network_interface": [],
            "outpost_arn": "",
            "password_data": "",
            "placement_group": "",
            "placement_partition_number": 0,
            "primary_network_interface_id": "eni-056456677729dbf48",
            "private_dns": "ip-10-0-1-12.ec2.internal",
            "private_dns_name_options": [
              {
                "enable_resource_name_dns_a_record": false,
                "enable_resource_name_dns_aaaa_record": false,
                "hostname_type": "ip-name"
              }
            ],
            "private_ip": "10.0.1.12",
            "public_dns": "ec2-54-81-187-137.compute-1.amazonaws.com",
            "public_ip": "54.81.187.137",
            "root_block_device": [
              {
                "delete_on_termination": true,
                "device_name": "/dev/sda1",
                "encrypted": false,
                "iops": 100,
                "kms_key_id": "",
                "tags": {},
                "throughput": 0,
                "volume_id": "vol-092b7f6c6046ade24",
                "volume_size": 8,
                "volume_type": "gp2"
              }
            ],
            "secondary_private_ips": [],
            "security_groups": [],
            "source_dest_check": true,
            "subnet_id": "subnet-0506c524e5d47ff80",
            "tags": {
              "Name": "demo-vm-0"
            },
            "tags_all": {
              "Name": "demo-vm-0"
            },
            "tenancy": "default",
            "timeouts": null,
            "user_data": "8272cda0c1f984adc9cc870c6b14ffbd39989fdb",
            "user_data_base64": null,
            "user_data_replace_on_change": false,
            "volume_tags": null,
            "vpc_security_group_ids": [
              "sg-0c4104869b8caa975"
            ]
          },
          "sensitive_attributes": [],
          "private": "eyJlMmJmYjczMC1lY2FhLTExZTYtOGY4OC0zNDM2M2JjN2M0YzAiOnsiY3JlYXRlIjo2MDAwMDAwMDAwMDAsImRlbGV0ZSI6MTIwMDAwMDAwMDAwMCwidXBkYXRlIjo2MDAwMDAwMDAwMDB9LCJzY2hlbWFfdmVyc2lvbiI6IjEifQ==",
          "dependencies": [
            "aws_key_pair.generated_key",
            "aws_security_group.allow_tls",
            "aws_subnet.public",
            "aws_vpc.test-vpc",
            "tls_private_key.ssh-key"
          ]
        }
      ]
    },
    {
      "mode": "managed",
      "type": "aws_internet_gateway",
      "name": "gw",
      "provider": "provider[\"registry.terraform.io/hashicorp/aws\"]",
      "instances": [
        {
          "schema_version": 0,
          "attributes": {
            "arn": "arn:aws:ec2:us-east-1:932919696617:internet-gateway/igw-02c1ce28b79e6e8e8",
            "id": "igw-02c1ce28b79e6e8e8",
            "owner_id": "932919696617",
            "tags": {
              "Name": "TEST VPC IG"
            },
            "tags_all": {
              "Name": "TEST VPC IG"
            },
            "timeouts": null,
            "vpc_id": "vpc-012d571ead8907d6f"
          },
          "sensitive_attributes": [],
          "private": "eyJlMmJmYjczMC1lY2FhLTExZTYtOGY4OC0zNDM2M2JjN2M0YzAiOnsiY3JlYXRlIjoxMjAwMDAwMDAwMDAwLCJkZWxldGUiOjEyMDAwMDAwMDAwMDAsInVwZGF0ZSI6MTIwMDAwMDAwMDAwMH19",
          "dependencies": [
            "aws_vpc.test-vpc"
          ]
        }
      ]
    },
    {
      "mode": "managed",
      "type": "aws_key_pair",
      "name": "generated_key",
      "provider": "provider[\"registry.terraform.io/hashicorp/aws\"]",
      "instances": [
        {
          "schema_version": 1,
          "attributes": {
            "arn": "arn:aws:ec2:us-east-1:932919696617:key-pair/demo-ssh-key",
            "fingerprint": "18:1b:50:7a:ca:a9:91:a8:ae:6d:48:9e:c2:25:55:54",
            "id": "demo-ssh-key",
            "key_name": "demo-ssh-key",
            "key_name_prefix": "",
            "key_pair_id": "key-0407a6744b4bfcee3",
            "key_type": "rsa",
            "public_key": "ssh-rsa AAAAB3NzaC1yc2EAAAADAQABAAABAQC1v3oIem3ZbgAWPWFbRAB9nYb2vZHFAztQoTqd3LR6GD4eyTZzNZpYix19PHSgQ36SCEwhmzCVc8xcrVvei2e1us4/hw4J/r1JRdWHZ62n/UCtTN6IImJK/LZsoym2gpIo4L51/2MLq7Fli5gp9+R7UAEci7gSlme0e/U+2diEM/Tb5JQa1Ac6Ot0kj4BAC5mWBFMPAHBQ+IgV7kKaPtNOer2aWVzSu0z5X3hG1oByJOww06iIzmdTPcadJbf80CGocvP2B7EU9iDK7UEahmtm7gW4DGQNPAUNrdIi5ie2rUbA5gLYSjNVRH5AZy2OQIo+879SsTEKR9Qrg10s/BvJ",
            "tags": null,
            "tags_all": {}
          },
          "sensitive_attributes": [],
          "private": "eyJzY2hlbWFfdmVyc2lvbiI6IjEifQ==",
          "dependencies": [
            "tls_private_key.ssh-key"
          ]
        }
      ]
    },
    {
      "mode": "managed",
      "type": "aws_lb",
      "name": "application_load_balancer",
      "provider": "provider[\"registry.terraform.io/hashicorp/aws\"]",
      "instances": [
        {
          "schema_version": 0,
          "attributes": {
            "access_logs": [
              {
                "bucket": "",
                "enabled": false,
                "prefix": ""
              }
            ],
            "arn": "arn:aws:elasticloadbalancing:us-east-1:932919696617:loadbalancer/app/application-lb/2f876b941bf6037e",
            "arn_suffix": "app/application-lb/2f876b941bf6037e",
            "customer_owned_ipv4_pool": "",
            "desync_mitigation_mode": "defensive",
            "dns_name": "application-lb-485963633.us-east-1.elb.amazonaws.com",
            "drop_invalid_header_fields": false,
            "enable_cross_zone_load_balancing": true,
            "enable_deletion_protection": false,
            "enable_http2": true,
            "enable_tls_version_and_cipher_suite_headers": false,
            "enable_waf_fail_open": false,
            "enable_xff_client_port": false,
            "id": "arn:aws:elasticloadbalancing:us-east-1:932919696617:loadbalancer/app/application-lb/2f876b941bf6037e",
            "idle_timeout": 60,
            "internal": false,
            "ip_address_type": "ipv4",
            "load_balancer_type": "application",
            "name": "application-lb",
            "name_prefix": null,
            "preserve_host_header": false,
            "security_groups": [
              "sg-0c4104869b8caa975"
            ],
            "subnet_mapping": [
              {
                "allocation_id": "",
                "ipv6_address": "",
                "outpost_id": "",
                "private_ipv4_address": "",
                "subnet_id": "subnet-041e44917b3a3d5d6"
              },
              {
                "allocation_id": "",
                "ipv6_address": "",
                "outpost_id": "",
                "private_ipv4_address": "",
                "subnet_id": "subnet-0506c524e5d47ff80"
              },
              {
                "allocation_id": "",
                "ipv6_address": "",
                "outpost_id": "",
                "private_ipv4_address": "",
                "subnet_id": "subnet-09f01657292cc7377"
              }
            ],
            "subnets": [
              "subnet-041e44917b3a3d5d6",
              "subnet-0506c524e5d47ff80",
              "subnet-09f01657292cc7377"
            ],
            "tags": {
              "Environment": "dev"
            },
            "tags_all": {
              "Environment": "dev"
            },
            "timeouts": null,
            "vpc_id": "vpc-012d571ead8907d6f",
            "xff_header_processing_mode": "append",
            "zone_id": "Z35SXDOTRQ7X7K"
          },
          "sensitive_attributes": [],
          "private": "eyJlMmJmYjczMC1lY2FhLTExZTYtOGY4OC0zNDM2M2JjN2M0YzAiOnsiY3JlYXRlIjo2MDAwMDAwMDAwMDAsImRlbGV0ZSI6NjAwMDAwMDAwMDAwLCJ1cGRhdGUiOjYwMDAwMDAwMDAwMH19",
          "dependencies": [
            "aws_security_group.allow_tls",
            "aws_subnet.public",
            "aws_vpc.test-vpc"
          ]
        }
      ]
    },
    {
      "mode": "managed",
      "type": "aws_lb_listener",
      "name": "listener",
      "provider": "provider[\"registry.terraform.io/hashicorp/aws\"]",
      "instances": [
        {
          "schema_version": 0,
          "attributes": {
            "alpn_policy": null,
            "arn": "arn:aws:elasticloadbalancing:us-east-1:932919696617:listener/app/application-lb/2f876b941bf6037e/615c2a98a64b6c88",
            "certificate_arn": null,
            "default_action": [
              {
                "authenticate_cognito": [],
                "authenticate_oidc": [],
                "fixed_response": [],
                "forward": [],
                "order": 1,
                "redirect": [],
                "target_group_arn": "arn:aws:elasticloadbalancing:us-east-1:932919696617:targetgroup/target-group/c6e3b1a55e36adbb",
                "type": "forward"
              }
            ],
            "id": "arn:aws:elasticloadbalancing:us-east-1:932919696617:listener/app/application-lb/2f876b941bf6037e/615c2a98a64b6c88",
            "load_balancer_arn": "arn:aws:elasticloadbalancing:us-east-1:932919696617:loadbalancer/app/application-lb/2f876b941bf6037e",
            "port": 80,
            "protocol": "HTTP",
            "ssl_policy": "",
            "tags": null,
            "tags_all": {},
            "timeouts": null
          },
          "sensitive_attributes": [],
          "private": "eyJlMmJmYjczMC1lY2FhLTExZTYtOGY4OC0zNDM2M2JjN2M0YzAiOnsicmVhZCI6NjAwMDAwMDAwMDAwfX0=",
          "dependencies": [
            "aws_lb.application_load_balancer",
            "aws_lb_target_group.target-group",
            "aws_security_group.allow_tls",
            "aws_subnet.public",
            "aws_vpc.test-vpc"
          ]
        }
      ]
    },
    {
      "mode": "managed",
      "type": "aws_lb_target_group",
      "name": "target-group",
      "provider": "provider[\"registry.terraform.io/hashicorp/aws\"]",
      "instances": [
        {
          "schema_version": 0,
          "attributes": {
            "arn": "arn:aws:elasticloadbalancing:us-east-1:932919696617:targetgroup/target-group/c6e3b1a55e36adbb",
            "arn_suffix": "targetgroup/target-group/c6e3b1a55e36adbb",
            "connection_termination": false,
            "deregistration_delay": "300",
            "health_check": [
              {
                "enabled": true,
                "healthy_threshold": 3,
                "interval": 30,
                "matcher": "200,301,302",
                "path": "/",
                "port": "traffic-port",
                "protocol": "HTTP",
                "timeout": 5,
                "unhealthy_threshold": 3
              }
            ],
            "id": "arn:aws:elasticloadbalancing:us-east-1:932919696617:targetgroup/target-group/c6e3b1a55e36adbb",
            "ip_address_type": "ipv4",
            "lambda_multi_value_headers_enabled": false,
            "load_balancing_algorithm_type": "round_robin",
            "load_balancing_cross_zone_enabled": "use_load_balancer_configuration",
            "name": "target-group",
            "name_prefix": null,
            "port": 80,
            "preserve_client_ip": null,
            "protocol": "HTTP",
            "protocol_version": "HTTP1",
            "proxy_protocol_v2": false,
            "slow_start": 0,
            "stickiness": [
              {
                "cookie_duration": 86400,
                "cookie_name": "",
                "enabled": false,
                "type": "lb_cookie"
              }
            ],
            "tags": null,
            "tags_all": {},
            "target_failover": [
              {
                "on_deregistration": null,
                "on_unhealthy": null
              }
            ],
            "target_type": "instance",
            "vpc_id": "vpc-012d571ead8907d6f"
          },
          "sensitive_attributes": [],
          "private": "bnVsbA==",
          "dependencies": [
            "aws_vpc.test-vpc"
          ]
        }
      ]
    },
    {
      "mode": "managed",
      "type": "aws_lb_target_group_attachment",
      "name": "ec2_attach",
      "provider": "provider[\"registry.terraform.io/hashicorp/aws\"]",
      "instances": [
        {
          "index_key": 0,
          "schema_version": 0,
          "attributes": {
            "availability_zone": null,
            "id": "arn:aws:elasticloadbalancing:us-east-1:932919696617:targetgroup/target-group/c6e3b1a55e36adbb-20230525130348863100000002",
            "port": 80,
            "target_group_arn": "arn:aws:elasticloadbalancing:us-east-1:932919696617:targetgroup/target-group/c6e3b1a55e36adbb",
            "target_id": "i-0d6fb797ccec5ab64"
          },
          "sensitive_attributes": [],
          "private": "bnVsbA==",
          "dependencies": [
            "aws_instance.web",
            "aws_key_pair.generated_key",
            "aws_lb_target_group.target-group",
            "aws_security_group.allow_tls",
            "aws_subnet.public",
            "aws_vpc.test-vpc",
            "tls_private_key.ssh-key"
          ]
        }
      ]
    },
    {
      "mode": "managed",
      "type": "aws_route_table",
      "name": "rt",
      "provider": "provider[\"registry.terraform.io/hashicorp/aws\"]",
      "instances": [
        {
          "schema_version": 0,
          "attributes": {
            "arn": "arn:aws:ec2:us-east-1:932919696617:route-table/rtb-06c40b7a72664ae1b",
            "id": "rtb-06c40b7a72664ae1b",
            "owner_id": "932919696617",
            "propagating_vgws": [],
            "route": [
              {
                "carrier_gateway_id": "",
                "cidr_block": "0.0.0.0/0",
                "core_network_arn": "",
                "destination_prefix_list_id": "",
                "egress_only_gateway_id": "",
                "gateway_id": "igw-02c1ce28b79e6e8e8",
                "instance_id": "",
                "ipv6_cidr_block": "",
                "local_gateway_id": "",
                "nat_gateway_id": "",
                "network_interface_id": "",
                "transit_gateway_id": "",
                "vpc_endpoint_id": "",
                "vpc_peering_connection_id": ""
              }
            ],
            "tags": {
              "Name": "Route Table for aws service"
            },
            "tags_all": {
              "Name": "Route Table for aws service"
            },
            "timeouts": null,
            "vpc_id": "vpc-012d571ead8907d6f"
          },
          "sensitive_attributes": [],
          "private": "eyJlMmJmYjczMC1lY2FhLTExZTYtOGY4OC0zNDM2M2JjN2M0YzAiOnsiY3JlYXRlIjozMDAwMDAwMDAwMDAsImRlbGV0ZSI6MzAwMDAwMDAwMDAwLCJ1cGRhdGUiOjEyMDAwMDAwMDAwMH19",
          "dependencies": [
            "aws_internet_gateway.gw",
            "aws_vpc.test-vpc"
          ]
        }
      ]
    },
    {
      "mode": "managed",
      "type": "aws_route_table_association",
      "name": "private",
      "provider": "provider[\"registry.terraform.io/hashicorp/aws\"]",
      "instances": [
        {
          "index_key": 0,
          "schema_version": 0,
          "attributes": {
            "gateway_id": "",
            "id": "rtbassoc-07a766a4539d621e1",
            "route_table_id": "rtb-06c40b7a72664ae1b",
            "subnet_id": "subnet-09f1c5f5c790690ca",
            "timeouts": null
          },
          "sensitive_attributes": [],
          "private": "eyJlMmJmYjczMC1lY2FhLTExZTYtOGY4OC0zNDM2M2JjN2M0YzAiOnsiY3JlYXRlIjozMDAwMDAwMDAwMDAsImRlbGV0ZSI6MzAwMDAwMDAwMDAwLCJ1cGRhdGUiOjEyMDAwMDAwMDAwMH19",
          "dependencies": [
            "aws_internet_gateway.gw",
            "aws_route_table.rt",
            "aws_subnet.private",
            "aws_vpc.test-vpc"
          ]
        },
        {
          "index_key": 1,
          "schema_version": 0,
          "attributes": {
            "gateway_id": "",
            "id": "rtbassoc-0985698c008abebd7",
            "route_table_id": "rtb-06c40b7a72664ae1b",
            "subnet_id": "subnet-0ce9b78d2fbea6176",
            "timeouts": null
          },
          "sensitive_attributes": [],
          "private": "eyJlMmJmYjczMC1lY2FhLTExZTYtOGY4OC0zNDM2M2JjN2M0YzAiOnsiY3JlYXRlIjozMDAwMDAwMDAwMDAsImRlbGV0ZSI6MzAwMDAwMDAwMDAwLCJ1cGRhdGUiOjEyMDAwMDAwMDAwMH19",
          "dependencies": [
            "aws_internet_gateway.gw",
            "aws_route_table.rt",
            "aws_subnet.private",
            "aws_vpc.test-vpc"
          ]
        },
        {
          "index_key": 2,
          "schema_version": 0,
          "attributes": {
            "gateway_id": "",
            "id": "rtbassoc-0806cacf9addb847f",
            "route_table_id": "rtb-06c40b7a72664ae1b",
            "subnet_id": "subnet-0679d382cfb7b068d",
            "timeouts": null
          },
          "sensitive_attributes": [],
          "private": "eyJlMmJmYjczMC1lY2FhLTExZTYtOGY4OC0zNDM2M2JjN2M0YzAiOnsiY3JlYXRlIjozMDAwMDAwMDAwMDAsImRlbGV0ZSI6MzAwMDAwMDAwMDAwLCJ1cGRhdGUiOjEyMDAwMDAwMDAwMH19",
          "dependencies": [
            "aws_internet_gateway.gw",
            "aws_route_table.rt",
            "aws_subnet.private",
            "aws_vpc.test-vpc"
          ]
        }
      ]
    },
    {
      "mode": "managed",
      "type": "aws_route_table_association",
      "name": "public",
      "provider": "provider[\"registry.terraform.io/hashicorp/aws\"]",
      "instances": [
        {
          "index_key": 0,
          "schema_version": 0,
          "attributes": {
            "gateway_id": "",
            "id": "rtbassoc-09c7961d4bf9a57f8",
            "route_table_id": "rtb-06c40b7a72664ae1b",
            "subnet_id": "subnet-0506c524e5d47ff80",
            "timeouts": null
          },
          "sensitive_attributes": [],
          "private": "eyJlMmJmYjczMC1lY2FhLTExZTYtOGY4OC0zNDM2M2JjN2M0YzAiOnsiY3JlYXRlIjozMDAwMDAwMDAwMDAsImRlbGV0ZSI6MzAwMDAwMDAwMDAwLCJ1cGRhdGUiOjEyMDAwMDAwMDAwMH19",
          "dependencies": [
            "aws_internet_gateway.gw",
            "aws_route_table.rt",
            "aws_subnet.public",
            "aws_vpc.test-vpc"
          ]
        },
        {
          "index_key": 1,
          "schema_version": 0,
          "attributes": {
            "gateway_id": "",
            "id": "rtbassoc-051f161f4364806b1",
            "route_table_id": "rtb-06c40b7a72664ae1b",
            "subnet_id": "subnet-041e44917b3a3d5d6",
            "timeouts": null
          },
          "sensitive_attributes": [],
          "private": "eyJlMmJmYjczMC1lY2FhLTExZTYtOGY4OC0zNDM2M2JjN2M0YzAiOnsiY3JlYXRlIjozMDAwMDAwMDAwMDAsImRlbGV0ZSI6MzAwMDAwMDAwMDAwLCJ1cGRhdGUiOjEyMDAwMDAwMDAwMH19",
          "dependencies": [
            "aws_internet_gateway.gw",
            "aws_route_table.rt",
            "aws_subnet.public",
            "aws_vpc.test-vpc"
          ]
        },
        {
          "index_key": 2,
          "schema_version": 0,
          "attributes": {
            "gateway_id": "",
            "id": "rtbassoc-09fd94a0b12584135",
            "route_table_id": "rtb-06c40b7a72664ae1b",
            "subnet_id": "subnet-09f01657292cc7377",
            "timeouts": null
          },
          "sensitive_attributes": [],
          "private": "eyJlMmJmYjczMC1lY2FhLTExZTYtOGY4OC0zNDM2M2JjN2M0YzAiOnsiY3JlYXRlIjozMDAwMDAwMDAwMDAsImRlbGV0ZSI6MzAwMDAwMDAwMDAwLCJ1cGRhdGUiOjEyMDAwMDAwMDAwMH19",
          "dependencies": [
            "aws_internet_gateway.gw",
            "aws_route_table.rt",
            "aws_subnet.public",
            "aws_vpc.test-vpc"
          ]
        }
      ]
    },
    {
      "mode": "managed",
      "type": "aws_security_group",
      "name": "allow_tls",
      "provider": "provider[\"registry.terraform.io/hashicorp/aws\"]",
      "instances": [
        {
          "schema_version": 1,
          "attributes": {
            "arn": "arn:aws:ec2:us-east-1:932919696617:security-group/sg-0c4104869b8caa975",
            "description": "Allow TLS inbound traffic",
            "egress": [
              {
                "cidr_blocks": [
                  "0.0.0.0/0"
                ],
                "description": "",
                "from_port": 0,
                "ipv6_cidr_blocks": [],
                "prefix_list_ids": [],
                "protocol": "-1",
                "security_groups": [],
                "self": false,
                "to_port": 0
              }
            ],
            "id": "sg-0c4104869b8caa975",
            "ingress": [
              {
                "cidr_blocks": [
                  "0.0.0.0/0"
                ],
                "description": "TLS from VPC",
                "from_port": 22,
                "ipv6_cidr_blocks": [],
                "prefix_list_ids": [],
                "protocol": "tcp",
                "security_groups": [],
                "self": false,
                "to_port": 22
              },
              {
                "cidr_blocks": [
                  "0.0.0.0/0"
                ],
                "description": "TLS from VPC",
                "from_port": 443,
                "ipv6_cidr_blocks": [],
                "prefix_list_ids": [],
                "protocol": "tcp",
                "security_groups": [],
                "self": false,
                "to_port": 443
              },
              {
                "cidr_blocks": [
                  "0.0.0.0/0"
                ],
                "description": "TLS from VPC",
                "from_port": 8080,
                "ipv6_cidr_blocks": [],
                "prefix_list_ids": [],
                "protocol": "tcp",
                "security_groups": [],
                "self": false,
                "to_port": 8080
              },
              {
                "cidr_blocks": [
                  "0.0.0.0/0"
                ],
                "description": "TLS from VPC",
                "from_port": 80,
                "ipv6_cidr_blocks": [],
                "prefix_list_ids": [],
                "protocol": "tcp",
                "security_groups": [],
                "self": false,
                "to_port": 80
              },
              {
                "cidr_blocks": [
                  "0.0.0.0/0"
                ],
                "description": "TLS from VPC",
                "from_port": 81,
                "ipv6_cidr_blocks": [],
                "prefix_list_ids": [],
                "protocol": "tcp",
                "security_groups": [],
                "self": false,
                "to_port": 81
              }
            ],
            "name": "allow_tls",
            "name_prefix": "",
            "owner_id": "932919696617",
            "revoke_rules_on_delete": false,
            "tags": {
              "Name": "ec2-SG"
            },
            "tags_all": {
              "Name": "ec2-SG"
            },
            "timeouts": null,
            "vpc_id": "vpc-012d571ead8907d6f"
          },
          "sensitive_attributes": [],
          "private": "eyJlMmJmYjczMC1lY2FhLTExZTYtOGY4OC0zNDM2M2JjN2M0YzAiOnsiY3JlYXRlIjo2MDAwMDAwMDAwMDAsImRlbGV0ZSI6OTAwMDAwMDAwMDAwfSwic2NoZW1hX3ZlcnNpb24iOiIxIn0=",
          "dependencies": [
            "aws_vpc.test-vpc"
          ]
        }
      ]
    },
    {
      "mode": "managed",
      "type": "aws_subnet",
      "name": "private",
      "provider": "provider[\"registry.terraform.io/hashicorp/aws\"]",
      "instances": [
        {
          "index_key": 0,
          "schema_version": 1,
          "attributes": {
            "arn": "arn:aws:ec2:us-east-1:932919696617:subnet/subnet-09f1c5f5c790690ca",
            "assign_ipv6_address_on_creation": false,
            "availability_zone": "us-east-1d",
            "availability_zone_id": "use1-az4",
            "cidr_block": "10.0.2.0/28",
            "customer_owned_ipv4_pool": "",
            "enable_dns64": false,
            "enable_lni_at_device_index": 0,
            "enable_resource_name_dns_a_record_on_launch": false,
            "enable_resource_name_dns_aaaa_record_on_launch": false,
            "id": "subnet-09f1c5f5c790690ca",
            "ipv6_cidr_block": "",
            "ipv6_cidr_block_association_id": "",
            "ipv6_native": false,
            "map_customer_owned_ip_on_launch": false,
            "map_public_ip_on_launch": false,
            "outpost_arn": "",
            "owner_id": "932919696617",
            "private_dns_hostname_type_on_launch": "ip-name",
            "tags": {
              "Name": "Application-1-private"
            },
            "tags_all": {
              "Name": "Application-1-private"
            },
            "timeouts": null,
            "vpc_id": "vpc-012d571ead8907d6f"
          },
          "sensitive_attributes": [],
          "private": "eyJlMmJmYjczMC1lY2FhLTExZTYtOGY4OC0zNDM2M2JjN2M0YzAiOnsiY3JlYXRlIjo2MDAwMDAwMDAwMDAsImRlbGV0ZSI6MTIwMDAwMDAwMDAwMH0sInNjaGVtYV92ZXJzaW9uIjoiMSJ9",
          "dependencies": [
            "aws_vpc.test-vpc"
          ]
        },
        {
          "index_key": 1,
          "schema_version": 1,
          "attributes": {
            "arn": "arn:aws:ec2:us-east-1:932919696617:subnet/subnet-0ce9b78d2fbea6176",
            "assign_ipv6_address_on_creation": false,
            "availability_zone": "us-east-1e",
            "availability_zone_id": "use1-az3",
            "cidr_block": "10.0.2.16/28",
            "customer_owned_ipv4_pool": "",
            "enable_dns64": false,
            "enable_lni_at_device_index": 0,
            "enable_resource_name_dns_a_record_on_launch": false,
            "enable_resource_name_dns_aaaa_record_on_launch": false,
            "id": "subnet-0ce9b78d2fbea6176",
            "ipv6_cidr_block": "",
            "ipv6_cidr_block_association_id": "",
            "ipv6_native": false,
            "map_customer_owned_ip_on_launch": false,
            "map_public_ip_on_launch": false,
            "outpost_arn": "",
            "owner_id": "932919696617",
            "private_dns_hostname_type_on_launch": "ip-name",
            "tags": {
              "Name": "Application-1-private"
            },
            "tags_all": {
              "Name": "Application-1-private"
            },
            "timeouts": null,
            "vpc_id": "vpc-012d571ead8907d6f"
          },
          "sensitive_attributes": [],
          "private": "eyJlMmJmYjczMC1lY2FhLTExZTYtOGY4OC0zNDM2M2JjN2M0YzAiOnsiY3JlYXRlIjo2MDAwMDAwMDAwMDAsImRlbGV0ZSI6MTIwMDAwMDAwMDAwMH0sInNjaGVtYV92ZXJzaW9uIjoiMSJ9",
          "dependencies": [
            "aws_vpc.test-vpc"
          ]
        },
        {
          "index_key": 2,
          "schema_version": 1,
          "attributes": {
            "arn": "arn:aws:ec2:us-east-1:932919696617:subnet/subnet-0679d382cfb7b068d",
            "assign_ipv6_address_on_creation": false,
            "availability_zone": "us-east-1f",
            "availability_zone_id": "use1-az5",
            "cidr_block": "10.0.2.32/28",
            "customer_owned_ipv4_pool": "",
            "enable_dns64": false,
            "enable_lni_at_device_index": 0,
            "enable_resource_name_dns_a_record_on_launch": false,
            "enable_resource_name_dns_aaaa_record_on_launch": false,
            "id": "subnet-0679d382cfb7b068d",
            "ipv6_cidr_block": "",
            "ipv6_cidr_block_association_id": "",
            "ipv6_native": false,
            "map_customer_owned_ip_on_launch": false,
            "map_public_ip_on_launch": false,
            "outpost_arn": "",
            "owner_id": "932919696617",
            "private_dns_hostname_type_on_launch": "ip-name",
            "tags": {
              "Name": "Application-1-private"
            },
            "tags_all": {
              "Name": "Application-1-private"
            },
            "timeouts": null,
            "vpc_id": "vpc-012d571ead8907d6f"
          },
          "sensitive_attributes": [],
          "private": "eyJlMmJmYjczMC1lY2FhLTExZTYtOGY4OC0zNDM2M2JjN2M0YzAiOnsiY3JlYXRlIjo2MDAwMDAwMDAwMDAsImRlbGV0ZSI6MTIwMDAwMDAwMDAwMH0sInNjaGVtYV92ZXJzaW9uIjoiMSJ9",
          "dependencies": [
            "aws_vpc.test-vpc"
          ]
        }
      ]
    },
    {
      "mode": "managed",
      "type": "aws_subnet",
      "name": "public",
      "provider": "provider[\"registry.terraform.io/hashicorp/aws\"]",
      "instances": [
        {
          "index_key": 0,
          "schema_version": 1,
          "attributes": {
            "arn": "arn:aws:ec2:us-east-1:932919696617:subnet/subnet-0506c524e5d47ff80",
            "assign_ipv6_address_on_creation": false,
            "availability_zone": "us-east-1a",
            "availability_zone_id": "use1-az6",
            "cidr_block": "10.0.1.0/28",
            "customer_owned_ipv4_pool": "",
            "enable_dns64": false,
            "enable_lni_at_device_index": 0,
            "enable_resource_name_dns_a_record_on_launch": false,
            "enable_resource_name_dns_aaaa_record_on_launch": false,
            "id": "subnet-0506c524e5d47ff80",
            "ipv6_cidr_block": "",
            "ipv6_cidr_block_association_id": "",
            "ipv6_native": false,
            "map_customer_owned_ip_on_launch": false,
            "map_public_ip_on_launch": false,
            "outpost_arn": "",
            "owner_id": "932919696617",
            "private_dns_hostname_type_on_launch": "ip-name",
            "tags": {
              "Name": "Application-1-public"
            },
            "tags_all": {
              "Name": "Application-1-public"
            },
            "timeouts": null,
            "vpc_id": "vpc-012d571ead8907d6f"
          },
          "sensitive_attributes": [],
          "private": "eyJlMmJmYjczMC1lY2FhLTExZTYtOGY4OC0zNDM2M2JjN2M0YzAiOnsiY3JlYXRlIjo2MDAwMDAwMDAwMDAsImRlbGV0ZSI6MTIwMDAwMDAwMDAwMH0sInNjaGVtYV92ZXJzaW9uIjoiMSJ9",
          "dependencies": [
            "aws_vpc.test-vpc"
          ]
        },
        {
          "index_key": 1,
          "schema_version": 1,
          "attributes": {
            "arn": "arn:aws:ec2:us-east-1:932919696617:subnet/subnet-041e44917b3a3d5d6",
            "assign_ipv6_address_on_creation": false,
            "availability_zone": "us-east-1b",
            "availability_zone_id": "use1-az1",
            "cidr_block": "10.0.1.16/28",
            "customer_owned_ipv4_pool": "",
            "enable_dns64": false,
            "enable_lni_at_device_index": 0,
            "enable_resource_name_dns_a_record_on_launch": false,
            "enable_resource_name_dns_aaaa_record_on_launch": false,
            "id": "subnet-041e44917b3a3d5d6",
            "ipv6_cidr_block": "",
            "ipv6_cidr_block_association_id": "",
            "ipv6_native": false,
            "map_customer_owned_ip_on_launch": false,
            "map_public_ip_on_launch": false,
            "outpost_arn": "",
            "owner_id": "932919696617",
            "private_dns_hostname_type_on_launch": "ip-name",
            "tags": {
              "Name": "Application-1-public"
            },
            "tags_all": {
              "Name": "Application-1-public"
            },
            "timeouts": null,
            "vpc_id": "vpc-012d571ead8907d6f"
          },
          "sensitive_attributes": [],
          "private": "eyJlMmJmYjczMC1lY2FhLTExZTYtOGY4OC0zNDM2M2JjN2M0YzAiOnsiY3JlYXRlIjo2MDAwMDAwMDAwMDAsImRlbGV0ZSI6MTIwMDAwMDAwMDAwMH0sInNjaGVtYV92ZXJzaW9uIjoiMSJ9",
          "dependencies": [
            "aws_vpc.test-vpc"
          ]
        },
        {
          "index_key": 2,
          "schema_version": 1,
          "attributes": {
            "arn": "arn:aws:ec2:us-east-1:932919696617:subnet/subnet-09f01657292cc7377",
            "assign_ipv6_address_on_creation": false,
            "availability_zone": "us-east-1c",
            "availability_zone_id": "use1-az2",
            "cidr_block": "10.0.1.32/28",
            "customer_owned_ipv4_pool": "",
            "enable_dns64": false,
            "enable_lni_at_device_index": 0,
            "enable_resource_name_dns_a_record_on_launch": false,
            "enable_resource_name_dns_aaaa_record_on_launch": false,
            "id": "subnet-09f01657292cc7377",
            "ipv6_cidr_block": "",
            "ipv6_cidr_block_association_id": "",
            "ipv6_native": false,
            "map_customer_owned_ip_on_launch": false,
            "map_public_ip_on_launch": false,
            "outpost_arn": "",
            "owner_id": "932919696617",
            "private_dns_hostname_type_on_launch": "ip-name",
            "tags": {
              "Name": "Application-1-public"
            },
            "tags_all": {
              "Name": "Application-1-public"
            },
            "timeouts": null,
            "vpc_id": "vpc-012d571ead8907d6f"
          },
          "sensitive_attributes": [],
          "private": "eyJlMmJmYjczMC1lY2FhLTExZTYtOGY4OC0zNDM2M2JjN2M0YzAiOnsiY3JlYXRlIjo2MDAwMDAwMDAwMDAsImRlbGV0ZSI6MTIwMDAwMDAwMDAwMH0sInNjaGVtYV92ZXJzaW9uIjoiMSJ9",
          "dependencies": [
            "aws_vpc.test-vpc"
          ]
        }
      ]
    },
    {
      "mode": "managed",
      "type": "aws_vpc",
      "name": "test-vpc",
      "provider": "provider[\"registry.terraform.io/hashicorp/aws\"]",
      "instances": [
        {
          "schema_version": 1,
          "attributes": {
            "arn": "arn:aws:ec2:us-east-1:932919696617:vpc/vpc-012d571ead8907d6f",
            "assign_generated_ipv6_cidr_block": false,
            "cidr_block": "10.0.0.0/16",
            "default_network_acl_id": "acl-038e6b91ed98649b4",
            "default_route_table_id": "rtb-0e7a3716b95c04583",
            "default_security_group_id": "sg-0af205270d6c71d1b",
            "dhcp_options_id": "dopt-004ed46725d2a9cfd",
            "enable_classiclink": false,
            "enable_classiclink_dns_support": false,
            "enable_dns_hostnames": true,
            "enable_dns_support": true,
            "enable_network_address_usage_metrics": false,
            "id": "vpc-012d571ead8907d6f",
            "instance_tenancy": "default",
            "ipv4_ipam_pool_id": null,
            "ipv4_netmask_length": null,
            "ipv6_association_id": "",
            "ipv6_cidr_block": "",
            "ipv6_cidr_block_network_border_group": "",
            "ipv6_ipam_pool_id": "",
            "ipv6_netmask_length": 0,
            "main_route_table_id": "rtb-0e7a3716b95c04583",
            "owner_id": "932919696617",
            "tags": {
              "Name": "Test VPC"
            },
            "tags_all": {
              "Name": "Test VPC"
            }
          },
          "sensitive_attributes": [],
          "private": "eyJzY2hlbWFfdmVyc2lvbiI6IjEifQ=="
        }
      ]
    },
    {
      "mode": "managed",
      "type": "local_file",
      "name": "key",
      "provider": "provider[\"registry.terraform.io/hashicorp/local\"]",
      "instances": [
        {
          "schema_version": 0,
          "attributes": {
            "content": "-----BEGIN RSA PRIVATE KEY-----\nMIIEpAIBAAKCAQEAtb96CHpt2W4AFj1hW0QAfZ2G9r2RxQM7UKE6ndy0ehg+Hsk2\nczWaWIsdfTx0oEN+kghMIZswlXPMXK1b3otntbrOP4cOCf69SUXVh2etp/1ArUze\niCJiSvy2bKMptoKSKOC+df9jC6uxZYuYKffke1ABHIu4EpZntHv1PtnYhDP02+SU\nGtQHOjrdJI+AQAuZlgRTDwBwUPiIFe5Cmj7TTnq9mllc0rtM+V94RtaAciTsMNOo\niM5nUz3GnSW3/NAhqHLz9gexFPYgyu1BGoZrZu4FuAxkDTwFDa3SIuYntq1GwOYC\n2EozVUR+QGctjkCKPvO/UrExCkfUK4NdLPwbyQIDAQABAoIBAEyrD1GQQ9Ka4pJ/\nJhiX4RUcZJilc16GdHkY6l85gTCYFWxrOPr0u71qQfBYlmIc1sHHmkX67028YZMe\n1khUylURDnwh/rwcp8DHIsJR7CGXZbc1XBJVXt1/KX0+fxQslHeGBxJDv4Zm0Rij\nAHeDyPBz2WQvVGES7YBnYhc3UmzBv98vqAto4yhJkOZYHyJ3paN5+W+65kbt0QWS\nQnMj8SvaxB09xwxmbcdOlriyqUVnqib+yd8pZnE1I+sinu7hicOMQwdSL4Ioytia\nXGHM3Ks6+zLY492GNbL8qzCbREWFIqAgYVcQP/AozT2U2H6MjdWDQW2W6Glbrd7M\nkazFVNkCgYEAzBIfQ9tXSjdUh+fVqmf91j5wr+Js6pgLD+s0OgDmVADjv8Ai2TjA\nJ5b8H/BsII1T6u7V+ovj3UJkibFtQkXOANjoDaegaV4h+dNTQBkZ9Zh9nozutgeJ\n3wZB+o9tUJTeGeMtTHnsjKR8CHcDkqe7O6GAevz9V4NWNcv3JzACP3cCgYEA4/8q\n+eFJYKRUpQ8Ca2LojkD3sRXUrNaAwh9TOssa3DzUdZVNMr39DUrdTE5m8t3mXMbc\nuYt4Yvb67wYRvlE8wY2TGT1fWJBlsMKym5IgVtcgzPlCeN3NrR7KN7gn2Eqh7g23\nN5r3cwQwjBl8lnFaufSc9wZqeVndmxc9+obrzr8CgYEAlKtrLaNhT4dJxQ0oA1Jp\ngijRLcH2eV41SO6giNVY98ACLBMNEFWg3/bGTXp5O6nahiBjsXkyk2IoHowtPgfe\n0Y00WaZSXhEfDYNgdiUTXXIvqk+gJOsPDXTgomrVR8x8lj2EJd/5bmjyl7Qk3TXn\nWMUK9g7TfmsHZn/m2hzGtncCgYBAAFgzDv/HJjown3cBaCF6FViymDs8TXaVh6+Y\neH1Qx66oV0H1dYm8moBmtDeIA6xv7M73MuSXe1dTk7OVZj6U4sYhNq42MUqqhO0Y\naLu1ROyLPYlgXnsnFtaTL5nXyJOOPMFq1ZCS8+Eg4uKrZKSgQL9zRJTM/eIMcEjQ\ns+EsBwKBgQDG5fTbv3pLk0YxCvo77vIXmGeRfxZ6Iwynl6sAkVbH5rVfoaiCitvk\nD51sl7waXK++xdoXNplkCl3meWHQ3oLCt/OjMbkNbaWyTELXKyxatvfTy85VGxaI\ngPa8sM92dBk4UlgGMMYGVOJWb9VpCE7hXJ5j5Bl04b0sYUg8lSsJQw==\n-----END RSA PRIVATE KEY-----\n",
            "content_base64": null,
            "content_base64sha256": "XoAKdzzsiO2oXjsd/rti4fx/bjGbSH4E2BIJyZzkj1M=",
            "content_base64sha512": "MyAIKnxNed+QVmxaKyc5JjNukjvQj2T6PoFOKCfRWpzC3ZBKP2ImuQqtig08tQaDlEe04NskW/5B3JTF+3ONEA==",
            "content_md5": "97c17e093dbbc4e69cc86b40ec1fcc37",
            "content_sha1": "88dfae8336d0feebaf21ac5ffd5e2002e96676bf",
            "content_sha256": "5e800a773cec88eda85e3b1dfebb62e1fc7f6e319b487e04d81209c99ce48f53",
            "content_sha512": "3320082a7c4d79df90566c5a2b273926336e923bd08f64fa3e814e2827d15a9cc2dd904a3f6226b90aad8a0d3cb506839447b4e0db245bfe41dc94c5fb738d10",
            "directory_permission": "0777",
            "file_permission": "0400",
            "filename": "demo-ssh-key.pem",
            "id": "88dfae8336d0feebaf21ac5ffd5e2002e96676bf",
            "sensitive_content": null,
            "source": null
          },
          "sensitive_attributes": [
            [
              {
                "type": "get_attr",
                "value": "content"
              }
            ]
          ],
          "dependencies": [
            "tls_private_key.ssh-key"
          ]
        }
      ]
    },
    {
      "mode": "managed",
      "type": "tls_private_key",
      "name": "ssh-key",
      "provider": "provider[\"registry.terraform.io/hashicorp/tls\"]",
      "instances": [
        {
          "schema_version": 1,
          "attributes": {
            "algorithm": "RSA",
            "ecdsa_curve": "P224",
            "id": "32cb1d953500244c255b4b3c421bb3e819a836ae",
            "private_key_openssh": "-----BEGIN OPENSSH PRIVATE KEY-----\nb3BlbnNzaC1rZXktdjEAAAAABG5vbmUAAAAEbm9uZQAAAAAAAAABAAABFwAAAAdz\nc2gtcnNhAAAAAwEAAQAAAQEAtb96CHpt2W4AFj1hW0QAfZ2G9r2RxQM7UKE6ndy0\nehg+Hsk2czWaWIsdfTx0oEN+kghMIZswlXPMXK1b3otntbrOP4cOCf69SUXVh2et\np/1ArUzeiCJiSvy2bKMptoKSKOC+df9jC6uxZYuYKffke1ABHIu4EpZntHv1PtnY\nhDP02+SUGtQHOjrdJI+AQAuZlgRTDwBwUPiIFe5Cmj7TTnq9mllc0rtM+V94RtaA\nciTsMNOoiM5nUz3GnSW3/NAhqHLz9gexFPYgyu1BGoZrZu4FuAxkDTwFDa3SIuYn\ntq1GwOYC2EozVUR+QGctjkCKPvO/UrExCkfUK4NdLPwbyQAAA7h01f/8dNX//AAA\nAAdzc2gtcnNhAAABAQC1v3oIem3ZbgAWPWFbRAB9nYb2vZHFAztQoTqd3LR6GD4e\nyTZzNZpYix19PHSgQ36SCEwhmzCVc8xcrVvei2e1us4/hw4J/r1JRdWHZ62n/UCt\nTN6IImJK/LZsoym2gpIo4L51/2MLq7Fli5gp9+R7UAEci7gSlme0e/U+2diEM/Tb\n5JQa1Ac6Ot0kj4BAC5mWBFMPAHBQ+IgV7kKaPtNOer2aWVzSu0z5X3hG1oByJOww\n06iIzmdTPcadJbf80CGocvP2B7EU9iDK7UEahmtm7gW4DGQNPAUNrdIi5ie2rUbA\n5gLYSjNVRH5AZy2OQIo+879SsTEKR9Qrg10s/BvJAAAAAwEAAQAAAQBMqw9RkEPS\nmuKSfyYYl+EVHGSYpXNehnR5GOpfOYEwmBVsazj69Lu9akHwWJZiHNbBx5pF+u9N\nvGGTHtZIVMpVEQ58If68HKfAxyLCUewhl2W3NVwSVV7dfyl9Pn8ULJR3hgcSQ7+G\nZtEYowB3g8jwc9lkL1RhEu2AZ2IXN1Jswb/fL6gLaOMoSZDmWB8id6WjeflvuuZG\n7dEFkkJzI/Er2sQdPccMZm3HTpa4sqlFZ6om/snfKWZxNSPrIp7u4YnDjEMHUi+C\nKMrYmlxhzNyrOvsy2OPdhjWy/Kswm0RFhSKgIGFXED/wKM09lNh+jI3Vg0Ftluhp\nW63ezJGsxVTZAAAAgQDG5fTbv3pLk0YxCvo77vIXmGeRfxZ6Iwynl6sAkVbH5rVf\noaiCitvkD51sl7waXK++xdoXNplkCl3meWHQ3oLCt/OjMbkNbaWyTELXKyxatvfT\ny85VGxaIgPa8sM92dBk4UlgGMMYGVOJWb9VpCE7hXJ5j5Bl04b0sYUg8lSsJQwAA\nAIEAzBIfQ9tXSjdUh+fVqmf91j5wr+Js6pgLD+s0OgDmVADjv8Ai2TjAJ5b8H/Bs\nII1T6u7V+ovj3UJkibFtQkXOANjoDaegaV4h+dNTQBkZ9Zh9nozutgeJ3wZB+o9t\nUJTeGeMtTHnsjKR8CHcDkqe7O6GAevz9V4NWNcv3JzACP3cAAACBAOP/KvnhSWCk\nVKUPAmti6I5A97EV1KzWgMIfUzrLGtw81HWVTTK9/Q1K3UxOZvLd5lzG3LmLeGL2\n+u8GEb5RPMGNkxk9X1iQZbDCspuSIFbXIMz5Qnjdza0eyje4J9hKoe4Ntzea93ME\nMIwZfJZxWrn0nPcGanlZ3ZsXPfqG686/AAAAAAEC\n-----END OPENSSH PRIVATE KEY-----\n",
            "private_key_pem": "-----BEGIN RSA PRIVATE KEY-----\nMIIEpAIBAAKCAQEAtb96CHpt2W4AFj1hW0QAfZ2G9r2RxQM7UKE6ndy0ehg+Hsk2\nczWaWIsdfTx0oEN+kghMIZswlXPMXK1b3otntbrOP4cOCf69SUXVh2etp/1ArUze\niCJiSvy2bKMptoKSKOC+df9jC6uxZYuYKffke1ABHIu4EpZntHv1PtnYhDP02+SU\nGtQHOjrdJI+AQAuZlgRTDwBwUPiIFe5Cmj7TTnq9mllc0rtM+V94RtaAciTsMNOo\niM5nUz3GnSW3/NAhqHLz9gexFPYgyu1BGoZrZu4FuAxkDTwFDa3SIuYntq1GwOYC\n2EozVUR+QGctjkCKPvO/UrExCkfUK4NdLPwbyQIDAQABAoIBAEyrD1GQQ9Ka4pJ/\nJhiX4RUcZJilc16GdHkY6l85gTCYFWxrOPr0u71qQfBYlmIc1sHHmkX67028YZMe\n1khUylURDnwh/rwcp8DHIsJR7CGXZbc1XBJVXt1/KX0+fxQslHeGBxJDv4Zm0Rij\nAHeDyPBz2WQvVGES7YBnYhc3UmzBv98vqAto4yhJkOZYHyJ3paN5+W+65kbt0QWS\nQnMj8SvaxB09xwxmbcdOlriyqUVnqib+yd8pZnE1I+sinu7hicOMQwdSL4Ioytia\nXGHM3Ks6+zLY492GNbL8qzCbREWFIqAgYVcQP/AozT2U2H6MjdWDQW2W6Glbrd7M\nkazFVNkCgYEAzBIfQ9tXSjdUh+fVqmf91j5wr+Js6pgLD+s0OgDmVADjv8Ai2TjA\nJ5b8H/BsII1T6u7V+ovj3UJkibFtQkXOANjoDaegaV4h+dNTQBkZ9Zh9nozutgeJ\n3wZB+o9tUJTeGeMtTHnsjKR8CHcDkqe7O6GAevz9V4NWNcv3JzACP3cCgYEA4/8q\n+eFJYKRUpQ8Ca2LojkD3sRXUrNaAwh9TOssa3DzUdZVNMr39DUrdTE5m8t3mXMbc\nuYt4Yvb67wYRvlE8wY2TGT1fWJBlsMKym5IgVtcgzPlCeN3NrR7KN7gn2Eqh7g23\nN5r3cwQwjBl8lnFaufSc9wZqeVndmxc9+obrzr8CgYEAlKtrLaNhT4dJxQ0oA1Jp\ngijRLcH2eV41SO6giNVY98ACLBMNEFWg3/bGTXp5O6nahiBjsXkyk2IoHowtPgfe\n0Y00WaZSXhEfDYNgdiUTXXIvqk+gJOsPDXTgomrVR8x8lj2EJd/5bmjyl7Qk3TXn\nWMUK9g7TfmsHZn/m2hzGtncCgYBAAFgzDv/HJjown3cBaCF6FViymDs8TXaVh6+Y\neH1Qx66oV0H1dYm8moBmtDeIA6xv7M73MuSXe1dTk7OVZj6U4sYhNq42MUqqhO0Y\naLu1ROyLPYlgXnsnFtaTL5nXyJOOPMFq1ZCS8+Eg4uKrZKSgQL9zRJTM/eIMcEjQ\ns+EsBwKBgQDG5fTbv3pLk0YxCvo77vIXmGeRfxZ6Iwynl6sAkVbH5rVfoaiCitvk\nD51sl7waXK++xdoXNplkCl3meWHQ3oLCt/OjMbkNbaWyTELXKyxatvfTy85VGxaI\ngPa8sM92dBk4UlgGMMYGVOJWb9VpCE7hXJ5j5Bl04b0sYUg8lSsJQw==\n-----END RSA PRIVATE KEY-----\n",
            "private_key_pem_pkcs8": "-----BEGIN PRIVATE KEY-----\nMIIEvgIBADANBgkqhkiG9w0BAQEFAASCBKgwggSkAgEAAoIBAQC1v3oIem3ZbgAW\nPWFbRAB9nYb2vZHFAztQoTqd3LR6GD4eyTZzNZpYix19PHSgQ36SCEwhmzCVc8xc\nrVvei2e1us4/hw4J/r1JRdWHZ62n/UCtTN6IImJK/LZsoym2gpIo4L51/2MLq7Fl\ni5gp9+R7UAEci7gSlme0e/U+2diEM/Tb5JQa1Ac6Ot0kj4BAC5mWBFMPAHBQ+IgV\n7kKaPtNOer2aWVzSu0z5X3hG1oByJOww06iIzmdTPcadJbf80CGocvP2B7EU9iDK\n7UEahmtm7gW4DGQNPAUNrdIi5ie2rUbA5gLYSjNVRH5AZy2OQIo+879SsTEKR9Qr\ng10s/BvJAgMBAAECggEATKsPUZBD0prikn8mGJfhFRxkmKVzXoZ0eRjqXzmBMJgV\nbGs4+vS7vWpB8FiWYhzWwceaRfrvTbxhkx7WSFTKVREOfCH+vBynwMciwlHsIZdl\ntzVcElVe3X8pfT5/FCyUd4YHEkO/hmbRGKMAd4PI8HPZZC9UYRLtgGdiFzdSbMG/\n3y+oC2jjKEmQ5lgfInelo3n5b7rmRu3RBZJCcyPxK9rEHT3HDGZtx06WuLKpRWeq\nJv7J3ylmcTUj6yKe7uGJw4xDB1IvgijK2JpcYczcqzr7Mtjj3YY1svyrMJtERYUi\noCBhVxA/8CjNPZTYfoyN1YNBbZboaVut3syRrMVU2QKBgQDMEh9D21dKN1SH59Wq\nZ/3WPnCv4mzqmAsP6zQ6AOZUAOO/wCLZOMAnlvwf8GwgjVPq7tX6i+PdQmSJsW1C\nRc4A2OgNp6BpXiH501NAGRn1mH2ejO62B4nfBkH6j21QlN4Z4y1MeeyMpHwIdwOS\np7s7oYB6/P1Xg1Y1y/cnMAI/dwKBgQDj/yr54UlgpFSlDwJrYuiOQPexFdSs1oDC\nH1M6yxrcPNR1lU0yvf0NSt1MTmby3eZcxty5i3hi9vrvBhG+UTzBjZMZPV9YkGWw\nwrKbkiBW1yDM+UJ43c2tHso3uCfYSqHuDbc3mvdzBDCMGXyWcVq59Jz3Bmp5Wd2b\nFz36huvOvwKBgQCUq2sto2FPh0nFDSgDUmmCKNEtwfZ5XjVI7qCI1Vj3wAIsEw0Q\nVaDf9sZNenk7qdqGIGOxeTKTYigejC0+B97RjTRZplJeER8Ng2B2JRNdci+qT6Ak\n6w8NdOCiatVHzHyWPYQl3/luaPKXtCTdNedYxQr2DtN+awdmf+baHMa2dwKBgEAA\nWDMO/8cmOjCfdwFoIXoVWLKYOzxNdpWHr5h4fVDHrqhXQfV1ibyagGa0N4gDrG/s\nzvcy5Jd7V1OTs5VmPpTixiE2rjYxSqqE7Rhou7VE7Is9iWBeeycW1pMvmdfIk448\nwWrVkJLz4SDi4qtkpKBAv3NElMz94gxwSNCz4SwHAoGBAMbl9Nu/ekuTRjEK+jvu\n8heYZ5F/FnojDKeXqwCRVsfmtV+hqIKK2+QPnWyXvBpcr77F2hc2mWQKXeZ5YdDe\ngsK386MxuQ1tpbJMQtcrLFq299PLzlUbFoiA9rywz3Z0GThSWAYwxgZU4lZv1WkI\nTuFcnmPkGXThvSxhSDyVKwlD\n-----END PRIVATE KEY-----\n",
            "public_key_fingerprint_md5": "b2:54:91:61:09:62:04:6f:60:dd:54:15:d4:6c:d8:d2",
            "public_key_fingerprint_sha256": "SHA256:7AX/kSjzT44QJ6fQpP/SmtwQkkRZg3FDiE8PhPxE78c",
            "public_key_openssh": "ssh-rsa AAAAB3NzaC1yc2EAAAADAQABAAABAQC1v3oIem3ZbgAWPWFbRAB9nYb2vZHFAztQoTqd3LR6GD4eyTZzNZpYix19PHSgQ36SCEwhmzCVc8xcrVvei2e1us4/hw4J/r1JRdWHZ62n/UCtTN6IImJK/LZsoym2gpIo4L51/2MLq7Fli5gp9+R7UAEci7gSlme0e/U+2diEM/Tb5JQa1Ac6Ot0kj4BAC5mWBFMPAHBQ+IgV7kKaPtNOer2aWVzSu0z5X3hG1oByJOww06iIzmdTPcadJbf80CGocvP2B7EU9iDK7UEahmtm7gW4DGQNPAUNrdIi5ie2rUbA5gLYSjNVRH5AZy2OQIo+879SsTEKR9Qrg10s/BvJ\n",
            "public_key_pem": "-----BEGIN PUBLIC KEY-----\nMIIBIjANBgkqhkiG9w0BAQEFAAOCAQ8AMIIBCgKCAQEAtb96CHpt2W4AFj1hW0QA\nfZ2G9r2RxQM7UKE6ndy0ehg+Hsk2czWaWIsdfTx0oEN+kghMIZswlXPMXK1b3otn\ntbrOP4cOCf69SUXVh2etp/1ArUzeiCJiSvy2bKMptoKSKOC+df9jC6uxZYuYKffk\ne1ABHIu4EpZntHv1PtnYhDP02+SUGtQHOjrdJI+AQAuZlgRTDwBwUPiIFe5Cmj7T\nTnq9mllc0rtM+V94RtaAciTsMNOoiM5nUz3GnSW3/NAhqHLz9gexFPYgyu1BGoZr\nZu4FuAxkDTwFDa3SIuYntq1GwOYC2EozVUR+QGctjkCKPvO/UrExCkfUK4NdLPwb\nyQIDAQAB\n-----END PUBLIC KEY-----\n",
            "rsa_bits": 2048
          },
          "sensitive_attributes": []
        }
      ]
    }
  ],
  "check_results": null
}
