{
  "version": 4,
  "terraform_version": "1.4.6",
  "serial": 140,
  "lineage": "c9346d1b-7780-58ad-774b-d93ad88a6537",
  "outputs": {
    "ec2_elastic_ips": {
      "value": {
        "demo-vm2": "52.7.12.132"
      },
      "type": [
        "object",
        {
          "demo-vm2": "string"
        }
      ]
    },
    "ec2_global_ips": {
      "value": [
        [
          "23.20.231.235"
        ]
      ],
      "type": [
        "tuple",
        [
          [
            "tuple",
            [
              "string"
            ]
          ]
        ]
      ]
    }
  },
  "resources": [
    {
      "mode": "managed",
      "type": "aws_eip",
      "name": "demo-eip",
      "provider": "provider[\"registry.terraform.io/hashicorp/aws\"]",
      "instances": [
        {
          "schema_version": 0,
          "attributes": {
            "address": null,
            "allocation_id": "eipalloc-039386f8ed9f60061",
            "associate_with_private_ip": null,
            "association_id": "eipassoc-0b11d4cd486ef2239",
            "carrier_ip": "",
            "customer_owned_ip": "",
            "customer_owned_ipv4_pool": "",
            "domain": "vpc",
            "id": "eipalloc-039386f8ed9f60061",
            "instance": "i-0f6f3a0badd20b1a7",
            "network_border_group": "us-east-1",
            "network_interface": "eni-0c9e582e90baf985f",
            "private_dns": "ip-10-0-1-177.ec2.internal",
            "private_ip": "10.0.1.177",
            "public_dns": "ec2-52-7-12-132.compute-1.amazonaws.com",
            "public_ip": "52.7.12.132",
            "public_ipv4_pool": "amazon",
            "tags": null,
            "tags_all": {},
            "timeouts": null,
            "vpc": true
          },
          "sensitive_attributes": [],
          "private": "eyJlMmJmYjczMC1lY2FhLTExZTYtOGY4OC0zNDM2M2JjN2M0YzAiOnsiZGVsZXRlIjoxODAwMDAwMDAwMDAsInJlYWQiOjkwMDAwMDAwMDAwMCwidXBkYXRlIjozMDAwMDAwMDAwMDB9fQ==",
          "dependencies": [
            "aws_instance.web",
            "aws_key_pair.generated_key",
            "aws_security_group.allow_tls",
            "aws_subnet.public",
            "aws_vpc.test-vpc",
            "tls_private_key.ssh-key"
          ]
        }
      ]
    },
    {
      "mode": "managed",
      "type": "aws_instance",
      "name": "web",
      "provider": "provider[\"registry.terraform.io/hashicorp/aws\"]",
      "instances": [
        {
          "schema_version": 1,
          "attributes": {
            "ami": "ami-007855ac798b5175e",
            "arn": "arn:aws:ec2:us-east-1:932919696617:instance/i-0f6f3a0badd20b1a7",
            "associate_public_ip_address": true,
            "availability_zone": "us-east-1a",
            "capacity_reservation_specification": [
              {
                "capacity_reservation_preference": "open",
                "capacity_reservation_target": []
              }
            ],
            "cpu_core_count": 1,
            "cpu_options": [
              {
                "amd_sev_snp": "",
                "core_count": 1,
                "threads_per_core": 1
              }
            ],
            "cpu_threads_per_core": 1,
            "credit_specification": [
              {
                "cpu_credits": "standard"
              }
            ],
            "disable_api_stop": false,
            "disable_api_termination": false,
            "ebs_block_device": [],
            "ebs_optimized": false,
            "enclave_options": [
              {
                "enabled": false
              }
            ],
            "ephemeral_block_device": [],
            "get_password_data": false,
            "hibernation": false,
            "host_id": "",
            "host_resource_group_arn": null,
            "iam_instance_profile": "",
            "id": "i-0f6f3a0badd20b1a7",
            "instance_initiated_shutdown_behavior": "stop",
            "instance_state": "running",
            "instance_type": "t2.micro",
            "ipv6_address_count": 0,
            "ipv6_addresses": [],
            "key_name": "demo-ssh-key",
            "launch_template": [],
            "maintenance_options": [
              {
                "auto_recovery": "default"
              }
            ],
            "metadata_options": [
              {
                "http_endpoint": "enabled",
                "http_put_response_hop_limit": 1,
                "http_tokens": "optional",
                "instance_metadata_tags": "disabled"
              }
            ],
            "monitoring": false,
            "network_interface": [],
            "outpost_arn": "",
            "password_data": "",
            "placement_group": "",
            "placement_partition_number": 0,
            "primary_network_interface_id": "eni-0c9e582e90baf985f",
            "private_dns": "ip-10-0-1-177.ec2.internal",
            "private_dns_name_options": [
              {
                "enable_resource_name_dns_a_record": false,
                "enable_resource_name_dns_aaaa_record": false,
                "hostname_type": "ip-name"
              }
            ],
            "private_ip": "10.0.1.177",
            "public_dns": "ec2-23-20-231-235.compute-1.amazonaws.com",
            "public_ip": "23.20.231.235",
            "root_block_device": [
              {
                "delete_on_termination": true,
                "device_name": "/dev/sda1",
                "encrypted": false,
                "iops": 100,
                "kms_key_id": "",
                "tags": {},
                "throughput": 0,
                "volume_id": "vol-0b51ee61f2d6062c6",
                "volume_size": 8,
                "volume_type": "gp2"
              }
            ],
            "secondary_private_ips": [],
            "security_groups": [],
            "source_dest_check": true,
            "subnet_id": "subnet-0b33387c498865b2c",
            "tags": {
              "Name": "demo-vm2"
            },
            "tags_all": {
              "Name": "demo-vm2"
            },
            "tenancy": "default",
            "timeouts": null,
            "user_data": "23ad6d2b76c32ccbf1b4c8d546231476fe0384b3",
            "user_data_base64": null,
            "user_data_replace_on_change": false,
            "volume_tags": null,
            "vpc_security_group_ids": [
              "sg-07f3be70637f5d040"
            ]
          },
          "sensitive_attributes": [],
          "private": "eyJlMmJmYjczMC1lY2FhLTExZTYtOGY4OC0zNDM2M2JjN2M0YzAiOnsiY3JlYXRlIjo2MDAwMDAwMDAwMDAsImRlbGV0ZSI6MTIwMDAwMDAwMDAwMCwidXBkYXRlIjo2MDAwMDAwMDAwMDB9LCJzY2hlbWFfdmVyc2lvbiI6IjEifQ==",
          "dependencies": [
            "aws_key_pair.generated_key",
            "aws_security_group.allow_tls",
            "aws_subnet.public",
            "aws_vpc.test-vpc",
            "tls_private_key.ssh-key"
          ]
        }
      ]
    },
    {
      "mode": "managed",
      "type": "aws_internet_gateway",
      "name": "gw",
      "provider": "provider[\"registry.terraform.io/hashicorp/aws\"]",
      "instances": [
        {
          "schema_version": 0,
          "attributes": {
            "arn": "arn:aws:ec2:us-east-1:932919696617:internet-gateway/igw-02bddd82a89499bd5",
            "id": "igw-02bddd82a89499bd5",
            "owner_id": "932919696617",
            "tags": {
              "Name": "TEST VPC IG"
            },
            "tags_all": {
              "Name": "TEST VPC IG"
            },
            "timeouts": null,
            "vpc_id": "vpc-008bdc4c1abaedc4c"
          },
          "sensitive_attributes": [],
          "private": "eyJlMmJmYjczMC1lY2FhLTExZTYtOGY4OC0zNDM2M2JjN2M0YzAiOnsiY3JlYXRlIjoxMjAwMDAwMDAwMDAwLCJkZWxldGUiOjEyMDAwMDAwMDAwMDAsInVwZGF0ZSI6MTIwMDAwMDAwMDAwMH19",
          "dependencies": [
            "aws_vpc.test-vpc"
          ]
        }
      ]
    },
    {
      "mode": "managed",
      "type": "aws_key_pair",
      "name": "generated_key",
      "provider": "provider[\"registry.terraform.io/hashicorp/aws\"]",
      "instances": [
        {
          "schema_version": 1,
          "attributes": {
            "arn": "arn:aws:ec2:us-east-1:932919696617:key-pair/demo-ssh-key",
            "fingerprint": "85:40:4d:cc:91:2b:f3:ff:da:5c:7a:6a:7f:29:c1:9a",
            "id": "demo-ssh-key",
            "key_name": "demo-ssh-key",
            "key_name_prefix": "",
            "key_pair_id": "key-02c376c6653773279",
            "key_type": "rsa",
            "public_key": "ssh-rsa AAAAB3NzaC1yc2EAAAADAQABAAABAQC072TQhyvQS5pOg9TjpBLccW62GEgo4UJO+b1p/8lvB28BVwHchVi54ZDePiAGQfEY5nKkJYKrefdcBBnfF9jXiWL4hfa9Rwu33f37YvfCwPScEX0Hm0kCE6kxVJ8susw7WXJhEcHg7jToZX83SzPWH9ZcgFBLQyUMEhCaUWb51769hTA9KpByrCqYFKoSjYimDNN1UTzhP7EbXbTopcmNOu95eszHFsPStQoAfwzr3+P08PQe0IK59/W+pUtDpfz617p/ptHLSGsUyvihSs20edViZlX8bwYNIlnIiT2W1lLuWfGdvRKGpMjYUbYAW0rP1PQ3jjzfTCLwfPBiF5zH",
            "tags": null,
            "tags_all": {}
          },
          "sensitive_attributes": [],
          "private": "eyJzY2hlbWFfdmVyc2lvbiI6IjEifQ==",
          "dependencies": [
            "tls_private_key.ssh-key"
          ]
        }
      ]
    },
    {
      "mode": "managed",
      "type": "aws_route_table",
      "name": "rt",
      "provider": "provider[\"registry.terraform.io/hashicorp/aws\"]",
      "instances": [
        {
          "schema_version": 0,
          "attributes": {
            "arn": "arn:aws:ec2:us-east-1:932919696617:route-table/rtb-02596fb299ae9efb8",
            "id": "rtb-02596fb299ae9efb8",
            "owner_id": "932919696617",
            "propagating_vgws": [],
            "route": [
              {
                "carrier_gateway_id": "",
                "cidr_block": "0.0.0.0/0",
                "core_network_arn": "",
                "destination_prefix_list_id": "",
                "egress_only_gateway_id": "",
                "gateway_id": "igw-02bddd82a89499bd5",
                "instance_id": "",
                "ipv6_cidr_block": "",
                "local_gateway_id": "",
                "nat_gateway_id": "",
                "network_interface_id": "",
                "transit_gateway_id": "",
                "vpc_endpoint_id": "",
                "vpc_peering_connection_id": ""
              }
            ],
            "tags": {
              "Name": "Route Table for aws service"
            },
            "tags_all": {
              "Name": "Route Table for aws service"
            },
            "timeouts": null,
            "vpc_id": "vpc-008bdc4c1abaedc4c"
          },
          "sensitive_attributes": [],
          "private": "eyJlMmJmYjczMC1lY2FhLTExZTYtOGY4OC0zNDM2M2JjN2M0YzAiOnsiY3JlYXRlIjozMDAwMDAwMDAwMDAsImRlbGV0ZSI6MzAwMDAwMDAwMDAwLCJ1cGRhdGUiOjEyMDAwMDAwMDAwMH19",
          "dependencies": [
            "aws_internet_gateway.gw",
            "aws_vpc.test-vpc"
          ]
        }
      ]
    },
    {
      "mode": "managed",
      "type": "aws_route_table_association",
      "name": "a",
      "provider": "provider[\"registry.terraform.io/hashicorp/aws\"]",
      "instances": [
        {
          "schema_version": 0,
          "attributes": {
            "gateway_id": "",
            "id": "rtbassoc-0f2c40f61740ff38f",
            "route_table_id": "rtb-02596fb299ae9efb8",
            "subnet_id": "subnet-0b33387c498865b2c",
            "timeouts": null
          },
          "sensitive_attributes": [],
          "private": "eyJlMmJmYjczMC1lY2FhLTExZTYtOGY4OC0zNDM2M2JjN2M0YzAiOnsiY3JlYXRlIjozMDAwMDAwMDAwMDAsImRlbGV0ZSI6MzAwMDAwMDAwMDAwLCJ1cGRhdGUiOjEyMDAwMDAwMDAwMH19",
          "dependencies": [
            "aws_internet_gateway.gw",
            "aws_route_table.rt",
            "aws_subnet.public",
            "aws_vpc.test-vpc"
          ]
        }
      ]
    },
    {
      "mode": "managed",
      "type": "aws_route_table_association",
      "name": "b",
      "provider": "provider[\"registry.terraform.io/hashicorp/aws\"]",
      "instances": [
        {
          "schema_version": 0,
          "attributes": {
            "gateway_id": "",
            "id": "rtbassoc-007f5adec54dfd1f4",
            "route_table_id": "rtb-02596fb299ae9efb8",
            "subnet_id": "subnet-01c548ce041debb0b",
            "timeouts": null
          },
          "sensitive_attributes": [],
          "private": "eyJlMmJmYjczMC1lY2FhLTExZTYtOGY4OC0zNDM2M2JjN2M0YzAiOnsiY3JlYXRlIjozMDAwMDAwMDAwMDAsImRlbGV0ZSI6MzAwMDAwMDAwMDAwLCJ1cGRhdGUiOjEyMDAwMDAwMDAwMH19",
          "dependencies": [
            "aws_internet_gateway.gw",
            "aws_route_table.rt",
            "aws_subnet.private",
            "aws_vpc.test-vpc"
          ]
        }
      ]
    },
    {
      "mode": "managed",
      "type": "aws_security_group",
      "name": "allow_tls",
      "provider": "provider[\"registry.terraform.io/hashicorp/aws\"]",
      "instances": [
        {
          "schema_version": 1,
          "attributes": {
            "arn": "arn:aws:ec2:us-east-1:932919696617:security-group/sg-07f3be70637f5d040",
            "description": "Allow TLS inbound traffic",
            "egress": [
              {
                "cidr_blocks": [
                  "0.0.0.0/0"
                ],
                "description": "",
                "from_port": 0,
                "ipv6_cidr_blocks": [],
                "prefix_list_ids": [],
                "protocol": "-1",
                "security_groups": [],
                "self": false,
                "to_port": 0
              }
            ],
            "id": "sg-07f3be70637f5d040",
            "ingress": [
              {
                "cidr_blocks": [
                  "0.0.0.0/0"
                ],
                "description": "TLS from VPC",
                "from_port": 22,
                "ipv6_cidr_blocks": [],
                "prefix_list_ids": [],
                "protocol": "tcp",
                "security_groups": [],
                "self": false,
                "to_port": 22
              },
              {
                "cidr_blocks": [
                  "0.0.0.0/0"
                ],
                "description": "TLS from VPC",
                "from_port": 443,
                "ipv6_cidr_blocks": [],
                "prefix_list_ids": [],
                "protocol": "tcp",
                "security_groups": [],
                "self": false,
                "to_port": 443
              },
              {
                "cidr_blocks": [
                  "0.0.0.0/0"
                ],
                "description": "TLS from VPC",
                "from_port": 8080,
                "ipv6_cidr_blocks": [],
                "prefix_list_ids": [],
                "protocol": "tcp",
                "security_groups": [],
                "self": false,
                "to_port": 8080
              },
              {
                "cidr_blocks": [
                  "0.0.0.0/0"
                ],
                "description": "TLS from VPC",
                "from_port": 80,
                "ipv6_cidr_blocks": [],
                "prefix_list_ids": [],
                "protocol": "tcp",
                "security_groups": [],
                "self": false,
                "to_port": 80
              },
              {
                "cidr_blocks": [
                  "0.0.0.0/0"
                ],
                "description": "TLS from VPC",
                "from_port": 81,
                "ipv6_cidr_blocks": [],
                "prefix_list_ids": [],
                "protocol": "tcp",
                "security_groups": [],
                "self": false,
                "to_port": 81
              }
            ],
            "name": "allow_tls",
            "name_prefix": "",
            "owner_id": "932919696617",
            "revoke_rules_on_delete": false,
            "tags": {
              "Name": "ec2-SG"
            },
            "tags_all": {
              "Name": "ec2-SG"
            },
            "timeouts": null,
            "vpc_id": "vpc-008bdc4c1abaedc4c"
          },
          "sensitive_attributes": [],
          "private": "eyJlMmJmYjczMC1lY2FhLTExZTYtOGY4OC0zNDM2M2JjN2M0YzAiOnsiY3JlYXRlIjo2MDAwMDAwMDAwMDAsImRlbGV0ZSI6OTAwMDAwMDAwMDAwfSwic2NoZW1hX3ZlcnNpb24iOiIxIn0=",
          "dependencies": [
            "aws_vpc.test-vpc"
          ]
        }
      ]
    },
    {
      "mode": "managed",
      "type": "aws_subnet",
      "name": "private",
      "provider": "provider[\"registry.terraform.io/hashicorp/aws\"]",
      "instances": [
        {
          "schema_version": 1,
          "attributes": {
            "arn": "arn:aws:ec2:us-east-1:932919696617:subnet/subnet-01c548ce041debb0b",
            "assign_ipv6_address_on_creation": false,
            "availability_zone": "us-east-1b",
            "availability_zone_id": "use1-az1",
            "cidr_block": "10.0.2.0/24",
            "customer_owned_ipv4_pool": "",
            "enable_dns64": false,
            "enable_lni_at_device_index": 0,
            "enable_resource_name_dns_a_record_on_launch": false,
            "enable_resource_name_dns_aaaa_record_on_launch": false,
            "id": "subnet-01c548ce041debb0b",
            "ipv6_cidr_block": "",
            "ipv6_cidr_block_association_id": "",
            "ipv6_native": false,
            "map_customer_owned_ip_on_launch": false,
            "map_public_ip_on_launch": false,
            "outpost_arn": "",
            "owner_id": "932919696617",
            "private_dns_hostname_type_on_launch": "ip-name",
            "tags": {
              "Name": "test_private_subnet"
            },
            "tags_all": {
              "Name": "test_private_subnet"
            },
            "timeouts": null,
            "vpc_id": "vpc-008bdc4c1abaedc4c"
          },
          "sensitive_attributes": [],
          "private": "eyJlMmJmYjczMC1lY2FhLTExZTYtOGY4OC0zNDM2M2JjN2M0YzAiOnsiY3JlYXRlIjo2MDAwMDAwMDAwMDAsImRlbGV0ZSI6MTIwMDAwMDAwMDAwMH0sInNjaGVtYV92ZXJzaW9uIjoiMSJ9",
          "dependencies": [
            "aws_vpc.test-vpc"
          ]
        }
      ]
    },
    {
      "mode": "managed",
      "type": "aws_subnet",
      "name": "public",
      "provider": "provider[\"registry.terraform.io/hashicorp/aws\"]",
      "instances": [
        {
          "schema_version": 1,
          "attributes": {
            "arn": "arn:aws:ec2:us-east-1:932919696617:subnet/subnet-0b33387c498865b2c",
            "assign_ipv6_address_on_creation": false,
            "availability_zone": "us-east-1a",
            "availability_zone_id": "use1-az6",
            "cidr_block": "10.0.1.0/24",
            "customer_owned_ipv4_pool": "",
            "enable_dns64": false,
            "enable_lni_at_device_index": 0,
            "enable_resource_name_dns_a_record_on_launch": false,
            "enable_resource_name_dns_aaaa_record_on_launch": false,
            "id": "subnet-0b33387c498865b2c",
            "ipv6_cidr_block": "",
            "ipv6_cidr_block_association_id": "",
            "ipv6_native": false,
            "map_customer_owned_ip_on_launch": false,
            "map_public_ip_on_launch": true,
            "outpost_arn": "",
            "owner_id": "932919696617",
            "private_dns_hostname_type_on_launch": "ip-name",
            "tags": {
              "Name": "test_public_subnet"
            },
            "tags_all": {
              "Name": "test_public_subnet"
            },
            "timeouts": null,
            "vpc_id": "vpc-008bdc4c1abaedc4c"
          },
          "sensitive_attributes": [],
          "private": "eyJlMmJmYjczMC1lY2FhLTExZTYtOGY4OC0zNDM2M2JjN2M0YzAiOnsiY3JlYXRlIjo2MDAwMDAwMDAwMDAsImRlbGV0ZSI6MTIwMDAwMDAwMDAwMH0sInNjaGVtYV92ZXJzaW9uIjoiMSJ9",
          "dependencies": [
            "aws_vpc.test-vpc"
          ]
        }
      ]
    },
    {
      "mode": "managed",
      "type": "aws_vpc",
      "name": "test-vpc",
      "provider": "provider[\"registry.terraform.io/hashicorp/aws\"]",
      "instances": [
        {
          "schema_version": 1,
          "attributes": {
            "arn": "arn:aws:ec2:us-east-1:932919696617:vpc/vpc-008bdc4c1abaedc4c",
            "assign_generated_ipv6_cidr_block": false,
            "cidr_block": "10.0.0.0/16",
            "default_network_acl_id": "acl-0720b1c45e5255ef2",
            "default_route_table_id": "rtb-0842b37c3d3e6fac2",
            "default_security_group_id": "sg-0f26054d1769d7375",
            "dhcp_options_id": "dopt-004ed46725d2a9cfd",
            "enable_classiclink": false,
            "enable_classiclink_dns_support": false,
            "enable_dns_hostnames": true,
            "enable_dns_support": true,
            "enable_network_address_usage_metrics": false,
            "id": "vpc-008bdc4c1abaedc4c",
            "instance_tenancy": "default",
            "ipv4_ipam_pool_id": null,
            "ipv4_netmask_length": null,
            "ipv6_association_id": "",
            "ipv6_cidr_block": "",
            "ipv6_cidr_block_network_border_group": "",
            "ipv6_ipam_pool_id": "",
            "ipv6_netmask_length": 0,
            "main_route_table_id": "rtb-0842b37c3d3e6fac2",
            "owner_id": "932919696617",
            "tags": {
              "Name": "Test VPC"
            },
            "tags_all": {
              "Name": "Test VPC"
            }
          },
          "sensitive_attributes": [],
          "private": "eyJzY2hlbWFfdmVyc2lvbiI6IjEifQ=="
        }
      ]
    },
    {
      "mode": "managed",
      "type": "local_file",
      "name": "key",
      "provider": "provider[\"registry.terraform.io/hashicorp/local\"]",
      "instances": [
        {
          "schema_version": 0,
          "attributes": {
            "content": "-----BEGIN RSA PRIVATE KEY-----\nMIIEpQIBAAKCAQEAtO9k0Icr0EuaToPU46QS3HFuthhIKOFCTvm9af/JbwdvAVcB\n3IVYueGQ3j4gBkHxGOZypCWCq3n3XAQZ3xfY14li+IX2vUcLt939+2L3wsD0nBF9\nB5tJAhOpMVSfLLrMO1lyYRHB4O406GV/N0sz1h/WXIBQS0MlDBIQmlFm+de+vYUw\nPSqQcqwqmBSqEo2IpgzTdVE84T+xG1206KXJjTrveXrMxxbD0rUKAH8M69/j9PD0\nHtCCuff1vqVLQ6X8+te6f6bRy0hrFMr4oUrNtHnVYmZV/G8GDSJZyIk9ltZS7lnx\nnb0ShqTI2FG2AFtKz9T0N44830wi8HzwYhecxwIDAQABAoIBAGC5laBwkniQ4hXV\nHgrv3HFiZngMNQ89lLAZjCvNZQbo52vE8qbL1mnQbxyQA5i0ycmw8FpV/yviUN0t\nCBOecPqQZItNOmFnSJlroGoyNxczBdEk/D0Dw5zLm+hWP52u4p1brOy9jHLNhRUz\npTWPC1ANxw++PK5vX6+7PIryt2UaDHMlgBapfzZlRqFaz+uFw2LAHrZtorbW4N7y\n58yunpmNG38jhe3aaYymkDw/RsFM9gly1g5Yhh614Rwa7A0cbN8a/7zJAyLfH0pu\nsxnbRgDSmJD3Q6DMM2LDedk0cRwFGIBKYEkj3CxYyxSy9NNfgy4hJc7vFYaDYDlf\n262L/OECgYEAwg9Exwr42WwNq3EwtYVVhwBghLYv2y3gpyBHXuSUQOYu+jiE3I2X\nRm0JwH+AsDtvTBgbeg5GshIJycX9Npf5E+Vd7D7mKkDqWp9WdkfdtvkBAgRqk4mQ\nUyi+HsaPgViP8+9QQ6K6ypw6L6u/Ktkeqiw8dmr/AnmSRQPJa72cb/ECgYEA7q+2\nnxsT9FyGEbuMNgjKFpXQMFS5P7SDnM76Bfaxk5Uf9PWtP4CofmA1v3Y6B+US9Yj8\nu8hA41S2EBLJPRmRpBZnnMlJCFCiE5Modig/V0CSTz7bYMTAz9mXwxweJqiiPsbm\nMVWT7btABlY28l6GuTjrL1frQZNlN6u2XhLEkDcCgYEAmSWDmbFHAg8MGqiRUC+R\nd6EMiq9cxRRHnp0StgieFzmRCVdhQs1a/PFAKPJ2lJ3TD7JWvNRXZmBl6R6e3l7A\n6rqwjKh27BGe4TWt/lpo1uVbrkPd9+EwTPByWcdJqUJDGLdcGIRr9UmlgcmAbEg8\nsv+GF84IweM/U8fRRX2134ECgYEAiPJkU5GTt2bGvbHf1rjgSmkWlERoLXcC9JuE\ntJtAc67iMQgsqPzGsAu/iuToktMKN7qrV4qkQErAUySUNexPtdftBvYuYwjwlU6f\nrnuVLBiuWa107Wa2QgtUmeuuGPw0atRwCupQ/9up9njM+e7mWaugtP86ydsp/fEV\np5AZG60CgYEAlGH7hIkzm+mMTI71egX8lqn0B+nUoYjaDu/WjAs2yYr+OQbHBxoj\nObhVsNvr3j4fE+8XsjHQHo32lkLpsLnhfvMLiWIdc0UBDyNuchNPO7i2TcpP4NeI\nUiXWgNxjfL8yRsQnZdCOCTt59cBwmjjZaV14X/AIWM8w2jg9fScBhVg=\n-----END RSA PRIVATE KEY-----\n",
            "content_base64": null,
            "content_base64sha256": "l8xoZHI1HdSuoe1GRJHztDFrpDtEXViSUcWImoECDfg=",
            "content_base64sha512": "A+1+9hDO+cyXlEjnkkKlrAetf0Zaj2iXzGxBgXUUbi8cSVf88rXNFhv3Zt1W21oqacGUUiGoon8dBshuLge+Yg==",
            "content_md5": "f6b9c42c516e5c6f99e0938d1805344a",
            "content_sha1": "bae6399aa79860ec329116e8d7baf0b9e3f4a3cd",
            "content_sha256": "97cc686472351dd4aea1ed464491f3b4316ba43b445d589251c5889a81020df8",
            "content_sha512": "03ed7ef610cef9cc979448e79242a5ac07ad7f465a8f6897cc6c418175146e2f1c4957fcf2b5cd161bf766dd56db5a2a69c1945221a8a27f1d06c86e2e07be62",
            "directory_permission": "0777",
            "file_permission": "0400",
            "filename": "demo-ssh-key.pem",
            "id": "bae6399aa79860ec329116e8d7baf0b9e3f4a3cd",
            "sensitive_content": null,
            "source": null
          },
          "sensitive_attributes": [
            [
              {
                "type": "get_attr",
                "value": "content"
              }
            ]
          ],
          "dependencies": [
            "tls_private_key.ssh-key"
          ]
        }
      ]
    },
    {
      "mode": "managed",
      "type": "tls_private_key",
      "name": "ssh-key",
      "provider": "provider[\"registry.terraform.io/hashicorp/tls\"]",
      "instances": [
        {
          "schema_version": 1,
          "attributes": {
            "algorithm": "RSA",
            "ecdsa_curve": "P224",
            "id": "874673cdeabe17c284241ae3bcebf0d33cf6e40c",
            "private_key_openssh": "-----BEGIN OPENSSH PRIVATE KEY-----\nb3BlbnNzaC1rZXktdjEAAAAABG5vbmUAAAAEbm9uZQAAAAAAAAABAAABFwAAAAdz\nc2gtcnNhAAAAAwEAAQAAAQEAtO9k0Icr0EuaToPU46QS3HFuthhIKOFCTvm9af/J\nbwdvAVcB3IVYueGQ3j4gBkHxGOZypCWCq3n3XAQZ3xfY14li+IX2vUcLt939+2L3\nwsD0nBF9B5tJAhOpMVSfLLrMO1lyYRHB4O406GV/N0sz1h/WXIBQS0MlDBIQmlFm\n+de+vYUwPSqQcqwqmBSqEo2IpgzTdVE84T+xG1206KXJjTrveXrMxxbD0rUKAH8M\n69/j9PD0HtCCuff1vqVLQ6X8+te6f6bRy0hrFMr4oUrNtHnVYmZV/G8GDSJZyIk9\nltZS7lnxnb0ShqTI2FG2AFtKz9T0N44830wi8HzwYhecxwAAA7hTs1K+U7NSvgAA\nAAdzc2gtcnNhAAABAQC072TQhyvQS5pOg9TjpBLccW62GEgo4UJO+b1p/8lvB28B\nVwHchVi54ZDePiAGQfEY5nKkJYKrefdcBBnfF9jXiWL4hfa9Rwu33f37YvfCwPSc\nEX0Hm0kCE6kxVJ8susw7WXJhEcHg7jToZX83SzPWH9ZcgFBLQyUMEhCaUWb51769\nhTA9KpByrCqYFKoSjYimDNN1UTzhP7EbXbTopcmNOu95eszHFsPStQoAfwzr3+P0\n8PQe0IK59/W+pUtDpfz617p/ptHLSGsUyvihSs20edViZlX8bwYNIlnIiT2W1lLu\nWfGdvRKGpMjYUbYAW0rP1PQ3jjzfTCLwfPBiF5zHAAAAAwEAAQAAAQBguZWgcJJ4\nkOIV1R4K79xxYmZ4DDUPPZSwGYwrzWUG6OdrxPKmy9Zp0G8ckAOYtMnJsPBaVf8r\n4lDdLQgTnnD6kGSLTTphZ0iZa6BqMjcXMwXRJPw9A8Ocy5voVj+druKdW6zsvYxy\nzYUVM6U1jwtQDccPvjyub1+vuzyK8rdlGgxzJYAWqX82ZUahWs/rhcNiwB62baK2\n1uDe8ufMrp6ZjRt/I4Xt2mmMppA8P0bBTPYJctYOWIYeteEcGuwNHGzfGv+8yQMi\n3x9KbrMZ20YA0piQ90OgzDNiw3nZNHEcBRiASmBJI9wsWMsUsvTTX4MuISXO7xWG\ng2A5X9uti/zhAAAAgQCUYfuEiTOb6YxMjvV6BfyWqfQH6dShiNoO79aMCzbJiv45\nBscHGiM5uFWw2+vePh8T7xeyMdAejfaWQumwueF+8wuJYh1zRQEPI25yE087uLZN\nyk/g14hSJdaA3GN8vzJGxCdl0I4JO3n1wHCaONlpXXhf8AhYzzDaOD19JwGFWAAA\nAIEAwg9Exwr42WwNq3EwtYVVhwBghLYv2y3gpyBHXuSUQOYu+jiE3I2XRm0JwH+A\nsDtvTBgbeg5GshIJycX9Npf5E+Vd7D7mKkDqWp9WdkfdtvkBAgRqk4mQUyi+HsaP\ngViP8+9QQ6K6ypw6L6u/Ktkeqiw8dmr/AnmSRQPJa72cb/EAAACBAO6vtp8bE/Rc\nhhG7jDYIyhaV0DBUuT+0g5zO+gX2sZOVH/T1rT+AqH5gNb92OgflEvWI/LvIQONU\nthASyT0ZkaQWZ5zJSQhQohOTKHYoP1dAkk8+22DEwM/Zl8McHiaooj7G5jFVk+27\nQAZWNvJehrk46y9X60GTZTertl4SxJA3AAAAAAEC\n-----END OPENSSH PRIVATE KEY-----\n",
            "private_key_pem": "-----BEGIN RSA PRIVATE KEY-----\nMIIEpQIBAAKCAQEAtO9k0Icr0EuaToPU46QS3HFuthhIKOFCTvm9af/JbwdvAVcB\n3IVYueGQ3j4gBkHxGOZypCWCq3n3XAQZ3xfY14li+IX2vUcLt939+2L3wsD0nBF9\nB5tJAhOpMVSfLLrMO1lyYRHB4O406GV/N0sz1h/WXIBQS0MlDBIQmlFm+de+vYUw\nPSqQcqwqmBSqEo2IpgzTdVE84T+xG1206KXJjTrveXrMxxbD0rUKAH8M69/j9PD0\nHtCCuff1vqVLQ6X8+te6f6bRy0hrFMr4oUrNtHnVYmZV/G8GDSJZyIk9ltZS7lnx\nnb0ShqTI2FG2AFtKz9T0N44830wi8HzwYhecxwIDAQABAoIBAGC5laBwkniQ4hXV\nHgrv3HFiZngMNQ89lLAZjCvNZQbo52vE8qbL1mnQbxyQA5i0ycmw8FpV/yviUN0t\nCBOecPqQZItNOmFnSJlroGoyNxczBdEk/D0Dw5zLm+hWP52u4p1brOy9jHLNhRUz\npTWPC1ANxw++PK5vX6+7PIryt2UaDHMlgBapfzZlRqFaz+uFw2LAHrZtorbW4N7y\n58yunpmNG38jhe3aaYymkDw/RsFM9gly1g5Yhh614Rwa7A0cbN8a/7zJAyLfH0pu\nsxnbRgDSmJD3Q6DMM2LDedk0cRwFGIBKYEkj3CxYyxSy9NNfgy4hJc7vFYaDYDlf\n262L/OECgYEAwg9Exwr42WwNq3EwtYVVhwBghLYv2y3gpyBHXuSUQOYu+jiE3I2X\nRm0JwH+AsDtvTBgbeg5GshIJycX9Npf5E+Vd7D7mKkDqWp9WdkfdtvkBAgRqk4mQ\nUyi+HsaPgViP8+9QQ6K6ypw6L6u/Ktkeqiw8dmr/AnmSRQPJa72cb/ECgYEA7q+2\nnxsT9FyGEbuMNgjKFpXQMFS5P7SDnM76Bfaxk5Uf9PWtP4CofmA1v3Y6B+US9Yj8\nu8hA41S2EBLJPRmRpBZnnMlJCFCiE5Modig/V0CSTz7bYMTAz9mXwxweJqiiPsbm\nMVWT7btABlY28l6GuTjrL1frQZNlN6u2XhLEkDcCgYEAmSWDmbFHAg8MGqiRUC+R\nd6EMiq9cxRRHnp0StgieFzmRCVdhQs1a/PFAKPJ2lJ3TD7JWvNRXZmBl6R6e3l7A\n6rqwjKh27BGe4TWt/lpo1uVbrkPd9+EwTPByWcdJqUJDGLdcGIRr9UmlgcmAbEg8\nsv+GF84IweM/U8fRRX2134ECgYEAiPJkU5GTt2bGvbHf1rjgSmkWlERoLXcC9JuE\ntJtAc67iMQgsqPzGsAu/iuToktMKN7qrV4qkQErAUySUNexPtdftBvYuYwjwlU6f\nrnuVLBiuWa107Wa2QgtUmeuuGPw0atRwCupQ/9up9njM+e7mWaugtP86ydsp/fEV\np5AZG60CgYEAlGH7hIkzm+mMTI71egX8lqn0B+nUoYjaDu/WjAs2yYr+OQbHBxoj\nObhVsNvr3j4fE+8XsjHQHo32lkLpsLnhfvMLiWIdc0UBDyNuchNPO7i2TcpP4NeI\nUiXWgNxjfL8yRsQnZdCOCTt59cBwmjjZaV14X/AIWM8w2jg9fScBhVg=\n-----END RSA PRIVATE KEY-----\n",
            "private_key_pem_pkcs8": "-----BEGIN PRIVATE KEY-----\nMIIEvwIBADANBgkqhkiG9w0BAQEFAASCBKkwggSlAgEAAoIBAQC072TQhyvQS5pO\ng9TjpBLccW62GEgo4UJO+b1p/8lvB28BVwHchVi54ZDePiAGQfEY5nKkJYKrefdc\nBBnfF9jXiWL4hfa9Rwu33f37YvfCwPScEX0Hm0kCE6kxVJ8susw7WXJhEcHg7jTo\nZX83SzPWH9ZcgFBLQyUMEhCaUWb51769hTA9KpByrCqYFKoSjYimDNN1UTzhP7Eb\nXbTopcmNOu95eszHFsPStQoAfwzr3+P08PQe0IK59/W+pUtDpfz617p/ptHLSGsU\nyvihSs20edViZlX8bwYNIlnIiT2W1lLuWfGdvRKGpMjYUbYAW0rP1PQ3jjzfTCLw\nfPBiF5zHAgMBAAECggEAYLmVoHCSeJDiFdUeCu/ccWJmeAw1Dz2UsBmMK81lBujn\na8TypsvWadBvHJADmLTJybDwWlX/K+JQ3S0IE55w+pBki006YWdImWugajI3FzMF\n0ST8PQPDnMub6FY/na7inVus7L2Mcs2FFTOlNY8LUA3HD748rm9fr7s8ivK3ZRoM\ncyWAFql/NmVGoVrP64XDYsAetm2ittbg3vLnzK6emY0bfyOF7dppjKaQPD9GwUz2\nCXLWDliGHrXhHBrsDRxs3xr/vMkDIt8fSm6zGdtGANKYkPdDoMwzYsN52TRxHAUY\ngEpgSSPcLFjLFLL001+DLiElzu8VhoNgOV/brYv84QKBgQDCD0THCvjZbA2rcTC1\nhVWHAGCEti/bLeCnIEde5JRA5i76OITcjZdGbQnAf4CwO29MGBt6DkayEgnJxf02\nl/kT5V3sPuYqQOpan1Z2R922+QECBGqTiZBTKL4exo+BWI/z71BDorrKnDovq78q\n2R6qLDx2av8CeZJFA8lrvZxv8QKBgQDur7afGxP0XIYRu4w2CMoWldAwVLk/tIOc\nzvoF9rGTlR/09a0/gKh+YDW/djoH5RL1iPy7yEDjVLYQEsk9GZGkFmecyUkIUKIT\nkyh2KD9XQJJPPttgxMDP2ZfDHB4mqKI+xuYxVZPtu0AGVjbyXoa5OOsvV+tBk2U3\nq7ZeEsSQNwKBgQCZJYOZsUcCDwwaqJFQL5F3oQyKr1zFFEeenRK2CJ4XOZEJV2FC\nzVr88UAo8naUndMPsla81FdmYGXpHp7eXsDqurCMqHbsEZ7hNa3+WmjW5VuuQ933\n4TBM8HJZx0mpQkMYt1wYhGv1SaWByYBsSDyy/4YXzgjB4z9Tx9FFfbXfgQKBgQCI\n8mRTkZO3Zsa9sd/WuOBKaRaURGgtdwL0m4S0m0BzruIxCCyo/MawC7+K5OiS0wo3\nuqtXiqRASsBTJJQ17E+11+0G9i5jCPCVTp+ue5UsGK5ZrXTtZrZCC1SZ664Y/DRq\n1HAK6lD/26n2eMz57uZZq6C0/zrJ2yn98RWnkBkbrQKBgQCUYfuEiTOb6YxMjvV6\nBfyWqfQH6dShiNoO79aMCzbJiv45BscHGiM5uFWw2+vePh8T7xeyMdAejfaWQumw\nueF+8wuJYh1zRQEPI25yE087uLZNyk/g14hSJdaA3GN8vzJGxCdl0I4JO3n1wHCa\nONlpXXhf8AhYzzDaOD19JwGFWA==\n-----END PRIVATE KEY-----\n",
            "public_key_fingerprint_md5": "ba:94:fe:b2:e1:fe:b4:99:55:8b:ed:a0:7e:57:33:fb",
            "public_key_fingerprint_sha256": "SHA256:RJKudy6eyY3BJYU+CMlZ3ho4y6wIVP+PZDFofVnfBEs",
            "public_key_openssh": "ssh-rsa AAAAB3NzaC1yc2EAAAADAQABAAABAQC072TQhyvQS5pOg9TjpBLccW62GEgo4UJO+b1p/8lvB28BVwHchVi54ZDePiAGQfEY5nKkJYKrefdcBBnfF9jXiWL4hfa9Rwu33f37YvfCwPScEX0Hm0kCE6kxVJ8susw7WXJhEcHg7jToZX83SzPWH9ZcgFBLQyUMEhCaUWb51769hTA9KpByrCqYFKoSjYimDNN1UTzhP7EbXbTopcmNOu95eszHFsPStQoAfwzr3+P08PQe0IK59/W+pUtDpfz617p/ptHLSGsUyvihSs20edViZlX8bwYNIlnIiT2W1lLuWfGdvRKGpMjYUbYAW0rP1PQ3jjzfTCLwfPBiF5zH\n",
            "public_key_pem": "-----BEGIN PUBLIC KEY-----\nMIIBIjANBgkqhkiG9w0BAQEFAAOCAQ8AMIIBCgKCAQEAtO9k0Icr0EuaToPU46QS\n3HFuthhIKOFCTvm9af/JbwdvAVcB3IVYueGQ3j4gBkHxGOZypCWCq3n3XAQZ3xfY\n14li+IX2vUcLt939+2L3wsD0nBF9B5tJAhOpMVSfLLrMO1lyYRHB4O406GV/N0sz\n1h/WXIBQS0MlDBIQmlFm+de+vYUwPSqQcqwqmBSqEo2IpgzTdVE84T+xG1206KXJ\njTrveXrMxxbD0rUKAH8M69/j9PD0HtCCuff1vqVLQ6X8+te6f6bRy0hrFMr4oUrN\ntHnVYmZV/G8GDSJZyIk9ltZS7lnxnb0ShqTI2FG2AFtKz9T0N44830wi8HzwYhec\nxwIDAQAB\n-----END PUBLIC KEY-----\n",
            "rsa_bits": 2048
          },
          "sensitive_attributes": []
        }
      ]
    }
  ],
  "check_results": null
}
