{
  "version": 4,
  "terraform_version": "1.4.6",
  "serial": 467,
  "lineage": "c9346d1b-7780-58ad-774b-d93ad88a6537",
  "outputs": {
    "alb-dns-name": {
      "value": "application-lb-1646389106.us-east-1.elb.amazonaws.com",
      "type": "string"
    },
    "certificate_arn": {
      "value": "arn:aws:acm:us-east-1:932919696617:certificate/68329689-26f8-4b3f-a5c4-40e80313a483",
      "type": "string"
    },
    "domain_name": {
      "value": "atariya.online",
      "type": "string"
    },
    "ec2_global_ips": {
      "value": [
        [
          "107.22.25.36"
        ]
      ],
      "type": [
        "tuple",
        [
          [
            "tuple",
            [
              "string"
            ]
          ]
        ]
      ]
    },
    "webapp_url": {
      "value": "www",
      "type": "string"
    }
  },
  "resources": [
    {
      "mode": "data",
      "type": "aws_route53_zone",
      "name": "hosted_zone",
      "provider": "provider[\"registry.terraform.io/hashicorp/aws\"]",
      "instances": [
        {
          "schema_version": 0,
          "attributes": {
            "arn": "arn:aws:route53:::hostedzone/Z07414811SPJLSI3S2D7G",
            "caller_reference": "e6dc5170-b0d0-407c-b7c3-6a8f3df14eba",
            "comment": "",
            "id": "Z07414811SPJLSI3S2D7G",
            "linked_service_description": null,
            "linked_service_principal": null,
            "name": "atariya.online",
            "name_servers": [
              "ns-283.awsdns-35.com",
              "ns-1657.awsdns-15.co.uk",
              "ns-1319.awsdns-36.org",
              "ns-610.awsdns-12.net"
            ],
            "primary_name_server": "ns-283.awsdns-35.com",
            "private_zone": false,
            "resource_record_set_count": 4,
            "tags": {},
            "vpc_id": null,
            "zone_id": "Z07414811SPJLSI3S2D7G"
          },
          "sensitive_attributes": []
        }
      ]
    },
    {
      "mode": "managed",
      "type": "aws_acm_certificate",
      "name": "acm_certificate",
      "provider": "provider[\"registry.terraform.io/hashicorp/aws\"]",
      "instances": [
        {
          "schema_version": 0,
          "attributes": {
            "arn": "arn:aws:acm:us-east-1:932919696617:certificate/68329689-26f8-4b3f-a5c4-40e80313a483",
            "certificate_authority_arn": "",
            "certificate_body": null,
            "certificate_chain": null,
            "domain_name": "atariya.online",
            "domain_validation_options": [
              {
                "domain_name": "*.atariya.online",
                "resource_record_name": "_a3d352b759aa720b9adfd0320a39f036.atariya.online.",
                "resource_record_type": "CNAME",
                "resource_record_value": "_6c67452a6882cce42d0020e3179ea975.nbnhgqgzdr.acm-validations.aws."
              },
              {
                "domain_name": "atariya.online",
                "resource_record_name": "_a3d352b759aa720b9adfd0320a39f036.atariya.online.",
                "resource_record_type": "CNAME",
                "resource_record_value": "_6c67452a6882cce42d0020e3179ea975.nbnhgqgzdr.acm-validations.aws."
              }
            ],
            "early_renewal_duration": "",
            "id": "arn:aws:acm:us-east-1:932919696617:certificate/68329689-26f8-4b3f-a5c4-40e80313a483",
            "key_algorithm": "RSA_2048",
            "not_after": "2024-07-12T23:59:59Z",
            "not_before": "2023-06-14T00:00:00Z",
            "options": [
              {
                "certificate_transparency_logging_preference": "ENABLED"
              }
            ],
            "pending_renewal": false,
            "private_key": null,
            "renewal_eligibility": "INELIGIBLE",
            "renewal_summary": [],
            "status": "ISSUED",
            "subject_alternative_names": [
              "*.atariya.online",
              "atariya.online"
            ],
            "tags": {},
            "tags_all": {},
            "type": "AMAZON_ISSUED",
            "validation_emails": [],
            "validation_method": "DNS",
            "validation_option": []
          },
          "sensitive_attributes": [],
          "private": "bnVsbA=="
        }
      ]
    },
    {
      "mode": "managed",
      "type": "aws_acm_certificate_validation",
      "name": "validation_cert",
      "provider": "provider[\"registry.terraform.io/hashicorp/aws\"]",
      "instances": [
        {
          "schema_version": 0,
          "attributes": {
            "certificate_arn": "arn:aws:acm:us-east-1:932919696617:certificate/68329689-26f8-4b3f-a5c4-40e80313a483",
            "id": "2023-06-14 12:27:23.372 +0000 UTC",
            "timeouts": null,
            "validation_record_fqdns": [
              "_a3d352b759aa720b9adfd0320a39f036.atariya.online"
            ]
          },
          "sensitive_attributes": [],
          "private": "eyJlMmJmYjczMC1lY2FhLTExZTYtOGY4OC0zNDM2M2JjN2M0YzAiOnsiY3JlYXRlIjo0NTAwMDAwMDAwMDAwfX0=",
          "dependencies": [
            "aws_acm_certificate.acm_certificate",
            "aws_route53_record.route53_record",
            "data.aws_route53_zone.hosted_zone"
          ]
        }
      ]
    },
    {
      "mode": "managed",
      "type": "aws_instance",
      "name": "web",
      "provider": "provider[\"registry.terraform.io/hashicorp/aws\"]",
      "instances": [
        {
          "index_key": 0,
          "schema_version": 1,
          "attributes": {
            "ami": "ami-007855ac798b5175e",
            "arn": "arn:aws:ec2:us-east-1:932919696617:instance/i-06f28c4672bf37743",
            "associate_public_ip_address": true,
            "availability_zone": "us-east-1a",
            "capacity_reservation_specification": [
              {
                "capacity_reservation_preference": "open",
                "capacity_reservation_target": []
              }
            ],
            "cpu_core_count": 1,
            "cpu_options": [
              {
                "amd_sev_snp": "",
                "core_count": 1,
                "threads_per_core": 1
              }
            ],
            "cpu_threads_per_core": 1,
            "credit_specification": [
              {
                "cpu_credits": "standard"
              }
            ],
            "disable_api_stop": false,
            "disable_api_termination": false,
            "ebs_block_device": [],
            "ebs_optimized": false,
            "enclave_options": [
              {
                "enabled": false
              }
            ],
            "ephemeral_block_device": [],
            "get_password_data": false,
            "hibernation": false,
            "host_id": "",
            "host_resource_group_arn": null,
            "iam_instance_profile": "",
            "id": "i-06f28c4672bf37743",
            "instance_initiated_shutdown_behavior": "stop",
            "instance_state": "running",
            "instance_type": "t2.micro",
            "ipv6_address_count": 0,
            "ipv6_addresses": [],
            "key_name": "demo-ssh-key",
            "launch_template": [],
            "maintenance_options": [
              {
                "auto_recovery": "default"
              }
            ],
            "metadata_options": [
              {
                "http_endpoint": "enabled",
                "http_put_response_hop_limit": 1,
                "http_tokens": "optional",
                "instance_metadata_tags": "disabled"
              }
            ],
            "monitoring": false,
            "network_interface": [],
            "outpost_arn": "",
            "password_data": "",
            "placement_group": "",
            "placement_partition_number": 0,
            "primary_network_interface_id": "eni-0c04e8903f51dcf8d",
            "private_dns": "ip-10-0-1-13.ec2.internal",
            "private_dns_name_options": [
              {
                "enable_resource_name_dns_a_record": false,
                "enable_resource_name_dns_aaaa_record": false,
                "hostname_type": "ip-name"
              }
            ],
            "private_ip": "10.0.1.13",
            "public_dns": "ec2-107-22-25-36.compute-1.amazonaws.com",
            "public_ip": "107.22.25.36",
            "root_block_device": [
              {
                "delete_on_termination": true,
                "device_name": "/dev/sda1",
                "encrypted": false,
                "iops": 100,
                "kms_key_id": "",
                "tags": {},
                "throughput": 0,
                "volume_id": "vol-0b751fd6b5fdb148c",
                "volume_size": 8,
                "volume_type": "gp2"
              }
            ],
            "secondary_private_ips": [],
            "security_groups": [],
            "source_dest_check": true,
            "subnet_id": "subnet-01f9222fc9ffdb16f",
            "tags": {
              "Name": "demo-vm-0"
            },
            "tags_all": {
              "Name": "demo-vm-0"
            },
            "tenancy": "default",
            "timeouts": null,
            "user_data": "8272cda0c1f984adc9cc870c6b14ffbd39989fdb",
            "user_data_base64": null,
            "user_data_replace_on_change": false,
            "volume_tags": null,
            "vpc_security_group_ids": [
              "sg-064b30e9af1b80b3f"
            ]
          },
          "sensitive_attributes": [],
          "private": "eyJlMmJmYjczMC1lY2FhLTExZTYtOGY4OC0zNDM2M2JjN2M0YzAiOnsiY3JlYXRlIjo2MDAwMDAwMDAwMDAsImRlbGV0ZSI6MTIwMDAwMDAwMDAwMCwidXBkYXRlIjo2MDAwMDAwMDAwMDB9LCJzY2hlbWFfdmVyc2lvbiI6IjEifQ==",
          "dependencies": [
            "aws_key_pair.generated_key",
            "aws_security_group.allow_tls",
            "aws_subnet.public",
            "aws_vpc.test-vpc",
            "tls_private_key.ssh-key"
          ]
        }
      ]
    },
    {
      "mode": "managed",
      "type": "aws_internet_gateway",
      "name": "gw",
      "provider": "provider[\"registry.terraform.io/hashicorp/aws\"]",
      "instances": [
        {
          "schema_version": 0,
          "attributes": {
            "arn": "arn:aws:ec2:us-east-1:932919696617:internet-gateway/igw-0029733cc61341a44",
            "id": "igw-0029733cc61341a44",
            "owner_id": "932919696617",
            "tags": {
              "Name": "TEST VPC IG"
            },
            "tags_all": {
              "Name": "TEST VPC IG"
            },
            "timeouts": null,
            "vpc_id": "vpc-0ad043c97d8813749"
          },
          "sensitive_attributes": [],
          "private": "eyJlMmJmYjczMC1lY2FhLTExZTYtOGY4OC0zNDM2M2JjN2M0YzAiOnsiY3JlYXRlIjoxMjAwMDAwMDAwMDAwLCJkZWxldGUiOjEyMDAwMDAwMDAwMDAsInVwZGF0ZSI6MTIwMDAwMDAwMDAwMH19",
          "dependencies": [
            "aws_vpc.test-vpc"
          ]
        }
      ]
    },
    {
      "mode": "managed",
      "type": "aws_key_pair",
      "name": "generated_key",
      "provider": "provider[\"registry.terraform.io/hashicorp/aws\"]",
      "instances": [
        {
          "schema_version": 1,
          "attributes": {
            "arn": "arn:aws:ec2:us-east-1:932919696617:key-pair/demo-ssh-key",
            "fingerprint": "7e:ec:70:2f:d2:66:b0:91:9e:21:07:2c:84:c0:df:82",
            "id": "demo-ssh-key",
            "key_name": "demo-ssh-key",
            "key_name_prefix": "",
            "key_pair_id": "key-0dd2b09b4fbdb6c6b",
            "key_type": "rsa",
            "public_key": "ssh-rsa AAAAB3NzaC1yc2EAAAADAQABAAABAQDXJLYKQsr2Fv98u4RnswI7+wXJAV429qm1wWOtzh9hZ64kYd+dtYoA5erUSt0QoUmK7NpIObYgKxKCYa8GtdSWct++A1LxFfoOMuKG/WeB+GdRk8+WWzpWfMFkW9y8t2ZX9/sOxs8oZwNs/k9zvxpfBjV+sV1IwjpmGpoZuPlDA3lO5XWsiNXreyXbehs0w4zy+lnmSqUY2UFdW1svXHv0if0hAXgFbQxgoez1af57KeNu2Cx/rDQwhUZjZj15HhLR3gsET/X0UR5QfkyO0gFgNTzLKxn13hOdrK/FNOhyAqmbNJvD7hnhBxZAwbsO7CRXDT4TXqZ8RZ+yB1pKlvzZ",
            "tags": {},
            "tags_all": {}
          },
          "sensitive_attributes": [],
          "private": "eyJzY2hlbWFfdmVyc2lvbiI6IjEifQ==",
          "dependencies": [
            "tls_private_key.ssh-key"
          ]
        }
      ]
    },
    {
      "mode": "managed",
      "type": "aws_lb",
      "name": "application_load_balancer",
      "provider": "provider[\"registry.terraform.io/hashicorp/aws\"]",
      "instances": [
        {
          "schema_version": 0,
          "attributes": {
            "access_logs": [
              {
                "bucket": "",
                "enabled": false,
                "prefix": ""
              }
            ],
            "arn": "arn:aws:elasticloadbalancing:us-east-1:932919696617:loadbalancer/app/application-lb/34633d019a4f07af",
            "arn_suffix": "app/application-lb/34633d019a4f07af",
            "customer_owned_ipv4_pool": "",
            "desync_mitigation_mode": "defensive",
            "dns_name": "application-lb-1646389106.us-east-1.elb.amazonaws.com",
            "drop_invalid_header_fields": false,
            "enable_cross_zone_load_balancing": true,
            "enable_deletion_protection": false,
            "enable_http2": true,
            "enable_tls_version_and_cipher_suite_headers": false,
            "enable_waf_fail_open": false,
            "enable_xff_client_port": false,
            "id": "arn:aws:elasticloadbalancing:us-east-1:932919696617:loadbalancer/app/application-lb/34633d019a4f07af",
            "idle_timeout": 60,
            "internal": false,
            "ip_address_type": "ipv4",
            "load_balancer_type": "application",
            "name": "application-lb",
            "name_prefix": null,
            "preserve_host_header": false,
            "security_groups": [
              "sg-064b30e9af1b80b3f"
            ],
            "subnet_mapping": [
              {
                "allocation_id": "",
                "ipv6_address": "",
                "outpost_id": "",
                "private_ipv4_address": "",
                "subnet_id": "subnet-01f9222fc9ffdb16f"
              },
              {
                "allocation_id": "",
                "ipv6_address": "",
                "outpost_id": "",
                "private_ipv4_address": "",
                "subnet_id": "subnet-09cd517288d6622e4"
              },
              {
                "allocation_id": "",
                "ipv6_address": "",
                "outpost_id": "",
                "private_ipv4_address": "",
                "subnet_id": "subnet-0a0bbadbca3178f70"
              }
            ],
            "subnets": [
              "subnet-01f9222fc9ffdb16f",
              "subnet-09cd517288d6622e4",
              "subnet-0a0bbadbca3178f70"
            ],
            "tags": {
              "Environment": "dev"
            },
            "tags_all": {
              "Environment": "dev"
            },
            "timeouts": null,
            "vpc_id": "vpc-0ad043c97d8813749",
            "xff_header_processing_mode": "append",
            "zone_id": "Z35SXDOTRQ7X7K"
          },
          "sensitive_attributes": [],
          "private": "eyJlMmJmYjczMC1lY2FhLTExZTYtOGY4OC0zNDM2M2JjN2M0YzAiOnsiY3JlYXRlIjo2MDAwMDAwMDAwMDAsImRlbGV0ZSI6NjAwMDAwMDAwMDAwLCJ1cGRhdGUiOjYwMDAwMDAwMDAwMH19",
          "dependencies": [
            "aws_security_group.allow_tls",
            "aws_subnet.public",
            "aws_vpc.test-vpc"
          ]
        }
      ]
    },
    {
      "mode": "managed",
      "type": "aws_lb_listener",
      "name": "listener",
      "provider": "provider[\"registry.terraform.io/hashicorp/aws\"]",
      "instances": [
        {
          "schema_version": 0,
          "attributes": {
            "alpn_policy": null,
            "arn": "arn:aws:elasticloadbalancing:us-east-1:932919696617:listener/app/application-lb/34633d019a4f07af/abc7de6ce38c40a0",
            "certificate_arn": null,
            "default_action": [
              {
                "authenticate_cognito": [],
                "authenticate_oidc": [],
                "fixed_response": [],
                "forward": [],
                "order": 1,
                "redirect": [],
                "target_group_arn": "arn:aws:elasticloadbalancing:us-east-1:932919696617:targetgroup/application-tg/aa96db55a1415008",
                "type": "forward"
              }
            ],
            "id": "arn:aws:elasticloadbalancing:us-east-1:932919696617:listener/app/application-lb/34633d019a4f07af/abc7de6ce38c40a0",
            "load_balancer_arn": "arn:aws:elasticloadbalancing:us-east-1:932919696617:loadbalancer/app/application-lb/34633d019a4f07af",
            "port": 80,
            "protocol": "HTTP",
            "ssl_policy": "",
            "tags": {},
            "tags_all": {},
            "timeouts": null
          },
          "sensitive_attributes": [],
          "private": "eyJlMmJmYjczMC1lY2FhLTExZTYtOGY4OC0zNDM2M2JjN2M0YzAiOnsicmVhZCI6NjAwMDAwMDAwMDAwfX0=",
          "dependencies": [
            "aws_lb.application_load_balancer",
            "aws_lb_target_group.target-group",
            "aws_security_group.allow_tls",
            "aws_subnet.public",
            "aws_vpc.test-vpc"
          ]
        }
      ]
    },
    {
      "mode": "managed",
      "type": "aws_lb_target_group",
      "name": "target-group",
      "provider": "provider[\"registry.terraform.io/hashicorp/aws\"]",
      "instances": [
        {
          "schema_version": 0,
          "attributes": {
            "arn": "arn:aws:elasticloadbalancing:us-east-1:932919696617:targetgroup/application-tg/aa96db55a1415008",
            "arn_suffix": "targetgroup/application-tg/aa96db55a1415008",
            "connection_termination": false,
            "deregistration_delay": "300",
            "health_check": [
              {
                "enabled": true,
                "healthy_threshold": 3,
                "interval": 10,
                "matcher": "200",
                "path": "/",
                "port": "traffic-port",
                "protocol": "HTTP",
                "timeout": 3,
                "unhealthy_threshold": 2
              }
            ],
            "id": "arn:aws:elasticloadbalancing:us-east-1:932919696617:targetgroup/application-tg/aa96db55a1415008",
            "ip_address_type": "ipv4",
            "lambda_multi_value_headers_enabled": false,
            "load_balancing_algorithm_type": "round_robin",
            "load_balancing_cross_zone_enabled": "use_load_balancer_configuration",
            "name": "application-tg",
            "name_prefix": null,
            "port": 80,
            "preserve_client_ip": null,
            "protocol": "HTTP",
            "protocol_version": "HTTP1",
            "proxy_protocol_v2": false,
            "slow_start": 0,
            "stickiness": [
              {
                "cookie_duration": 86400,
                "cookie_name": "",
                "enabled": false,
                "type": "lb_cookie"
              }
            ],
            "tags": {},
            "tags_all": {},
            "target_failover": [
              {
                "on_deregistration": null,
                "on_unhealthy": null
              }
            ],
            "target_type": "instance",
            "vpc_id": "vpc-0ad043c97d8813749"
          },
          "sensitive_attributes": [],
          "private": "bnVsbA==",
          "dependencies": [
            "aws_vpc.test-vpc"
          ]
        }
      ]
    },
    {
      "mode": "managed",
      "type": "aws_lb_target_group_attachment",
      "name": "ec2_attach",
      "provider": "provider[\"registry.terraform.io/hashicorp/aws\"]",
      "instances": [
        {
          "index_key": 0,
          "schema_version": 0,
          "attributes": {
            "availability_zone": null,
            "id": "arn:aws:elasticloadbalancing:us-east-1:932919696617:targetgroup/application-tg/aa96db55a1415008-20230614122804032200000003",
            "port": 80,
            "target_group_arn": "arn:aws:elasticloadbalancing:us-east-1:932919696617:targetgroup/application-tg/aa96db55a1415008",
            "target_id": "i-06f28c4672bf37743"
          },
          "sensitive_attributes": [],
          "private": "bnVsbA==",
          "dependencies": [
            "aws_instance.web",
            "aws_key_pair.generated_key",
            "aws_lb_target_group.target-group",
            "aws_security_group.allow_tls",
            "aws_subnet.public",
            "aws_vpc.test-vpc",
            "tls_private_key.ssh-key"
          ]
        }
      ]
    },
    {
      "mode": "managed",
      "type": "aws_route53_record",
      "name": "A_record",
      "provider": "provider[\"registry.terraform.io/hashicorp/aws\"]",
      "instances": [
        {
          "schema_version": 2,
          "attributes": {
            "alias": [
              {
                "evaluate_target_health": true,
                "name": "application-lb-1646389106.us-east-1.elb.amazonaws.com",
                "zone_id": "Z35SXDOTRQ7X7K"
              }
            ],
            "allow_overwrite": null,
            "cidr_routing_policy": [],
            "failover_routing_policy": [],
            "fqdn": "www.atariya.online",
            "geolocation_routing_policy": [],
            "health_check_id": "",
            "id": "Z07414811SPJLSI3S2D7G_www_A",
            "latency_routing_policy": [],
            "multivalue_answer_routing_policy": false,
            "name": "www",
            "records": [],
            "set_identifier": "",
            "ttl": 0,
            "type": "A",
            "weighted_routing_policy": [],
            "zone_id": "Z07414811SPJLSI3S2D7G"
          },
          "sensitive_attributes": [],
          "private": "eyJzY2hlbWFfdmVyc2lvbiI6IjIifQ==",
          "dependencies": [
            "aws_lb.application_load_balancer",
            "aws_security_group.allow_tls",
            "aws_subnet.public",
            "aws_vpc.test-vpc",
            "data.aws_route53_zone.hosted_zone"
          ]
        }
      ]
    },
    {
      "mode": "managed",
      "type": "aws_route53_record",
      "name": "route53_record",
      "provider": "provider[\"registry.terraform.io/hashicorp/aws\"]",
      "instances": [
        {
          "index_key": "*.atariya.online",
          "schema_version": 2,
          "attributes": {
            "alias": [],
            "allow_overwrite": true,
            "cidr_routing_policy": [],
            "failover_routing_policy": [],
            "fqdn": "_a3d352b759aa720b9adfd0320a39f036.atariya.online",
            "geolocation_routing_policy": [],
            "health_check_id": "",
            "id": "Z07414811SPJLSI3S2D7G__a3d352b759aa720b9adfd0320a39f036.atariya.online._CNAME",
            "latency_routing_policy": [],
            "multivalue_answer_routing_policy": false,
            "name": "_a3d352b759aa720b9adfd0320a39f036.atariya.online",
            "records": [
              "_6c67452a6882cce42d0020e3179ea975.nbnhgqgzdr.acm-validations.aws."
            ],
            "set_identifier": "",
            "ttl": 60,
            "type": "CNAME",
            "weighted_routing_policy": [],
            "zone_id": "Z07414811SPJLSI3S2D7G"
          },
          "sensitive_attributes": [],
          "private": "eyJzY2hlbWFfdmVyc2lvbiI6IjIifQ==",
          "dependencies": [
            "aws_acm_certificate.acm_certificate",
            "data.aws_route53_zone.hosted_zone"
          ]
        },
        {
          "index_key": "atariya.online",
          "schema_version": 2,
          "attributes": {
            "alias": [],
            "allow_overwrite": true,
            "cidr_routing_policy": [],
            "failover_routing_policy": [],
            "fqdn": "_a3d352b759aa720b9adfd0320a39f036.atariya.online",
            "geolocation_routing_policy": [],
            "health_check_id": "",
            "id": "Z07414811SPJLSI3S2D7G__a3d352b759aa720b9adfd0320a39f036.atariya.online._CNAME",
            "latency_routing_policy": [],
            "multivalue_answer_routing_policy": false,
            "name": "_a3d352b759aa720b9adfd0320a39f036.atariya.online",
            "records": [
              "_6c67452a6882cce42d0020e3179ea975.nbnhgqgzdr.acm-validations.aws."
            ],
            "set_identifier": "",
            "ttl": 60,
            "type": "CNAME",
            "weighted_routing_policy": [],
            "zone_id": "Z07414811SPJLSI3S2D7G"
          },
          "sensitive_attributes": [],
          "private": "eyJzY2hlbWFfdmVyc2lvbiI6IjIifQ==",
          "dependencies": [
            "aws_acm_certificate.acm_certificate",
            "data.aws_route53_zone.hosted_zone"
          ]
        }
      ]
    },
    {
      "mode": "managed",
      "type": "aws_route_table",
      "name": "rt",
      "provider": "provider[\"registry.terraform.io/hashicorp/aws\"]",
      "instances": [
        {
          "schema_version": 0,
          "attributes": {
            "arn": "arn:aws:ec2:us-east-1:932919696617:route-table/rtb-07685ac7edc090cb2",
            "id": "rtb-07685ac7edc090cb2",
            "owner_id": "932919696617",
            "propagating_vgws": [],
            "route": [
              {
                "carrier_gateway_id": "",
                "cidr_block": "0.0.0.0/0",
                "core_network_arn": "",
                "destination_prefix_list_id": "",
                "egress_only_gateway_id": "",
                "gateway_id": "igw-0029733cc61341a44",
                "instance_id": "",
                "ipv6_cidr_block": "",
                "local_gateway_id": "",
                "nat_gateway_id": "",
                "network_interface_id": "",
                "transit_gateway_id": "",
                "vpc_endpoint_id": "",
                "vpc_peering_connection_id": ""
              }
            ],
            "tags": {
              "Name": "Route Table for aws service"
            },
            "tags_all": {
              "Name": "Route Table for aws service"
            },
            "timeouts": null,
            "vpc_id": "vpc-0ad043c97d8813749"
          },
          "sensitive_attributes": [],
          "private": "eyJlMmJmYjczMC1lY2FhLTExZTYtOGY4OC0zNDM2M2JjN2M0YzAiOnsiY3JlYXRlIjozMDAwMDAwMDAwMDAsImRlbGV0ZSI6MzAwMDAwMDAwMDAwLCJ1cGRhdGUiOjEyMDAwMDAwMDAwMH19",
          "dependencies": [
            "aws_internet_gateway.gw",
            "aws_vpc.test-vpc"
          ]
        }
      ]
    },
    {
      "mode": "managed",
      "type": "aws_route_table_association",
      "name": "public",
      "provider": "provider[\"registry.terraform.io/hashicorp/aws\"]",
      "instances": [
        {
          "index_key": 0,
          "schema_version": 0,
          "attributes": {
            "gateway_id": "",
            "id": "rtbassoc-013f071112eacf9e5",
            "route_table_id": "rtb-07685ac7edc090cb2",
            "subnet_id": "subnet-01f9222fc9ffdb16f",
            "timeouts": null
          },
          "sensitive_attributes": [],
          "private": "eyJlMmJmYjczMC1lY2FhLTExZTYtOGY4OC0zNDM2M2JjN2M0YzAiOnsiY3JlYXRlIjozMDAwMDAwMDAwMDAsImRlbGV0ZSI6MzAwMDAwMDAwMDAwLCJ1cGRhdGUiOjEyMDAwMDAwMDAwMH19",
          "dependencies": [
            "aws_internet_gateway.gw",
            "aws_route_table.rt",
            "aws_subnet.public",
            "aws_vpc.test-vpc"
          ]
        },
        {
          "index_key": 1,
          "schema_version": 0,
          "attributes": {
            "gateway_id": "",
            "id": "rtbassoc-09d74289a3c2f006b",
            "route_table_id": "rtb-07685ac7edc090cb2",
            "subnet_id": "subnet-09cd517288d6622e4",
            "timeouts": null
          },
          "sensitive_attributes": [],
          "private": "eyJlMmJmYjczMC1lY2FhLTExZTYtOGY4OC0zNDM2M2JjN2M0YzAiOnsiY3JlYXRlIjozMDAwMDAwMDAwMDAsImRlbGV0ZSI6MzAwMDAwMDAwMDAwLCJ1cGRhdGUiOjEyMDAwMDAwMDAwMH19",
          "dependencies": [
            "aws_internet_gateway.gw",
            "aws_route_table.rt",
            "aws_subnet.public",
            "aws_vpc.test-vpc"
          ]
        },
        {
          "index_key": 2,
          "schema_version": 0,
          "attributes": {
            "gateway_id": "",
            "id": "rtbassoc-01b5d464e3ebc7384",
            "route_table_id": "rtb-07685ac7edc090cb2",
            "subnet_id": "subnet-0a0bbadbca3178f70",
            "timeouts": null
          },
          "sensitive_attributes": [],
          "private": "eyJlMmJmYjczMC1lY2FhLTExZTYtOGY4OC0zNDM2M2JjN2M0YzAiOnsiY3JlYXRlIjozMDAwMDAwMDAwMDAsImRlbGV0ZSI6MzAwMDAwMDAwMDAwLCJ1cGRhdGUiOjEyMDAwMDAwMDAwMH19",
          "dependencies": [
            "aws_internet_gateway.gw",
            "aws_route_table.rt",
            "aws_subnet.public",
            "aws_vpc.test-vpc"
          ]
        }
      ]
    },
    {
      "mode": "managed",
      "type": "aws_security_group",
      "name": "allow_tls",
      "provider": "provider[\"registry.terraform.io/hashicorp/aws\"]",
      "instances": [
        {
          "schema_version": 1,
          "attributes": {
            "arn": "arn:aws:ec2:us-east-1:932919696617:security-group/sg-064b30e9af1b80b3f",
            "description": "Allow TLS inbound traffic",
            "egress": [
              {
                "cidr_blocks": [
                  "0.0.0.0/0"
                ],
                "description": "",
                "from_port": 0,
                "ipv6_cidr_blocks": [],
                "prefix_list_ids": [],
                "protocol": "-1",
                "security_groups": [],
                "self": false,
                "to_port": 0
              }
            ],
            "id": "sg-064b30e9af1b80b3f",
            "ingress": [
              {
                "cidr_blocks": [
                  "0.0.0.0/0"
                ],
                "description": "TLS from VPC",
                "from_port": 22,
                "ipv6_cidr_blocks": [],
                "prefix_list_ids": [],
                "protocol": "tcp",
                "security_groups": [],
                "self": false,
                "to_port": 22
              },
              {
                "cidr_blocks": [
                  "0.0.0.0/0"
                ],
                "description": "TLS from VPC",
                "from_port": 443,
                "ipv6_cidr_blocks": [],
                "prefix_list_ids": [],
                "protocol": "tcp",
                "security_groups": [],
                "self": false,
                "to_port": 443
              },
              {
                "cidr_blocks": [
                  "0.0.0.0/0"
                ],
                "description": "TLS from VPC",
                "from_port": 8080,
                "ipv6_cidr_blocks": [],
                "prefix_list_ids": [],
                "protocol": "tcp",
                "security_groups": [],
                "self": false,
                "to_port": 8080
              },
              {
                "cidr_blocks": [
                  "0.0.0.0/0"
                ],
                "description": "TLS from VPC",
                "from_port": 80,
                "ipv6_cidr_blocks": [],
                "prefix_list_ids": [],
                "protocol": "tcp",
                "security_groups": [],
                "self": false,
                "to_port": 80
              },
              {
                "cidr_blocks": [
                  "0.0.0.0/0"
                ],
                "description": "TLS from VPC",
                "from_port": 81,
                "ipv6_cidr_blocks": [],
                "prefix_list_ids": [],
                "protocol": "tcp",
                "security_groups": [],
                "self": false,
                "to_port": 81
              }
            ],
            "name": "allow_tls",
            "name_prefix": "",
            "owner_id": "932919696617",
            "revoke_rules_on_delete": false,
            "tags": {
              "Name": "ec2-SG"
            },
            "tags_all": {
              "Name": "ec2-SG"
            },
            "timeouts": null,
            "vpc_id": "vpc-0ad043c97d8813749"
          },
          "sensitive_attributes": [],
          "private": "eyJlMmJmYjczMC1lY2FhLTExZTYtOGY4OC0zNDM2M2JjN2M0YzAiOnsiY3JlYXRlIjo2MDAwMDAwMDAwMDAsImRlbGV0ZSI6OTAwMDAwMDAwMDAwfSwic2NoZW1hX3ZlcnNpb24iOiIxIn0=",
          "dependencies": [
            "aws_vpc.test-vpc"
          ]
        }
      ]
    },
    {
      "mode": "managed",
      "type": "aws_subnet",
      "name": "public",
      "provider": "provider[\"registry.terraform.io/hashicorp/aws\"]",
      "instances": [
        {
          "index_key": 0,
          "schema_version": 1,
          "attributes": {
            "arn": "arn:aws:ec2:us-east-1:932919696617:subnet/subnet-01f9222fc9ffdb16f",
            "assign_ipv6_address_on_creation": false,
            "availability_zone": "us-east-1a",
            "availability_zone_id": "use1-az6",
            "cidr_block": "10.0.1.0/28",
            "customer_owned_ipv4_pool": "",
            "enable_dns64": false,
            "enable_lni_at_device_index": 0,
            "enable_resource_name_dns_a_record_on_launch": false,
            "enable_resource_name_dns_aaaa_record_on_launch": false,
            "id": "subnet-01f9222fc9ffdb16f",
            "ipv6_cidr_block": "",
            "ipv6_cidr_block_association_id": "",
            "ipv6_native": false,
            "map_customer_owned_ip_on_launch": false,
            "map_public_ip_on_launch": false,
            "outpost_arn": "",
            "owner_id": "932919696617",
            "private_dns_hostname_type_on_launch": "ip-name",
            "tags": {
              "Name": "Application-1-public"
            },
            "tags_all": {
              "Name": "Application-1-public"
            },
            "timeouts": null,
            "vpc_id": "vpc-0ad043c97d8813749"
          },
          "sensitive_attributes": [],
          "private": "eyJlMmJmYjczMC1lY2FhLTExZTYtOGY4OC0zNDM2M2JjN2M0YzAiOnsiY3JlYXRlIjo2MDAwMDAwMDAwMDAsImRlbGV0ZSI6MTIwMDAwMDAwMDAwMH0sInNjaGVtYV92ZXJzaW9uIjoiMSJ9",
          "dependencies": [
            "aws_vpc.test-vpc"
          ]
        },
        {
          "index_key": 1,
          "schema_version": 1,
          "attributes": {
            "arn": "arn:aws:ec2:us-east-1:932919696617:subnet/subnet-09cd517288d6622e4",
            "assign_ipv6_address_on_creation": false,
            "availability_zone": "us-east-1b",
            "availability_zone_id": "use1-az1",
            "cidr_block": "10.0.1.16/28",
            "customer_owned_ipv4_pool": "",
            "enable_dns64": false,
            "enable_lni_at_device_index": 0,
            "enable_resource_name_dns_a_record_on_launch": false,
            "enable_resource_name_dns_aaaa_record_on_launch": false,
            "id": "subnet-09cd517288d6622e4",
            "ipv6_cidr_block": "",
            "ipv6_cidr_block_association_id": "",
            "ipv6_native": false,
            "map_customer_owned_ip_on_launch": false,
            "map_public_ip_on_launch": false,
            "outpost_arn": "",
            "owner_id": "932919696617",
            "private_dns_hostname_type_on_launch": "ip-name",
            "tags": {
              "Name": "Application-1-public"
            },
            "tags_all": {
              "Name": "Application-1-public"
            },
            "timeouts": null,
            "vpc_id": "vpc-0ad043c97d8813749"
          },
          "sensitive_attributes": [],
          "private": "eyJlMmJmYjczMC1lY2FhLTExZTYtOGY4OC0zNDM2M2JjN2M0YzAiOnsiY3JlYXRlIjo2MDAwMDAwMDAwMDAsImRlbGV0ZSI6MTIwMDAwMDAwMDAwMH0sInNjaGVtYV92ZXJzaW9uIjoiMSJ9",
          "dependencies": [
            "aws_vpc.test-vpc"
          ]
        },
        {
          "index_key": 2,
          "schema_version": 1,
          "attributes": {
            "arn": "arn:aws:ec2:us-east-1:932919696617:subnet/subnet-0a0bbadbca3178f70",
            "assign_ipv6_address_on_creation": false,
            "availability_zone": "us-east-1c",
            "availability_zone_id": "use1-az2",
            "cidr_block": "10.0.1.32/28",
            "customer_owned_ipv4_pool": "",
            "enable_dns64": false,
            "enable_lni_at_device_index": 0,
            "enable_resource_name_dns_a_record_on_launch": false,
            "enable_resource_name_dns_aaaa_record_on_launch": false,
            "id": "subnet-0a0bbadbca3178f70",
            "ipv6_cidr_block": "",
            "ipv6_cidr_block_association_id": "",
            "ipv6_native": false,
            "map_customer_owned_ip_on_launch": false,
            "map_public_ip_on_launch": false,
            "outpost_arn": "",
            "owner_id": "932919696617",
            "private_dns_hostname_type_on_launch": "ip-name",
            "tags": {
              "Name": "Application-1-public"
            },
            "tags_all": {
              "Name": "Application-1-public"
            },
            "timeouts": null,
            "vpc_id": "vpc-0ad043c97d8813749"
          },
          "sensitive_attributes": [],
          "private": "eyJlMmJmYjczMC1lY2FhLTExZTYtOGY4OC0zNDM2M2JjN2M0YzAiOnsiY3JlYXRlIjo2MDAwMDAwMDAwMDAsImRlbGV0ZSI6MTIwMDAwMDAwMDAwMH0sInNjaGVtYV92ZXJzaW9uIjoiMSJ9",
          "dependencies": [
            "aws_vpc.test-vpc"
          ]
        }
      ]
    },
    {
      "mode": "managed",
      "type": "aws_vpc",
      "name": "test-vpc",
      "provider": "provider[\"registry.terraform.io/hashicorp/aws\"]",
      "instances": [
        {
          "schema_version": 1,
          "attributes": {
            "arn": "arn:aws:ec2:us-east-1:932919696617:vpc/vpc-0ad043c97d8813749",
            "assign_generated_ipv6_cidr_block": false,
            "cidr_block": "10.0.0.0/16",
            "default_network_acl_id": "acl-0ec19d63219ff1f45",
            "default_route_table_id": "rtb-016e70db5aaf7d1f5",
            "default_security_group_id": "sg-025a7937604ca5776",
            "dhcp_options_id": "dopt-004ed46725d2a9cfd",
            "enable_classiclink": false,
            "enable_classiclink_dns_support": false,
            "enable_dns_hostnames": true,
            "enable_dns_support": true,
            "enable_network_address_usage_metrics": false,
            "id": "vpc-0ad043c97d8813749",
            "instance_tenancy": "default",
            "ipv4_ipam_pool_id": null,
            "ipv4_netmask_length": null,
            "ipv6_association_id": "",
            "ipv6_cidr_block": "",
            "ipv6_cidr_block_network_border_group": "",
            "ipv6_ipam_pool_id": "",
            "ipv6_netmask_length": 0,
            "main_route_table_id": "rtb-016e70db5aaf7d1f5",
            "owner_id": "932919696617",
            "tags": {
              "Name": "Test VPC"
            },
            "tags_all": {
              "Name": "Test VPC"
            }
          },
          "sensitive_attributes": [],
          "private": "eyJzY2hlbWFfdmVyc2lvbiI6IjEifQ=="
        }
      ]
    },
    {
      "mode": "managed",
      "type": "local_file",
      "name": "key",
      "provider": "provider[\"registry.terraform.io/hashicorp/local\"]",
      "instances": [
        {
          "schema_version": 0,
          "attributes": {
            "content": "-----BEGIN RSA PRIVATE KEY-----\nMIIEpQIBAAKCAQEA1yS2CkLK9hb/fLuEZ7MCO/sFyQFeNvaptcFjrc4fYWeuJGHf\nnbWKAOXq1ErdEKFJiuzaSDm2ICsSgmGvBrXUlnLfvgNS8RX6DjLihv1ngfhnUZPP\nlls6VnzBZFvcvLdmV/f7DsbPKGcDbP5Pc78aXwY1frFdSMI6ZhqaGbj5QwN5TuV1\nrIjV63sl23obNMOM8vpZ5kqlGNlBXVtbL1x79In9IQF4BW0MYKHs9Wn+eynjbtgs\nf6w0MIVGY2Y9eR4S0d4LBE/19FEeUH5MjtIBYDU8yysZ9d4TnayvxTTocgKpmzSb\nw+4Z4QcWQMG7DuwkVw0+E16mfEWfsgdaSpb82QIDAQABAoIBAQCxDNAWn6MBZCm6\nz2KGKGWlUM4Q/eQ33UQKhGzwgpmGglloLXdmBRjd5lgbfsRwRBsOjh6Qo5XC4U9p\nJtRv9EFP0pdYesnOByTyfGO5bV66Md9s3fROqyLWO/K3EXYVg+Rgbn4YSfn/KM9D\n6gEeot0j6Csr6PB4yQZgMnIwyu2ue/EsVuh8FRD+hiovCRfM8qboggSLTZzTzgpi\nivQF7TgsYmIxeAD22BhcdAUMoDZp1POhQQMH7Hj2u1Pd6lm7LziPGlwmidBaeoZB\nc0uGQ9PdQ3EdtYMi5MzLlmFJLo5Yn5o6/CmxCrc/umeul9a3ocAHweTtcqHrGu74\nbp02mUGRAoGBAPuSYntAU0uiq91H3XqdARfQatui9dE0AEuHZ1GotxCyPgg9ifpK\nGSIeYee5EnIvHCobHg8ZONgMxlXCdOCEqISDPH0GA7cxjBqnQ0EPhp3V4kn5Nt2E\nZUxXN5vP32A1jnq/BlRHX24MgsYtfD3IVb8gz7E+NFI70QbleFXnDSltAoGBANru\nLNxmejMnCCxaKXv9yUitY+s9R1ZQqvbsudrmf5tajKGlyIrj34u0DHly+qzffKj0\nd/WveaKwFVXUlwIH2qpCLlkWgEYDJNrSOE0trxr81vqePcRStsQhkNFf66Hhn2DJ\nfwVdciqTyefrhBTqAcoalQlpPkl1jU1/LSN5NsmdAoGBAK2FZtBEqi99YLYcn7O3\nH83hQBOG768BA0MVfjpg+QRXLVpZuBYfjf5unnFKwmJoBDE2yyD28LJ0/Uih/CPw\n3JuqOcqyn1V4o36u6EC0CNJNeOw1LZbVf1mMvxqF4zllN4WKxT7UjApILtuq/AtR\nZ3ORmjBTC5u9DoyHMt1tpTJxAoGAeNP+ul1skBK4thHE14PHtW7MuKYHWyIGWWVp\nZeDVCJ6/AvAGcHE3jVj/kX/dzc9Cc9UI5/XCwgFApTBBb4N6MYF5Jv3+KaXOj156\naE4QWGq3E3aGTHYCHNkRnhy8ZYmqdrZ+fi2Gtuz+ABvBt/E2r55gJuOI1u4j4GOS\nPAPIMxkCgYEA5juHX80q46wKSFLdyy0QeloAxmgCKo/36btu8b/10JsysLbwfDIe\np2EUftmnZzHfvbfP0at8THksqn1Z7H9U5PqeSLUACHpJkigFl1/rFzz6QzQ8tOdw\nUngYS+cNTMZ+JsNG28yuU0TaWwLAlgolGqm0UV9w+fTaKDG1iv+opII=\n-----END RSA PRIVATE KEY-----\n",
            "content_base64": null,
            "content_base64sha256": "3we2laKVJ3hJ1eX2y5FmswHJi5ZlioS2+57aDvAMZHI=",
            "content_base64sha512": "2PrNJigG08r4dJE7mpKEc1rWgvvbtiMDYlcVJXT5P/nQW0Ml+6t0JfbUiIoEV2FjGMZrN+g8nEwm/35InJoSsQ==",
            "content_md5": "204379c5ec87305c007413d3269e3b2e",
            "content_sha1": "2426363c58f1f1b3e157d0ddeb3d0dd904060519",
            "content_sha256": "df07b695a295277849d5e5f6cb9166b301c98b96658a84b6fb9eda0ef00c6472",
            "content_sha512": "d8facd262806d3caf874913b9a9284735ad682fbdbb623036257152574f93ff9d05b4325fbab7425f6d4888a0457616318c66b37e83c9c4c26ff7e489c9a12b1",
            "directory_permission": "0777",
            "file_permission": "0400",
            "filename": "demo-ssh-key.pem",
            "id": "2426363c58f1f1b3e157d0ddeb3d0dd904060519",
            "sensitive_content": null,
            "source": null
          },
          "sensitive_attributes": [
            [
              {
                "type": "get_attr",
                "value": "content"
              }
            ]
          ],
          "dependencies": [
            "tls_private_key.ssh-key"
          ]
        }
      ]
    },
    {
      "mode": "managed",
      "type": "tls_private_key",
      "name": "ssh-key",
      "provider": "provider[\"registry.terraform.io/hashicorp/tls\"]",
      "instances": [
        {
          "schema_version": 1,
          "attributes": {
            "algorithm": "RSA",
            "ecdsa_curve": "P224",
            "id": "8f17696e08bf8620789fd5e6fa908eb3dc5a3150",
            "private_key_openssh": "-----BEGIN OPENSSH PRIVATE KEY-----\nb3BlbnNzaC1rZXktdjEAAAAABG5vbmUAAAAEbm9uZQAAAAAAAAABAAABFwAAAAdz\nc2gtcnNhAAAAAwEAAQAAAQEA1yS2CkLK9hb/fLuEZ7MCO/sFyQFeNvaptcFjrc4f\nYWeuJGHfnbWKAOXq1ErdEKFJiuzaSDm2ICsSgmGvBrXUlnLfvgNS8RX6DjLihv1n\ngfhnUZPPlls6VnzBZFvcvLdmV/f7DsbPKGcDbP5Pc78aXwY1frFdSMI6ZhqaGbj5\nQwN5TuV1rIjV63sl23obNMOM8vpZ5kqlGNlBXVtbL1x79In9IQF4BW0MYKHs9Wn+\neynjbtgsf6w0MIVGY2Y9eR4S0d4LBE/19FEeUH5MjtIBYDU8yysZ9d4TnayvxTTo\ncgKpmzSbw+4Z4QcWQMG7DuwkVw0+E16mfEWfsgdaSpb82QAAA7hOjnvGTo57xgAA\nAAdzc2gtcnNhAAABAQDXJLYKQsr2Fv98u4RnswI7+wXJAV429qm1wWOtzh9hZ64k\nYd+dtYoA5erUSt0QoUmK7NpIObYgKxKCYa8GtdSWct++A1LxFfoOMuKG/WeB+GdR\nk8+WWzpWfMFkW9y8t2ZX9/sOxs8oZwNs/k9zvxpfBjV+sV1IwjpmGpoZuPlDA3lO\n5XWsiNXreyXbehs0w4zy+lnmSqUY2UFdW1svXHv0if0hAXgFbQxgoez1af57KeNu\n2Cx/rDQwhUZjZj15HhLR3gsET/X0UR5QfkyO0gFgNTzLKxn13hOdrK/FNOhyAqmb\nNJvD7hnhBxZAwbsO7CRXDT4TXqZ8RZ+yB1pKlvzZAAAAAwEAAQAAAQEAsQzQFp+j\nAWQpus9ihihlpVDOEP3kN91ECoRs8IKZhoJZaC13ZgUY3eZYG37EcEQbDo4ekKOV\nwuFPaSbUb/RBT9KXWHrJzgck8nxjuW1eujHfbN30Tqsi1jvytxF2FYPkYG5+GEn5\n/yjPQ+oBHqLdI+grK+jweMkGYDJyMMrtrnvxLFbofBUQ/oYqLwkXzPKm6IIEi02c\n084KYor0Be04LGJiMXgA9tgYXHQFDKA2adTzoUEDB+x49rtT3epZuy84jxpcJonQ\nWnqGQXNLhkPT3UNxHbWDIuTMy5ZhSS6OWJ+aOvwpsQq3P7pnrpfWt6HAB8Hk7XKh\n6xru+G6dNplBkQAAAIEA5juHX80q46wKSFLdyy0QeloAxmgCKo/36btu8b/10Jsy\nsLbwfDIep2EUftmnZzHfvbfP0at8THksqn1Z7H9U5PqeSLUACHpJkigFl1/rFzz6\nQzQ8tOdwUngYS+cNTMZ+JsNG28yuU0TaWwLAlgolGqm0UV9w+fTaKDG1iv+opIIA\nAACBAPuSYntAU0uiq91H3XqdARfQatui9dE0AEuHZ1GotxCyPgg9ifpKGSIeYee5\nEnIvHCobHg8ZONgMxlXCdOCEqISDPH0GA7cxjBqnQ0EPhp3V4kn5Nt2EZUxXN5vP\n32A1jnq/BlRHX24MgsYtfD3IVb8gz7E+NFI70QbleFXnDSltAAAAgQDa7izcZnoz\nJwgsWil7/clIrWPrPUdWUKr27Lna5n+bWoyhpciK49+LtAx5cvqs33yo9Hf1r3mi\nsBVV1JcCB9qqQi5ZFoBGAyTa0jhNLa8a/Nb6nj3EUrbEIZDRX+uh4Z9gyX8FXXIq\nk8nn64QU6gHKGpUJaT5JdY1Nfy0jeTbJnQAAAAAB\n-----END OPENSSH PRIVATE KEY-----\n",
            "private_key_pem": "-----BEGIN RSA PRIVATE KEY-----\nMIIEpQIBAAKCAQEA1yS2CkLK9hb/fLuEZ7MCO/sFyQFeNvaptcFjrc4fYWeuJGHf\nnbWKAOXq1ErdEKFJiuzaSDm2ICsSgmGvBrXUlnLfvgNS8RX6DjLihv1ngfhnUZPP\nlls6VnzBZFvcvLdmV/f7DsbPKGcDbP5Pc78aXwY1frFdSMI6ZhqaGbj5QwN5TuV1\nrIjV63sl23obNMOM8vpZ5kqlGNlBXVtbL1x79In9IQF4BW0MYKHs9Wn+eynjbtgs\nf6w0MIVGY2Y9eR4S0d4LBE/19FEeUH5MjtIBYDU8yysZ9d4TnayvxTTocgKpmzSb\nw+4Z4QcWQMG7DuwkVw0+E16mfEWfsgdaSpb82QIDAQABAoIBAQCxDNAWn6MBZCm6\nz2KGKGWlUM4Q/eQ33UQKhGzwgpmGglloLXdmBRjd5lgbfsRwRBsOjh6Qo5XC4U9p\nJtRv9EFP0pdYesnOByTyfGO5bV66Md9s3fROqyLWO/K3EXYVg+Rgbn4YSfn/KM9D\n6gEeot0j6Csr6PB4yQZgMnIwyu2ue/EsVuh8FRD+hiovCRfM8qboggSLTZzTzgpi\nivQF7TgsYmIxeAD22BhcdAUMoDZp1POhQQMH7Hj2u1Pd6lm7LziPGlwmidBaeoZB\nc0uGQ9PdQ3EdtYMi5MzLlmFJLo5Yn5o6/CmxCrc/umeul9a3ocAHweTtcqHrGu74\nbp02mUGRAoGBAPuSYntAU0uiq91H3XqdARfQatui9dE0AEuHZ1GotxCyPgg9ifpK\nGSIeYee5EnIvHCobHg8ZONgMxlXCdOCEqISDPH0GA7cxjBqnQ0EPhp3V4kn5Nt2E\nZUxXN5vP32A1jnq/BlRHX24MgsYtfD3IVb8gz7E+NFI70QbleFXnDSltAoGBANru\nLNxmejMnCCxaKXv9yUitY+s9R1ZQqvbsudrmf5tajKGlyIrj34u0DHly+qzffKj0\nd/WveaKwFVXUlwIH2qpCLlkWgEYDJNrSOE0trxr81vqePcRStsQhkNFf66Hhn2DJ\nfwVdciqTyefrhBTqAcoalQlpPkl1jU1/LSN5NsmdAoGBAK2FZtBEqi99YLYcn7O3\nH83hQBOG768BA0MVfjpg+QRXLVpZuBYfjf5unnFKwmJoBDE2yyD28LJ0/Uih/CPw\n3JuqOcqyn1V4o36u6EC0CNJNeOw1LZbVf1mMvxqF4zllN4WKxT7UjApILtuq/AtR\nZ3ORmjBTC5u9DoyHMt1tpTJxAoGAeNP+ul1skBK4thHE14PHtW7MuKYHWyIGWWVp\nZeDVCJ6/AvAGcHE3jVj/kX/dzc9Cc9UI5/XCwgFApTBBb4N6MYF5Jv3+KaXOj156\naE4QWGq3E3aGTHYCHNkRnhy8ZYmqdrZ+fi2Gtuz+ABvBt/E2r55gJuOI1u4j4GOS\nPAPIMxkCgYEA5juHX80q46wKSFLdyy0QeloAxmgCKo/36btu8b/10JsysLbwfDIe\np2EUftmnZzHfvbfP0at8THksqn1Z7H9U5PqeSLUACHpJkigFl1/rFzz6QzQ8tOdw\nUngYS+cNTMZ+JsNG28yuU0TaWwLAlgolGqm0UV9w+fTaKDG1iv+opII=\n-----END RSA PRIVATE KEY-----\n",
            "private_key_pem_pkcs8": "-----BEGIN PRIVATE KEY-----\nMIIEvwIBADANBgkqhkiG9w0BAQEFAASCBKkwggSlAgEAAoIBAQDXJLYKQsr2Fv98\nu4RnswI7+wXJAV429qm1wWOtzh9hZ64kYd+dtYoA5erUSt0QoUmK7NpIObYgKxKC\nYa8GtdSWct++A1LxFfoOMuKG/WeB+GdRk8+WWzpWfMFkW9y8t2ZX9/sOxs8oZwNs\n/k9zvxpfBjV+sV1IwjpmGpoZuPlDA3lO5XWsiNXreyXbehs0w4zy+lnmSqUY2UFd\nW1svXHv0if0hAXgFbQxgoez1af57KeNu2Cx/rDQwhUZjZj15HhLR3gsET/X0UR5Q\nfkyO0gFgNTzLKxn13hOdrK/FNOhyAqmbNJvD7hnhBxZAwbsO7CRXDT4TXqZ8RZ+y\nB1pKlvzZAgMBAAECggEBALEM0BafowFkKbrPYoYoZaVQzhD95DfdRAqEbPCCmYaC\nWWgtd2YFGN3mWBt+xHBEGw6OHpCjlcLhT2km1G/0QU/Sl1h6yc4HJPJ8Y7ltXrox\n32zd9E6rItY78rcRdhWD5GBufhhJ+f8oz0PqAR6i3SPoKyvo8HjJBmAycjDK7a57\n8SxW6HwVEP6GKi8JF8zypuiCBItNnNPOCmKK9AXtOCxiYjF4APbYGFx0BQygNmnU\n86FBAwfsePa7U93qWbsvOI8aXCaJ0Fp6hkFzS4ZD091DcR21gyLkzMuWYUkujlif\nmjr8KbEKtz+6Z66X1rehwAfB5O1yoesa7vhunTaZQZECgYEA+5Jie0BTS6Kr3Ufd\nep0BF9Bq26L10TQAS4dnUai3ELI+CD2J+koZIh5h57kSci8cKhseDxk42AzGVcJ0\n4ISohIM8fQYDtzGMGqdDQQ+GndXiSfk23YRlTFc3m8/fYDWOer8GVEdfbgyCxi18\nPchVvyDPsT40UjvRBuV4VecNKW0CgYEA2u4s3GZ6MycILFope/3JSK1j6z1HVlCq\n9uy52uZ/m1qMoaXIiuPfi7QMeXL6rN98qPR39a95orAVVdSXAgfaqkIuWRaARgMk\n2tI4TS2vGvzW+p49xFK2xCGQ0V/roeGfYMl/BV1yKpPJ5+uEFOoByhqVCWk+SXWN\nTX8tI3k2yZ0CgYEArYVm0ESqL31gthyfs7cfzeFAE4bvrwEDQxV+OmD5BFctWlm4\nFh+N/m6ecUrCYmgEMTbLIPbwsnT9SKH8I/Dcm6o5yrKfVXijfq7oQLQI0k147DUt\nltV/WYy/GoXjOWU3hYrFPtSMCkgu26r8C1Fnc5GaMFMLm70OjIcy3W2lMnECgYB4\n0/66XWyQEri2EcTXg8e1bsy4pgdbIgZZZWll4NUInr8C8AZwcTeNWP+Rf93Nz0Jz\n1Qjn9cLCAUClMEFvg3oxgXkm/f4ppc6PXnpoThBYarcTdoZMdgIc2RGeHLxliap2\ntn5+LYa27P4AG8G38TavnmAm44jW7iPgY5I8A8gzGQKBgQDmO4dfzSrjrApIUt3L\nLRB6WgDGaAIqj/fpu27xv/XQmzKwtvB8Mh6nYRR+2adnMd+9t8/Rq3xMeSyqfVns\nf1Tk+p5ItQAIekmSKAWXX+sXPPpDNDy053BSeBhL5w1Mxn4mw0bbzK5TRNpbAsCW\nCiUaqbRRX3D59NooMbWK/6ikgg==\n-----END PRIVATE KEY-----\n",
            "public_key_fingerprint_md5": "98:38:be:2c:1d:d7:9d:d9:00:fe:96:58:0a:5b:0c:52",
            "public_key_fingerprint_sha256": "SHA256:kWvhEiBIqJNZ2VlblC/wA0aX/Os6LHoq7t5haIRi/Yk",
            "public_key_openssh": "ssh-rsa AAAAB3NzaC1yc2EAAAADAQABAAABAQDXJLYKQsr2Fv98u4RnswI7+wXJAV429qm1wWOtzh9hZ64kYd+dtYoA5erUSt0QoUmK7NpIObYgKxKCYa8GtdSWct++A1LxFfoOMuKG/WeB+GdRk8+WWzpWfMFkW9y8t2ZX9/sOxs8oZwNs/k9zvxpfBjV+sV1IwjpmGpoZuPlDA3lO5XWsiNXreyXbehs0w4zy+lnmSqUY2UFdW1svXHv0if0hAXgFbQxgoez1af57KeNu2Cx/rDQwhUZjZj15HhLR3gsET/X0UR5QfkyO0gFgNTzLKxn13hOdrK/FNOhyAqmbNJvD7hnhBxZAwbsO7CRXDT4TXqZ8RZ+yB1pKlvzZ\n",
            "public_key_pem": "-----BEGIN PUBLIC KEY-----\nMIIBIjANBgkqhkiG9w0BAQEFAAOCAQ8AMIIBCgKCAQEA1yS2CkLK9hb/fLuEZ7MC\nO/sFyQFeNvaptcFjrc4fYWeuJGHfnbWKAOXq1ErdEKFJiuzaSDm2ICsSgmGvBrXU\nlnLfvgNS8RX6DjLihv1ngfhnUZPPlls6VnzBZFvcvLdmV/f7DsbPKGcDbP5Pc78a\nXwY1frFdSMI6ZhqaGbj5QwN5TuV1rIjV63sl23obNMOM8vpZ5kqlGNlBXVtbL1x7\n9In9IQF4BW0MYKHs9Wn+eynjbtgsf6w0MIVGY2Y9eR4S0d4LBE/19FEeUH5MjtIB\nYDU8yysZ9d4TnayvxTTocgKpmzSbw+4Z4QcWQMG7DuwkVw0+E16mfEWfsgdaSpb8\n2QIDAQAB\n-----END PUBLIC KEY-----\n",
            "rsa_bits": 2048
          },
          "sensitive_attributes": []
        }
      ]
    }
  ],
  "check_results": null
}
